{
    "version": 3,
    "terraform_version": "0.10.0",
    "serial": 26,
    "lineage": "d8694c07-535e-4cf5-bd44-a50ab5214cc9",
    "modules": [
        {
            "path": [
                "root"
            ],
            "outputs": {},
            "resources": {
                "azurerm_resource_group.arg.0": {
                    "type": "azurerm_resource_group",
                    "depends_on": [],
                    "primary": {
                        "id": "/subscriptions/3c2c2e90-30c9-4ff5-ab6b-eae577eb771a/resourceGroups/analyticsRG00",
                        "attributes": {
                            "id": "/subscriptions/3c2c2e90-30c9-4ff5-ab6b-eae577eb771a/resourceGroups/analyticsRG00",
                            "location": "centralus",
                            "name": "analyticsRG00",
                            "tags.%": "4",
                            "tags.AIT": "70656",
                            "tags.CreateDate": "2017-08-12T15:04:20Z",
                            "tags.CreatedBy": "zk0v9bj",
                            "tags.Environment": "dev"
                        },
                        "meta": {},
                        "tainted": false
                    },
                    "deposed": [],
                    "provider": ""
                },
                "azurerm_resource_group.arg.1": {
                    "type": "azurerm_resource_group",
                    "depends_on": [],
                    "primary": {
                        "id": "/subscriptions/3c2c2e90-30c9-4ff5-ab6b-eae577eb771a/resourceGroups/analyticsRG01",
                        "attributes": {
                            "id": "/subscriptions/3c2c2e90-30c9-4ff5-ab6b-eae577eb771a/resourceGroups/analyticsRG01",
                            "location": "centralus",
                            "name": "analyticsRG01",
                            "tags.%": "4",
                            "tags.AIT": "70656",
                            "tags.CreateDate": "2017-08-12T15:04:20Z",
                            "tags.CreatedBy": "zk0v9bj",
                            "tags.Environment": "dev"
                        },
                        "meta": {},
                        "tainted": false
                    },
                    "deposed": [],
                    "provider": ""
                },
                "azurerm_resource_group.arg.2": {
                    "type": "azurerm_resource_group",
                    "depends_on": [],
                    "primary": {
                        "id": "/subscriptions/3c2c2e90-30c9-4ff5-ab6b-eae577eb771a/resourceGroups/analyticsRG02",
                        "attributes": {
                            "id": "/subscriptions/3c2c2e90-30c9-4ff5-ab6b-eae577eb771a/resourceGroups/analyticsRG02",
                            "location": "centralus",
                            "name": "analyticsRG02",
                            "tags.%": "4",
                            "tags.AIT": "70656",
                            "tags.CreateDate": "2017-08-12T15:04:20Z",
                            "tags.CreatedBy": "zk0v9bj",
                            "tags.Environment": "dev"
                        },
                        "meta": {},
                        "tainted": false
                    },
                    "deposed": [],
                    "provider": ""
                },
                "azurerm_storage_account.asa.0": {
                    "type": "azurerm_storage_account",
                    "depends_on": [
                        "azurerm_resource_group.arg.*"
                    ],
                    "primary": {
                        "id": "/subscriptions/3c2c2e90-30c9-4ff5-ab6b-eae577eb771a/resourceGroups/analyticsrg00/providers/Microsoft.Storage/storageAccounts/analyticssa00",
                        "attributes": {
                            "account_kind": "Storage",
                            "account_type": "Standard_LRS",
                            "enable_https_traffic_only": "false",
                            "id": "/subscriptions/3c2c2e90-30c9-4ff5-ab6b-eae577eb771a/resourceGroups/analyticsrg00/providers/Microsoft.Storage/storageAccounts/analyticssa00",
                            "location": "centralus",
                            "name": "analyticssa00",
                            "primary_access_key": "yMwwLmICFtVfVygUvaZfyPNvuLL2JsKxL2sFN2I4HeEF1M/VbMA87W3dFU17coG/m2lunYMXHO8lF6SbuMMtxA==",
                            "primary_blob_connection_string": "DefaultEndpointsProtocol=https;BlobEndpoint=https://analyticssa00.blob.core.windows.net/;AccountName=analyticssa00;AccountKey=yMwwLmICFtVfVygUvaZfyPNvuLL2JsKxL2sFN2I4HeEF1M/VbMA87W3dFU17coG/m2lunYMXHO8lF6SbuMMtxA==",
                            "primary_blob_endpoint": "https://analyticssa00.blob.core.windows.net/",
                            "primary_file_endpoint": "https://analyticssa00.file.core.windows.net/",
                            "primary_location": "centralus",
                            "primary_queue_endpoint": "https://analyticssa00.queue.core.windows.net/",
                            "primary_table_endpoint": "https://analyticssa00.table.core.windows.net/",
                            "resource_group_name": "analyticsrg00",
                            "secondary_access_key": "KR+iqTcPiARDrZ2tjTJMhm7du2993e9uo87N86OJYgG1sMOpxUkqOc+wAaYNlwFi5fjcbG9l75dYLvD4d2lx3w==",
                            "secondary_location": "",
                            "tags.%": "4",
                            "tags.AIT": "70656",
                            "tags.CreateDate": "2017-08-12T15:04:29Z",
                            "tags.CreatedBy": "zk0v9bj",
                            "tags.Environment": "dev"
                        },
                        "meta": {},
                        "tainted": false
                    },
                    "deposed": [],
                    "provider": ""
                },
                "azurerm_storage_account.asa.1": {
                    "type": "azurerm_storage_account",
                    "depends_on": [
                        "azurerm_resource_group.arg.*"
                    ],
                    "primary": {
                        "id": "/subscriptions/3c2c2e90-30c9-4ff5-ab6b-eae577eb771a/resourceGroups/analyticsrg01/providers/Microsoft.Storage/storageAccounts/analyticssa01",
                        "attributes": {
                            "account_kind": "Storage",
                            "account_type": "Standard_LRS",
                            "enable_https_traffic_only": "false",
                            "id": "/subscriptions/3c2c2e90-30c9-4ff5-ab6b-eae577eb771a/resourceGroups/analyticsrg01/providers/Microsoft.Storage/storageAccounts/analyticssa01",
                            "location": "centralus",
                            "name": "analyticssa01",
                            "primary_access_key": "s2FdI7IcUnRW6dYETTuR9R9yIhefH63VxUEScBaXkT/0TSo/VqQ46zUUmuKKIHCBYUC9CTt0cIXTS8kdC+UKOw==",
                            "primary_blob_connection_string": "DefaultEndpointsProtocol=https;BlobEndpoint=https://analyticssa01.blob.core.windows.net/;AccountName=analyticssa01;AccountKey=s2FdI7IcUnRW6dYETTuR9R9yIhefH63VxUEScBaXkT/0TSo/VqQ46zUUmuKKIHCBYUC9CTt0cIXTS8kdC+UKOw==",
                            "primary_blob_endpoint": "https://analyticssa01.blob.core.windows.net/",
                            "primary_file_endpoint": "https://analyticssa01.file.core.windows.net/",
                            "primary_location": "centralus",
                            "primary_queue_endpoint": "https://analyticssa01.queue.core.windows.net/",
                            "primary_table_endpoint": "https://analyticssa01.table.core.windows.net/",
                            "resource_group_name": "analyticsrg01",
                            "secondary_access_key": "6KD4HdJfq4/htSlSbYPyWABNgWFReFBI0rbLDougqehXm4bW8VsgBRfGIxnzSSbbm19/a8Y5N4SwosDNgOzQvg==",
                            "secondary_location": "",
                            "tags.%": "4",
                            "tags.AIT": "70656",
                            "tags.CreateDate": "2017-08-12T15:04:29Z",
                            "tags.CreatedBy": "zk0v9bj",
                            "tags.Environment": "dev"
                        },
                        "meta": {},
                        "tainted": false
                    },
                    "deposed": [],
                    "provider": ""
                },
                "azurerm_storage_account.asa.2": {
                    "type": "azurerm_storage_account",
                    "depends_on": [
                        "azurerm_resource_group.arg.*"
                    ],
                    "primary": {
                        "id": "/subscriptions/3c2c2e90-30c9-4ff5-ab6b-eae577eb771a/resourceGroups/analyticsrg02/providers/Microsoft.Storage/storageAccounts/analyticssa02",
                        "attributes": {
                            "account_kind": "Storage",
                            "account_type": "Standard_LRS",
                            "enable_https_traffic_only": "false",
                            "id": "/subscriptions/3c2c2e90-30c9-4ff5-ab6b-eae577eb771a/resourceGroups/analyticsrg02/providers/Microsoft.Storage/storageAccounts/analyticssa02",
                            "location": "centralus",
                            "name": "analyticssa02",
                            "primary_access_key": "AlUbxPAz/AunRJABok1tqtRGzqrTbyG7ughfmdNzkL0Xh7O6nLtKPJZCtLy0/r2ZJ3jEscdrDt0ss8jr8i4dTg==",
                            "primary_blob_connection_string": "DefaultEndpointsProtocol=https;BlobEndpoint=https://analyticssa02.blob.core.windows.net/;AccountName=analyticssa02;AccountKey=AlUbxPAz/AunRJABok1tqtRGzqrTbyG7ughfmdNzkL0Xh7O6nLtKPJZCtLy0/r2ZJ3jEscdrDt0ss8jr8i4dTg==",
                            "primary_blob_endpoint": "https://analyticssa02.blob.core.windows.net/",
                            "primary_file_endpoint": "https://analyticssa02.file.core.windows.net/",
                            "primary_location": "centralus",
                            "primary_queue_endpoint": "https://analyticssa02.queue.core.windows.net/",
                            "primary_table_endpoint": "https://analyticssa02.table.core.windows.net/",
                            "resource_group_name": "analyticsrg02",
                            "secondary_access_key": "1IIxT7mVhps/89/uFML1mqUAsy34iWxovc5+55aNXMoej6VSYxtAG8PRU9wA/cL04kmE9+1AWpvKsRqZAe7LuQ==",
                            "secondary_location": "",
                            "tags.%": "4",
                            "tags.AIT": "70656",
                            "tags.CreateDate": "2017-08-12T15:04:29Z",
                            "tags.CreatedBy": "zk0v9bj",
                            "tags.Environment": "dev"
                        },
                        "meta": {},
                        "tainted": false
                    },
                    "deposed": [],
                    "provider": ""
                },
                "azurerm_subnet.analyticsSN": {
                    "type": "azurerm_subnet",
                    "depends_on": [
                        "azurerm_resource_group.arg.*",
                        "azurerm_virtual_network.analyticsVN"
                    ],
                    "primary": {
                        "id": "/subscriptions/3c2c2e90-30c9-4ff5-ab6b-eae577eb771a/resourceGroups/analyticsRG00/providers/Microsoft.Network/virtualNetworks/analyticsVN/subnets/analyticsSN",
                        "attributes": {
                            "address_prefix": "10.1.0.0/20",
                            "id": "/subscriptions/3c2c2e90-30c9-4ff5-ab6b-eae577eb771a/resourceGroups/analyticsRG00/providers/Microsoft.Network/virtualNetworks/analyticsVN/subnets/analyticsSN",
                            "ip_configurations.#": "364",
                            "ip_configurations.1020520413": "/subscriptions/3c2c2e90-30c9-4ff5-ab6b-eae577eb771a/resourceGroups/analyticsRG02/providers/Microsoft.Network/networkInterfaces/analyticsNIC0161/ipConfigurations/analyticsNICip0161",
                            "ip_configurations.1032401617": "/subscriptions/3c2c2e90-30c9-4ff5-ab6b-eae577eb771a/resourceGroups/analyticsRG00/providers/Microsoft.Network/networkInterfaces/analyticsNIC0975/ipConfigurations/analyticsNICip0975",
                            "ip_configurations.1034097093": "/subscriptions/3c2c2e90-30c9-4ff5-ab6b-eae577eb771a/resourceGroups/analyticsRG01/providers/Microsoft.Network/networkInterfaces/analyticsNIC0133/ipConfigurations/analyticsNICip0133",
                            "ip_configurations.1045113820": "/subscriptions/3c2c2e90-30c9-4ff5-ab6b-eae577eb771a/resourceGroups/analyticsRG00/providers/Microsoft.Network/networkInterfaces/analyticsNIC0555/ipConfigurations/analyticsNICip0555",
                            "ip_configurations.1049358998": "/subscriptions/3c2c2e90-30c9-4ff5-ab6b-eae577eb771a/resourceGroups/analyticsRG02/providers/Microsoft.Network/networkInterfaces/analyticsNIC0431/ipConfigurations/analyticsNICip0431",
                            "ip_configurations.1052604941": "/subscriptions/3c2c2e90-30c9-4ff5-ab6b-eae577eb771a/resourceGroups/analyticsRG01/providers/Microsoft.Network/networkInterfaces/analyticsNIC0631/ipConfigurations/analyticsNICip0631",
                            "ip_configurations.1072484202": "/subscriptions/3c2c2e90-30c9-4ff5-ab6b-eae577eb771a/resourceGroups/analyticsRG00/providers/Microsoft.Network/networkInterfaces/analyticsNIC0108/ipConfigurations/analyticsNICip0108",
                            "ip_configurations.1089098706": "/subscriptions/3c2c2e90-30c9-4ff5-ab6b-eae577eb771a/resourceGroups/analyticsRG00/providers/Microsoft.Network/networkInterfaces/analyticsNIC0582/ipConfigurations/analyticsNICip0582",
                            "ip_configurations.1090413269": "/subscriptions/3c2c2e90-30c9-4ff5-ab6b-eae577eb771a/resourceGroups/analyticsRG02/providers/Microsoft.Network/networkInterfaces/analyticsNIC0512/ipConfigurations/analyticsNICip0512",
                            "ip_configurations.1098433820": "/subscriptions/3c2c2e90-30c9-4ff5-ab6b-eae577eb771a/resourceGroups/analyticsRG00/providers/Microsoft.Network/networkInterfaces/analyticsNIC0624/ipConfigurations/analyticsNICip0624",
                            "ip_configurations.1138131334": "/subscriptions/3c2c2e90-30c9-4ff5-ab6b-eae577eb771a/resourceGroups/analyticsRG01/providers/Microsoft.Network/networkInterfaces/analyticsNIC0010/ipConfigurations/analyticsNICip0010",
                            "ip_configurations.1165924644": "/subscriptions/3c2c2e90-30c9-4ff5-ab6b-eae577eb771a/resourceGroups/analyticsRG00/providers/Microsoft.Network/networkInterfaces/analyticsNIC0258/ipConfigurations/analyticsNICip0258",
                            "ip_configurations.1182218504": "/subscriptions/3c2c2e90-30c9-4ff5-ab6b-eae577eb771a/resourceGroups/analyticsRG01/providers/Microsoft.Network/networkInterfaces/analyticsNIC0031/ipConfigurations/analyticsNICip0031",
                            "ip_configurations.1188961994": "/subscriptions/3c2c2e90-30c9-4ff5-ab6b-eae577eb771a/resourceGroups/analyticsRG00/providers/Microsoft.Network/networkInterfaces/analyticsNIC0150/ipConfigurations/analyticsNICip0150",
                            "ip_configurations.1190411742": "/subscriptions/3c2c2e90-30c9-4ff5-ab6b-eae577eb771a/resourceGroups/analyticsRG01/providers/Microsoft.Network/networkInterfaces/analyticsNIC0916/ipConfigurations/analyticsNICip0916",
                            "ip_configurations.1196996867": "/subscriptions/3c2c2e90-30c9-4ff5-ab6b-eae577eb771a/resourceGroups/analyticsRG02/providers/Microsoft.Network/networkInterfaces/analyticsNIC0266/ipConfigurations/analyticsNICip0266",
                            "ip_configurations.1198842269": "/subscriptions/3c2c2e90-30c9-4ff5-ab6b-eae577eb771a/resourceGroups/analyticsRG00/providers/Microsoft.Network/networkInterfaces/analyticsNIC1020/ipConfigurations/analyticsNICip1020",
                            "ip_configurations.1205020509": "/subscriptions/3c2c2e90-30c9-4ff5-ab6b-eae577eb771a/resourceGroups/analyticsRG02/providers/Microsoft.Network/networkInterfaces/analyticsNIC0197/ipConfigurations/analyticsNICip0197",
                            "ip_configurations.1206235078": "/subscriptions/3c2c2e90-30c9-4ff5-ab6b-eae577eb771a/resourceGroups/analyticsRG01/providers/Microsoft.Network/networkInterfaces/analyticsNIC0397/ipConfigurations/analyticsNICip0397",
                            "ip_configurations.1217786010": "/subscriptions/3c2c2e90-30c9-4ff5-ab6b-eae577eb771a/resourceGroups/analyticsRG01/providers/Microsoft.Network/networkInterfaces/analyticsNIC0052/ipConfigurations/analyticsNICip0052",
                            "ip_configurations.1219224201": "/subscriptions/3c2c2e90-30c9-4ff5-ab6b-eae577eb771a/resourceGroups/analyticsRG02/providers/Microsoft.Network/networkInterfaces/analyticsNIC0884/ipConfigurations/analyticsNICip0884",
                            "ip_configurations.123139513": "/subscriptions/3c2c2e90-30c9-4ff5-ab6b-eae577eb771a/resourceGroups/analyticsRG02/providers/Microsoft.Network/networkInterfaces/analyticsNIC0758/ipConfigurations/analyticsNICip0758",
                            "ip_configurations.1235671838": "/subscriptions/3c2c2e90-30c9-4ff5-ab6b-eae577eb771a/resourceGroups/analyticsRG00/providers/Microsoft.Network/networkInterfaces/analyticsNIC0843/ipConfigurations/analyticsNICip0843",
                            "ip_configurations.1255007697": "/subscriptions/3c2c2e90-30c9-4ff5-ab6b-eae577eb771a/resourceGroups/analyticsRG01/providers/Microsoft.Network/networkInterfaces/analyticsNIC0502/ipConfigurations/analyticsNICip0502",
                            "ip_configurations.1272575648": "/subscriptions/3c2c2e90-30c9-4ff5-ab6b-eae577eb771a/resourceGroups/analyticsRG01/providers/Microsoft.Network/networkInterfaces/analyticsNIC1078/ipConfigurations/analyticsNICip1078",
                            "ip_configurations.1294899217": "/subscriptions/3c2c2e90-30c9-4ff5-ab6b-eae577eb771a/resourceGroups/analyticsRG00/providers/Microsoft.Network/networkInterfaces/analyticsNIC1035/ipConfigurations/analyticsNICip1035",
                            "ip_configurations.1299312130": "/subscriptions/3c2c2e90-30c9-4ff5-ab6b-eae577eb771a/resourceGroups/analyticsRG00/providers/Microsoft.Network/networkInterfaces/analyticsNIC1230/ipConfigurations/analyticsNICip1230",
                            "ip_configurations.1316312527": "/subscriptions/3c2c2e90-30c9-4ff5-ab6b-eae577eb771a/resourceGroups/analyticsRG01/providers/Microsoft.Network/networkInterfaces/analyticsNIC0574/ipConfigurations/analyticsNICip0574",
                            "ip_configurations.1321747210": "/subscriptions/3c2c2e90-30c9-4ff5-ab6b-eae577eb771a/resourceGroups/analyticsRG02/providers/Microsoft.Network/networkInterfaces/analyticsNIC0485/ipConfigurations/analyticsNICip0485",
                            "ip_configurations.1332501855": "/subscriptions/3c2c2e90-30c9-4ff5-ab6b-eae577eb771a/resourceGroups/analyticsRG01/providers/Microsoft.Network/networkInterfaces/analyticsNIC0523/ipConfigurations/analyticsNICip0523",
                            "ip_configurations.1340357090": "/subscriptions/3c2c2e90-30c9-4ff5-ab6b-eae577eb771a/resourceGroups/analyticsRG02/providers/Microsoft.Network/networkInterfaces/analyticsNIC0329/ipConfigurations/analyticsNICip0329",
                            "ip_configurations.1343470566": "/subscriptions/3c2c2e90-30c9-4ff5-ab6b-eae577eb771a/resourceGroups/analyticsRG02/providers/Microsoft.Network/networkInterfaces/analyticsNIC0341/ipConfigurations/analyticsNICip0341",
                            "ip_configurations.1346514167": "/subscriptions/3c2c2e90-30c9-4ff5-ab6b-eae577eb771a/resourceGroups/analyticsRG01/providers/Microsoft.Network/networkInterfaces/analyticsNIC1192/ipConfigurations/analyticsNICip1192",
                            "ip_configurations.1364575589": "/subscriptions/3c2c2e90-30c9-4ff5-ab6b-eae577eb771a/resourceGroups/analyticsRG02/providers/Microsoft.Network/networkInterfaces/analyticsNIC0113/ipConfigurations/analyticsNICip0113",
                            "ip_configurations.1377420127": "/subscriptions/3c2c2e90-30c9-4ff5-ab6b-eae577eb771a/resourceGroups/analyticsRG02/providers/Microsoft.Network/networkInterfaces/analyticsNIC1139/ipConfigurations/analyticsNICip1139",
                            "ip_configurations.1393414190": "/subscriptions/3c2c2e90-30c9-4ff5-ab6b-eae577eb771a/resourceGroups/analyticsRG02/providers/Microsoft.Network/networkInterfaces/analyticsNIC0443/ipConfigurations/analyticsNICip0443",
                            "ip_configurations.1431331774": "/subscriptions/3c2c2e90-30c9-4ff5-ab6b-eae577eb771a/resourceGroups/analyticsRG01/providers/Microsoft.Network/networkInterfaces/analyticsNIC0094/ipConfigurations/analyticsNICip0094",
                            "ip_configurations.1447954550": "/subscriptions/3c2c2e90-30c9-4ff5-ab6b-eae577eb771a/resourceGroups/analyticsRG01/providers/Microsoft.Network/networkInterfaces/analyticsNIC0796/ipConfigurations/analyticsNICip0796",
                            "ip_configurations.1452092383": "/subscriptions/3c2c2e90-30c9-4ff5-ab6b-eae577eb771a/resourceGroups/analyticsRG00/providers/Microsoft.Network/networkInterfaces/analyticsNIC0309/ipConfigurations/analyticsNICip0309",
                            "ip_configurations.147114547": "/subscriptions/3c2c2e90-30c9-4ff5-ab6b-eae577eb771a/resourceGroups/analyticsRG01/providers/Microsoft.Network/networkInterfaces/analyticsNIC0769/ipConfigurations/analyticsNICip0769",
                            "ip_configurations.1471708113": "/subscriptions/3c2c2e90-30c9-4ff5-ab6b-eae577eb771a/resourceGroups/analyticsRG02/providers/Microsoft.Network/networkInterfaces/analyticsNIC1118/ipConfigurations/analyticsNICip1118",
                            "ip_configurations.1481548082": "/subscriptions/3c2c2e90-30c9-4ff5-ab6b-eae577eb771a/resourceGroups/analyticsRG02/providers/Microsoft.Network/networkInterfaces/analyticsNIC0401/ipConfigurations/analyticsNICip0401",
                            "ip_configurations.1484269993": "/subscriptions/3c2c2e90-30c9-4ff5-ab6b-eae577eb771a/resourceGroups/analyticsRG01/providers/Microsoft.Network/networkInterfaces/analyticsNIC0601/ipConfigurations/analyticsNICip0601",
                            "ip_configurations.1495899342": "/subscriptions/3c2c2e90-30c9-4ff5-ab6b-eae577eb771a/resourceGroups/analyticsRG00/providers/Microsoft.Network/networkInterfaces/analyticsNIC0138/ipConfigurations/analyticsNICip0138",
                            "ip_configurations.150094504": "/subscriptions/3c2c2e90-30c9-4ff5-ab6b-eae577eb771a/resourceGroups/analyticsRG02/providers/Microsoft.Network/networkInterfaces/analyticsNIC0569/ipConfigurations/analyticsNICip0569",
                            "ip_configurations.1520780222": "/subscriptions/3c2c2e90-30c9-4ff5-ab6b-eae577eb771a/resourceGroups/analyticsRG02/providers/Microsoft.Network/networkInterfaces/analyticsNIC1076/ipConfigurations/analyticsNICip1076",
                            "ip_configurations.1531732341": "/subscriptions/3c2c2e90-30c9-4ff5-ab6b-eae577eb771a/resourceGroups/analyticsRG00/providers/Microsoft.Network/networkInterfaces/analyticsNIC0945/ipConfigurations/analyticsNICip0945",
                            "ip_configurations.1533428321": "/subscriptions/3c2c2e90-30c9-4ff5-ab6b-eae577eb771a/resourceGroups/analyticsRG01/providers/Microsoft.Network/networkInterfaces/analyticsNIC0103/ipConfigurations/analyticsNICip0103",
                            "ip_configurations.1536168880": "/subscriptions/3c2c2e90-30c9-4ff5-ab6b-eae577eb771a/resourceGroups/analyticsRG00/providers/Microsoft.Network/networkInterfaces/analyticsNIC0267/ipConfigurations/analyticsNICip0267",
                            "ip_configurations.1545046809": "/subscriptions/3c2c2e90-30c9-4ff5-ab6b-eae577eb771a/resourceGroups/analyticsRG02/providers/Microsoft.Network/networkInterfaces/analyticsNIC0278/ipConfigurations/analyticsNICip0278",
                            "ip_configurations.1553985444": "/subscriptions/3c2c2e90-30c9-4ff5-ab6b-eae577eb771a/resourceGroups/analyticsRG01/providers/Microsoft.Network/networkInterfaces/analyticsNIC0472/ipConfigurations/analyticsNICip0472",
                            "ip_configurations.1569455317": "/subscriptions/3c2c2e90-30c9-4ff5-ab6b-eae577eb771a/resourceGroups/analyticsRG01/providers/Microsoft.Network/networkInterfaces/analyticsNIC1108/ipConfigurations/analyticsNICip1108",
                            "ip_configurations.1591552746": "/subscriptions/3c2c2e90-30c9-4ff5-ab6b-eae577eb771a/resourceGroups/analyticsRG00/providers/Microsoft.Network/networkInterfaces/analyticsNIC1164/ipConfigurations/analyticsNICip1164",
                            "ip_configurations.1597805225": "/subscriptions/3c2c2e90-30c9-4ff5-ab6b-eae577eb771a/resourceGroups/analyticsRG02/providers/Microsoft.Network/networkInterfaces/analyticsNIC0281/ipConfigurations/analyticsNICip0281",
                            "ip_configurations.1614037675": "/subscriptions/3c2c2e90-30c9-4ff5-ab6b-eae577eb771a/resourceGroups/analyticsRG02/providers/Microsoft.Network/networkInterfaces/analyticsNIC0335/ipConfigurations/analyticsNICip0335",
                            "ip_configurations.1631892659": "/subscriptions/3c2c2e90-30c9-4ff5-ab6b-eae577eb771a/resourceGroups/analyticsRG01/providers/Microsoft.Network/networkInterfaces/analyticsNIC0367/ipConfigurations/analyticsNICip0367",
                            "ip_configurations.1634876456": "/subscriptions/3c2c2e90-30c9-4ff5-ab6b-eae577eb771a/resourceGroups/analyticsRG02/providers/Microsoft.Network/networkInterfaces/analyticsNIC0167/ipConfigurations/analyticsNICip0167",
                            "ip_configurations.1639114082": "/subscriptions/3c2c2e90-30c9-4ff5-ab6b-eae577eb771a/resourceGroups/analyticsRG00/providers/Microsoft.Network/networkInterfaces/analyticsNIC0003/ipConfigurations/analyticsNICip0003",
                            "ip_configurations.1640090607": "/subscriptions/3c2c2e90-30c9-4ff5-ab6b-eae577eb771a/resourceGroups/analyticsRG02/providers/Microsoft.Network/networkInterfaces/analyticsNIC1040/ipConfigurations/analyticsNICip1040",
                            "ip_configurations.1643750006": "/subscriptions/3c2c2e90-30c9-4ff5-ab6b-eae577eb771a/resourceGroups/analyticsRG02/providers/Microsoft.Network/networkInterfaces/analyticsNIC0296/ipConfigurations/analyticsNICip0296",
                            "ip_configurations.1663707491": "/subscriptions/3c2c2e90-30c9-4ff5-ab6b-eae577eb771a/resourceGroups/analyticsRG02/providers/Microsoft.Network/networkInterfaces/analyticsNIC0437/ipConfigurations/analyticsNICip0437",
                            "ip_configurations.1672840762": "/subscriptions/3c2c2e90-30c9-4ff5-ab6b-eae577eb771a/resourceGroups/analyticsRG00/providers/Microsoft.Network/networkInterfaces/analyticsNIC0756/ipConfigurations/analyticsNICip0756",
                            "ip_configurations.1681006227": "/subscriptions/3c2c2e90-30c9-4ff5-ab6b-eae577eb771a/resourceGroups/analyticsRG02/providers/Microsoft.Network/networkInterfaces/analyticsNIC0749/ipConfigurations/analyticsNICip0749",
                            "ip_configurations.1691583654": "/subscriptions/3c2c2e90-30c9-4ff5-ab6b-eae577eb771a/resourceGroups/analyticsRG02/providers/Microsoft.Network/networkInterfaces/analyticsNIC0146/ipConfigurations/analyticsNICip0146",
                            "ip_configurations.1706664635": "/subscriptions/3c2c2e90-30c9-4ff5-ab6b-eae577eb771a/resourceGroups/analyticsRG00/providers/Microsoft.Network/networkInterfaces/analyticsNIC1152/ipConfigurations/analyticsNICip1152",
                            "ip_configurations.1712602804": "/subscriptions/3c2c2e90-30c9-4ff5-ab6b-eae577eb771a/resourceGroups/analyticsRG00/providers/Microsoft.Network/networkInterfaces/analyticsNIC0777/ipConfigurations/analyticsNICip0777",
                            "ip_configurations.1728919076": "/subscriptions/3c2c2e90-30c9-4ff5-ab6b-eae577eb771a/resourceGroups/analyticsRG00/providers/Microsoft.Network/networkInterfaces/analyticsNIC0720/ipConfigurations/analyticsNICip0720",
                            "ip_configurations.1753954473": "/subscriptions/3c2c2e90-30c9-4ff5-ab6b-eae577eb771a/resourceGroups/analyticsRG01/providers/Microsoft.Network/networkInterfaces/analyticsNIC0781/ipConfigurations/analyticsNICip0781",
                            "ip_configurations.175981901": "/subscriptions/3c2c2e90-30c9-4ff5-ab6b-eae577eb771a/resourceGroups/analyticsRG01/providers/Microsoft.Network/networkInterfaces/analyticsNIC0436/ipConfigurations/analyticsNICip0436",
                            "ip_configurations.1761340615": "/subscriptions/3c2c2e90-30c9-4ff5-ab6b-eae577eb771a/resourceGroups/analyticsRG00/providers/Microsoft.Network/networkInterfaces/analyticsNIC1239/ipConfigurations/analyticsNICip1239",
                            "ip_configurations.1778894255": "/subscriptions/3c2c2e90-30c9-4ff5-ab6b-eae577eb771a/resourceGroups/analyticsRG01/providers/Microsoft.Network/networkInterfaces/analyticsNIC0325/ipConfigurations/analyticsNICip0325",
                            "ip_configurations.1797076956": "/subscriptions/3c2c2e90-30c9-4ff5-ab6b-eae577eb771a/resourceGroups/analyticsRG02/providers/Microsoft.Network/networkInterfaces/analyticsNIC0689/ipConfigurations/analyticsNICip0689",
                            "ip_configurations.1805035906": "/subscriptions/3c2c2e90-30c9-4ff5-ab6b-eae577eb771a/resourceGroups/analyticsRG02/providers/Microsoft.Network/networkInterfaces/analyticsNIC0578/ipConfigurations/analyticsNICip0578",
                            "ip_configurations.1817069368": "/subscriptions/3c2c2e90-30c9-4ff5-ab6b-eae577eb771a/resourceGroups/analyticsRG00/providers/Microsoft.Network/networkInterfaces/analyticsNIC0762/ipConfigurations/analyticsNICip0762",
                            "ip_configurations.1820013888": "/subscriptions/3c2c2e90-30c9-4ff5-ab6b-eae577eb771a/resourceGroups/analyticsRG00/providers/Microsoft.Network/networkInterfaces/analyticsNIC0099/ipConfigurations/analyticsNICip0099",
                            "ip_configurations.1822076789": "/subscriptions/3c2c2e90-30c9-4ff5-ab6b-eae577eb771a/resourceGroups/analyticsRG00/providers/Microsoft.Network/networkInterfaces/analyticsNIC0696/ipConfigurations/analyticsNICip0696",
                            "ip_configurations.185447253": "/subscriptions/3c2c2e90-30c9-4ff5-ab6b-eae577eb771a/resourceGroups/analyticsRG02/providers/Microsoft.Network/networkInterfaces/analyticsNIC0464/ipConfigurations/analyticsNICip0464",
                            "ip_configurations.1860047281": "/subscriptions/3c2c2e90-30c9-4ff5-ab6b-eae577eb771a/resourceGroups/analyticsRG02/providers/Microsoft.Network/networkInterfaces/analyticsNIC0980/ipConfigurations/analyticsNICip0980",
                            "ip_configurations.1870270436": "/subscriptions/3c2c2e90-30c9-4ff5-ab6b-eae577eb771a/resourceGroups/analyticsRG01/providers/Microsoft.Network/networkInterfaces/analyticsNIC0826/ipConfigurations/analyticsNICip0826",
                            "ip_configurations.1880000822": "/subscriptions/3c2c2e90-30c9-4ff5-ab6b-eae577eb771a/resourceGroups/analyticsRG01/providers/Microsoft.Network/networkInterfaces/analyticsNIC0169/ipConfigurations/analyticsNICip0169",
                            "ip_configurations.1899864754": "/subscriptions/3c2c2e90-30c9-4ff5-ab6b-eae577eb771a/resourceGroups/analyticsRG00/providers/Microsoft.Network/networkInterfaces/analyticsNIC0978/ipConfigurations/analyticsNICip0978",
                            "ip_configurations.1912769029": "/subscriptions/3c2c2e90-30c9-4ff5-ab6b-eae577eb771a/resourceGroups/analyticsRG02/providers/Microsoft.Network/networkInterfaces/analyticsNIC0911/ipConfigurations/analyticsNICip0911",
                            "ip_configurations.1918278781": "/subscriptions/3c2c2e90-30c9-4ff5-ab6b-eae577eb771a/resourceGroups/analyticsRG01/providers/Microsoft.Network/networkInterfaces/analyticsNIC0439/ipConfigurations/analyticsNICip0439",
                            "ip_configurations.1918601116": "/subscriptions/3c2c2e90-30c9-4ff5-ab6b-eae577eb771a/resourceGroups/analyticsRG01/providers/Microsoft.Network/networkInterfaces/analyticsNIC1114/ipConfigurations/analyticsNICip1114",
                            "ip_configurations.1935171337": "/subscriptions/3c2c2e90-30c9-4ff5-ab6b-eae577eb771a/resourceGroups/analyticsRG00/providers/Microsoft.Network/networkInterfaces/analyticsNIC0105/ipConfigurations/analyticsNICip0105",
                            "ip_configurations.1943755743": "/subscriptions/3c2c2e90-30c9-4ff5-ab6b-eae577eb771a/resourceGroups/analyticsRG00/providers/Microsoft.Network/networkInterfaces/analyticsNIC0822/ipConfigurations/analyticsNICip0822",
                            "ip_configurations.1983373263": "/subscriptions/3c2c2e90-30c9-4ff5-ab6b-eae577eb771a/resourceGroups/analyticsRG01/providers/Microsoft.Network/networkInterfaces/analyticsNIC1096/ipConfigurations/analyticsNICip1096",
                            "ip_configurations.1998599773": "/subscriptions/3c2c2e90-30c9-4ff5-ab6b-eae577eb771a/resourceGroups/analyticsRG02/providers/Microsoft.Network/networkInterfaces/analyticsNIC0017/ipConfigurations/analyticsNICip0017",
                            "ip_configurations.2006172058": "/subscriptions/3c2c2e90-30c9-4ff5-ab6b-eae577eb771a/resourceGroups/analyticsRG02/providers/Microsoft.Network/networkInterfaces/analyticsNIC1130/ipConfigurations/analyticsNICip1130",
                            "ip_configurations.2012888850": "/subscriptions/3c2c2e90-30c9-4ff5-ab6b-eae577eb771a/resourceGroups/analyticsRG01/providers/Microsoft.Network/networkInterfaces/analyticsNIC1135/ipConfigurations/analyticsNICip1135",
                            "ip_configurations.2016480513": "/subscriptions/3c2c2e90-30c9-4ff5-ab6b-eae577eb771a/resourceGroups/analyticsRG01/providers/Microsoft.Network/networkInterfaces/analyticsNIC0901/ipConfigurations/analyticsNICip0901",
                            "ip_configurations.2017744902": "/subscriptions/3c2c2e90-30c9-4ff5-ab6b-eae577eb771a/resourceGroups/analyticsRG00/providers/Microsoft.Network/networkInterfaces/analyticsNIC0342/ipConfigurations/analyticsNICip0342",
                            "ip_configurations.2021405087": "/subscriptions/3c2c2e90-30c9-4ff5-ab6b-eae577eb771a/resourceGroups/analyticsRG00/providers/Microsoft.Network/networkInterfaces/analyticsNIC1194/ipConfigurations/analyticsNICip1194",
                            "ip_configurations.2046064468": "/subscriptions/3c2c2e90-30c9-4ff5-ab6b-eae577eb771a/resourceGroups/analyticsRG01/providers/Microsoft.Network/networkInterfaces/analyticsNIC0274/ipConfigurations/analyticsNICip0274",
                            "ip_configurations.2048675149": "/subscriptions/3c2c2e90-30c9-4ff5-ab6b-eae577eb771a/resourceGroups/analyticsRG00/providers/Microsoft.Network/networkInterfaces/analyticsNIC0612/ipConfigurations/analyticsNICip0612",
                            "ip_configurations.2050821682": "/subscriptions/3c2c2e90-30c9-4ff5-ab6b-eae577eb771a/resourceGroups/analyticsRG02/providers/Microsoft.Network/networkInterfaces/analyticsNIC0179/ipConfigurations/analyticsNICip0179",
                            "ip_configurations.2061276167": "/subscriptions/3c2c2e90-30c9-4ff5-ab6b-eae577eb771a/resourceGroups/analyticsRG02/providers/Microsoft.Network/networkInterfaces/analyticsNIC0776/ipConfigurations/analyticsNICip0776",
                            "ip_configurations.2063943133": "/subscriptions/3c2c2e90-30c9-4ff5-ab6b-eae577eb771a/resourceGroups/analyticsRG00/providers/Microsoft.Network/networkInterfaces/analyticsNIC0645/ipConfigurations/analyticsNICip0645",
                            "ip_configurations.2073750148": "/subscriptions/3c2c2e90-30c9-4ff5-ab6b-eae577eb771a/resourceGroups/analyticsRG02/providers/Microsoft.Network/networkInterfaces/analyticsNIC0524/ipConfigurations/analyticsNICip0524",
                            "ip_configurations.2082511581": "/subscriptions/3c2c2e90-30c9-4ff5-ab6b-eae577eb771a/resourceGroups/analyticsRG00/providers/Microsoft.Network/networkInterfaces/analyticsNIC0816/ipConfigurations/analyticsNICip0816",
                            "ip_configurations.2097766748": "/subscriptions/3c2c2e90-30c9-4ff5-ab6b-eae577eb771a/resourceGroups/analyticsRG00/providers/Microsoft.Network/networkInterfaces/analyticsNIC1041/ipConfigurations/analyticsNICip1041",
                            "ip_configurations.2105167825": "/subscriptions/3c2c2e90-30c9-4ff5-ab6b-eae577eb771a/resourceGroups/analyticsRG02/providers/Microsoft.Network/networkInterfaces/analyticsNIC0002/ipConfigurations/analyticsNICip0002",
                            "ip_configurations.2112217224": "/subscriptions/3c2c2e90-30c9-4ff5-ab6b-eae577eb771a/resourceGroups/analyticsRG00/providers/Microsoft.Network/networkInterfaces/analyticsNIC0363/ipConfigurations/analyticsNICip0363",
                            "ip_configurations.2141863463": "/subscriptions/3c2c2e90-30c9-4ff5-ab6b-eae577eb771a/resourceGroups/analyticsRG01/providers/Microsoft.Network/networkInterfaces/analyticsNIC0358/ipConfigurations/analyticsNICip0358",
                            "ip_configurations.2182130630": "/subscriptions/3c2c2e90-30c9-4ff5-ab6b-eae577eb771a/resourceGroups/analyticsRG00/providers/Microsoft.Network/networkInterfaces/analyticsNIC0627/ipConfigurations/analyticsNICip0627",
                            "ip_configurations.2203831972": "/subscriptions/3c2c2e90-30c9-4ff5-ab6b-eae577eb771a/resourceGroups/analyticsRG00/providers/Microsoft.Network/networkInterfaces/analyticsNIC1158/ipConfigurations/analyticsNICip1158",
                            "ip_configurations.2214589063": "/subscriptions/3c2c2e90-30c9-4ff5-ab6b-eae577eb771a/resourceGroups/analyticsRG01/providers/Microsoft.Network/networkInterfaces/analyticsNIC0514/ipConfigurations/analyticsNICip0514",
                            "ip_configurations.2216464199": "/subscriptions/3c2c2e90-30c9-4ff5-ab6b-eae577eb771a/resourceGroups/analyticsRG00/providers/Microsoft.Network/networkInterfaces/analyticsNIC1023/ipConfigurations/analyticsNICip1023",
                            "ip_configurations.2223882524": "/subscriptions/3c2c2e90-30c9-4ff5-ab6b-eae577eb771a/resourceGroups/analyticsRG01/providers/Microsoft.Network/networkInterfaces/analyticsNIC0394/ipConfigurations/analyticsNICip0394",
                            "ip_configurations.2241278831": "/subscriptions/3c2c2e90-30c9-4ff5-ab6b-eae577eb771a/resourceGroups/analyticsRG02/providers/Microsoft.Network/networkInterfaces/analyticsNIC0638/ipConfigurations/analyticsNICip0638",
                            "ip_configurations.224752317": "/subscriptions/3c2c2e90-30c9-4ff5-ab6b-eae577eb771a/resourceGroups/analyticsRG01/providers/Microsoft.Network/networkInterfaces/analyticsNIC0748/ipConfigurations/analyticsNICip0748",
                            "ip_configurations.2259164120": "/subscriptions/3c2c2e90-30c9-4ff5-ab6b-eae577eb771a/resourceGroups/analyticsRG00/providers/Microsoft.Network/networkInterfaces/analyticsNIC0651/ipConfigurations/analyticsNICip0651",
                            "ip_configurations.2274601684": "/subscriptions/3c2c2e90-30c9-4ff5-ab6b-eae577eb771a/resourceGroups/analyticsRG01/providers/Microsoft.Network/networkInterfaces/analyticsNIC0496/ipConfigurations/analyticsNICip0496",
                            "ip_configurations.2308113296": "/subscriptions/3c2c2e90-30c9-4ff5-ab6b-eae577eb771a/resourceGroups/analyticsRG02/providers/Microsoft.Network/networkInterfaces/analyticsNIC0701/ipConfigurations/analyticsNICip0701",
                            "ip_configurations.2312651908": "/subscriptions/3c2c2e90-30c9-4ff5-ab6b-eae577eb771a/resourceGroups/analyticsRG00/providers/Microsoft.Network/networkInterfaces/analyticsNIC0594/ipConfigurations/analyticsNICip0594",
                            "ip_configurations.231932947": "/subscriptions/3c2c2e90-30c9-4ff5-ab6b-eae577eb771a/resourceGroups/analyticsRG01/providers/Microsoft.Network/networkInterfaces/analyticsNIC0994/ipConfigurations/analyticsNICip0994",
                            "ip_configurations.2325305695": "/subscriptions/3c2c2e90-30c9-4ff5-ab6b-eae577eb771a/resourceGroups/analyticsRG00/providers/Microsoft.Network/networkInterfaces/analyticsNIC0093/ipConfigurations/analyticsNICip0093",
                            "ip_configurations.2344848467": "/subscriptions/3c2c2e90-30c9-4ff5-ab6b-eae577eb771a/resourceGroups/analyticsRG02/providers/Microsoft.Network/networkInterfaces/analyticsNIC0887/ipConfigurations/analyticsNICip0887",
                            "ip_configurations.2345342683": "/subscriptions/3c2c2e90-30c9-4ff5-ab6b-eae577eb771a/resourceGroups/analyticsRG02/providers/Microsoft.Network/networkInterfaces/analyticsNIC0251/ipConfigurations/analyticsNICip0251",
                            "ip_configurations.2349085573": "/subscriptions/3c2c2e90-30c9-4ff5-ab6b-eae577eb771a/resourceGroups/analyticsRG01/providers/Microsoft.Network/networkInterfaces/analyticsNIC0520/ipConfigurations/analyticsNICip0520",
                            "ip_configurations.2356471787": "/subscriptions/3c2c2e90-30c9-4ff5-ab6b-eae577eb771a/resourceGroups/analyticsRG00/providers/Microsoft.Network/networkInterfaces/analyticsNIC1098/ipConfigurations/analyticsNICip1098",
                            "ip_configurations.2371192546": "/subscriptions/3c2c2e90-30c9-4ff5-ab6b-eae577eb771a/resourceGroups/analyticsRG00/providers/Microsoft.Network/networkInterfaces/analyticsNIC0219/ipConfigurations/analyticsNICip0219",
                            "ip_configurations.2373240221": "/subscriptions/3c2c2e90-30c9-4ff5-ab6b-eae577eb771a/resourceGroups/analyticsRG02/providers/Microsoft.Network/networkInterfaces/analyticsNIC0572/ipConfigurations/analyticsNICip0572",
                            "ip_configurations.2398421260": "/subscriptions/3c2c2e90-30c9-4ff5-ab6b-eae577eb771a/resourceGroups/analyticsRG00/providers/Microsoft.Network/networkInterfaces/analyticsNIC0111/ipConfigurations/analyticsNICip0111",
                            "ip_configurations.2406419786": "/subscriptions/3c2c2e90-30c9-4ff5-ab6b-eae577eb771a/resourceGroups/analyticsRG00/providers/Microsoft.Network/networkInterfaces/analyticsNIC0861/ipConfigurations/analyticsNICip0861",
                            "ip_configurations.2410664960": "/subscriptions/3c2c2e90-30c9-4ff5-ab6b-eae577eb771a/resourceGroups/analyticsRG02/providers/Microsoft.Network/networkInterfaces/analyticsNIC0905/ipConfigurations/analyticsNICip0905",
                            "ip_configurations.2416008093": "/subscriptions/3c2c2e90-30c9-4ff5-ab6b-eae577eb771a/resourceGroups/analyticsRG01/providers/Microsoft.Network/networkInterfaces/analyticsNIC1168/ipConfigurations/analyticsNICip1168",
                            "ip_configurations.2416722044": "/subscriptions/3c2c2e90-30c9-4ff5-ab6b-eae577eb771a/resourceGroups/analyticsRG01/providers/Microsoft.Network/networkInterfaces/analyticsNIC0445/ipConfigurations/analyticsNICip0445",
                            "ip_configurations.2422587124": "/subscriptions/3c2c2e90-30c9-4ff5-ab6b-eae577eb771a/resourceGroups/analyticsRG02/providers/Microsoft.Network/networkInterfaces/analyticsNIC0440/ipConfigurations/analyticsNICip0440",
                            "ip_configurations.2425142857": "/subscriptions/3c2c2e90-30c9-4ff5-ab6b-eae577eb771a/resourceGroups/analyticsRG02/providers/Microsoft.Network/networkInterfaces/analyticsNIC0899/ipConfigurations/analyticsNICip0899",
                            "ip_configurations.2442996817": "/subscriptions/3c2c2e90-30c9-4ff5-ab6b-eae577eb771a/resourceGroups/analyticsRG02/providers/Microsoft.Network/networkInterfaces/analyticsNIC0218/ipConfigurations/analyticsNICip0218",
                            "ip_configurations.2452200120": "/subscriptions/3c2c2e90-30c9-4ff5-ab6b-eae577eb771a/resourceGroups/analyticsRG00/providers/Microsoft.Network/networkInterfaces/analyticsNIC0180/ipConfigurations/analyticsNICip0180",
                            "ip_configurations.2458803320": "/subscriptions/3c2c2e90-30c9-4ff5-ab6b-eae577eb771a/resourceGroups/analyticsRG02/providers/Microsoft.Network/networkInterfaces/analyticsNIC1037/ipConfigurations/analyticsNICip1037",
                            "ip_configurations.2471320999": "/subscriptions/3c2c2e90-30c9-4ff5-ab6b-eae577eb771a/resourceGroups/analyticsRG01/providers/Microsoft.Network/networkInterfaces/analyticsNIC0142/ipConfigurations/analyticsNICip0142",
                            "ip_configurations.2479774065": "/subscriptions/3c2c2e90-30c9-4ff5-ab6b-eae577eb771a/resourceGroups/analyticsRG01/providers/Microsoft.Network/networkInterfaces/analyticsNIC0865/ipConfigurations/analyticsNICip0865",
                            "ip_configurations.2515701473": "/subscriptions/3c2c2e90-30c9-4ff5-ab6b-eae577eb771a/resourceGroups/analyticsRG01/providers/Microsoft.Network/networkInterfaces/analyticsNIC0661/ipConfigurations/analyticsNICip0661",
                            "ip_configurations.2520255844": "/subscriptions/3c2c2e90-30c9-4ff5-ab6b-eae577eb771a/resourceGroups/analyticsRG01/providers/Microsoft.Network/networkInterfaces/analyticsNIC0097/ipConfigurations/analyticsNICip0097",
                            "ip_configurations.2523914751": "/subscriptions/3c2c2e90-30c9-4ff5-ab6b-eae577eb771a/resourceGroups/analyticsRG01/providers/Microsoft.Network/networkInterfaces/analyticsNIC0844/ipConfigurations/analyticsNICip0844",
                            "ip_configurations.2532107561": "/subscriptions/3c2c2e90-30c9-4ff5-ab6b-eae577eb771a/resourceGroups/analyticsRG01/providers/Microsoft.Network/networkInterfaces/analyticsNIC0163/ipConfigurations/analyticsNICip0163",
                            "ip_configurations.2536498422": "/subscriptions/3c2c2e90-30c9-4ff5-ab6b-eae577eb771a/resourceGroups/analyticsRG02/providers/Microsoft.Network/networkInterfaces/analyticsNIC1016/ipConfigurations/analyticsNICip1016",
                            "ip_configurations.2537281009": "/subscriptions/3c2c2e90-30c9-4ff5-ab6b-eae577eb771a/resourceGroups/analyticsRG00/providers/Microsoft.Network/networkInterfaces/analyticsNIC1086/ipConfigurations/analyticsNICip1086",
                            "ip_configurations.2543588145": "/subscriptions/3c2c2e90-30c9-4ff5-ab6b-eae577eb771a/resourceGroups/analyticsRG02/providers/Microsoft.Network/networkInterfaces/analyticsNIC0131/ipConfigurations/analyticsNICip0131",
                            "ip_configurations.2544540586": "/subscriptions/3c2c2e90-30c9-4ff5-ab6b-eae577eb771a/resourceGroups/analyticsRG01/providers/Microsoft.Network/networkInterfaces/analyticsNIC0331/ipConfigurations/analyticsNICip0331",
                            "ip_configurations.2564040180": "/subscriptions/3c2c2e90-30c9-4ff5-ab6b-eae577eb771a/resourceGroups/analyticsRG02/providers/Microsoft.Network/networkInterfaces/analyticsNIC1022/ipConfigurations/analyticsNICip1022",
                            "ip_configurations.2566421866": "/subscriptions/3c2c2e90-30c9-4ff5-ab6b-eae577eb771a/resourceGroups/analyticsRG00/providers/Microsoft.Network/networkInterfaces/analyticsNIC0264/ipConfigurations/analyticsNICip0264",
                            "ip_configurations.2568430635": "/subscriptions/3c2c2e90-30c9-4ff5-ab6b-eae577eb771a/resourceGroups/analyticsRG01/providers/Microsoft.Network/networkInterfaces/analyticsNIC0157/ipConfigurations/analyticsNICip0157",
                            "ip_configurations.2568602921": "/subscriptions/3c2c2e90-30c9-4ff5-ab6b-eae577eb771a/resourceGroups/analyticsRG02/providers/Microsoft.Network/networkInterfaces/analyticsNIC1181/ipConfigurations/analyticsNICip1181",
                            "ip_configurations.2571653688": "/subscriptions/3c2c2e90-30c9-4ff5-ab6b-eae577eb771a/resourceGroups/analyticsRG01/providers/Microsoft.Network/networkInterfaces/analyticsNIC0352/ipConfigurations/analyticsNICip0352",
                            "ip_configurations.2575227555": "/subscriptions/3c2c2e90-30c9-4ff5-ab6b-eae577eb771a/resourceGroups/analyticsRG02/providers/Microsoft.Network/networkInterfaces/analyticsNIC0152/ipConfigurations/analyticsNICip0152",
                            "ip_configurations.2579366889": "/subscriptions/3c2c2e90-30c9-4ff5-ab6b-eae577eb771a/resourceGroups/analyticsRG00/providers/Microsoft.Network/networkInterfaces/analyticsNIC0036/ipConfigurations/analyticsNICip0036",
                            "ip_configurations.2600410674": "/subscriptions/3c2c2e90-30c9-4ff5-ab6b-eae577eb771a/resourceGroups/analyticsRG00/providers/Microsoft.Network/networkInterfaces/analyticsNIC0531/ipConfigurations/analyticsNICip0531",
                            "ip_configurations.2603810543": "/subscriptions/3c2c2e90-30c9-4ff5-ab6b-eae577eb771a/resourceGroups/analyticsRG00/providers/Microsoft.Network/networkInterfaces/analyticsNIC0492/ipConfigurations/analyticsNICip0492",
                            "ip_configurations.2633900370": "/subscriptions/3c2c2e90-30c9-4ff5-ab6b-eae577eb771a/resourceGroups/analyticsRG00/providers/Microsoft.Network/networkInterfaces/analyticsNIC0618/ipConfigurations/analyticsNICip0618",
                            "ip_configurations.2635883506": "/subscriptions/3c2c2e90-30c9-4ff5-ab6b-eae577eb771a/resourceGroups/analyticsRG01/providers/Microsoft.Network/networkInterfaces/analyticsNIC1006/ipConfigurations/analyticsNICip1006",
                            "ip_configurations.2673780412": "/subscriptions/3c2c2e90-30c9-4ff5-ab6b-eae577eb771a/resourceGroups/analyticsRG00/providers/Microsoft.Network/networkInterfaces/analyticsNIC0510/ipConfigurations/analyticsNICip0510",
                            "ip_configurations.268321887": "/subscriptions/3c2c2e90-30c9-4ff5-ab6b-eae577eb771a/resourceGroups/analyticsRG00/providers/Microsoft.Network/networkInterfaces/analyticsNIC0687/ipConfigurations/analyticsNICip0687",
                            "ip_configurations.2692009762": "/subscriptions/3c2c2e90-30c9-4ff5-ab6b-eae577eb771a/resourceGroups/analyticsRG01/providers/Microsoft.Network/networkInterfaces/analyticsNIC0634/ipConfigurations/analyticsNICip0634",
                            "ip_configurations.2708356433": "/subscriptions/3c2c2e90-30c9-4ff5-ab6b-eae577eb771a/resourceGroups/analyticsRG02/providers/Microsoft.Network/networkInterfaces/analyticsNIC0398/ipConfigurations/analyticsNICip0398",
                            "ip_configurations.2719634162": "/subscriptions/3c2c2e90-30c9-4ff5-ab6b-eae577eb771a/resourceGroups/analyticsRG02/providers/Microsoft.Network/networkInterfaces/analyticsNIC0164/ipConfigurations/analyticsNICip0164",
                            "ip_configurations.2729026869": "/subscriptions/3c2c2e90-30c9-4ff5-ab6b-eae577eb771a/resourceGroups/analyticsRG02/providers/Microsoft.Network/networkInterfaces/analyticsNIC1043/ipConfigurations/analyticsNICip1043",
                            "ip_configurations.2749997116": "/subscriptions/3c2c2e90-30c9-4ff5-ab6b-eae577eb771a/resourceGroups/analyticsRG01/providers/Microsoft.Network/networkInterfaces/analyticsNIC0811/ipConfigurations/analyticsNICip0811",
                            "ip_configurations.2758105342": "/subscriptions/3c2c2e90-30c9-4ff5-ab6b-eae577eb771a/resourceGroups/analyticsRG00/providers/Microsoft.Network/networkInterfaces/analyticsNIC0723/ipConfigurations/analyticsNICip0723",
                            "ip_configurations.2776387694": "/subscriptions/3c2c2e90-30c9-4ff5-ab6b-eae577eb771a/resourceGroups/analyticsRG00/providers/Microsoft.Network/networkInterfaces/analyticsNIC0774/ipConfigurations/analyticsNICip0774",
                            "ip_configurations.2782795719": "/subscriptions/3c2c2e90-30c9-4ff5-ab6b-eae577eb771a/resourceGroups/analyticsRG02/providers/Microsoft.Network/networkInterfaces/analyticsNIC0938/ipConfigurations/analyticsNICip0938",
                            "ip_configurations.2785558477": "/subscriptions/3c2c2e90-30c9-4ff5-ab6b-eae577eb771a/resourceGroups/analyticsRG00/providers/Microsoft.Network/networkInterfaces/analyticsNIC0588/ipConfigurations/analyticsNICip0588",
                            "ip_configurations.2787804753": "/subscriptions/3c2c2e90-30c9-4ff5-ab6b-eae577eb771a/resourceGroups/analyticsRG01/providers/Microsoft.Network/networkInterfaces/analyticsNIC0718/ipConfigurations/analyticsNICip0718",
                            "ip_configurations.2789035445": "/subscriptions/3c2c2e90-30c9-4ff5-ab6b-eae577eb771a/resourceGroups/analyticsRG00/providers/Microsoft.Network/networkInterfaces/analyticsNIC0273/ipConfigurations/analyticsNICip0273",
                            "ip_configurations.2800330232": "/subscriptions/3c2c2e90-30c9-4ff5-ab6b-eae577eb771a/resourceGroups/analyticsRG00/providers/Microsoft.Network/networkInterfaces/analyticsNIC0387/ipConfigurations/analyticsNICip0387",
                            "ip_configurations.2801636607": "/subscriptions/3c2c2e90-30c9-4ff5-ab6b-eae577eb771a/resourceGroups/analyticsRG02/providers/Microsoft.Network/networkInterfaces/analyticsNIC0317/ipConfigurations/analyticsNICip0317",
                            "ip_configurations.2809869110": "/subscriptions/3c2c2e90-30c9-4ff5-ab6b-eae577eb771a/resourceGroups/analyticsRG00/providers/Microsoft.Network/networkInterfaces/analyticsNIC0021/ipConfigurations/analyticsNICip0021",
                            "ip_configurations.2818062304": "/subscriptions/3c2c2e90-30c9-4ff5-ab6b-eae577eb771a/resourceGroups/analyticsRG00/providers/Microsoft.Network/networkInterfaces/analyticsNIC0906/ipConfigurations/analyticsNICip0906",
                            "ip_configurations.282080759": "/subscriptions/3c2c2e90-30c9-4ff5-ab6b-eae577eb771a/resourceGroups/analyticsRG00/providers/Microsoft.Network/networkInterfaces/analyticsNIC1236/ipConfigurations/analyticsNICip1236",
                            "ip_configurations.2833220647": "/subscriptions/3c2c2e90-30c9-4ff5-ab6b-eae577eb771a/resourceGroups/analyticsRG00/providers/Microsoft.Network/networkInterfaces/analyticsNIC0210/ipConfigurations/analyticsNICip0210",
                            "ip_configurations.2835764733": "/subscriptions/3c2c2e90-30c9-4ff5-ab6b-eae577eb771a/resourceGroups/analyticsRG02/providers/Microsoft.Network/networkInterfaces/analyticsNIC0323/ipConfigurations/analyticsNICip0323",
                            "ip_configurations.2849791154": "/subscriptions/3c2c2e90-30c9-4ff5-ab6b-eae577eb771a/resourceGroups/analyticsRG01/providers/Microsoft.Network/networkInterfaces/analyticsNIC1201/ipConfigurations/analyticsNICip1201",
                            "ip_configurations.2859581629": "/subscriptions/3c2c2e90-30c9-4ff5-ab6b-eae577eb771a/resourceGroups/analyticsRG01/providers/Microsoft.Network/networkInterfaces/analyticsNIC0424/ipConfigurations/analyticsNICip0424",
                            "ip_configurations.2875929294": "/subscriptions/3c2c2e90-30c9-4ff5-ab6b-eae577eb771a/resourceGroups/analyticsRG02/providers/Microsoft.Network/networkInterfaces/analyticsNIC0188/ipConfigurations/analyticsNICip0188",
                            "ip_configurations.289369270": "/subscriptions/3c2c2e90-30c9-4ff5-ab6b-eae577eb771a/resourceGroups/analyticsRG01/providers/Microsoft.Network/networkInterfaces/analyticsNIC1105/ipConfigurations/analyticsNICip1105",
                            "ip_configurations.2899186683": "/subscriptions/3c2c2e90-30c9-4ff5-ab6b-eae577eb771a/resourceGroups/analyticsRG01/providers/Microsoft.Network/networkInterfaces/analyticsNIC0307/ipConfigurations/analyticsNICip0307",
                            "ip_configurations.2906364607": "/subscriptions/3c2c2e90-30c9-4ff5-ab6b-eae577eb771a/resourceGroups/analyticsRG01/providers/Microsoft.Network/networkInterfaces/analyticsNIC1072/ipConfigurations/analyticsNICip1072",
                            "ip_configurations.2910731433": "/subscriptions/3c2c2e90-30c9-4ff5-ab6b-eae577eb771a/resourceGroups/analyticsRG00/providers/Microsoft.Network/networkInterfaces/analyticsNIC0231/ipConfigurations/analyticsNICip0231",
                            "ip_configurations.2914418539": "/subscriptions/3c2c2e90-30c9-4ff5-ab6b-eae577eb771a/resourceGroups/analyticsRG02/providers/Microsoft.Network/networkInterfaces/analyticsNIC0983/ipConfigurations/analyticsNICip0983",
                            "ip_configurations.2918150898": "/subscriptions/3c2c2e90-30c9-4ff5-ab6b-eae577eb771a/resourceGroups/analyticsRG01/providers/Microsoft.Network/networkInterfaces/analyticsNIC1186/ipConfigurations/analyticsNICip1186",
                            "ip_configurations.2927074437": "/subscriptions/3c2c2e90-30c9-4ff5-ab6b-eae577eb771a/resourceGroups/analyticsRG01/providers/Microsoft.Network/networkInterfaces/analyticsNIC0058/ipConfigurations/analyticsNICip0058",
                            "ip_configurations.2943967217": "/subscriptions/3c2c2e90-30c9-4ff5-ab6b-eae577eb771a/resourceGroups/analyticsRG00/providers/Microsoft.Network/networkInterfaces/analyticsNIC0564/ipConfigurations/analyticsNICip0564",
                            "ip_configurations.296138853": "/subscriptions/3c2c2e90-30c9-4ff5-ab6b-eae577eb771a/resourceGroups/analyticsRG00/providers/Microsoft.Network/networkInterfaces/analyticsNIC0864/ipConfigurations/analyticsNICip0864",
                            "ip_configurations.2965790722": "/subscriptions/3c2c2e90-30c9-4ff5-ab6b-eae577eb771a/resourceGroups/analyticsRG01/providers/Microsoft.Network/networkInterfaces/analyticsNIC0262/ipConfigurations/analyticsNICip0262",
                            "ip_configurations.2975471566": "/subscriptions/3c2c2e90-30c9-4ff5-ab6b-eae577eb771a/resourceGroups/analyticsRG02/providers/Microsoft.Network/networkInterfaces/analyticsNIC1112/ipConfigurations/analyticsNICip1112",
                            "ip_configurations.2980724117": "/subscriptions/3c2c2e90-30c9-4ff5-ab6b-eae577eb771a/resourceGroups/analyticsRG00/providers/Microsoft.Network/networkInterfaces/analyticsNIC0876/ipConfigurations/analyticsNICip0876",
                            "ip_configurations.2993169560": "/subscriptions/3c2c2e90-30c9-4ff5-ab6b-eae577eb771a/resourceGroups/analyticsRG00/providers/Microsoft.Network/networkInterfaces/analyticsNIC0456/ipConfigurations/analyticsNICip0456",
                            "ip_configurations.3002567617": "/subscriptions/3c2c2e90-30c9-4ff5-ab6b-eae577eb771a/resourceGroups/analyticsRG02/providers/Microsoft.Network/networkInterfaces/analyticsNIC0737/ipConfigurations/analyticsNICip0737",
                            "ip_configurations.3008599444": "/subscriptions/3c2c2e90-30c9-4ff5-ab6b-eae577eb771a/resourceGroups/analyticsRG01/providers/Microsoft.Network/networkInterfaces/analyticsNIC0691/ipConfigurations/analyticsNICip0691",
                            "ip_configurations.3052387377": "/subscriptions/3c2c2e90-30c9-4ff5-ab6b-eae577eb771a/resourceGroups/analyticsRG02/providers/Microsoft.Network/networkInterfaces/analyticsNIC0449/ipConfigurations/analyticsNICip0449",
                            "ip_configurations.3056444732": "/subscriptions/3c2c2e90-30c9-4ff5-ab6b-eae577eb771a/resourceGroups/analyticsRG02/providers/Microsoft.Network/networkInterfaces/analyticsNIC0869/ipConfigurations/analyticsNICip0869",
                            "ip_configurations.3061429060": "/subscriptions/3c2c2e90-30c9-4ff5-ab6b-eae577eb771a/resourceGroups/analyticsRG01/providers/Microsoft.Network/networkInterfaces/analyticsNIC0541/ipConfigurations/analyticsNICip0541",
                            "ip_configurations.307841432": "/subscriptions/3c2c2e90-30c9-4ff5-ab6b-eae577eb771a/resourceGroups/analyticsRG00/providers/Microsoft.Network/networkInterfaces/analyticsNIC0969/ipConfigurations/analyticsNICip0969",
                            "ip_configurations.3080951933": "/subscriptions/3c2c2e90-30c9-4ff5-ab6b-eae577eb771a/resourceGroups/analyticsRG00/providers/Microsoft.Network/networkInterfaces/analyticsNIC0189/ipConfigurations/analyticsNICip0189",
                            "ip_configurations.3083443222": "/subscriptions/3c2c2e90-30c9-4ff5-ab6b-eae577eb771a/resourceGroups/analyticsRG00/providers/Microsoft.Network/networkInterfaces/analyticsNIC0477/ipConfigurations/analyticsNICip0477",
                            "ip_configurations.3109460491": "/subscriptions/3c2c2e90-30c9-4ff5-ab6b-eae577eb771a/resourceGroups/analyticsRG01/providers/Microsoft.Network/networkInterfaces/analyticsNIC0481/ipConfigurations/analyticsNICip0481",
                            "ip_configurations.3122728779": "/subscriptions/3c2c2e90-30c9-4ff5-ab6b-eae577eb771a/resourceGroups/analyticsRG02/providers/Microsoft.Network/networkInterfaces/analyticsNIC0386/ipConfigurations/analyticsNICip0386",
                            "ip_configurations.3128787899": "/subscriptions/3c2c2e90-30c9-4ff5-ab6b-eae577eb771a/resourceGroups/analyticsRG01/providers/Microsoft.Network/networkInterfaces/analyticsNIC0478/ipConfigurations/analyticsNICip0478",
                            "ip_configurations.3135851657": "/subscriptions/3c2c2e90-30c9-4ff5-ab6b-eae577eb771a/resourceGroups/analyticsRG00/providers/Microsoft.Network/networkInterfaces/analyticsNIC0834/ipConfigurations/analyticsNICip0834",
                            "ip_configurations.3136677638": "/subscriptions/3c2c2e90-30c9-4ff5-ab6b-eae577eb771a/resourceGroups/analyticsRG02/providers/Microsoft.Network/networkInterfaces/analyticsNIC0272/ipConfigurations/analyticsNICip0272",
                            "ip_configurations.3138674501": "/subscriptions/3c2c2e90-30c9-4ff5-ab6b-eae577eb771a/resourceGroups/analyticsRG00/providers/Microsoft.Network/networkInterfaces/analyticsNIC1197/ipConfigurations/analyticsNICip1197",
                            "ip_configurations.3149109637": "/subscriptions/3c2c2e90-30c9-4ff5-ab6b-eae577eb771a/resourceGroups/analyticsRG02/providers/Microsoft.Network/networkInterfaces/analyticsNIC0020/ipConfigurations/analyticsNICip0020",
                            "ip_configurations.3158979648": "/subscriptions/3c2c2e90-30c9-4ff5-ab6b-eae577eb771a/resourceGroups/analyticsRG02/providers/Microsoft.Network/networkInterfaces/analyticsNIC0551/ipConfigurations/analyticsNICip0551",
                            "ip_configurations.3162291419": "/subscriptions/3c2c2e90-30c9-4ff5-ab6b-eae577eb771a/resourceGroups/analyticsRG01/providers/Microsoft.Network/networkInterfaces/analyticsNIC0751/ipConfigurations/analyticsNICip0751",
                            "ip_configurations.3163221258": "/subscriptions/3c2c2e90-30c9-4ff5-ab6b-eae577eb771a/resourceGroups/analyticsRG00/providers/Microsoft.Network/networkInterfaces/analyticsNIC0435/ipConfigurations/analyticsNICip0435",
                            "ip_configurations.3176348880": "/subscriptions/3c2c2e90-30c9-4ff5-ab6b-eae577eb771a/resourceGroups/analyticsRG02/providers/Microsoft.Network/networkInterfaces/analyticsNIC0506/ipConfigurations/analyticsNICip0506",
                            "ip_configurations.3179556478": "/subscriptions/3c2c2e90-30c9-4ff5-ab6b-eae577eb771a/resourceGroups/analyticsRG01/providers/Microsoft.Network/networkInterfaces/analyticsNIC0109/ipConfigurations/analyticsNICip0109",
                            "ip_configurations.3180586394": "/subscriptions/3c2c2e90-30c9-4ff5-ab6b-eae577eb771a/resourceGroups/analyticsRG00/providers/Microsoft.Network/networkInterfaces/analyticsNIC0462/ipConfigurations/analyticsNICip0462",
                            "ip_configurations.3193529887": "/subscriptions/3c2c2e90-30c9-4ff5-ab6b-eae577eb771a/resourceGroups/analyticsRG00/providers/Microsoft.Network/networkInterfaces/analyticsNIC0294/ipConfigurations/analyticsNICip0294",
                            "ip_configurations.3195789187": "/subscriptions/3c2c2e90-30c9-4ff5-ab6b-eae577eb771a/resourceGroups/analyticsRG01/providers/Microsoft.Network/networkInterfaces/analyticsNIC0004/ipConfigurations/analyticsNICip0004",
                            "ip_configurations.3196948050": "/subscriptions/3c2c2e90-30c9-4ff5-ab6b-eae577eb771a/resourceGroups/analyticsRG00/providers/Microsoft.Network/networkInterfaces/analyticsNIC0360/ipConfigurations/analyticsNICip0360",
                            "ip_configurations.3200788548": "/subscriptions/3c2c2e90-30c9-4ff5-ab6b-eae577eb771a/resourceGroups/analyticsRG01/providers/Microsoft.Network/networkInterfaces/analyticsNIC1123/ipConfigurations/analyticsNICip1123",
                            "ip_configurations.3205179803": "/subscriptions/3c2c2e90-30c9-4ff5-ab6b-eae577eb771a/resourceGroups/analyticsRG02/providers/Microsoft.Network/networkInterfaces/analyticsNIC0056/ipConfigurations/analyticsNICip0056",
                            "ip_configurations.3211539985": "/subscriptions/3c2c2e90-30c9-4ff5-ab6b-eae577eb771a/resourceGroups/analyticsRG02/providers/Microsoft.Network/networkInterfaces/analyticsNIC1085/ipConfigurations/analyticsNICip1085",
                            "ip_configurations.3217813713": "/subscriptions/3c2c2e90-30c9-4ff5-ab6b-eae577eb771a/resourceGroups/analyticsRG00/providers/Microsoft.Network/networkInterfaces/analyticsNIC0132/ipConfigurations/analyticsNICip0132",
                            "ip_configurations.3219829678": "/subscriptions/3c2c2e90-30c9-4ff5-ab6b-eae577eb771a/resourceGroups/analyticsRG02/providers/Microsoft.Network/networkInterfaces/analyticsNIC0659/ipConfigurations/analyticsNICip0659",
                            "ip_configurations.322367212": "/subscriptions/3c2c2e90-30c9-4ff5-ab6b-eae577eb771a/resourceGroups/analyticsRG02/providers/Microsoft.Network/networkInterfaces/analyticsNIC0686/ipConfigurations/analyticsNICip0686",
                            "ip_configurations.3233838984": "/subscriptions/3c2c2e90-30c9-4ff5-ab6b-eae577eb771a/resourceGroups/analyticsRG00/providers/Microsoft.Network/networkInterfaces/analyticsNIC1095/ipConfigurations/analyticsNICip1095",
                            "ip_configurations.3248795799": "/subscriptions/3c2c2e90-30c9-4ff5-ab6b-eae577eb771a/resourceGroups/analyticsRG01/providers/Microsoft.Network/networkInterfaces/analyticsNIC1057/ipConfigurations/analyticsNICip1057",
                            "ip_configurations.325739036": "/subscriptions/3c2c2e90-30c9-4ff5-ab6b-eae577eb771a/resourceGroups/analyticsRG01/providers/Microsoft.Network/networkInterfaces/analyticsNIC0178/ipConfigurations/analyticsNICip0178",
                            "ip_configurations.3261125136": "/subscriptions/3c2c2e90-30c9-4ff5-ab6b-eae577eb771a/resourceGroups/analyticsRG02/providers/Microsoft.Network/networkInterfaces/analyticsNIC0677/ipConfigurations/analyticsNICip0677",
                            "ip_configurations.3263345350": "/subscriptions/3c2c2e90-30c9-4ff5-ab6b-eae577eb771a/resourceGroups/analyticsRG01/providers/Microsoft.Network/networkInterfaces/analyticsNIC0583/ipConfigurations/analyticsNICip0583",
                            "ip_configurations.3271523657": "/subscriptions/3c2c2e90-30c9-4ff5-ab6b-eae577eb771a/resourceGroups/analyticsRG00/providers/Microsoft.Network/networkInterfaces/analyticsNIC0516/ipConfigurations/analyticsNICip0516",
                            "ip_configurations.3272614920": "/subscriptions/3c2c2e90-30c9-4ff5-ab6b-eae577eb771a/resourceGroups/analyticsRG01/providers/Microsoft.Network/networkInterfaces/analyticsNIC0625/ipConfigurations/analyticsNICip0625",
                            "ip_configurations.3273344099": "/subscriptions/3c2c2e90-30c9-4ff5-ab6b-eae577eb771a/resourceGroups/analyticsRG02/providers/Microsoft.Network/networkInterfaces/analyticsNIC0908/ipConfigurations/analyticsNICip0908",
                            "ip_configurations.3274091667": "/subscriptions/3c2c2e90-30c9-4ff5-ab6b-eae577eb771a/resourceGroups/analyticsRG02/providers/Microsoft.Network/networkInterfaces/analyticsNIC0425/ipConfigurations/analyticsNICip0425",
                            "ip_configurations.3279542912": "/subscriptions/3c2c2e90-30c9-4ff5-ab6b-eae577eb771a/resourceGroups/analyticsRG02/providers/Microsoft.Network/networkInterfaces/analyticsNIC0620/ipConfigurations/analyticsNICip0620",
                            "ip_configurations.3283682250": "/subscriptions/3c2c2e90-30c9-4ff5-ab6b-eae577eb771a/resourceGroups/analyticsRG00/providers/Microsoft.Network/networkInterfaces/analyticsNIC0744/ipConfigurations/analyticsNICip0744",
                            "ip_configurations.3300327390": "/subscriptions/3c2c2e90-30c9-4ff5-ab6b-eae577eb771a/resourceGroups/analyticsRG01/providers/Microsoft.Network/networkInterfaces/analyticsNIC0151/ipConfigurations/analyticsNICip0151",
                            "ip_configurations.3303084869": "/subscriptions/3c2c2e90-30c9-4ff5-ab6b-eae577eb771a/resourceGroups/analyticsRG01/providers/Microsoft.Network/networkInterfaces/analyticsNIC0982/ipConfigurations/analyticsNICip0982",
                            "ip_configurations.3310251387": "/subscriptions/3c2c2e90-30c9-4ff5-ab6b-eae577eb771a/resourceGroups/analyticsRG01/providers/Microsoft.Network/networkInterfaces/analyticsNIC0709/ipConfigurations/analyticsNICip0709",
                            "ip_configurations.3323509572": "/subscriptions/3c2c2e90-30c9-4ff5-ab6b-eae577eb771a/resourceGroups/analyticsRG00/providers/Microsoft.Network/networkInterfaces/analyticsNIC0765/ipConfigurations/analyticsNICip0765",
                            "ip_configurations.333577282": "/subscriptions/3c2c2e90-30c9-4ff5-ab6b-eae577eb771a/resourceGroups/analyticsRG01/providers/Microsoft.Network/networkInterfaces/analyticsNIC0289/ipConfigurations/analyticsNICip0289",
                            "ip_configurations.3338777556": "/subscriptions/3c2c2e90-30c9-4ff5-ab6b-eae577eb771a/resourceGroups/analyticsRG00/providers/Microsoft.Network/networkInterfaces/analyticsNIC0732/ipConfigurations/analyticsNICip0732",
                            "ip_configurations.3362119055": "/subscriptions/3c2c2e90-30c9-4ff5-ab6b-eae577eb771a/resourceGroups/analyticsRG02/providers/Microsoft.Network/networkInterfaces/analyticsNIC0467/ipConfigurations/analyticsNICip0467",
                            "ip_configurations.3393046724": "/subscriptions/3c2c2e90-30c9-4ff5-ab6b-eae577eb771a/resourceGroups/analyticsRG02/providers/Microsoft.Network/networkInterfaces/analyticsNIC0137/ipConfigurations/analyticsNICip0137",
                            "ip_configurations.3399093764": "/subscriptions/3c2c2e90-30c9-4ff5-ab6b-eae577eb771a/resourceGroups/analyticsRG00/providers/Microsoft.Network/networkInterfaces/analyticsNIC1080/ipConfigurations/analyticsNICip1080",
                            "ip_configurations.3404185995": "/subscriptions/3c2c2e90-30c9-4ff5-ab6b-eae577eb771a/resourceGroups/analyticsRG01/providers/Microsoft.Network/networkInterfaces/analyticsNIC1015/ipConfigurations/analyticsNICip1015",
                            "ip_configurations.3404388970": "/subscriptions/3c2c2e90-30c9-4ff5-ab6b-eae577eb771a/resourceGroups/analyticsRG01/providers/Microsoft.Network/networkInterfaces/analyticsNIC0538/ipConfigurations/analyticsNICip0538",
                            "ip_configurations.340847728": "/subscriptions/3c2c2e90-30c9-4ff5-ab6b-eae577eb771a/resourceGroups/analyticsRG00/providers/Microsoft.Network/networkInterfaces/analyticsNIC0096/ipConfigurations/analyticsNICip0096",
                            "ip_configurations.3432393349": "/subscriptions/3c2c2e90-30c9-4ff5-ab6b-eae577eb771a/resourceGroups/analyticsRG00/providers/Microsoft.Network/networkInterfaces/analyticsNIC0684/ipConfigurations/analyticsNICip0684",
                            "ip_configurations.3439639627": "/subscriptions/3c2c2e90-30c9-4ff5-ab6b-eae577eb771a/resourceGroups/analyticsRG00/providers/Microsoft.Network/networkInterfaces/analyticsNIC0522/ipConfigurations/analyticsNICip0522",
                            "ip_configurations.3469907009": "/subscriptions/3c2c2e90-30c9-4ff5-ab6b-eae577eb771a/resourceGroups/analyticsRG02/providers/Microsoft.Network/networkInterfaces/analyticsNIC0992/ipConfigurations/analyticsNICip0992",
                            "ip_configurations.3483136074": "/subscriptions/3c2c2e90-30c9-4ff5-ab6b-eae577eb771a/resourceGroups/analyticsRG02/providers/Microsoft.Network/networkInterfaces/analyticsNIC0116/ipConfigurations/analyticsNICip0116",
                            "ip_configurations.3511925153": "/subscriptions/3c2c2e90-30c9-4ff5-ab6b-eae577eb771a/resourceGroups/analyticsRG00/providers/Microsoft.Network/networkInterfaces/analyticsNIC0642/ipConfigurations/analyticsNICip0642",
                            "ip_configurations.3524437114": "/subscriptions/3c2c2e90-30c9-4ff5-ab6b-eae577eb771a/resourceGroups/analyticsRG00/providers/Microsoft.Network/networkInterfaces/analyticsNIC0345/ipConfigurations/analyticsNICip0345",
                            "ip_configurations.3527343332": "/subscriptions/3c2c2e90-30c9-4ff5-ab6b-eae577eb771a/resourceGroups/analyticsRG02/providers/Microsoft.Network/networkInterfaces/analyticsNIC1103/ipConfigurations/analyticsNICip1103",
                            "ip_configurations.3545553657": "/subscriptions/3c2c2e90-30c9-4ff5-ab6b-eae577eb771a/resourceGroups/analyticsRG00/providers/Microsoft.Network/networkInterfaces/analyticsNIC0117/ipConfigurations/analyticsNICip0117",
                            "ip_configurations.3560101989": "/subscriptions/3c2c2e90-30c9-4ff5-ab6b-eae577eb771a/resourceGroups/analyticsRG02/providers/Microsoft.Network/networkInterfaces/analyticsNIC0707/ipConfigurations/analyticsNICip0707",
                            "ip_configurations.356174445": "/subscriptions/3c2c2e90-30c9-4ff5-ab6b-eae577eb771a/resourceGroups/analyticsRG02/providers/Microsoft.Network/networkInterfaces/analyticsNIC1082/ipConfigurations/analyticsNICip1082",
                            "ip_configurations.35676057": "/subscriptions/3c2c2e90-30c9-4ff5-ab6b-eae577eb771a/resourceGroups/analyticsRG01/providers/Microsoft.Network/networkInterfaces/analyticsNIC0376/ipConfigurations/analyticsNICip0376",
                            "ip_configurations.3575470190": "/subscriptions/3c2c2e90-30c9-4ff5-ab6b-eae577eb771a/resourceGroups/analyticsRG01/providers/Microsoft.Network/networkInterfaces/analyticsNIC0550/ipConfigurations/analyticsNICip0550",
                            "ip_configurations.3596769190": "/subscriptions/3c2c2e90-30c9-4ff5-ab6b-eae577eb771a/resourceGroups/analyticsRG02/providers/Microsoft.Network/networkInterfaces/analyticsNIC0881/ipConfigurations/analyticsNICip0881",
                            "ip_configurations.3597323566": "/subscriptions/3c2c2e90-30c9-4ff5-ab6b-eae577eb771a/resourceGroups/analyticsRG02/providers/Microsoft.Network/networkInterfaces/analyticsNIC0257/ipConfigurations/analyticsNICip0257",
                            "ip_configurations.3602767744": "/subscriptions/3c2c2e90-30c9-4ff5-ab6b-eae577eb771a/resourceGroups/analyticsRG01/providers/Microsoft.Network/networkInterfaces/analyticsNIC0658/ipConfigurations/analyticsNICip0658",
                            "ip_configurations.3610031021": "/subscriptions/3c2c2e90-30c9-4ff5-ab6b-eae577eb771a/resourceGroups/analyticsRG02/providers/Microsoft.Network/networkInterfaces/analyticsNIC0005/ipConfigurations/analyticsNICip0005",
                            "ip_configurations.3614404145": "/subscriptions/3c2c2e90-30c9-4ff5-ab6b-eae577eb771a/resourceGroups/analyticsRG00/providers/Microsoft.Network/networkInterfaces/analyticsNIC0846/ipConfigurations/analyticsNICip0846",
                            "ip_configurations.3641615221": "/subscriptions/3c2c2e90-30c9-4ff5-ab6b-eae577eb771a/resourceGroups/analyticsRG00/providers/Microsoft.Network/networkInterfaces/analyticsNIC0102/ipConfigurations/analyticsNICip0102",
                            "ip_configurations.364326841": "/subscriptions/3c2c2e90-30c9-4ff5-ab6b-eae577eb771a/resourceGroups/analyticsRG01/providers/Microsoft.Network/networkInterfaces/analyticsNIC0973/ipConfigurations/analyticsNICip0973",
                            "ip_configurations.3645734633": "/subscriptions/3c2c2e90-30c9-4ff5-ab6b-eae577eb771a/resourceGroups/analyticsRG02/providers/Microsoft.Network/networkInterfaces/analyticsNIC0941/ipConfigurations/analyticsNICip0941",
                            "ip_configurations.365066942": "/subscriptions/3c2c2e90-30c9-4ff5-ab6b-eae577eb771a/resourceGroups/analyticsRG00/providers/Microsoft.Network/networkInterfaces/analyticsNIC0330/ipConfigurations/analyticsNICip0330",
                            "ip_configurations.3658533053": "/subscriptions/3c2c2e90-30c9-4ff5-ab6b-eae577eb771a/resourceGroups/analyticsRG00/providers/Microsoft.Network/networkInterfaces/analyticsNIC0600/ipConfigurations/analyticsNICip0600",
                            "ip_configurations.3694179490": "/subscriptions/3c2c2e90-30c9-4ff5-ab6b-eae577eb771a/resourceGroups/analyticsRG02/providers/Microsoft.Network/networkInterfaces/analyticsNIC0242/ipConfigurations/analyticsNICip0242",
                            "ip_configurations.3696839210": "/subscriptions/3c2c2e90-30c9-4ff5-ab6b-eae577eb771a/resourceGroups/analyticsRG01/providers/Microsoft.Network/networkInterfaces/analyticsNIC0247/ipConfigurations/analyticsNICip0247",
                            "ip_configurations.3705419126": "/subscriptions/3c2c2e90-30c9-4ff5-ab6b-eae577eb771a/resourceGroups/analyticsRG02/providers/Microsoft.Network/networkInterfaces/analyticsNIC1160/ipConfigurations/analyticsNICip1160",
                            "ip_configurations.3719086958": "/subscriptions/3c2c2e90-30c9-4ff5-ab6b-eae577eb771a/resourceGroups/analyticsRG01/providers/Microsoft.Network/networkInterfaces/analyticsNIC1132/ipConfigurations/analyticsNICip1132",
                            "ip_configurations.3752947763": "/subscriptions/3c2c2e90-30c9-4ff5-ab6b-eae577eb771a/resourceGroups/analyticsRG00/providers/Microsoft.Network/networkInterfaces/analyticsNIC0621/ipConfigurations/analyticsNICip0621",
                            "ip_configurations.3755208400": "/subscriptions/3c2c2e90-30c9-4ff5-ab6b-eae577eb771a/resourceGroups/analyticsRG00/providers/Microsoft.Network/networkInterfaces/analyticsNIC0909/ipConfigurations/analyticsNICip0909",
                            "ip_configurations.3770261553": "/subscriptions/3c2c2e90-30c9-4ff5-ab6b-eae577eb771a/resourceGroups/analyticsRG00/providers/Microsoft.Network/networkInterfaces/analyticsNIC0795/ipConfigurations/analyticsNICip0795",
                            "ip_configurations.3782492396": "/subscriptions/3c2c2e90-30c9-4ff5-ab6b-eae577eb771a/resourceGroups/analyticsRG00/providers/Microsoft.Network/networkInterfaces/analyticsNIC0636/ipConfigurations/analyticsNICip0636",
                            "ip_configurations.3790335925": "/subscriptions/3c2c2e90-30c9-4ff5-ab6b-eae577eb771a/resourceGroups/analyticsRG02/providers/Microsoft.Network/networkInterfaces/analyticsNIC0557/ipConfigurations/analyticsNICip0557",
                            "ip_configurations.3794400952": "/subscriptions/3c2c2e90-30c9-4ff5-ab6b-eae577eb771a/resourceGroups/analyticsRG02/providers/Microsoft.Network/networkInterfaces/analyticsNIC0977/ipConfigurations/analyticsNICip0977",
                            "ip_configurations.3801905909": "/subscriptions/3c2c2e90-30c9-4ff5-ab6b-eae577eb771a/resourceGroups/analyticsRG01/providers/Microsoft.Network/networkInterfaces/analyticsNIC0250/ipConfigurations/analyticsNICip0250",
                            "ip_configurations.3828638295": "/subscriptions/3c2c2e90-30c9-4ff5-ab6b-eae577eb771a/resourceGroups/analyticsRG00/providers/Microsoft.Network/networkInterfaces/analyticsNIC0018/ipConfigurations/analyticsNICip0018",
                            "ip_configurations.38427634": "/subscriptions/3c2c2e90-30c9-4ff5-ab6b-eae577eb771a/resourceGroups/analyticsRG01/providers/Microsoft.Network/networkInterfaces/analyticsNIC0688/ipConfigurations/analyticsNICip0688",
                            "ip_configurations.3870655664": "/subscriptions/3c2c2e90-30c9-4ff5-ab6b-eae577eb771a/resourceGroups/analyticsRG00/providers/Microsoft.Network/networkInterfaces/analyticsNIC1191/ipConfigurations/analyticsNICip1191",
                            "ip_configurations.3875059758": "/subscriptions/3c2c2e90-30c9-4ff5-ab6b-eae577eb771a/resourceGroups/analyticsRG01/providers/Microsoft.Network/networkInterfaces/analyticsNIC0904/ipConfigurations/analyticsNICip0904",
                            "ip_configurations.3902371178": "/subscriptions/3c2c2e90-30c9-4ff5-ab6b-eae577eb771a/resourceGroups/analyticsRG01/providers/Microsoft.Network/networkInterfaces/analyticsNIC0040/ipConfigurations/analyticsNICip0040",
                            "ip_configurations.3903285113": "/subscriptions/3c2c2e90-30c9-4ff5-ab6b-eae577eb771a/resourceGroups/analyticsRG02/providers/Microsoft.Network/networkInterfaces/analyticsNIC0896/ipConfigurations/analyticsNICip0896",
                            "ip_configurations.3908987616": "/subscriptions/3c2c2e90-30c9-4ff5-ab6b-eae577eb771a/resourceGroups/analyticsRG01/providers/Microsoft.Network/networkInterfaces/analyticsNIC1093/ipConfigurations/analyticsNICip1093",
                            "ip_configurations.391820991": "/subscriptions/3c2c2e90-30c9-4ff5-ab6b-eae577eb771a/resourceGroups/analyticsRG02/providers/Microsoft.Network/networkInterfaces/analyticsNIC0704/ipConfigurations/analyticsNICip0704",
                            "ip_configurations.3932702691": "/subscriptions/3c2c2e90-30c9-4ff5-ab6b-eae577eb771a/resourceGroups/analyticsRG00/providers/Microsoft.Network/networkInterfaces/analyticsNIC0471/ipConfigurations/analyticsNICip0471",
                            "ip_configurations.3936919209": "/subscriptions/3c2c2e90-30c9-4ff5-ab6b-eae577eb771a/resourceGroups/analyticsRG02/providers/Microsoft.Network/networkInterfaces/analyticsNIC0515/ipConfigurations/analyticsNICip0515",
                            "ip_configurations.3951500962": "/subscriptions/3c2c2e90-30c9-4ff5-ab6b-eae577eb771a/resourceGroups/analyticsRG01/providers/Microsoft.Network/networkInterfaces/analyticsNIC0742/ipConfigurations/analyticsNICip0742",
                            "ip_configurations.3954284089": "/subscriptions/3c2c2e90-30c9-4ff5-ab6b-eae577eb771a/resourceGroups/analyticsRG02/providers/Microsoft.Network/networkInterfaces/analyticsNIC0542/ipConfigurations/analyticsNICip0542",
                            "ip_configurations.3960950255": "/subscriptions/3c2c2e90-30c9-4ff5-ab6b-eae577eb771a/resourceGroups/analyticsRG02/providers/Microsoft.Network/networkInterfaces/analyticsNIC0236/ipConfigurations/analyticsNICip0236",
                            "ip_configurations.3974041133": "/subscriptions/3c2c2e90-30c9-4ff5-ab6b-eae577eb771a/resourceGroups/analyticsRG00/providers/Microsoft.Network/networkInterfaces/analyticsNIC0984/ipConfigurations/analyticsNICip0984",
                            "ip_configurations.3979922916": "/subscriptions/3c2c2e90-30c9-4ff5-ab6b-eae577eb771a/resourceGroups/analyticsRG01/providers/Microsoft.Network/networkInterfaces/analyticsNIC0061/ipConfigurations/analyticsNICip0061",
                            "ip_configurations.3990531378": "/subscriptions/3c2c2e90-30c9-4ff5-ab6b-eae577eb771a/resourceGroups/analyticsRG02/providers/Microsoft.Network/networkInterfaces/analyticsNIC0395/ipConfigurations/analyticsNICip0395",
                            "ip_configurations.4003180777": "/subscriptions/3c2c2e90-30c9-4ff5-ab6b-eae577eb771a/resourceGroups/analyticsRG02/providers/Microsoft.Network/networkInterfaces/analyticsNIC0692/ipConfigurations/analyticsNICip0692",
                            "ip_configurations.4013077853": "/subscriptions/3c2c2e90-30c9-4ff5-ab6b-eae577eb771a/resourceGroups/analyticsRG01/providers/Microsoft.Network/networkInterfaces/analyticsNIC1219/ipConfigurations/analyticsNICip1219",
                            "ip_configurations.402190614": "/subscriptions/3c2c2e90-30c9-4ff5-ab6b-eae577eb771a/resourceGroups/analyticsRG00/providers/Microsoft.Network/networkInterfaces/analyticsNIC0948/ipConfigurations/analyticsNICip0948",
                            "ip_configurations.4055087819": "/subscriptions/3c2c2e90-30c9-4ff5-ab6b-eae577eb771a/resourceGroups/analyticsRG01/providers/Microsoft.Network/networkInterfaces/analyticsNIC0823/ipConfigurations/analyticsNICip0823",
                            "ip_configurations.4066797602": "/subscriptions/3c2c2e90-30c9-4ff5-ab6b-eae577eb771a/resourceGroups/analyticsRG00/providers/Microsoft.Network/networkInterfaces/analyticsNIC0168/ipConfigurations/analyticsNICip0168",
                            "ip_configurations.4076455803": "/subscriptions/3c2c2e90-30c9-4ff5-ab6b-eae577eb771a/resourceGroups/analyticsRG02/providers/Microsoft.Network/networkInterfaces/analyticsNIC0209/ipConfigurations/analyticsNICip0209",
                            "ip_configurations.4082451366": "/subscriptions/3c2c2e90-30c9-4ff5-ab6b-eae577eb771a/resourceGroups/analyticsRG01/providers/Microsoft.Network/networkInterfaces/analyticsNIC0979/ipConfigurations/analyticsNICip0979",
                            "ip_configurations.4083723094": "/subscriptions/3c2c2e90-30c9-4ff5-ab6b-eae577eb771a/resourceGroups/analyticsRG01/providers/Microsoft.Network/networkInterfaces/analyticsNIC0454/ipConfigurations/analyticsNICip0454",
                            "ip_configurations.4101867335": "/subscriptions/3c2c2e90-30c9-4ff5-ab6b-eae577eb771a/resourceGroups/analyticsRG01/providers/Microsoft.Network/networkInterfaces/analyticsNIC1207/ipConfigurations/analyticsNICip1207",
                            "ip_configurations.4118699986": "/subscriptions/3c2c2e90-30c9-4ff5-ab6b-eae577eb771a/resourceGroups/analyticsRG00/providers/Microsoft.Network/networkInterfaces/analyticsNIC0216/ipConfigurations/analyticsNICip0216",
                            "ip_configurations.4134798621": "/subscriptions/3c2c2e90-30c9-4ff5-ab6b-eae577eb771a/resourceGroups/analyticsRG02/providers/Microsoft.Network/networkInterfaces/analyticsNIC0584/ipConfigurations/analyticsNICip0584",
                            "ip_configurations.4151244654": "/subscriptions/3c2c2e90-30c9-4ff5-ab6b-eae577eb771a/resourceGroups/analyticsRG01/providers/Microsoft.Network/networkInterfaces/analyticsNIC0028/ipConfigurations/analyticsNICip0028",
                            "ip_configurations.4165084354": "/subscriptions/3c2c2e90-30c9-4ff5-ab6b-eae577eb771a/resourceGroups/analyticsRG02/providers/Microsoft.Network/networkInterfaces/analyticsNIC0413/ipConfigurations/analyticsNICip0413",
                            "ip_configurations.4167264189": "/subscriptions/3c2c2e90-30c9-4ff5-ab6b-eae577eb771a/resourceGroups/analyticsRG00/providers/Microsoft.Network/networkInterfaces/analyticsNIC0378/ipConfigurations/analyticsNICip0378",
                            "ip_configurations.4195668107": "/subscriptions/3c2c2e90-30c9-4ff5-ab6b-eae577eb771a/resourceGroups/analyticsRG01/providers/Microsoft.Network/networkInterfaces/analyticsNIC1195/ipConfigurations/analyticsNICip1195",
                            "ip_configurations.4196020617": "/subscriptions/3c2c2e90-30c9-4ff5-ab6b-eae577eb771a/resourceGroups/analyticsRG02/providers/Microsoft.Network/networkInterfaces/analyticsNIC0143/ipConfigurations/analyticsNICip0143",
                            "ip_configurations.4205430350": "/subscriptions/3c2c2e90-30c9-4ff5-ab6b-eae577eb771a/resourceGroups/analyticsRG02/providers/Microsoft.Network/networkInterfaces/analyticsNIC1064/ipConfigurations/analyticsNICip1064",
                            "ip_configurations.4215334021": "/subscriptions/3c2c2e90-30c9-4ff5-ab6b-eae577eb771a/resourceGroups/analyticsRG00/providers/Microsoft.Network/networkInterfaces/analyticsNIC0957/ipConfigurations/analyticsNICip0957",
                            "ip_configurations.4225314902": "/subscriptions/3c2c2e90-30c9-4ff5-ab6b-eae577eb771a/resourceGroups/analyticsRG01/providers/Microsoft.Network/networkInterfaces/analyticsNIC1036/ipConfigurations/analyticsNICip1036",
                            "ip_configurations.4237519444": "/subscriptions/3c2c2e90-30c9-4ff5-ab6b-eae577eb771a/resourceGroups/analyticsRG01/providers/Microsoft.Network/networkInterfaces/analyticsNIC0460/ipConfigurations/analyticsNICip0460",
                            "ip_configurations.4267858141": "/subscriptions/3c2c2e90-30c9-4ff5-ab6b-eae577eb771a/resourceGroups/analyticsRG00/providers/Microsoft.Network/networkInterfaces/analyticsNIC0051/ipConfigurations/analyticsNICip0051",
                            "ip_configurations.427337319": "/subscriptions/3c2c2e90-30c9-4ff5-ab6b-eae577eb771a/resourceGroups/analyticsRG00/providers/Microsoft.Network/networkInterfaces/analyticsNIC0603/ipConfigurations/analyticsNICip0603",
                            "ip_configurations.4286271565": "/subscriptions/3c2c2e90-30c9-4ff5-ab6b-eae577eb771a/resourceGroups/analyticsRG00/providers/Microsoft.Network/networkInterfaces/analyticsNIC0006/ipConfigurations/analyticsNICip0006",
                            "ip_configurations.431521581": "/subscriptions/3c2c2e90-30c9-4ff5-ab6b-eae577eb771a/resourceGroups/analyticsRG02/providers/Microsoft.Network/networkInterfaces/analyticsNIC0767/ipConfigurations/analyticsNICip0767",
                            "ip_configurations.433224518": "/subscriptions/3c2c2e90-30c9-4ff5-ab6b-eae577eb771a/resourceGroups/analyticsRG02/providers/Microsoft.Network/networkInterfaces/analyticsNIC0299/ipConfigurations/analyticsNICip0299",
                            "ip_configurations.444341674": "/subscriptions/3c2c2e90-30c9-4ff5-ab6b-eae577eb771a/resourceGroups/analyticsRG01/providers/Microsoft.Network/networkInterfaces/analyticsNIC1147/ipConfigurations/analyticsNICip1147",
                            "ip_configurations.445684862": "/subscriptions/3c2c2e90-30c9-4ff5-ab6b-eae577eb771a/resourceGroups/analyticsRG01/providers/Microsoft.Network/networkInterfaces/analyticsNIC0265/ipConfigurations/analyticsNICip0265",
                            "ip_configurations.466367224": "/subscriptions/3c2c2e90-30c9-4ff5-ab6b-eae577eb771a/resourceGroups/analyticsRG00/providers/Microsoft.Network/networkInterfaces/analyticsNIC1071/ipConfigurations/analyticsNICip1071",
                            "ip_configurations.511773602": "/subscriptions/3c2c2e90-30c9-4ff5-ab6b-eae577eb771a/resourceGroups/analyticsRG00/providers/Microsoft.Network/networkInterfaces/analyticsNIC0372/ipConfigurations/analyticsNICip0372",
                            "ip_configurations.519331493": "/subscriptions/3c2c2e90-30c9-4ff5-ab6b-eae577eb771a/resourceGroups/analyticsRG01/providers/Microsoft.Network/networkInterfaces/analyticsNIC0931/ipConfigurations/analyticsNICip0931",
                            "ip_configurations.520596587": "/subscriptions/3c2c2e90-30c9-4ff5-ab6b-eae577eb771a/resourceGroups/analyticsRG02/providers/Microsoft.Network/networkInterfaces/analyticsNIC0044/ipConfigurations/analyticsNICip0044",
                            "ip_configurations.523314416": "/subscriptions/3c2c2e90-30c9-4ff5-ab6b-eae577eb771a/resourceGroups/analyticsRG01/providers/Microsoft.Network/networkInterfaces/analyticsNIC0244/ipConfigurations/analyticsNICip0244",
                            "ip_configurations.524579319": "/subscriptions/3c2c2e90-30c9-4ff5-ab6b-eae577eb771a/resourceGroups/analyticsRG00/providers/Microsoft.Network/networkInterfaces/analyticsNIC0807/ipConfigurations/analyticsNICip0807",
                            "ip_configurations.531913644": "/subscriptions/3c2c2e90-30c9-4ff5-ab6b-eae577eb771a/resourceGroups/analyticsRG02/providers/Microsoft.Network/networkInterfaces/analyticsNIC1163/ipConfigurations/analyticsNICip1163",
                            "ip_configurations.536976747": "/subscriptions/3c2c2e90-30c9-4ff5-ab6b-eae577eb771a/resourceGroups/analyticsRG01/providers/Microsoft.Network/networkInterfaces/analyticsNIC1126/ipConfigurations/analyticsNICip1126",
                            "ip_configurations.542675186": "/subscriptions/3c2c2e90-30c9-4ff5-ab6b-eae577eb771a/resourceGroups/analyticsRG02/providers/Microsoft.Network/networkInterfaces/analyticsNIC0923/ipConfigurations/analyticsNICip0923",
                            "ip_configurations.546362160": "/subscriptions/3c2c2e90-30c9-4ff5-ab6b-eae577eb771a/resourceGroups/analyticsRG00/providers/Microsoft.Network/networkInterfaces/analyticsNIC0291/ipConfigurations/analyticsNICip0291",
                            "ip_configurations.553110714": "/subscriptions/3c2c2e90-30c9-4ff5-ab6b-eae577eb771a/resourceGroups/analyticsRG00/providers/Microsoft.Network/networkInterfaces/analyticsNIC1242/ipConfigurations/analyticsNICip1242",
                            "ip_configurations.557946978": "/subscriptions/3c2c2e90-30c9-4ff5-ab6b-eae577eb771a/resourceGroups/analyticsRG02/providers/Microsoft.Network/networkInterfaces/analyticsNIC0974/ipConfigurations/analyticsNICip0974",
                            "ip_configurations.616115573": "/subscriptions/3c2c2e90-30c9-4ff5-ab6b-eae577eb771a/resourceGroups/analyticsRG01/providers/Microsoft.Network/networkInterfaces/analyticsNIC1150/ipConfigurations/analyticsNICip1150",
                            "ip_configurations.646307159": "/subscriptions/3c2c2e90-30c9-4ff5-ab6b-eae577eb771a/resourceGroups/analyticsRG02/providers/Microsoft.Network/networkInterfaces/analyticsNIC0128/ipConfigurations/analyticsNICip0128",
                            "ip_configurations.649287116": "/subscriptions/3c2c2e90-30c9-4ff5-ab6b-eae577eb771a/resourceGroups/analyticsRG01/providers/Microsoft.Network/networkInterfaces/analyticsNIC0328/ipConfigurations/analyticsNICip0328",
                            "ip_configurations.656554465": "/subscriptions/3c2c2e90-30c9-4ff5-ab6b-eae577eb771a/resourceGroups/analyticsRG02/providers/Microsoft.Network/networkInterfaces/analyticsNIC0575/ipConfigurations/analyticsNICip0575",
                            "ip_configurations.657400320": "/subscriptions/3c2c2e90-30c9-4ff5-ab6b-eae577eb771a/resourceGroups/analyticsRG02/providers/Microsoft.Network/networkInterfaces/analyticsNIC1058/ipConfigurations/analyticsNICip1058",
                            "ip_configurations.662523890": "/subscriptions/3c2c2e90-30c9-4ff5-ab6b-eae577eb771a/resourceGroups/analyticsRG02/providers/Microsoft.Network/networkInterfaces/analyticsNIC0770/ipConfigurations/analyticsNICip0770",
                            "ip_configurations.664743716": "/subscriptions/3c2c2e90-30c9-4ff5-ab6b-eae577eb771a/resourceGroups/analyticsRG01/providers/Microsoft.Network/networkInterfaces/analyticsNIC0484/ipConfigurations/analyticsNICip0484",
                            "ip_configurations.682624619": "/subscriptions/3c2c2e90-30c9-4ff5-ab6b-eae577eb771a/resourceGroups/analyticsRG01/providers/Microsoft.Network/networkInterfaces/analyticsNIC0544/ipConfigurations/analyticsNICip0544",
                            "ip_configurations.683482506": "/subscriptions/3c2c2e90-30c9-4ff5-ab6b-eae577eb771a/resourceGroups/analyticsRG01/providers/Microsoft.Network/networkInterfaces/analyticsNIC1069/ipConfigurations/analyticsNICip1069",
                            "ip_configurations.698320480": "/subscriptions/3c2c2e90-30c9-4ff5-ab6b-eae577eb771a/resourceGroups/analyticsRG02/providers/Microsoft.Network/networkInterfaces/analyticsNIC0713/ipConfigurations/analyticsNICip0713",
                            "ip_configurations.70691613": "/subscriptions/3c2c2e90-30c9-4ff5-ab6b-eae577eb771a/resourceGroups/analyticsRG00/providers/Microsoft.Network/networkInterfaces/analyticsNIC0534/ipConfigurations/analyticsNICip0534",
                            "ip_configurations.713158056": "/subscriptions/3c2c2e90-30c9-4ff5-ab6b-eae577eb771a/resourceGroups/analyticsRG02/providers/Microsoft.Network/networkInterfaces/analyticsNIC0011/ipConfigurations/analyticsNICip0011",
                            "ip_configurations.717369396": "/subscriptions/3c2c2e90-30c9-4ff5-ab6b-eae577eb771a/resourceGroups/analyticsRG00/providers/Microsoft.Network/networkInterfaces/analyticsNIC0852/ipConfigurations/analyticsNICip0852",
                            "ip_configurations.736873397": "/subscriptions/3c2c2e90-30c9-4ff5-ab6b-eae577eb771a/resourceGroups/analyticsRG00/providers/Microsoft.Network/networkInterfaces/analyticsNIC1005/ipConfigurations/analyticsNICip1005",
                            "ip_configurations.737221552": "/subscriptions/3c2c2e90-30c9-4ff5-ab6b-eae577eb771a/resourceGroups/analyticsRG01/providers/Microsoft.Network/networkInterfaces/analyticsNIC0043/ipConfigurations/analyticsNICip0043",
                            "ip_configurations.738768501": "/subscriptions/3c2c2e90-30c9-4ff5-ab6b-eae577eb771a/resourceGroups/analyticsRG01/providers/Microsoft.Network/networkInterfaces/analyticsNIC0532/ipConfigurations/analyticsNICip0532",
                            "ip_configurations.756137701": "/subscriptions/3c2c2e90-30c9-4ff5-ab6b-eae577eb771a/resourceGroups/analyticsRG01/providers/Microsoft.Network/networkInterfaces/analyticsNIC0565/ipConfigurations/analyticsNICip0565",
                            "ip_configurations.756851972": "/subscriptions/3c2c2e90-30c9-4ff5-ab6b-eae577eb771a/resourceGroups/analyticsRG01/providers/Microsoft.Network/networkInterfaces/analyticsNIC1048/ipConfigurations/analyticsNICip1048",
                            "ip_configurations.760137974": "/subscriptions/3c2c2e90-30c9-4ff5-ab6b-eae577eb771a/resourceGroups/analyticsRG01/providers/Microsoft.Network/networkInterfaces/analyticsNIC0760/ipConfigurations/analyticsNICip0760",
                            "ip_configurations.810055803": "/subscriptions/3c2c2e90-30c9-4ff5-ab6b-eae577eb771a/resourceGroups/analyticsRG00/providers/Microsoft.Network/networkInterfaces/analyticsNIC0339/ipConfigurations/analyticsNICip0339",
                            "ip_configurations.833678046": "/subscriptions/3c2c2e90-30c9-4ff5-ab6b-eae577eb771a/resourceGroups/analyticsRG00/providers/Microsoft.Network/networkInterfaces/analyticsNIC0561/ipConfigurations/analyticsNICip0561",
                            "ip_configurations.853389211": "/subscriptions/3c2c2e90-30c9-4ff5-ab6b-eae577eb771a/resourceGroups/analyticsRG02/providers/Microsoft.Network/networkInterfaces/analyticsNIC1220/ipConfigurations/analyticsNICip1220",
                            "ip_configurations.857648708": "/subscriptions/3c2c2e90-30c9-4ff5-ab6b-eae577eb771a/resourceGroups/analyticsRG01/providers/Microsoft.Network/networkInterfaces/analyticsNIC0355/ipConfigurations/analyticsNICip0355",
                            "ip_configurations.858179549": "/subscriptions/3c2c2e90-30c9-4ff5-ab6b-eae577eb771a/resourceGroups/analyticsRG01/providers/Microsoft.Network/networkInterfaces/analyticsNIC1183/ipConfigurations/analyticsNICip1183",
                            "ip_configurations.925065478": "/subscriptions/3c2c2e90-30c9-4ff5-ab6b-eae577eb771a/resourceGroups/analyticsRG02/providers/Microsoft.Network/networkInterfaces/analyticsNIC1004/ipConfigurations/analyticsNICip1004",
                            "ip_configurations.942180959": "/subscriptions/3c2c2e90-30c9-4ff5-ab6b-eae577eb771a/resourceGroups/analyticsRG00/providers/Microsoft.Network/networkInterfaces/analyticsNIC0954/ipConfigurations/analyticsNICip0954",
                            "ip_configurations.955578522": "/subscriptions/3c2c2e90-30c9-4ff5-ab6b-eae577eb771a/resourceGroups/analyticsRG00/providers/Microsoft.Network/networkInterfaces/analyticsNIC0276/ipConfigurations/analyticsNICip0276",
                            "ip_configurations.958112219": "/subscriptions/3c2c2e90-30c9-4ff5-ab6b-eae577eb771a/resourceGroups/analyticsRG01/providers/Microsoft.Network/networkInterfaces/analyticsNIC0145/ipConfigurations/analyticsNICip0145",
                            "ip_configurations.959546063": "/subscriptions/3c2c2e90-30c9-4ff5-ab6b-eae577eb771a/resourceGroups/analyticsRG00/providers/Microsoft.Network/networkInterfaces/analyticsNIC0903/ipConfigurations/analyticsNICip0903",
                            "ip_configurations.966305037": "/subscriptions/3c2c2e90-30c9-4ff5-ab6b-eae577eb771a/resourceGroups/analyticsRG01/providers/Microsoft.Network/networkInterfaces/analyticsNIC0862/ipConfigurations/analyticsNICip0862",
                            "ip_configurations.968992916": "/subscriptions/3c2c2e90-30c9-4ff5-ab6b-eae577eb771a/resourceGroups/analyticsRG02/providers/Microsoft.Network/networkInterfaces/analyticsNIC1067/ipConfigurations/analyticsNICip1067",
                            "ip_configurations.994292880": "/subscriptions/3c2c2e90-30c9-4ff5-ab6b-eae577eb771a/resourceGroups/analyticsRG01/providers/Microsoft.Network/networkInterfaces/analyticsNIC0415/ipConfigurations/analyticsNICip0415",
                            "ip_configurations.99580615": "/subscriptions/3c2c2e90-30c9-4ff5-ab6b-eae577eb771a/resourceGroups/analyticsRG02/providers/Microsoft.Network/networkInterfaces/analyticsNIC0407/ipConfigurations/analyticsNICip0407",
                            "name": "analyticsSN",
                            "network_security_group_id": "",
                            "resource_group_name": "analyticsRG00",
                            "route_table_id": "",
                            "virtual_network_name": "analyticsVN"
                        },
                        "meta": {},
                        "tainted": false
                    },
                    "deposed": [],
                    "provider": ""
                },
                "azurerm_virtual_network.analyticsVN": {
                    "type": "azurerm_virtual_network",
                    "depends_on": [
                        "azurerm_resource_group.arg.*",
                        "azurerm_storage_account.asa"
                    ],
                    "primary": {
                        "id": "/subscriptions/3c2c2e90-30c9-4ff5-ab6b-eae577eb771a/resourceGroups/analyticsRG00/providers/Microsoft.Network/virtualNetworks/analyticsVN",
                        "attributes": {
                            "address_space.#": "1",
                            "address_space.0": "10.1.0.0/16",
                            "dns_servers.#": "0",
                            "id": "/subscriptions/3c2c2e90-30c9-4ff5-ab6b-eae577eb771a/resourceGroups/analyticsRG00/providers/Microsoft.Network/virtualNetworks/analyticsVN",
                            "location": "centralus",
                            "name": "analyticsVN",
                            "resource_group_name": "analyticsRG00",
                            "subnet.#": "1",
                            "subnet.2306569270.address_prefix": "10.1.0.0/20",
                            "subnet.2306569270.name": "analyticsSN",
                            "subnet.2306569270.security_group": "",
                            "tags.%": "4",
                            "tags.AIT": "70656",
                            "tags.CreateDate": "2017-08-12T15:04:48Z",
                            "tags.CreatedBy": "zk0v9bj",
                            "tags.Environment": "dev"
                        },
                        "meta": {},
                        "tainted": false
                    },
                    "deposed": [],
                    "provider": ""
                }
            },
            "depends_on": []
        }
    ]
}
