{
    "version": 3,
    "terraform_version": "0.9.11",
    "serial": 3,
    "lineage": "8ad489bb-a30b-4510-b5e2-fcd7ae85afd7",
    "modules": [
        {
            "path": [
                "root"
            ],
            "outputs": {},
            "resources": {
                "azurerm_key_vault.labvault01": {
                    "type": "azurerm_key_vault",
                    "depends_on": [],
                    "primary": {
                        "id": "/subscriptions/16ab6a0b-41d5-4343-b0d9-e74b627e4679/resourceGroups/rg-lab-gateway/providers/Microsoft.KeyVault/vaults/labvault01",
                        "attributes": {
                            "access_policy.#": "1",
                            "access_policy.0.key_permissions.#": "1",
                            "access_policy.0.key_permissions.0": "all",
                            "access_policy.0.object_id": "476cf92e-c177-47ad-b8a9-f3dc63c75d00",
                            "access_policy.0.secret_permissions.#": "1",
                            "access_policy.0.secret_permissions.0": "get",
                            "access_policy.0.tenant_id": "9cf3a027-8e33-4b04-84fe-de2839487053",
                            "enabled_for_deployment": "false",
                            "enabled_for_disk_encryption": "true",
                            "enabled_for_template_deployment": "false",
                            "id": "/subscriptions/16ab6a0b-41d5-4343-b0d9-e74b627e4679/resourceGroups/rg-lab-gateway/providers/Microsoft.KeyVault/vaults/labvault01",
                            "location": "eastus2",
                            "name": "labvault01",
                            "resource_group_name": "rg-lab-gateway",
                            "sku.#": "1",
                            "sku.1543181963.name": "standard",
                            "tags.%": "4",
                            "tags.ait": "70656",
                            "tags.created_by": "nbk25nl",
                            "tags.created_date": "2017-07-26T21:36:26Z",
                            "tags.environment": "lab",
                            "tenant_id": "9cf3a027-8e33-4b04-84fe-de2839487053",
                            "vault_uri": "https://labvault01.vault.azure.net/"
                        },
                        "meta": {},
                        "tainted": false
                    },
                    "deposed": [],
                    "provider": ""
                },
                "azurerm_public_ip.ip-lab-vpn": {
                    "type": "azurerm_public_ip",
                    "depends_on": [
                        "azurerm_resource_group.rg-lab-gateway"
                    ],
                    "primary": {
                        "id": "/subscriptions/16ab6a0b-41d5-4343-b0d9-e74b627e4679/resourceGroups/rg-lab-gateway/providers/Microsoft.Network/publicIPAddresses/ip-lab-vpn",
                        "attributes": {
                            "id": "/subscriptions/16ab6a0b-41d5-4343-b0d9-e74b627e4679/resourceGroups/rg-lab-gateway/providers/Microsoft.Network/publicIPAddresses/ip-lab-vpn",
                            "idle_timeout_in_minutes": "5",
                            "ip_address": "13.68.94.87",
                            "location": "eastus2",
                            "name": "ip-lab-vpn",
                            "public_ip_address_allocation": "static",
                            "resource_group_name": "rg-lab-gateway",
                            "tags.%": "4",
                            "tags.ait": "70656",
                            "tags.created_by": "nbk25nl",
                            "tags.created_date": "2017-07-26T21:36:27Z",
                            "tags.environment": "lab"
                        },
                        "meta": {},
                        "tainted": false
                    },
                    "deposed": [],
                    "provider": ""
                },
                "azurerm_resource_group.rg-lab-gateway": {
                    "type": "azurerm_resource_group",
                    "depends_on": [],
                    "primary": {
                        "id": "/subscriptions/16ab6a0b-41d5-4343-b0d9-e74b627e4679/resourceGroups/rg-lab-gateway",
                        "attributes": {
                            "id": "/subscriptions/16ab6a0b-41d5-4343-b0d9-e74b627e4679/resourceGroups/rg-lab-gateway",
                            "location": "eastus2",
                            "name": "rg-lab-gateway",
                            "tags.%": "4",
                            "tags.ait": "70656",
                            "tags.created_by": "nbk25nl",
                            "tags.created_date": "2017-07-26T21:36:26Z",
                            "tags.environment": "lab"
                        },
                        "meta": {},
                        "tainted": false
                    },
                    "deposed": [],
                    "provider": ""
                }
            },
            "depends_on": []
        }
    ]
}
