{
    "version": 3,
    "terraform_version": "0.11.5",
    "serial": 3,
    "lineage": "5337ed09-b78a-f920-79d1-e11233e68e1b",
    "modules": [
        {
            "path": [
                "root"
            ],
            "outputs": {},
            "resources": {
                "azurerm_network_interface.DNSni": {
                    "type": "azurerm_network_interface",
                    "depends_on": [
                        "azurerm_public_ip.DNSPubIP",
                        "azurerm_subnet.BrettPrivateDNSsubnet"
                    ],
                    "primary": {
                        "id": "/subscriptions/652070ee-d223-4b7d-b9b5-07ed7ae2e038/resourceGroups/BrettPrivateDNSRG/providers/Microsoft.Network/networkInterfaces/DNSni",
                        "attributes": {
                            "applied_dns_servers.#": "0",
                            "dns_servers.#": "0",
                            "enable_accelerated_networking": "false",
                            "enable_ip_forwarding": "false",
                            "id": "/subscriptions/652070ee-d223-4b7d-b9b5-07ed7ae2e038/resourceGroups/BrettPrivateDNSRG/providers/Microsoft.Network/networkInterfaces/DNSni",
                            "internal_dns_name_label": "",
                            "internal_fqdn": "",
                            "ip_configuration.#": "1",
                            "ip_configuration.0.application_gateway_backend_address_pools_ids.#": "0",
                            "ip_configuration.0.application_security_group_ids.#": "0",
                            "ip_configuration.0.load_balancer_backend_address_pools_ids.#": "0",
                            "ip_configuration.0.load_balancer_inbound_nat_rules_ids.#": "0",
                            "ip_configuration.0.name": "DNSipconf",
                            "ip_configuration.0.primary": "true",
                            "ip_configuration.0.private_ip_address": "",
                            "ip_configuration.0.private_ip_address_allocation": "dynamic",
                            "ip_configuration.0.public_ip_address_id": "/subscriptions/652070ee-d223-4b7d-b9b5-07ed7ae2e038/resourceGroups/BrettPrivateDNSRG/providers/Microsoft.Network/publicIPAddresses/DNSPubIP",
                            "ip_configuration.0.subnet_id": "/subscriptions/652070ee-d223-4b7d-b9b5-07ed7ae2e038/resourceGroups/BrettPrivateDNSRG/providers/Microsoft.Network/virtualNetworks/BrettPrivateDNSvnet/subnets/BrettPrivateDNSsubnet",
                            "location": "eastus2",
                            "mac_address": "",
                            "name": "DNSni",
                            "network_security_group_id": "",
                            "private_ip_address": "10.0.0.4",
                            "private_ip_addresses.#": "1",
                            "private_ip_addresses.0": "10.0.0.4",
                            "resource_group_name": "BrettPrivateDNSRG",
                            "tags.%": "6",
                            "tags.AIT": "70656",
                            "tags.CreatedBy": "Brett Aukburg",
                            "tags.CreatedDate": "2018-04-02T17:00:00Z",
                            "tags.CreatedNB": "zk0v9bj",
                            "tags.EditedDate": "2018-04-05T14:41:12Z",
                            "tags.Environment": "lab"
                        },
                        "meta": {},
                        "tainted": false
                    },
                    "deposed": [],
                    "provider": "provider.azurerm"
                },
                "azurerm_public_ip.DNSPubIP": {
                    "type": "azurerm_public_ip",
                    "depends_on": [],
                    "primary": {
                        "id": "/subscriptions/652070ee-d223-4b7d-b9b5-07ed7ae2e038/resourceGroups/BrettPrivateDNSRG/providers/Microsoft.Network/publicIPAddresses/DNSPubIP",
                        "attributes": {
                            "id": "/subscriptions/652070ee-d223-4b7d-b9b5-07ed7ae2e038/resourceGroups/BrettPrivateDNSRG/providers/Microsoft.Network/publicIPAddresses/DNSPubIP",
                            "idle_timeout_in_minutes": "5",
                            "ip_address": "52.225.226.38",
                            "location": "eastus2",
                            "name": "DNSPubIP",
                            "public_ip_address_allocation": "static",
                            "resource_group_name": "BrettPrivateDNSRG",
                            "sku": "Basic",
                            "tags.%": "5",
                            "tags.AIT": "70656",
                            "tags.CreateDate": "2018-04-05T14:41:00Z",
                            "tags.CreatedBy": "Brett Aukburg",
                            "tags.CreatedNB": "zk0v9bj",
                            "tags.Environment": "lab",
                            "zones.#": "0"
                        },
                        "meta": {},
                        "tainted": false
                    },
                    "deposed": [],
                    "provider": "provider.azurerm"
                },
                "azurerm_resource_group.BrettPrivateDNSRG": {
                    "type": "azurerm_resource_group",
                    "depends_on": [],
                    "primary": {
                        "id": "/subscriptions/652070ee-d223-4b7d-b9b5-07ed7ae2e038/resourceGroups/BrettPrivateDNSRG",
                        "attributes": {
                            "id": "/subscriptions/652070ee-d223-4b7d-b9b5-07ed7ae2e038/resourceGroups/BrettPrivateDNSRG",
                            "location": "eastus2",
                            "name": "BrettPrivateDNSRG",
                            "tags.%": "5",
                            "tags.AIT": "70656",
                            "tags.CreateDate": "2018-04-05T14:41:00Z",
                            "tags.CreatedBy": "Brett Aukburg",
                            "tags.CreatedNB": "zk0v9bj",
                            "tags.Environment": "lab"
                        },
                        "meta": {},
                        "tainted": false
                    },
                    "deposed": [],
                    "provider": "provider.azurerm"
                },
                "azurerm_subnet.BrettPrivateDNSsubnet": {
                    "type": "azurerm_subnet",
                    "depends_on": [
                        "azurerm_resource_group.BrettPrivateDNSRG",
                        "azurerm_virtual_network.BrettPrivateDNSvnet"
                    ],
                    "primary": {
                        "id": "/subscriptions/652070ee-d223-4b7d-b9b5-07ed7ae2e038/resourceGroups/BrettPrivateDNSRG/providers/Microsoft.Network/virtualNetworks/BrettPrivateDNSvnet/subnets/BrettPrivateDNSsubnet",
                        "attributes": {
                            "address_prefix": "10.0.0.0/20",
                            "id": "/subscriptions/652070ee-d223-4b7d-b9b5-07ed7ae2e038/resourceGroups/BrettPrivateDNSRG/providers/Microsoft.Network/virtualNetworks/BrettPrivateDNSvnet/subnets/BrettPrivateDNSsubnet",
                            "ip_configurations.#": "0",
                            "name": "BrettPrivateDNSsubnet",
                            "resource_group_name": "BrettPrivateDNSRG",
                            "service_endpoints.#": "0",
                            "virtual_network_name": "BrettPrivateDNSvnet"
                        },
                        "meta": {},
                        "tainted": false
                    },
                    "deposed": [],
                    "provider": "provider.azurerm"
                },
                "azurerm_virtual_machine.BrettDNSTestVM": {
                    "type": "azurerm_virtual_machine",
                    "depends_on": [
                        "azurerm_network_interface.DNSni"
                    ],
                    "primary": {
                        "id": "/subscriptions/652070ee-d223-4b7d-b9b5-07ed7ae2e038/resourceGroups/BrettPrivateDNSRG/providers/Microsoft.Compute/virtualMachines/BrettDNSTestVM",
                        "attributes": {
                            "delete_data_disks_on_termination": "false",
                            "delete_os_disk_on_termination": "false",
                            "id": "/subscriptions/652070ee-d223-4b7d-b9b5-07ed7ae2e038/resourceGroups/BrettPrivateDNSRG/providers/Microsoft.Compute/virtualMachines/BrettDNSTestVM",
                            "identity.#": "0",
                            "location": "eastus2",
                            "name": "BrettDNSTestVM",
                            "network_interface_ids.#": "1",
                            "network_interface_ids.0": "/subscriptions/652070ee-d223-4b7d-b9b5-07ed7ae2e038/resourceGroups/BrettPrivateDNSRG/providers/Microsoft.Network/networkInterfaces/DNSni",
                            "os_profile.#": "1",
                            "os_profile.2913107899.admin_password": "",
                            "os_profile.2913107899.admin_username": "BrettAdmin",
                            "os_profile.2913107899.computer_name": "BrettDNSTestVM",
                            "os_profile.2913107899.custom_data": "",
                            "os_profile_secrets.#": "0",
                            "os_profile_windows_config.#": "1",
                            "os_profile_windows_config.429474957.additional_unattend_config.#": "0",
                            "os_profile_windows_config.429474957.enable_automatic_upgrades": "false",
                            "os_profile_windows_config.429474957.provision_vm_agent": "false",
                            "os_profile_windows_config.429474957.winrm.#": "0",
                            "resource_group_name": "BrettPrivateDNSRG",
                            "storage_data_disk.#": "0",
                            "storage_image_reference.#": "1",
                            "storage_image_reference.2991307580.id": "",
                            "storage_image_reference.2991307580.offer": "WindowsServer",
                            "storage_image_reference.2991307580.publisher": "MicrosoftWindowsServer",
                            "storage_image_reference.2991307580.sku": "2012-R2-Datacenter",
                            "storage_image_reference.2991307580.version": "latest",
                            "storage_os_disk.#": "1",
                            "storage_os_disk.0.caching": "ReadWrite",
                            "storage_os_disk.0.create_option": "FromImage",
                            "storage_os_disk.0.disk_size_gb": "127",
                            "storage_os_disk.0.image_uri": "",
                            "storage_os_disk.0.managed_disk_id": "/subscriptions/652070ee-d223-4b7d-b9b5-07ed7ae2e038/resourceGroups/BrettPrivateDNSRG/providers/Microsoft.Compute/disks/VM-osdisk",
                            "storage_os_disk.0.managed_disk_type": "Standard_LRS",
                            "storage_os_disk.0.name": "VM-osdisk",
                            "storage_os_disk.0.os_type": "Windows",
                            "storage_os_disk.0.vhd_uri": "",
                            "tags.%": "6",
                            "tags.AIT": "70656",
                            "tags.CreatedBy": "Brett Aukburg",
                            "tags.CreatedDate": "2018-04-02T17:00:00Z",
                            "tags.CreatedNB": "zk0v9bj",
                            "tags.EditedDate": "2018-04-05T14:41:14Z",
                            "tags.Environment": "lab",
                            "vm_size": "Standard_D1_v2",
                            "zones.#": "0"
                        },
                        "meta": {},
                        "tainted": false
                    },
                    "deposed": [],
                    "provider": "provider.azurerm"
                },
                "azurerm_virtual_network.BrettNOTPrivateDNSvnet": {
                    "type": "azurerm_virtual_network",
                    "depends_on": [
                        "azurerm_resource_group.BrettPrivateDNSRG"
                    ],
                    "primary": {
                        "id": "/subscriptions/652070ee-d223-4b7d-b9b5-07ed7ae2e038/resourceGroups/BrettPrivateDNSRG/providers/Microsoft.Network/virtualNetworks/BrettNOTPrivateDNSvnet",
                        "attributes": {
                            "address_space.#": "1",
                            "address_space.0": "10.1.0.0/16",
                            "dns_servers.#": "0",
                            "id": "/subscriptions/652070ee-d223-4b7d-b9b5-07ed7ae2e038/resourceGroups/BrettPrivateDNSRG/providers/Microsoft.Network/virtualNetworks/BrettNOTPrivateDNSvnet",
                            "location": "eastus2",
                            "name": "BrettNOTPrivateDNSvnet",
                            "resource_group_name": "BrettPrivateDNSRG",
                            "subnet.#": "0",
                            "tags.%": "5",
                            "tags.AIT": "70656",
                            "tags.CreateDate": "2018-04-05T14:41:02Z",
                            "tags.CreatedBy": "Brett Aukburg",
                            "tags.CreatedNB": "zk0v9bj",
                            "tags.Environment": "lab"
                        },
                        "meta": {},
                        "tainted": false
                    },
                    "deposed": [],
                    "provider": "provider.azurerm"
                },
                "azurerm_virtual_network.BrettPrivateDNSvnet": {
                    "type": "azurerm_virtual_network",
                    "depends_on": [
                        "azurerm_resource_group.BrettPrivateDNSRG"
                    ],
                    "primary": {
                        "id": "/subscriptions/652070ee-d223-4b7d-b9b5-07ed7ae2e038/resourceGroups/BrettPrivateDNSRG/providers/Microsoft.Network/virtualNetworks/BrettPrivateDNSvnet",
                        "attributes": {
                            "address_space.#": "1",
                            "address_space.0": "10.0.0.0/16",
                            "dns_servers.#": "0",
                            "id": "/subscriptions/652070ee-d223-4b7d-b9b5-07ed7ae2e038/resourceGroups/BrettPrivateDNSRG/providers/Microsoft.Network/virtualNetworks/BrettPrivateDNSvnet",
                            "location": "eastus2",
                            "name": "BrettPrivateDNSvnet",
                            "resource_group_name": "BrettPrivateDNSRG",
                            "subnet.#": "1",
                            "subnet.2160076196.address_prefix": "10.0.0.0/20",
                            "subnet.2160076196.name": "BrettPrivateDNSsubnet",
                            "subnet.2160076196.security_group": "",
                            "tags.%": "5",
                            "tags.AIT": "70656",
                            "tags.CreateDate": "2018-04-05T14:41:02Z",
                            "tags.CreatedBy": "Brett Aukburg",
                            "tags.CreatedNB": "zk0v9bj",
                            "tags.Environment": "lab"
                        },
                        "meta": {},
                        "tainted": false
                    },
                    "deposed": [],
                    "provider": "provider.azurerm"
                }
            },
            "depends_on": []
        }
    ]
}
