{
    "version": 3,
    "terraform_version": "0.10.8",
    "serial": 6,
    "lineage": "dc23417e-0a82-492b-b538-9d10d9576842",
    "modules": [
        {
            "path": [
                "root"
            ],
            "outputs": {
                "InstancePrivateIP": {
                    "sensitive": false,
                    "type": "list",
                    "value": [
                        "10.1.20.4"
                    ]
                },
                "InstancePublicIP": {
                    "sensitive": false,
                    "type": "list",
                    "value": [
                        "129.213.36.255"
                    ]
                }
            },
            "resources": {
                "data.oci_core_vnic.InstanceVnic": {
                    "type": "oci_core_vnic",
                    "depends_on": [
                        "data.oci_core_vnic_attachments.InstanceVnics"
                    ],
                    "primary": {
                        "id": "ocid1.vnic.oc1.iad.abuwcljssn4bbgomifbfkv2jsxop6f3f7af6pkenvwo3rusgmutjxzevzdya",
                        "attributes": {
                            "availability_domain": "lkEI:US-ASHBURN-AD-1",
                            "compartment_id": "ocid1.compartment.oc1..aaaaaaaapui4j3qyqji3bdg4vp35bldzpu55eqkfps3a6edu4z7tkonxoo5a",
                            "display_name": "primaryvnic",
                            "hostname_label": "tfexampleinstance",
                            "id": "ocid1.vnic.oc1.iad.abuwcljssn4bbgomifbfkv2jsxop6f3f7af6pkenvwo3rusgmutjxzevzdya",
                            "is_primary": "true",
                            "mac_address": "02:00:17:01:D6:16",
                            "private_ip_address": "10.1.20.4",
                            "public_ip_address": "129.213.36.255",
                            "skip_source_dest_check": "false",
                            "state": "AVAILABLE",
                            "subnet_id": "ocid1.subnet.oc1.iad.aaaaaaaapppwsn6giynor5sya3sx3h6pnzelh2jovrfqwxbt4sz3e6jnok3q",
                            "time_created": "2018-02-05 20:19:38.579 +0000 UTC",
                            "vnic_id": "ocid1.vnic.oc1.iad.abuwcljssn4bbgomifbfkv2jsxop6f3f7af6pkenvwo3rusgmutjxzevzdya"
                        },
                        "meta": {},
                        "tainted": false
                    },
                    "deposed": [],
                    "provider": ""
                },
                "data.oci_core_vnic_attachments.InstanceVnics": {
                    "type": "oci_core_vnic_attachments",
                    "depends_on": [
                        "data.oci_identity_availability_domains.ADs",
                        "oci_core_instance.TFInstance"
                    ],
                    "primary": {
                        "id": "2018-02-05 20:19:58.532114 +0000 UTC",
                        "attributes": {
                            "availability_domain": "lkEI:US-ASHBURN-AD-1",
                            "compartment_id": "ocid1.compartment.oc1..aaaaaaaapui4j3qyqji3bdg4vp35bldzpu55eqkfps3a6edu4z7tkonxoo5a",
                            "id": "2018-02-05 20:19:58.532114 +0000 UTC",
                            "instance_id": "ocid1.instance.oc1.iad.abuwcljsvpdmcgflywcptikd3zrrfwu2f37qynggd5lqngfqoq2m43jrsg7q",
                            "vnic_attachments.#": "1",
                            "vnic_attachments.0.availability_domain": "lkEI:US-ASHBURN-AD-1",
                            "vnic_attachments.0.compartment_id": "ocid1.compartment.oc1..aaaaaaaapui4j3qyqji3bdg4vp35bldzpu55eqkfps3a6edu4z7tkonxoo5a",
                            "vnic_attachments.0.display_name": "",
                            "vnic_attachments.0.id": "ocid1.vnicattachment.oc1.iad.abuwcljslb5hslkvoli7yexamd2mvagclues3q55gzxoz5oisi7whhzyoaeq",
                            "vnic_attachments.0.instance_id": "ocid1.instance.oc1.iad.abuwcljsvpdmcgflywcptikd3zrrfwu2f37qynggd5lqngfqoq2m43jrsg7q",
                            "vnic_attachments.0.state": "ATTACHED",
                            "vnic_attachments.0.subnet_id": "ocid1.subnet.oc1.iad.aaaaaaaapppwsn6giynor5sya3sx3h6pnzelh2jovrfqwxbt4sz3e6jnok3q",
                            "vnic_attachments.0.time_created": "Mon, 05 Feb 2018 20:19:39 UTC",
                            "vnic_attachments.0.vnic_id": "ocid1.vnic.oc1.iad.abuwcljssn4bbgomifbfkv2jsxop6f3f7af6pkenvwo3rusgmutjxzevzdya"
                        },
                        "meta": {},
                        "tainted": false
                    },
                    "deposed": [],
                    "provider": ""
                },
                "data.oci_identity_availability_domains.ADs": {
                    "type": "oci_identity_availability_domains",
                    "depends_on": [],
                    "primary": {
                        "id": "2018-02-05 20:18:33.83573 +0000 UTC",
                        "attributes": {
                            "availability_domains.#": "3",
                            "availability_domains.0.compartment_id": "ocid1.tenancy.oc1..aaaaaaaakxciyy2tsgpppabjjdj7gjgkzvooymdimmxyor4ji4wx3vgns7uq",
                            "availability_domains.0.name": "lkEI:US-ASHBURN-AD-1",
                            "availability_domains.1.compartment_id": "ocid1.tenancy.oc1..aaaaaaaakxciyy2tsgpppabjjdj7gjgkzvooymdimmxyor4ji4wx3vgns7uq",
                            "availability_domains.1.name": "lkEI:US-ASHBURN-AD-2",
                            "availability_domains.2.compartment_id": "ocid1.tenancy.oc1..aaaaaaaakxciyy2tsgpppabjjdj7gjgkzvooymdimmxyor4ji4wx3vgns7uq",
                            "availability_domains.2.name": "lkEI:US-ASHBURN-AD-3",
                            "compartment_id": "ocid1.tenancy.oc1..aaaaaaaakxciyy2tsgpppabjjdj7gjgkzvooymdimmxyor4ji4wx3vgns7uq",
                            "id": "2018-02-05 20:18:33.83573 +0000 UTC"
                        },
                        "meta": {},
                        "tainted": false
                    },
                    "deposed": [],
                    "provider": ""
                },
                "oci_core_instance.TFInstance": {
                    "type": "oci_core_instance",
                    "depends_on": [
                        "data.oci_identity_availability_domains.ADs",
                        "oci_core_subnet.ExampleSubnet"
                    ],
                    "primary": {
                        "id": "ocid1.instance.oc1.iad.abuwcljsvpdmcgflywcptikd3zrrfwu2f37qynggd5lqngfqoq2m43jrsg7q",
                        "attributes": {
                            "availability_domain": "lkEI:US-ASHBURN-AD-1",
                            "compartment_id": "ocid1.compartment.oc1..aaaaaaaapui4j3qyqji3bdg4vp35bldzpu55eqkfps3a6edu4z7tkonxoo5a",
                            "create_vnic_details.#": "1",
                            "create_vnic_details.0.assign_public_ip": "true",
                            "create_vnic_details.0.display_name": "primaryvnic",
                            "create_vnic_details.0.hostname_label": "tfexampleinstance",
                            "create_vnic_details.0.private_ip": "10.1.20.4",
                            "create_vnic_details.0.skip_source_dest_check": "false",
                            "create_vnic_details.0.subnet_id": "ocid1.subnet.oc1.iad.aaaaaaaapppwsn6giynor5sya3sx3h6pnzelh2jovrfqwxbt4sz3e6jnok3q",
                            "display_name": "TFInstance",
                            "hostname_label": "tfexampleinstance",
                            "id": "ocid1.instance.oc1.iad.abuwcljsvpdmcgflywcptikd3zrrfwu2f37qynggd5lqngfqoq2m43jrsg7q",
                            "image": "ocid1.image.oc1.iad.aaaaaaaaxrqeombwty6jyqgk3fraczdd63bv66xgfsqka4ktr7c57awr3p5a",
                            "ipxe_script": "",
                            "metadata.%": "2",
                            "metadata.ssh_authorized_keys": "ssh-rsa AAAAB3NzaC1yc2EAAAADAQABAAABAQD7n4mwTT2dKsqt1K4IYmmDesvpka5rgBA6wZDUAE8Oc2ETU52gRAMvPwiOlyyWyMCqooddCD3FwK2EJw8bASbDOyTBJfCeU8srycSv0VpFcl1O2d4yTg4PrWxfylFHt8ZWMYgZpgOXtUS+5CI8O2HaibhtDo0E699YnZgq7WugiHzj5+9sEQL9nIK6z5wNn3bXHJjwhGKJbXIE9CiD1jRxHdB7Mm+Vkd9kzKwJF4KcADSwg6RqE5Xv6K2Tm83h3G+O5td4hgtaHQORKBYifuqiLslpoXLOtNzHFLfe9/aNXvo0bZnt/wln1U9jOwUmLHMS7TJS5H88nC1IRKT2wTk/ linuxkeys",
                            "metadata.user_data": "IyEvYmluL2Jhc2gKeXVtIHVwZGF0ZSAteQo=",
                            "private_ip": "10.1.20.4",
                            "public_ip": "129.213.36.255",
                            "region": "iad",
                            "shape": "VM.Standard1.2",
                            "state": "RUNNING",
                            "subnet_id": "ocid1.subnet.oc1.iad.aaaaaaaapppwsn6giynor5sya3sx3h6pnzelh2jovrfqwxbt4sz3e6jnok3q",
                            "time_created": "2018-02-05 20:19:34.84 +0000 UTC"
                        },
                        "meta": {
                            "e2bfb730-ecaa-11e6-8f88-34363bc7c4c0": {
                                "create": 3600000000000,
                                "delete": 7200000000000,
                                "update": 7200000000000
                            }
                        },
                        "tainted": false
                    },
                    "deposed": [],
                    "provider": ""
                },
                "oci_core_internet_gateway.ExampleIG": {
                    "type": "oci_core_internet_gateway",
                    "depends_on": [
                        "oci_core_virtual_network.ExampleVCN"
                    ],
                    "primary": {
                        "id": "ocid1.internetgateway.oc1.iad.aaaaaaaac7xspqt3rxxuojlso7st6eotvy3wfrfscxzwial5645fesefpeaa",
                        "attributes": {
                            "compartment_id": "ocid1.compartment.oc1..aaaaaaaapui4j3qyqji3bdg4vp35bldzpu55eqkfps3a6edu4z7tkonxoo5a",
                            "display_name": "TFExampleIG",
                            "enabled": "true",
                            "id": "ocid1.internetgateway.oc1.iad.aaaaaaaac7xspqt3rxxuojlso7st6eotvy3wfrfscxzwial5645fesefpeaa",
                            "state": "AVAILABLE",
                            "time_created": "2018-02-05 19:54:33.448 +0000 UTC",
                            "time_modified": "0001-01-01 00:00:00 +0000 UTC",
                            "vcn_id": "ocid1.vcn.oc1.iad.aaaaaaaagtobxdst6mkp6hirblw6ly5bbktpa33x2qx4lrfcrldstqcxg7ga"
                        },
                        "meta": {
                            "e2bfb730-ecaa-11e6-8f88-34363bc7c4c0": {
                                "create": 300000000000,
                                "delete": 300000000000,
                                "update": 300000000000
                            }
                        },
                        "tainted": false
                    },
                    "deposed": [],
                    "provider": ""
                },
                "oci_core_route_table.ExampleRT": {
                    "type": "oci_core_route_table",
                    "depends_on": [
                        "oci_core_internet_gateway.ExampleIG",
                        "oci_core_virtual_network.ExampleVCN"
                    ],
                    "primary": {
                        "id": "ocid1.routetable.oc1.iad.aaaaaaaagrcwzzdsxlhg373crpg5kj5gdxcwdh2uqtx7jgxiw2bfcwqe2pjq",
                        "attributes": {
                            "compartment_id": "ocid1.compartment.oc1..aaaaaaaapui4j3qyqji3bdg4vp35bldzpu55eqkfps3a6edu4z7tkonxoo5a",
                            "display_name": "TFExampleRouteTable",
                            "id": "ocid1.routetable.oc1.iad.aaaaaaaagrcwzzdsxlhg373crpg5kj5gdxcwdh2uqtx7jgxiw2bfcwqe2pjq",
                            "route_rules.#": "1",
                            "route_rules.0.cidr_block": "0.0.0.0/0",
                            "route_rules.0.network_entity_id": "ocid1.internetgateway.oc1.iad.aaaaaaaac7xspqt3rxxuojlso7st6eotvy3wfrfscxzwial5645fesefpeaa",
                            "state": "AVAILABLE",
                            "time_created": "2018-02-05 19:54:33.579 +0000 UTC",
                            "time_modified": "0001-01-01 00:00:00 +0000 UTC",
                            "vcn_id": "ocid1.vcn.oc1.iad.aaaaaaaagtobxdst6mkp6hirblw6ly5bbktpa33x2qx4lrfcrldstqcxg7ga"
                        },
                        "meta": {
                            "e2bfb730-ecaa-11e6-8f88-34363bc7c4c0": {
                                "create": 300000000000,
                                "delete": 300000000000,
                                "update": 300000000000
                            }
                        },
                        "tainted": false
                    },
                    "deposed": [],
                    "provider": ""
                },
                "oci_core_subnet.ExampleSubnet": {
                    "type": "oci_core_subnet",
                    "depends_on": [
                        "data.oci_identity_availability_domains.ADs",
                        "oci_core_route_table.ExampleRT",
                        "oci_core_virtual_network.ExampleVCN"
                    ],
                    "primary": {
                        "id": "ocid1.subnet.oc1.iad.aaaaaaaapppwsn6giynor5sya3sx3h6pnzelh2jovrfqwxbt4sz3e6jnok3q",
                        "attributes": {
                            "availability_domain": "lkEI:US-ASHBURN-AD-1",
                            "cidr_block": "10.1.20.0/24",
                            "compartment_id": "ocid1.compartment.oc1..aaaaaaaapui4j3qyqji3bdg4vp35bldzpu55eqkfps3a6edu4z7tkonxoo5a",
                            "dhcp_options_id": "ocid1.dhcpoptions.oc1.iad.aaaaaaaalgte6blo345rbmvvx2dsbqpn2pfhqmnablyfl54h7aqkf4a32gpa",
                            "display_name": "TFExampleSubnet",
                            "dns_label": "tfexamplesubnet",
                            "id": "ocid1.subnet.oc1.iad.aaaaaaaapppwsn6giynor5sya3sx3h6pnzelh2jovrfqwxbt4sz3e6jnok3q",
                            "prohibit_public_ip_on_vnic": "false",
                            "route_table_id": "ocid1.routetable.oc1.iad.aaaaaaaagrcwzzdsxlhg373crpg5kj5gdxcwdh2uqtx7jgxiw2bfcwqe2pjq",
                            "security_list_ids.#": "1",
                            "security_list_ids.4231528611": "ocid1.securitylist.oc1.iad.aaaaaaaa3fp2qbngfi3fkh4zjan3tithzptswxl3lelubegzcusoyogo7elq",
                            "state": "AVAILABLE",
                            "time_created": "2018-02-05 19:54:48.698 +0000 UTC",
                            "vcn_id": "ocid1.vcn.oc1.iad.aaaaaaaagtobxdst6mkp6hirblw6ly5bbktpa33x2qx4lrfcrldstqcxg7ga",
                            "virtual_router_ip": "10.1.20.1",
                            "virtual_router_mac": "00:00:17:B7:24:53"
                        },
                        "meta": {
                            "e2bfb730-ecaa-11e6-8f88-34363bc7c4c0": {
                                "create": 300000000000,
                                "delete": 300000000000,
                                "update": 300000000000
                            }
                        },
                        "tainted": false
                    },
                    "deposed": [],
                    "provider": ""
                },
                "oci_core_virtual_network.ExampleVCN": {
                    "type": "oci_core_virtual_network",
                    "depends_on": [],
                    "primary": {
                        "id": "ocid1.vcn.oc1.iad.aaaaaaaagtobxdst6mkp6hirblw6ly5bbktpa33x2qx4lrfcrldstqcxg7ga",
                        "attributes": {
                            "cidr_block": "10.1.0.0/16",
                            "compartment_id": "ocid1.compartment.oc1..aaaaaaaapui4j3qyqji3bdg4vp35bldzpu55eqkfps3a6edu4z7tkonxoo5a",
                            "default_dhcp_options_id": "ocid1.dhcpoptions.oc1.iad.aaaaaaaalgte6blo345rbmvvx2dsbqpn2pfhqmnablyfl54h7aqkf4a32gpa",
                            "default_route_table_id": "ocid1.routetable.oc1.iad.aaaaaaaavcmpcb6lptsjl47hfxvuq4aroaefhjyzvopcnsl2vxljg4eda2ua",
                            "default_security_list_id": "ocid1.securitylist.oc1.iad.aaaaaaaa3fp2qbngfi3fkh4zjan3tithzptswxl3lelubegzcusoyogo7elq",
                            "display_name": "TFExampleVCN",
                            "dns_label": "tfexamplevcn",
                            "id": "ocid1.vcn.oc1.iad.aaaaaaaagtobxdst6mkp6hirblw6ly5bbktpa33x2qx4lrfcrldstqcxg7ga",
                            "state": "AVAILABLE",
                            "time_created": "2018-02-05 19:54:33.31 +0000 UTC"
                        },
                        "meta": {
                            "e2bfb730-ecaa-11e6-8f88-34363bc7c4c0": {
                                "create": 300000000000,
                                "delete": 300000000000,
                                "update": 300000000000
                            }
                        },
                        "tainted": false
                    },
                    "deposed": [],
                    "provider": ""
                },
                "oci_core_volume.TFBlock0": {
                    "type": "oci_core_volume",
                    "depends_on": [
                        "data.oci_identity_availability_domains.ADs"
                    ],
                    "primary": {
                        "id": "ocid1.volume.oc1.iad.abuwcljsp5tt3dhhkbxvejayybhd7gxgfb26djvhcf5casynyufxhmdcdl3a",
                        "attributes": {
                            "availability_domain": "lkEI:US-ASHBURN-AD-1",
                            "compartment_id": "ocid1.compartment.oc1..aaaaaaaapui4j3qyqji3bdg4vp35bldzpu55eqkfps3a6edu4z7tkonxoo5a",
                            "display_name": "TFBlock0",
                            "id": "ocid1.volume.oc1.iad.abuwcljsp5tt3dhhkbxvejayybhd7gxgfb26djvhcf5casynyufxhmdcdl3a",
                            "size_in_gbs": "50",
                            "size_in_mbs": "51200",
                            "state": "AVAILABLE",
                            "time_created": "2018-02-05 19:54:33.405 +0000 UTC"
                        },
                        "meta": {
                            "e2bfb730-ecaa-11e6-8f88-34363bc7c4c0": {
                                "create": 300000000000,
                                "delete": 300000000000,
                                "update": 300000000000
                            }
                        },
                        "tainted": false
                    },
                    "deposed": [],
                    "provider": ""
                },
                "oci_core_volume_attachment.TFBlock0Attach": {
                    "type": "oci_core_volume_attachment",
                    "depends_on": [
                        "oci_core_instance.TFInstance",
                        "oci_core_volume.TFBlock0"
                    ],
                    "primary": {
                        "id": "ocid1.volumeattachment.oc1.iad.abuwcljsjnos2lvjjcbgldtpd5uspzd26ukx72vhujzm3ld45sicon35uocq",
                        "attributes": {
                            "attachment_type": "iscsi",
                            "availability_domain": "lkEI:US-ASHBURN-AD-1",
                            "chap_secret": "",
                            "chap_username": "",
                            "compartment_id": "ocid1.compartment.oc1..aaaaaaaapui4j3qyqji3bdg4vp35bldzpu55eqkfps3a6edu4z7tkonxoo5a",
                            "display_name": "volumeattachment20180205201958",
                            "id": "ocid1.volumeattachment.oc1.iad.abuwcljsjnos2lvjjcbgldtpd5uspzd26ukx72vhujzm3ld45sicon35uocq",
                            "instance_id": "ocid1.instance.oc1.iad.abuwcljsvpdmcgflywcptikd3zrrfwu2f37qynggd5lqngfqoq2m43jrsg7q",
                            "ipv4": "169.254.2.2",
                            "iqn": "iqn.2015-12.com.oracleiaas:c36acc5c-98ac-47e7-b37d-0d29b01f0069",
                            "port": "3260",
                            "state": "ATTACHED",
                            "time_created": "2018-02-05 20:19:58.581 +0000 UTC",
                            "volume_id": "ocid1.volume.oc1.iad.abuwcljsp5tt3dhhkbxvejayybhd7gxgfb26djvhcf5casynyufxhmdcdl3a"
                        },
                        "meta": {
                            "e2bfb730-ecaa-11e6-8f88-34363bc7c4c0": {
                                "create": 300000000000,
                                "delete": 300000000000,
                                "update": 300000000000
                            }
                        },
                        "tainted": false
                    },
                    "deposed": [],
                    "provider": ""
                }
            },
            "depends_on": []
        }
    ]
}
