{
    "version": 3,
    "terraform_version": "0.11.5",
    "serial": 2,
    "lineage": "088054e0-b048-516e-c65f-86d3bbfb589f",
    "modules": [
        {
            "path": [
                "root"
            ],
            "outputs": {},
            "resources": {
                "azurerm_resource_group.BrettPrivateDNSRG": {
                    "type": "azurerm_resource_group",
                    "depends_on": [],
                    "primary": {
                        "id": "/subscriptions/652070ee-d223-4b7d-b9b5-07ed7ae2e038/resourceGroups/BrettPrivateDNSRG",
                        "attributes": {
                            "id": "/subscriptions/652070ee-d223-4b7d-b9b5-07ed7ae2e038/resourceGroups/BrettPrivateDNSRG",
                            "location": "eastus2",
                            "name": "BrettPrivateDNSRG",
                            "tags.%": "5",
                            "tags.AIT": "70656",
                            "tags.CreateDate": "2018-04-05T14:38:29Z",
                            "tags.CreatedBy": "Brett Aukburg",
                            "tags.CreatedNB": "zk0v9bj",
                            "tags.Environment": "lab"
                        },
                        "meta": {},
                        "tainted": false
                    },
                    "deposed": [],
                    "provider": "provider.azurerm"
                },
                "azurerm_subnet.BrettPrivateDNSsubnet": {
                    "type": "azurerm_subnet",
                    "depends_on": [
                        "azurerm_resource_group.BrettPrivateDNSRG",
                        "azurerm_virtual_network.BrettPrivateDNSvnet"
                    ],
                    "primary": {
                        "id": "/subscriptions/652070ee-d223-4b7d-b9b5-07ed7ae2e038/resourceGroups/BrettPrivateDNSRG/providers/Microsoft.Network/virtualNetworks/BrettPrivateDNSvnet/subnets/BrettPrivateDNSsubnet",
                        "attributes": {
                            "address_prefix": "10.0.0.0/20",
                            "id": "/subscriptions/652070ee-d223-4b7d-b9b5-07ed7ae2e038/resourceGroups/BrettPrivateDNSRG/providers/Microsoft.Network/virtualNetworks/BrettPrivateDNSvnet/subnets/BrettPrivateDNSsubnet",
                            "ip_configurations.#": "0",
                            "name": "BrettPrivateDNSsubnet",
                            "resource_group_name": "BrettPrivateDNSRG",
                            "service_endpoints.#": "0",
                            "virtual_network_name": "BrettPrivateDNSvnet"
                        },
                        "meta": {},
                        "tainted": false
                    },
                    "deposed": [],
                    "provider": "provider.azurerm"
                },
                "azurerm_virtual_network.BrettNOTPrivateDNSvnet": {
                    "type": "azurerm_virtual_network",
                    "depends_on": [
                        "azurerm_resource_group.BrettPrivateDNSRG"
                    ],
                    "primary": {
                        "id": "/subscriptions/652070ee-d223-4b7d-b9b5-07ed7ae2e038/resourceGroups/BrettPrivateDNSRG/providers/Microsoft.Network/virtualNetworks/BrettNOTPrivateDNSvnet",
                        "attributes": {
                            "address_space.#": "1",
                            "address_space.0": "10.1.0.0/16",
                            "dns_servers.#": "0",
                            "id": "/subscriptions/652070ee-d223-4b7d-b9b5-07ed7ae2e038/resourceGroups/BrettPrivateDNSRG/providers/Microsoft.Network/virtualNetworks/BrettNOTPrivateDNSvnet",
                            "location": "eastus2",
                            "name": "BrettNOTPrivateDNSvnet",
                            "resource_group_name": "BrettPrivateDNSRG",
                            "subnet.#": "0",
                            "tags.%": "5",
                            "tags.AIT": "70656",
                            "tags.CreateDate": "2018-04-05T14:38:31Z",
                            "tags.CreatedBy": "Brett Aukburg",
                            "tags.CreatedNB": "zk0v9bj",
                            "tags.Environment": "lab"
                        },
                        "meta": {},
                        "tainted": false
                    },
                    "deposed": [],
                    "provider": "provider.azurerm"
                },
                "azurerm_virtual_network.BrettPrivateDNSvnet": {
                    "type": "azurerm_virtual_network",
                    "depends_on": [
                        "azurerm_resource_group.BrettPrivateDNSRG"
                    ],
                    "primary": {
                        "id": "/subscriptions/652070ee-d223-4b7d-b9b5-07ed7ae2e038/resourceGroups/BrettPrivateDNSRG/providers/Microsoft.Network/virtualNetworks/BrettPrivateDNSvnet",
                        "attributes": {
                            "address_space.#": "1",
                            "address_space.0": "10.0.0.0/16",
                            "dns_servers.#": "0",
                            "id": "/subscriptions/652070ee-d223-4b7d-b9b5-07ed7ae2e038/resourceGroups/BrettPrivateDNSRG/providers/Microsoft.Network/virtualNetworks/BrettPrivateDNSvnet",
                            "location": "eastus2",
                            "name": "BrettPrivateDNSvnet",
                            "resource_group_name": "BrettPrivateDNSRG",
                            "subnet.#": "0",
                            "tags.%": "5",
                            "tags.AIT": "70656",
                            "tags.CreateDate": "2018-04-05T14:38:31Z",
                            "tags.CreatedBy": "Brett Aukburg",
                            "tags.CreatedNB": "zk0v9bj",
                            "tags.Environment": "lab"
                        },
                        "meta": {},
                        "tainted": false
                    },
                    "deposed": [],
                    "provider": "provider.azurerm"
                }
            },
            "depends_on": []
        }
    ]
}
