{
    "version": 3,
    "terraform_version": "0.10.4",
    "serial": 17,
    "lineage": "b7865734-54df-4872-80ab-4366fa9da201",
    "modules": [
        {
            "path": [
                "root"
            ],
            "outputs": {},
            "resources": {
                "azurerm_network_interface.rheltestni": {
                    "type": "azurerm_network_interface",
                    "depends_on": [
                        "azurerm_public_ip.rheltestPubIP",
                        "azurerm_resource_group.rheltest_rg",
                        "azurerm_subnet.rheltestSN"
                    ],
                    "primary": {
                        "id": "/subscriptions/16ab6a0b-41d5-4343-b0d9-e74b627e4679/resourceGroups/rheltest_rg/providers/Microsoft.Network/networkInterfaces/rheltestni",
                        "attributes": {
                            "applied_dns_servers.#": "0",
                            "dns_servers.#": "0",
                            "enable_ip_forwarding": "false",
                            "id": "/subscriptions/16ab6a0b-41d5-4343-b0d9-e74b627e4679/resourceGroups/rheltest_rg/providers/Microsoft.Network/networkInterfaces/rheltestni",
                            "internal_dns_name_label": "",
                            "ip_configuration.#": "1",
                            "ip_configuration.3624101943.load_balancer_backend_address_pools_ids.#": "0",
                            "ip_configuration.3624101943.load_balancer_inbound_nat_rules_ids.#": "0",
                            "ip_configuration.3624101943.name": "rheltestconf",
                            "ip_configuration.3624101943.private_ip_address": "10.0.0.10",
                            "ip_configuration.3624101943.private_ip_address_allocation": "static",
                            "ip_configuration.3624101943.public_ip_address_id": "/subscriptions/16ab6a0b-41d5-4343-b0d9-e74b627e4679/resourceGroups/rheltest_rg/providers/Microsoft.Network/publicIPAddresses/rheltestPubIP",
                            "ip_configuration.3624101943.subnet_id": "/subscriptions/16ab6a0b-41d5-4343-b0d9-e74b627e4679/resourceGroups/rheltest_rg/providers/Microsoft.Network/virtualNetworks/rheltestVN/subnets/rheltestSN",
                            "location": "centralus",
                            "mac_address": "00-0D-3A-94-87-FA",
                            "name": "rheltestni",
                            "private_ip_address": "10.0.0.10",
                            "resource_group_name": "rheltest_rg",
                            "tags.%": "6",
                            "tags.ait": "70656",
                            "tags.createdby": "Brett Aukburg",
                            "tags.createddate": "2017-10-06T12:38:00Z",
                            "tags.creatednb": "zk0v9bj",
                            "tags.editeddate": "2017-10-19T00:34:18Z",
                            "tags.environment": "lab",
                            "virtual_machine_id": "/subscriptions/16ab6a0b-41d5-4343-b0d9-e74b627e4679/resourceGroups/rheltest_rg/providers/Microsoft.Compute/virtualMachines/rheltest01"
                        },
                        "meta": {},
                        "tainted": false
                    },
                    "deposed": [],
                    "provider": ""
                },
                "azurerm_network_interface.rheltestni2": {
                    "type": "azurerm_network_interface",
                    "depends_on": [
                        "azurerm_public_ip.rheltestPubIP2",
                        "azurerm_resource_group.rheltest_rg",
                        "azurerm_subnet.rheltestSN"
                    ],
                    "primary": {
                        "id": "/subscriptions/16ab6a0b-41d5-4343-b0d9-e74b627e4679/resourceGroups/rheltest_rg/providers/Microsoft.Network/networkInterfaces/rheltestni2",
                        "attributes": {
                            "applied_dns_servers.#": "0",
                            "dns_servers.#": "0",
                            "enable_ip_forwarding": "false",
                            "id": "/subscriptions/16ab6a0b-41d5-4343-b0d9-e74b627e4679/resourceGroups/rheltest_rg/providers/Microsoft.Network/networkInterfaces/rheltestni2",
                            "internal_dns_name_label": "",
                            "ip_configuration.#": "1",
                            "ip_configuration.262932089.load_balancer_backend_address_pools_ids.#": "0",
                            "ip_configuration.262932089.load_balancer_inbound_nat_rules_ids.#": "0",
                            "ip_configuration.262932089.name": "rheltestconf2",
                            "ip_configuration.262932089.private_ip_address": "10.0.0.11",
                            "ip_configuration.262932089.private_ip_address_allocation": "static",
                            "ip_configuration.262932089.public_ip_address_id": "/subscriptions/16ab6a0b-41d5-4343-b0d9-e74b627e4679/resourceGroups/rheltest_rg/providers/Microsoft.Network/publicIPAddresses/rheltestPubIP2",
                            "ip_configuration.262932089.subnet_id": "/subscriptions/16ab6a0b-41d5-4343-b0d9-e74b627e4679/resourceGroups/rheltest_rg/providers/Microsoft.Network/virtualNetworks/rheltestVN/subnets/rheltestSN",
                            "location": "centralus",
                            "mac_address": "00-0D-3A-90-16-C9",
                            "name": "rheltestni2",
                            "private_ip_address": "10.0.0.11",
                            "resource_group_name": "rheltest_rg",
                            "tags.%": "6",
                            "tags.ait": "70656",
                            "tags.createdby": "Brett Aukburg",
                            "tags.createddate": "2017-10-06T12:38:00Z",
                            "tags.creatednb": "zk0v9bj",
                            "tags.editeddate": "2017-10-19T00:34:22Z",
                            "tags.environment": "lab",
                            "virtual_machine_id": "/subscriptions/16ab6a0b-41d5-4343-b0d9-e74b627e4679/resourceGroups/rheltest_rg/providers/Microsoft.Compute/virtualMachines/rheltest02"
                        },
                        "meta": {},
                        "tainted": false
                    },
                    "deposed": [],
                    "provider": ""
                },
                "azurerm_public_ip.rheltestPubIP": {
                    "type": "azurerm_public_ip",
                    "depends_on": [
                        "azurerm_resource_group.rheltest_rg"
                    ],
                    "primary": {
                        "id": "/subscriptions/16ab6a0b-41d5-4343-b0d9-e74b627e4679/resourceGroups/rheltest_rg/providers/Microsoft.Network/publicIPAddresses/rheltestPubIP",
                        "attributes": {
                            "id": "/subscriptions/16ab6a0b-41d5-4343-b0d9-e74b627e4679/resourceGroups/rheltest_rg/providers/Microsoft.Network/publicIPAddresses/rheltestPubIP",
                            "idle_timeout_in_minutes": "5",
                            "ip_address": "52.176.98.200",
                            "location": "centralus",
                            "name": "rheltestPubIP",
                            "public_ip_address_allocation": "static",
                            "resource_group_name": "rheltest_rg",
                            "tags.%": "6",
                            "tags.ait": "70656",
                            "tags.createdby": "Brett Aukburg",
                            "tags.createddate": "2017-10-06T12:38:00Z",
                            "tags.creatednb": "zk0v9bj",
                            "tags.editeddate": "2017-10-19T00:34:17Z",
                            "tags.environment": "lab"
                        },
                        "meta": {},
                        "tainted": false
                    },
                    "deposed": [],
                    "provider": ""
                },
                "azurerm_public_ip.rheltestPubIP2": {
                    "type": "azurerm_public_ip",
                    "depends_on": [
                        "azurerm_resource_group.rheltest_rg"
                    ],
                    "primary": {
                        "id": "/subscriptions/16ab6a0b-41d5-4343-b0d9-e74b627e4679/resourceGroups/rheltest_rg/providers/Microsoft.Network/publicIPAddresses/rheltestPubIP2",
                        "attributes": {
                            "id": "/subscriptions/16ab6a0b-41d5-4343-b0d9-e74b627e4679/resourceGroups/rheltest_rg/providers/Microsoft.Network/publicIPAddresses/rheltestPubIP2",
                            "idle_timeout_in_minutes": "5",
                            "ip_address": "52.173.94.3",
                            "location": "centralus",
                            "name": "rheltestPubIP2",
                            "public_ip_address_allocation": "static",
                            "resource_group_name": "rheltest_rg",
                            "tags.%": "6",
                            "tags.ait": "70656",
                            "tags.createdby": "Brett Aukburg",
                            "tags.createddate": "2017-10-06T12:38:00Z",
                            "tags.creatednb": "zk0v9bj",
                            "tags.editeddate": "2017-10-19T00:34:17Z",
                            "tags.environment": "lab"
                        },
                        "meta": {},
                        "tainted": false
                    },
                    "deposed": [],
                    "provider": ""
                },
                "azurerm_resource_group.rheltest_rg": {
                    "type": "azurerm_resource_group",
                    "depends_on": [],
                    "primary": {
                        "id": "/subscriptions/16ab6a0b-41d5-4343-b0d9-e74b627e4679/resourceGroups/rheltest_rg",
                        "attributes": {
                            "id": "/subscriptions/16ab6a0b-41d5-4343-b0d9-e74b627e4679/resourceGroups/rheltest_rg",
                            "location": "centralus",
                            "name": "rheltest_rg",
                            "tags.%": "6",
                            "tags.ait": "70656",
                            "tags.createdby": "Brett Aukburg",
                            "tags.createddate": "2017-10-06T12:38:00Z",
                            "tags.creatednb": "zk0v9bj",
                            "tags.editeddate": "2017-10-19T00:34:15Z",
                            "tags.environment": "lab"
                        },
                        "meta": {},
                        "tainted": false
                    },
                    "deposed": [],
                    "provider": ""
                },
                "azurerm_subnet.rheltestSN": {
                    "type": "azurerm_subnet",
                    "depends_on": [
                        "azurerm_resource_group.rheltest_rg",
                        "azurerm_virtual_network.rheltestVN"
                    ],
                    "primary": {
                        "id": "/subscriptions/16ab6a0b-41d5-4343-b0d9-e74b627e4679/resourceGroups/rheltest_rg/providers/Microsoft.Network/virtualNetworks/rheltestVN/subnets/rheltestSN",
                        "attributes": {
                            "address_prefix": "10.0.0.0/24",
                            "id": "/subscriptions/16ab6a0b-41d5-4343-b0d9-e74b627e4679/resourceGroups/rheltest_rg/providers/Microsoft.Network/virtualNetworks/rheltestVN/subnets/rheltestSN",
                            "ip_configurations.#": "2",
                            "ip_configurations.2879588319": "/subscriptions/16ab6a0b-41d5-4343-b0d9-e74b627e4679/resourceGroups/rheltest_rg/providers/Microsoft.Network/networkInterfaces/rheltestni2/ipConfigurations/rheltestconf2",
                            "ip_configurations.3002296157": "/subscriptions/16ab6a0b-41d5-4343-b0d9-e74b627e4679/resourceGroups/rheltest_rg/providers/Microsoft.Network/networkInterfaces/rheltestni/ipConfigurations/rheltestconf",
                            "name": "rheltestSN",
                            "network_security_group_id": "",
                            "resource_group_name": "rheltest_rg",
                            "route_table_id": "",
                            "virtual_network_name": "rheltestVN"
                        },
                        "meta": {},
                        "tainted": false
                    },
                    "deposed": [],
                    "provider": ""
                },
                "azurerm_virtual_machine.rheltestVM": {
                    "type": "azurerm_virtual_machine",
                    "depends_on": [
                        "azurerm_network_interface.rheltestni",
                        "azurerm_resource_group.rheltest_rg"
                    ],
                    "primary": {
                        "id": "/subscriptions/16ab6a0b-41d5-4343-b0d9-e74b627e4679/resourceGroups/rheltest_rg/providers/Microsoft.Compute/virtualMachines/rheltest01",
                        "attributes": {
                            "delete_data_disks_on_termination": "false",
                            "delete_os_disk_on_termination": "false",
                            "id": "/subscriptions/16ab6a0b-41d5-4343-b0d9-e74b627e4679/resourceGroups/rheltest_rg/providers/Microsoft.Compute/virtualMachines/rheltest01",
                            "location": "centralus",
                            "name": "rheltest01",
                            "network_interface_ids.#": "1",
                            "network_interface_ids.2064911302": "/subscriptions/16ab6a0b-41d5-4343-b0d9-e74b627e4679/resourceGroups/rheltest_rg/providers/Microsoft.Network/networkInterfaces/rheltestni",
                            "os_profile.#": "1",
                            "os_profile.787713928.admin_password": "",
                            "os_profile.787713928.admin_username": "rheladmin",
                            "os_profile.787713928.computer_name": "rheltest01",
                            "os_profile.787713928.custom_data": "",
                            "os_profile_linux_config.#": "1",
                            "os_profile_linux_config.2972667452.disable_password_authentication": "false",
                            "os_profile_linux_config.2972667452.ssh_keys.#": "0",
                            "os_profile_secrets.#": "0",
                            "resource_group_name": "rheltest_rg",
                            "storage_data_disk.#": "0",
                            "storage_image_reference.#": "0",
                            "storage_os_disk.#": "1",
                            "storage_os_disk.70447643.caching": "ReadWrite",
                            "storage_os_disk.70447643.create_option": "FromImage",
                            "storage_os_disk.70447643.disk_size_gb": "32",
                            "storage_os_disk.70447643.image_uri": "",
                            "storage_os_disk.70447643.managed_disk_id": "",
                            "storage_os_disk.70447643.managed_disk_type": "",
                            "storage_os_disk.70447643.name": "rheltest01",
                            "storage_os_disk.70447643.os_type": "",
                            "storage_os_disk.70447643.vhd_uri": "https://saosfactory.blob.core.windows.net/vhds/rheltest01-osdisk.vhd",
                            "tags.%": "6",
                            "tags.ait": "70656",
                            "tags.createdby": "Brett Aukburg",
                            "tags.createddate": "2017-10-06T12:38:00Z",
                            "tags.creatednb": "zk0v9bj",
                            "tags.editeddate": "2017-10-19T00:34:19Z",
                            "tags.environment": "lab",
                            "vm_size": "Standard_D2_v2"
                        },
                        "meta": {},
                        "tainted": false
                    },
                    "deposed": [],
                    "provider": ""
                },
                "azurerm_virtual_machine.rheltestVM2": {
                    "type": "azurerm_virtual_machine",
                    "depends_on": [
                        "azurerm_network_interface.rheltestni2",
                        "azurerm_resource_group.rheltest_rg"
                    ],
                    "primary": {
                        "id": "/subscriptions/16ab6a0b-41d5-4343-b0d9-e74b627e4679/resourceGroups/rheltest_rg/providers/Microsoft.Compute/virtualMachines/rheltest02",
                        "attributes": {
                            "delete_data_disks_on_termination": "false",
                            "delete_os_disk_on_termination": "false",
                            "id": "/subscriptions/16ab6a0b-41d5-4343-b0d9-e74b627e4679/resourceGroups/rheltest_rg/providers/Microsoft.Compute/virtualMachines/rheltest02",
                            "location": "centralus",
                            "name": "rheltest02",
                            "network_interface_ids.#": "1",
                            "network_interface_ids.1755958659": "/subscriptions/16ab6a0b-41d5-4343-b0d9-e74b627e4679/resourceGroups/rheltest_rg/providers/Microsoft.Network/networkInterfaces/rheltestni2",
                            "os_profile.#": "1",
                            "os_profile.98491467.admin_password": "",
                            "os_profile.98491467.admin_username": "rheladmin",
                            "os_profile.98491467.computer_name": "rheltest02",
                            "os_profile.98491467.custom_data": "",
                            "os_profile_linux_config.#": "1",
                            "os_profile_linux_config.2972667452.disable_password_authentication": "false",
                            "os_profile_linux_config.2972667452.ssh_keys.#": "0",
                            "os_profile_secrets.#": "0",
                            "resource_group_name": "rheltest_rg",
                            "storage_data_disk.#": "0",
                            "storage_image_reference.#": "0",
                            "storage_os_disk.#": "1",
                            "storage_os_disk.214170540.caching": "ReadWrite",
                            "storage_os_disk.214170540.create_option": "FromImage",
                            "storage_os_disk.214170540.disk_size_gb": "32",
                            "storage_os_disk.214170540.image_uri": "",
                            "storage_os_disk.214170540.managed_disk_id": "",
                            "storage_os_disk.214170540.managed_disk_type": "",
                            "storage_os_disk.214170540.name": "rheltest02",
                            "storage_os_disk.214170540.os_type": "",
                            "storage_os_disk.214170540.vhd_uri": "https://saosfactory.blob.core.windows.net/vhds/rheltest02-osdisk.vhd",
                            "tags.%": "6",
                            "tags.ait": "70656",
                            "tags.createdby": "Brett Aukburg",
                            "tags.createddate": "2017-10-06T12:38:00Z",
                            "tags.creatednb": "zk0v9bj",
                            "tags.editeddate": "2017-10-19T00:36:57Z",
                            "tags.environment": "lab",
                            "vm_size": "Standard_D2_v2"
                        },
                        "meta": {},
                        "tainted": false
                    },
                    "deposed": [],
                    "provider": ""
                },
                "azurerm_virtual_network.rheltestVN": {
                    "type": "azurerm_virtual_network",
                    "depends_on": [
                        "azurerm_resource_group.rheltest_rg"
                    ],
                    "primary": {
                        "id": "/subscriptions/16ab6a0b-41d5-4343-b0d9-e74b627e4679/resourceGroups/rheltest_rg/providers/Microsoft.Network/virtualNetworks/rheltestVN",
                        "attributes": {
                            "address_space.#": "1",
                            "address_space.0": "10.0.0.0/24",
                            "dns_servers.#": "0",
                            "id": "/subscriptions/16ab6a0b-41d5-4343-b0d9-e74b627e4679/resourceGroups/rheltest_rg/providers/Microsoft.Network/virtualNetworks/rheltestVN",
                            "location": "centralus",
                            "name": "rheltestVN",
                            "resource_group_name": "rheltest_rg",
                            "subnet.#": "1",
                            "subnet.3903628718.address_prefix": "10.0.0.0/24",
                            "subnet.3903628718.name": "rheltestSN",
                            "subnet.3903628718.security_group": "",
                            "tags.%": "6",
                            "tags.ait": "70656",
                            "tags.createdby": "Brett Aukburg",
                            "tags.createddate": "2017-10-06T12:38:00Z",
                            "tags.creatednb": "zk0v9bj",
                            "tags.editeddate": "2017-10-19T00:34:17Z",
                            "tags.environment": "lab"
                        },
                        "meta": {},
                        "tainted": false
                    },
                    "deposed": [],
                    "provider": ""
                }
            },
            "depends_on": []
        }
    ]
}
