{
    "version": 3,
    "terraform_version": "0.10.8",
    "serial": 2,
    "lineage": "e49281a6-1783-45f7-a759-e1cc30da6088",
    "modules": [
        {
            "path": [
                "root"
            ],
            "outputs": {},
            "resources": {
                "azurerm_dns_a_record.test01": {
                    "type": "azurerm_dns_a_record",
                    "depends_on": [
                        "azurerm_dns_zone.bnadnstest"
                    ],
                    "primary": {
                        "id": "/subscriptions/16ab6a0b-41d5-4343-b0d9-e74b627e4679/resourceGroups/dns_rg/providers/Microsoft.Network/dnszones/bnadnstest.com/A/test01",
                        "attributes": {
                            "id": "/subscriptions/16ab6a0b-41d5-4343-b0d9-e74b627e4679/resourceGroups/dns_rg/providers/Microsoft.Network/dnszones/bnadnstest.com/A/test01",
                            "name": "test01",
                            "records.#": "1",
                            "records.658287524": "10.0.1.1",
                            "resource_group_name": "dns_rg",
                            "tags.%": "0",
                            "ttl": "300",
                            "zone_name": "bnadnstest.com"
                        },
                        "meta": {},
                        "tainted": false
                    },
                    "deposed": [],
                    "provider": ""
                },
                "azurerm_dns_a_record.test02": {
                    "type": "azurerm_dns_a_record",
                    "depends_on": [
                        "azurerm_dns_zone.bnadnstest"
                    ],
                    "primary": {
                        "id": "/subscriptions/16ab6a0b-41d5-4343-b0d9-e74b627e4679/resourceGroups/dns_rg/providers/Microsoft.Network/dnszones/bnadnstest.com/A/test02",
                        "attributes": {
                            "id": "/subscriptions/16ab6a0b-41d5-4343-b0d9-e74b627e4679/resourceGroups/dns_rg/providers/Microsoft.Network/dnszones/bnadnstest.com/A/test02",
                            "name": "test02",
                            "records.#": "1",
                            "records.3191208478": "10.0.1.2",
                            "resource_group_name": "dns_rg",
                            "tags.%": "0",
                            "ttl": "300",
                            "zone_name": "bnadnstest.com"
                        },
                        "meta": {},
                        "tainted": false
                    },
                    "deposed": [],
                    "provider": ""
                },
                "azurerm_dns_ptr_record.test01": {
                    "type": "azurerm_dns_ptr_record",
                    "depends_on": [
                        "azurerm_dns_zone.bnadnstest"
                    ],
                    "primary": {
                        "id": "/subscriptions/16ab6a0b-41d5-4343-b0d9-e74b627e4679/resourceGroups/dns_rg/providers/Microsoft.Network/dnszones/bnadnstest.com/PTR/test01",
                        "attributes": {
                            "id": "/subscriptions/16ab6a0b-41d5-4343-b0d9-e74b627e4679/resourceGroups/dns_rg/providers/Microsoft.Network/dnszones/bnadnstest.com/PTR/test01",
                            "name": "test01",
                            "records.#": "1",
                            "records.3062753298": "bnadnstest.com",
                            "resource_group_name": "dns_rg",
                            "tags.%": "0",
                            "ttl": "300",
                            "zone_name": "bnadnstest.com"
                        },
                        "meta": {},
                        "tainted": false
                    },
                    "deposed": [],
                    "provider": ""
                },
                "azurerm_dns_ptr_record.test02": {
                    "type": "azurerm_dns_ptr_record",
                    "depends_on": [
                        "azurerm_dns_zone.bnadnstest"
                    ],
                    "primary": {
                        "id": "/subscriptions/16ab6a0b-41d5-4343-b0d9-e74b627e4679/resourceGroups/dns_rg/providers/Microsoft.Network/dnszones/bnadnstest.com/PTR/test02",
                        "attributes": {
                            "id": "/subscriptions/16ab6a0b-41d5-4343-b0d9-e74b627e4679/resourceGroups/dns_rg/providers/Microsoft.Network/dnszones/bnadnstest.com/PTR/test02",
                            "name": "test02",
                            "records.#": "1",
                            "records.3062753298": "bnadnstest.com",
                            "resource_group_name": "dns_rg",
                            "tags.%": "0",
                            "ttl": "300",
                            "zone_name": "bnadnstest.com"
                        },
                        "meta": {},
                        "tainted": false
                    },
                    "deposed": [],
                    "provider": ""
                },
                "azurerm_dns_zone.bnadnstest": {
                    "type": "azurerm_dns_zone",
                    "depends_on": [],
                    "primary": {
                        "id": "/subscriptions/16ab6a0b-41d5-4343-b0d9-e74b627e4679/resourceGroups/dns_rg/providers/Microsoft.Network/dnszones/bnadnstest.com",
                        "attributes": {
                            "id": "/subscriptions/16ab6a0b-41d5-4343-b0d9-e74b627e4679/resourceGroups/dns_rg/providers/Microsoft.Network/dnszones/bnadnstest.com",
                            "name": "bnadnstest.com",
                            "name_servers.#": "4",
                            "name_servers.2017178593": "ns1-09.azure-dns.com.",
                            "name_servers.2823344641": "ns3-09.azure-dns.org.",
                            "name_servers.3213934939": "ns2-09.azure-dns.net.",
                            "name_servers.3843044705": "ns4-09.azure-dns.info.",
                            "resource_group_name": "dns_rg",
                            "tags.%": "0"
                        },
                        "meta": {},
                        "tainted": false
                    },
                    "deposed": [],
                    "provider": ""
                },
                "azurerm_network_interface.DNSni": {
                    "type": "azurerm_network_interface",
                    "depends_on": [
                        "azurerm_network_security_group.DNSnsg",
                        "azurerm_public_ip.DNSPubIP",
                        "azurerm_resource_group.DNS_rg",
                        "azurerm_subnet.dnsSubnet"
                    ],
                    "primary": {
                        "id": "/subscriptions/16ab6a0b-41d5-4343-b0d9-e74b627e4679/resourceGroups/DNS_rg/providers/Microsoft.Network/networkInterfaces/DNSni",
                        "attributes": {
                            "applied_dns_servers.#": "0",
                            "dns_servers.#": "0",
                            "enable_ip_forwarding": "false",
                            "id": "/subscriptions/16ab6a0b-41d5-4343-b0d9-e74b627e4679/resourceGroups/DNS_rg/providers/Microsoft.Network/networkInterfaces/DNSni",
                            "internal_dns_name_label": "",
                            "ip_configuration.#": "1",
                            "ip_configuration.0.load_balancer_backend_address_pools_ids.#": "0",
                            "ip_configuration.0.load_balancer_inbound_nat_rules_ids.#": "0",
                            "ip_configuration.0.name": "DNSipconf",
                            "ip_configuration.0.primary": "true",
                            "ip_configuration.0.private_ip_address": "100.64.1.101",
                            "ip_configuration.0.private_ip_address_allocation": "static",
                            "ip_configuration.0.public_ip_address_id": "/subscriptions/16ab6a0b-41d5-4343-b0d9-e74b627e4679/resourceGroups/DNS_rg/providers/Microsoft.Network/publicIPAddresses/DNSPubIP",
                            "ip_configuration.0.subnet_id": "/subscriptions/16ab6a0b-41d5-4343-b0d9-e74b627e4679/resourceGroups/DNS_rg/providers/Microsoft.Network/virtualNetworks/dnsvnet/subnets/dnsSubnet",
                            "location": "centralus",
                            "mac_address": "00-0D-3A-94-CD-FE",
                            "name": "DNSni",
                            "network_security_group_id": "/subscriptions/16ab6a0b-41d5-4343-b0d9-e74b627e4679/resourceGroups/DNS_rg/providers/Microsoft.Network/networkSecurityGroups/DNSnsg",
                            "private_ip_address": "100.64.1.101",
                            "private_ip_addresses.#": "1",
                            "private_ip_addresses.0": "100.64.1.101",
                            "resource_group_name": "DNS_rg",
                            "tags.%": "6",
                            "tags.ait": "70656",
                            "tags.createdby": "Brett Aukburg",
                            "tags.createddate": "2017-10-06T11:56:00Z",
                            "tags.creatednb": "zk0v9bj",
                            "tags.editeddate": "2017-12-04T17:51:38Z",
                            "tags.environment": "lab",
                            "virtual_machine_id": "/subscriptions/16ab6a0b-41d5-4343-b0d9-e74b627e4679/resourceGroups/DNS_rg/providers/Microsoft.Compute/virtualMachines/DNSvm01"
                        },
                        "meta": {},
                        "tainted": false
                    },
                    "deposed": [],
                    "provider": ""
                },
                "azurerm_network_interface.DNSni2": {
                    "type": "azurerm_network_interface",
                    "depends_on": [
                        "azurerm_network_security_group.DNSnsg",
                        "azurerm_resource_group.DNS_rg",
                        "azurerm_subnet.dnsSubnet2"
                    ],
                    "primary": {
                        "id": "/subscriptions/16ab6a0b-41d5-4343-b0d9-e74b627e4679/resourceGroups/DNS_rg/providers/Microsoft.Network/networkInterfaces/DNSni2",
                        "attributes": {
                            "applied_dns_servers.#": "0",
                            "dns_servers.#": "0",
                            "enable_ip_forwarding": "false",
                            "id": "/subscriptions/16ab6a0b-41d5-4343-b0d9-e74b627e4679/resourceGroups/DNS_rg/providers/Microsoft.Network/networkInterfaces/DNSni2",
                            "internal_dns_name_label": "",
                            "ip_configuration.#": "1",
                            "ip_configuration.0.load_balancer_backend_address_pools_ids.#": "0",
                            "ip_configuration.0.load_balancer_inbound_nat_rules_ids.#": "0",
                            "ip_configuration.0.name": "DNSipconf2",
                            "ip_configuration.0.primary": "true",
                            "ip_configuration.0.private_ip_address": "100.64.2.102",
                            "ip_configuration.0.private_ip_address_allocation": "static",
                            "ip_configuration.0.public_ip_address_id": "",
                            "ip_configuration.0.subnet_id": "/subscriptions/16ab6a0b-41d5-4343-b0d9-e74b627e4679/resourceGroups/DNS_rg/providers/Microsoft.Network/virtualNetworks/dnsvnet/subnets/dnsSubnet2",
                            "location": "centralus",
                            "mac_address": "00-0D-3A-94-C2-DD",
                            "name": "DNSni2",
                            "network_security_group_id": "/subscriptions/16ab6a0b-41d5-4343-b0d9-e74b627e4679/resourceGroups/DNS_rg/providers/Microsoft.Network/networkSecurityGroups/DNSnsg",
                            "private_ip_address": "100.64.2.102",
                            "private_ip_addresses.#": "1",
                            "private_ip_addresses.0": "100.64.2.102",
                            "resource_group_name": "DNS_rg",
                            "tags.%": "6",
                            "tags.ait": "70656",
                            "tags.createdby": "Brett Aukburg",
                            "tags.createddate": "2017-10-06T11:56:00Z",
                            "tags.creatednb": "zk0v9bj",
                            "tags.editeddate": "2017-12-04T17:51:38Z",
                            "tags.environment": "lab",
                            "virtual_machine_id": "/subscriptions/16ab6a0b-41d5-4343-b0d9-e74b627e4679/resourceGroups/DNS_rg/providers/Microsoft.Compute/virtualMachines/DNSvm02"
                        },
                        "meta": {},
                        "tainted": false
                    },
                    "deposed": [],
                    "provider": ""
                },
                "azurerm_network_security_group.DNSnsg": {
                    "type": "azurerm_network_security_group",
                    "depends_on": [
                        "azurerm_resource_group.DNS_rg"
                    ],
                    "primary": {
                        "id": "/subscriptions/16ab6a0b-41d5-4343-b0d9-e74b627e4679/resourceGroups/DNS_rg/providers/Microsoft.Network/networkSecurityGroups/DNSnsg",
                        "attributes": {
                            "id": "/subscriptions/16ab6a0b-41d5-4343-b0d9-e74b627e4679/resourceGroups/DNS_rg/providers/Microsoft.Network/networkSecurityGroups/DNSnsg",
                            "location": "centralus",
                            "name": "DNSnsg",
                            "resource_group_name": "DNS_rg",
                            "security_rule.#": "4",
                            "security_rule.0.access": "Allow",
                            "security_rule.0.description": "",
                            "security_rule.0.destination_address_prefix": "100.64.2.102/32",
                            "security_rule.0.destination_port_range": "3389",
                            "security_rule.0.direction": "Inbound",
                            "security_rule.0.name": "DNSrdpAccess22",
                            "security_rule.0.priority": "122",
                            "security_rule.0.protocol": "Tcp",
                            "security_rule.0.source_address_prefix": "171.0.0.0/8",
                            "security_rule.0.source_port_range": "*",
                            "security_rule.1.access": "Allow",
                            "security_rule.1.description": "",
                            "security_rule.1.destination_address_prefix": "100.64.2.102/32",
                            "security_rule.1.destination_port_range": "3389",
                            "security_rule.1.direction": "Inbound",
                            "security_rule.1.name": "DNSrdpAccess2",
                            "security_rule.1.priority": "102",
                            "security_rule.1.protocol": "Tcp",
                            "security_rule.1.source_address_prefix": "108.52.174.105/32",
                            "security_rule.1.source_port_range": "*",
                            "security_rule.2.access": "Allow",
                            "security_rule.2.description": "",
                            "security_rule.2.destination_address_prefix": "100.64.1.101/32",
                            "security_rule.2.destination_port_range": "3389",
                            "security_rule.2.direction": "Inbound",
                            "security_rule.2.name": "DNSrdpAccess12",
                            "security_rule.2.priority": "112",
                            "security_rule.2.protocol": "Tcp",
                            "security_rule.2.source_address_prefix": "171.0.0.0/8",
                            "security_rule.2.source_port_range": "*",
                            "security_rule.3.access": "Allow",
                            "security_rule.3.description": "",
                            "security_rule.3.destination_address_prefix": "100.64.1.101/32",
                            "security_rule.3.destination_port_range": "3389",
                            "security_rule.3.direction": "Inbound",
                            "security_rule.3.name": "DNSrdpAccess",
                            "security_rule.3.priority": "101",
                            "security_rule.3.protocol": "Tcp",
                            "security_rule.3.source_address_prefix": "108.52.174.105/32",
                            "security_rule.3.source_port_range": "*",
                            "tags.%": "6",
                            "tags.AIT": "70656",
                            "tags.CreatedBy": "Brett Aukburg",
                            "tags.CreatedDate": "2017-10-06T11:56:00Z",
                            "tags.CreatedNB": "zk0v9bj",
                            "tags.EditedDate": "2017-12-04T17:51:31Z",
                            "tags.Environment": "lab"
                        },
                        "meta": {},
                        "tainted": false
                    },
                    "deposed": [],
                    "provider": ""
                },
                "azurerm_network_security_rule.DNSrdpAccess": {
                    "type": "azurerm_network_security_rule",
                    "depends_on": [
                        "azurerm_network_security_group.DNSnsg",
                        "azurerm_resource_group.DNS_rg"
                    ],
                    "primary": {
                        "id": "/subscriptions/16ab6a0b-41d5-4343-b0d9-e74b627e4679/resourceGroups/DNS_rg/providers/Microsoft.Network/networkSecurityGroups/DNSnsg/securityRules/DNSrdpAccess",
                        "attributes": {
                            "access": "Allow",
                            "description": "",
                            "destination_address_prefix": "100.64.1.101/32",
                            "destination_port_range": "3389",
                            "direction": "Inbound",
                            "id": "/subscriptions/16ab6a0b-41d5-4343-b0d9-e74b627e4679/resourceGroups/DNS_rg/providers/Microsoft.Network/networkSecurityGroups/DNSnsg/securityRules/DNSrdpAccess",
                            "name": "DNSrdpAccess",
                            "network_security_group_name": "DNSnsg",
                            "priority": "101",
                            "protocol": "Tcp",
                            "resource_group_name": "DNS_rg",
                            "source_address_prefix": "108.52.174.105/32",
                            "source_port_range": "*"
                        },
                        "meta": {},
                        "tainted": false
                    },
                    "deposed": [],
                    "provider": ""
                },
                "azurerm_network_security_rule.DNSrdpAccess12": {
                    "type": "azurerm_network_security_rule",
                    "depends_on": [
                        "azurerm_network_security_group.DNSnsg",
                        "azurerm_resource_group.DNS_rg"
                    ],
                    "primary": {
                        "id": "/subscriptions/16ab6a0b-41d5-4343-b0d9-e74b627e4679/resourceGroups/DNS_rg/providers/Microsoft.Network/networkSecurityGroups/DNSnsg/securityRules/DNSrdpAccess12",
                        "attributes": {
                            "access": "Allow",
                            "description": "",
                            "destination_address_prefix": "100.64.1.101/32",
                            "destination_port_range": "3389",
                            "direction": "Inbound",
                            "id": "/subscriptions/16ab6a0b-41d5-4343-b0d9-e74b627e4679/resourceGroups/DNS_rg/providers/Microsoft.Network/networkSecurityGroups/DNSnsg/securityRules/DNSrdpAccess12",
                            "name": "DNSrdpAccess12",
                            "network_security_group_name": "DNSnsg",
                            "priority": "112",
                            "protocol": "Tcp",
                            "resource_group_name": "DNS_rg",
                            "source_address_prefix": "171.0.0.0/8",
                            "source_port_range": "*"
                        },
                        "meta": {},
                        "tainted": false
                    },
                    "deposed": [],
                    "provider": ""
                },
                "azurerm_network_security_rule.DNSrdpAccess2": {
                    "type": "azurerm_network_security_rule",
                    "depends_on": [
                        "azurerm_network_security_group.DNSnsg",
                        "azurerm_resource_group.DNS_rg"
                    ],
                    "primary": {
                        "id": "/subscriptions/16ab6a0b-41d5-4343-b0d9-e74b627e4679/resourceGroups/DNS_rg/providers/Microsoft.Network/networkSecurityGroups/DNSnsg/securityRules/DNSrdpAccess2",
                        "attributes": {
                            "access": "Allow",
                            "description": "",
                            "destination_address_prefix": "100.64.2.102/32",
                            "destination_port_range": "3389",
                            "direction": "Inbound",
                            "id": "/subscriptions/16ab6a0b-41d5-4343-b0d9-e74b627e4679/resourceGroups/DNS_rg/providers/Microsoft.Network/networkSecurityGroups/DNSnsg/securityRules/DNSrdpAccess2",
                            "name": "DNSrdpAccess2",
                            "network_security_group_name": "DNSnsg",
                            "priority": "102",
                            "protocol": "Tcp",
                            "resource_group_name": "DNS_rg",
                            "source_address_prefix": "108.52.174.105/32",
                            "source_port_range": "*"
                        },
                        "meta": {},
                        "tainted": false
                    },
                    "deposed": [],
                    "provider": ""
                },
                "azurerm_network_security_rule.DNSrdpAccess22": {
                    "type": "azurerm_network_security_rule",
                    "depends_on": [
                        "azurerm_network_security_group.DNSnsg",
                        "azurerm_resource_group.DNS_rg"
                    ],
                    "primary": {
                        "id": "/subscriptions/16ab6a0b-41d5-4343-b0d9-e74b627e4679/resourceGroups/DNS_rg/providers/Microsoft.Network/networkSecurityGroups/DNSnsg/securityRules/DNSrdpAccess22",
                        "attributes": {
                            "access": "Allow",
                            "description": "",
                            "destination_address_prefix": "100.64.2.102/32",
                            "destination_port_range": "3389",
                            "direction": "Inbound",
                            "id": "/subscriptions/16ab6a0b-41d5-4343-b0d9-e74b627e4679/resourceGroups/DNS_rg/providers/Microsoft.Network/networkSecurityGroups/DNSnsg/securityRules/DNSrdpAccess22",
                            "name": "DNSrdpAccess22",
                            "network_security_group_name": "DNSnsg",
                            "priority": "122",
                            "protocol": "Tcp",
                            "resource_group_name": "DNS_rg",
                            "source_address_prefix": "171.0.0.0/8",
                            "source_port_range": "*"
                        },
                        "meta": {},
                        "tainted": false
                    },
                    "deposed": [],
                    "provider": ""
                },
                "azurerm_public_ip.DNSPubIP": {
                    "type": "azurerm_public_ip",
                    "depends_on": [
                        "azurerm_resource_group.DNS_rg"
                    ],
                    "primary": {
                        "id": "/subscriptions/16ab6a0b-41d5-4343-b0d9-e74b627e4679/resourceGroups/DNS_rg/providers/Microsoft.Network/publicIPAddresses/DNSPubIP",
                        "attributes": {
                            "id": "/subscriptions/16ab6a0b-41d5-4343-b0d9-e74b627e4679/resourceGroups/DNS_rg/providers/Microsoft.Network/publicIPAddresses/DNSPubIP",
                            "idle_timeout_in_minutes": "5",
                            "ip_address": "52.176.107.89",
                            "location": "centralus",
                            "name": "DNSPubIP",
                            "public_ip_address_allocation": "static",
                            "resource_group_name": "DNS_rg",
                            "tags.%": "6",
                            "tags.ait": "70656",
                            "tags.createdby": "Brett Aukburg",
                            "tags.createddate": "2017-10-06T11:56:00Z",
                            "tags.creatednb": "zk0v9bj",
                            "tags.editeddate": "2017-12-04T17:51:31Z",
                            "tags.environment": "lab"
                        },
                        "meta": {},
                        "tainted": false
                    },
                    "deposed": [],
                    "provider": ""
                },
                "azurerm_resource_group.DNS_rg": {
                    "type": "azurerm_resource_group",
                    "depends_on": [],
                    "primary": {
                        "id": "/subscriptions/16ab6a0b-41d5-4343-b0d9-e74b627e4679/resourceGroups/DNS_rg",
                        "attributes": {
                            "id": "/subscriptions/16ab6a0b-41d5-4343-b0d9-e74b627e4679/resourceGroups/DNS_rg",
                            "location": "centralus",
                            "name": "DNS_rg",
                            "tags.%": "6",
                            "tags.ait": "70656",
                            "tags.createdby": "Brett Aukburg",
                            "tags.createddate": "2017-10-06T11:56:00Z",
                            "tags.creatednb": "zk0v9bj",
                            "tags.editeddate": "2017-12-04T17:51:27Z",
                            "tags.environment": "lab"
                        },
                        "meta": {},
                        "tainted": false
                    },
                    "deposed": [],
                    "provider": ""
                },
                "azurerm_storage_account.bnadnsstorage": {
                    "type": "azurerm_storage_account",
                    "depends_on": [
                        "azurerm_resource_group.DNS_rg"
                    ],
                    "primary": {
                        "id": "/subscriptions/16ab6a0b-41d5-4343-b0d9-e74b627e4679/resourceGroups/dns_rg/providers/Microsoft.Storage/storageAccounts/bnadnsstorage",
                        "attributes": {
                            "access_tier": "",
                            "account_encryption_source": "Microsoft.Storage",
                            "account_kind": "Storage",
                            "account_replication_type": "LRS",
                            "account_tier": "Standard",
                            "account_type": "Standard_LRS",
                            "enable_blob_encryption": "true",
                            "enable_file_encryption": "true",
                            "enable_https_traffic_only": "false",
                            "id": "/subscriptions/16ab6a0b-41d5-4343-b0d9-e74b627e4679/resourceGroups/dns_rg/providers/Microsoft.Storage/storageAccounts/bnadnsstorage",
                            "location": "centralus",
                            "name": "bnadnsstorage",
                            "primary_access_key": "T3yvNEn1Xydgf33SzgqzDH7X+4H3sptIoC2WqUjj7bmWxwkvf72K1tB29lcsYr4nv4Do90OiqEK6v+kx2GoPgA==",
                            "primary_blob_connection_string": "DefaultEndpointsProtocol=https;BlobEndpoint=https://bnadnsstorage.blob.core.windows.net/;AccountName=bnadnsstorage;AccountKey=T3yvNEn1Xydgf33SzgqzDH7X+4H3sptIoC2WqUjj7bmWxwkvf72K1tB29lcsYr4nv4Do90OiqEK6v+kx2GoPgA==",
                            "primary_blob_endpoint": "https://bnadnsstorage.blob.core.windows.net/",
                            "primary_file_endpoint": "https://bnadnsstorage.file.core.windows.net/",
                            "primary_location": "centralus",
                            "primary_queue_endpoint": "https://bnadnsstorage.queue.core.windows.net/",
                            "primary_table_endpoint": "https://bnadnsstorage.table.core.windows.net/",
                            "resource_group_name": "dns_rg",
                            "secondary_access_key": "um1v6JinJy5oMiLhQHVWEuQ6cD3HdB2pl8b3X4XgK7QghfLgdJX6XHu1NwHOVxIxvixF5PAS2Rcy8U8mnAaWuQ==",
                            "secondary_location": "",
                            "tags.%": "6",
                            "tags.ait": "70656",
                            "tags.createdby": "Brett Aukburg",
                            "tags.createddate": "2017-10-06T11:56:00Z",
                            "tags.creatednb": "zk0v9bj",
                            "tags.editeddate": "2017-12-04T17:51:31Z",
                            "tags.environment": "lab"
                        },
                        "meta": {
                            "schema_version": "2"
                        },
                        "tainted": false
                    },
                    "deposed": [],
                    "provider": ""
                },
                "azurerm_storage_container.DNS_storagecontainer": {
                    "type": "azurerm_storage_container",
                    "depends_on": [
                        "azurerm_resource_group.DNS_rg",
                        "azurerm_storage_account.bnadnsstorage"
                    ],
                    "primary": {
                        "id": "vhd",
                        "attributes": {
                            "container_access_type": "private",
                            "id": "vhd",
                            "name": "vhd",
                            "properties.%": "4",
                            "properties.last_modified": "Mon, 04 Dec 2017 17:10:09 GMT",
                            "properties.lease_duration": "",
                            "properties.lease_state": "available",
                            "properties.lease_status": "unlocked",
                            "resource_group_name": "DNS_rg",
                            "storage_account_name": "bnadnsstorage"
                        },
                        "meta": {},
                        "tainted": false
                    },
                    "deposed": [],
                    "provider": ""
                },
                "azurerm_subnet.dnsSubnet": {
                    "type": "azurerm_subnet",
                    "depends_on": [
                        "azurerm_resource_group.DNS_rg",
                        "azurerm_virtual_network.dns_vnet"
                    ],
                    "primary": {
                        "id": "/subscriptions/16ab6a0b-41d5-4343-b0d9-e74b627e4679/resourceGroups/DNS_rg/providers/Microsoft.Network/virtualNetworks/dnsvnet/subnets/dnsSubnet",
                        "attributes": {
                            "address_prefix": "100.64.1.0/24",
                            "id": "/subscriptions/16ab6a0b-41d5-4343-b0d9-e74b627e4679/resourceGroups/DNS_rg/providers/Microsoft.Network/virtualNetworks/dnsvnet/subnets/dnsSubnet",
                            "ip_configurations.#": "1",
                            "ip_configurations.1661718356": "/subscriptions/16ab6a0b-41d5-4343-b0d9-e74b627e4679/resourceGroups/DNS_rg/providers/Microsoft.Network/networkInterfaces/DNSni/ipConfigurations/DNSipconf",
                            "name": "dnsSubnet",
                            "resource_group_name": "DNS_rg",
                            "virtual_network_name": "dnsvnet"
                        },
                        "meta": {},
                        "tainted": false
                    },
                    "deposed": [],
                    "provider": ""
                },
                "azurerm_subnet.dnsSubnet2": {
                    "type": "azurerm_subnet",
                    "depends_on": [
                        "azurerm_resource_group.DNS_rg",
                        "azurerm_virtual_network.dns_vnet"
                    ],
                    "primary": {
                        "id": "/subscriptions/16ab6a0b-41d5-4343-b0d9-e74b627e4679/resourceGroups/DNS_rg/providers/Microsoft.Network/virtualNetworks/dnsvnet/subnets/dnsSubnet2",
                        "attributes": {
                            "address_prefix": "100.64.2.0/24",
                            "id": "/subscriptions/16ab6a0b-41d5-4343-b0d9-e74b627e4679/resourceGroups/DNS_rg/providers/Microsoft.Network/virtualNetworks/dnsvnet/subnets/dnsSubnet2",
                            "ip_configurations.#": "1",
                            "ip_configurations.599848807": "/subscriptions/16ab6a0b-41d5-4343-b0d9-e74b627e4679/resourceGroups/DNS_rg/providers/Microsoft.Network/networkInterfaces/DNSni2/ipConfigurations/DNSipconf2",
                            "name": "dnsSubnet2",
                            "resource_group_name": "DNS_rg",
                            "virtual_network_name": "dnsvnet"
                        },
                        "meta": {},
                        "tainted": false
                    },
                    "deposed": [],
                    "provider": ""
                },
                "azurerm_virtual_machine.DNSvm": {
                    "type": "azurerm_virtual_machine",
                    "depends_on": [
                        "azurerm_network_interface.DNSni",
                        "azurerm_resource_group.DNS_rg"
                    ],
                    "primary": {
                        "id": "/subscriptions/16ab6a0b-41d5-4343-b0d9-e74b627e4679/resourceGroups/DNS_rg/providers/Microsoft.Compute/virtualMachines/DNSvm01",
                        "attributes": {
                            "delete_data_disks_on_termination": "false",
                            "delete_os_disk_on_termination": "false",
                            "id": "/subscriptions/16ab6a0b-41d5-4343-b0d9-e74b627e4679/resourceGroups/DNS_rg/providers/Microsoft.Compute/virtualMachines/DNSvm01",
                            "location": "centralus",
                            "name": "DNSvm01",
                            "network_interface_ids.#": "1",
                            "network_interface_ids.0": "/subscriptions/16ab6a0b-41d5-4343-b0d9-e74b627e4679/resourceGroups/DNS_rg/providers/Microsoft.Network/networkInterfaces/DNSni",
                            "os_profile.#": "1",
                            "os_profile.2736475115.admin_password": "",
                            "os_profile.2736475115.admin_username": "DNSadmin",
                            "os_profile.2736475115.computer_name": "DNSvm01",
                            "os_profile.2736475115.custom_data": "",
                            "os_profile_secrets.#": "0",
                            "os_profile_windows_config.#": "1",
                            "os_profile_windows_config.429474957.additional_unattend_config.#": "0",
                            "os_profile_windows_config.429474957.enable_automatic_upgrades": "false",
                            "os_profile_windows_config.429474957.provision_vm_agent": "false",
                            "os_profile_windows_config.429474957.winrm.#": "0",
                            "resource_group_name": "DNS_rg",
                            "storage_data_disk.#": "0",
                            "storage_image_reference.#": "1",
                            "storage_image_reference.2991307580.id": "",
                            "storage_image_reference.2991307580.offer": "WindowsServer",
                            "storage_image_reference.2991307580.publisher": "MicrosoftWindowsServer",
                            "storage_image_reference.2991307580.sku": "2012-R2-Datacenter",
                            "storage_image_reference.2991307580.version": "latest",
                            "storage_os_disk.#": "1",
                            "storage_os_disk.0.caching": "ReadWrite",
                            "storage_os_disk.0.create_option": "FromImage",
                            "storage_os_disk.0.disk_size_gb": "128",
                            "storage_os_disk.0.image_uri": "",
                            "storage_os_disk.0.managed_disk_id": "/subscriptions/16ab6a0b-41d5-4343-b0d9-e74b627e4679/resourceGroups/DNS_rg/providers/Microsoft.Compute/disks/DNSvm-osdisk",
                            "storage_os_disk.0.managed_disk_type": "Standard_LRS",
                            "storage_os_disk.0.name": "DNSvm-osdisk",
                            "storage_os_disk.0.os_type": "Windows",
                            "storage_os_disk.0.vhd_uri": "",
                            "tags.%": "6",
                            "tags.ait": "70656",
                            "tags.createdby": "Brett Aukburg",
                            "tags.createddate": "2017-10-06T11:56:00Z",
                            "tags.creatednb": "zk0v9bj",
                            "tags.editeddate": "2017-12-04T17:51:42Z",
                            "tags.environment": "lab",
                            "vm_size": "Standard_D13_v2"
                        },
                        "meta": {},
                        "tainted": false
                    },
                    "deposed": [],
                    "provider": ""
                },
                "azurerm_virtual_machine.DNSvm2": {
                    "type": "azurerm_virtual_machine",
                    "depends_on": [
                        "azurerm_network_interface.DNSni2",
                        "azurerm_resource_group.DNS_rg"
                    ],
                    "primary": {
                        "id": "/subscriptions/16ab6a0b-41d5-4343-b0d9-e74b627e4679/resourceGroups/DNS_rg/providers/Microsoft.Compute/virtualMachines/DNSvm02",
                        "attributes": {
                            "delete_data_disks_on_termination": "false",
                            "delete_os_disk_on_termination": "false",
                            "id": "/subscriptions/16ab6a0b-41d5-4343-b0d9-e74b627e4679/resourceGroups/DNS_rg/providers/Microsoft.Compute/virtualMachines/DNSvm02",
                            "location": "centralus",
                            "name": "DNSvm02",
                            "network_interface_ids.#": "1",
                            "network_interface_ids.0": "/subscriptions/16ab6a0b-41d5-4343-b0d9-e74b627e4679/resourceGroups/DNS_rg/providers/Microsoft.Network/networkInterfaces/DNSni2",
                            "os_profile.#": "1",
                            "os_profile.2285246504.admin_password": "",
                            "os_profile.2285246504.admin_username": "DNSadmin",
                            "os_profile.2285246504.computer_name": "DNSvm02",
                            "os_profile.2285246504.custom_data": "",
                            "os_profile_secrets.#": "0",
                            "os_profile_windows_config.#": "1",
                            "os_profile_windows_config.429474957.additional_unattend_config.#": "0",
                            "os_profile_windows_config.429474957.enable_automatic_upgrades": "false",
                            "os_profile_windows_config.429474957.provision_vm_agent": "false",
                            "os_profile_windows_config.429474957.winrm.#": "0",
                            "resource_group_name": "DNS_rg",
                            "storage_data_disk.#": "0",
                            "storage_image_reference.#": "1",
                            "storage_image_reference.2991307580.id": "",
                            "storage_image_reference.2991307580.offer": "WindowsServer",
                            "storage_image_reference.2991307580.publisher": "MicrosoftWindowsServer",
                            "storage_image_reference.2991307580.sku": "2012-R2-Datacenter",
                            "storage_image_reference.2991307580.version": "latest",
                            "storage_os_disk.#": "1",
                            "storage_os_disk.0.caching": "ReadWrite",
                            "storage_os_disk.0.create_option": "FromImage",
                            "storage_os_disk.0.disk_size_gb": "128",
                            "storage_os_disk.0.image_uri": "",
                            "storage_os_disk.0.managed_disk_id": "/subscriptions/16ab6a0b-41d5-4343-b0d9-e74b627e4679/resourceGroups/DNS_rg/providers/Microsoft.Compute/disks/DNSvm2-osdisk",
                            "storage_os_disk.0.managed_disk_type": "Standard_LRS",
                            "storage_os_disk.0.name": "DNSvm2-osdisk",
                            "storage_os_disk.0.os_type": "Windows",
                            "storage_os_disk.0.vhd_uri": "",
                            "tags.%": "6",
                            "tags.ait": "70656",
                            "tags.createdby": "Brett Aukburg",
                            "tags.createddate": "2017-10-06T11:56:00Z",
                            "tags.creatednb": "zk0v9bj",
                            "tags.editeddate": "2017-12-04T17:51:45Z",
                            "tags.environment": "lab",
                            "vm_size": "Standard_D13_v2"
                        },
                        "meta": {},
                        "tainted": false
                    },
                    "deposed": [],
                    "provider": ""
                },
                "azurerm_virtual_network.dns_vnet": {
                    "type": "azurerm_virtual_network",
                    "depends_on": [
                        "azurerm_resource_group.DNS_rg"
                    ],
                    "primary": {
                        "id": "/subscriptions/16ab6a0b-41d5-4343-b0d9-e74b627e4679/resourceGroups/DNS_rg/providers/Microsoft.Network/virtualNetworks/dnsvnet",
                        "attributes": {
                            "address_space.#": "1",
                            "address_space.0": "100.64.0.0/22",
                            "dns_servers.#": "0",
                            "id": "/subscriptions/16ab6a0b-41d5-4343-b0d9-e74b627e4679/resourceGroups/DNS_rg/providers/Microsoft.Network/virtualNetworks/dnsvnet",
                            "location": "centralus",
                            "name": "dnsvnet",
                            "resource_group_name": "DNS_rg",
                            "subnet.#": "2",
                            "subnet.1074134626.address_prefix": "100.64.1.0/24",
                            "subnet.1074134626.name": "dnsSubnet",
                            "subnet.1074134626.security_group": "",
                            "subnet.2319785488.address_prefix": "100.64.2.0/24",
                            "subnet.2319785488.name": "dnsSubnet2",
                            "subnet.2319785488.security_group": "",
                            "tags.%": "6",
                            "tags.ait": "70656",
                            "tags.createdby": "Brett Aukburg",
                            "tags.createddate": "2017-10-06T11:56:00Z",
                            "tags.creatednb": "zk0v9bj",
                            "tags.editeddate": "2017-12-04T17:51:31Z",
                            "tags.environment": "lab"
                        },
                        "meta": {},
                        "tainted": false
                    },
                    "deposed": [],
                    "provider": ""
                }
            },
            "depends_on": []
        }
    ]
}
