{
    "version": 3,
    "terraform_version": "0.10.8",
    "serial": 8,
    "lineage": "5ad25cc6-2a56-4b1a-9b08-c8cec639deb7",
    "modules": [
        {
            "path": [
                "root"
            ],
            "outputs": {},
            "resources": {
                "data.oci_identity_availability_domains.ADs": {
                    "type": "oci_identity_availability_domains",
                    "depends_on": [],
                    "primary": {
                        "id": "2018-03-08 16:18:00.431883 +0000 UTC",
                        "attributes": {
                            "availability_domains.#": "3",
                            "availability_domains.0.compartment_id": "ocid1.tenancy.oc1..aaaaaaaakxciyy2tsgpppabjjdj7gjgkzvooymdimmxyor4ji4wx3vgns7uq",
                            "availability_domains.0.name": "lkEI:US-ASHBURN-AD-1",
                            "availability_domains.1.compartment_id": "ocid1.tenancy.oc1..aaaaaaaakxciyy2tsgpppabjjdj7gjgkzvooymdimmxyor4ji4wx3vgns7uq",
                            "availability_domains.1.name": "lkEI:US-ASHBURN-AD-2",
                            "availability_domains.2.compartment_id": "ocid1.tenancy.oc1..aaaaaaaakxciyy2tsgpppabjjdj7gjgkzvooymdimmxyor4ji4wx3vgns7uq",
                            "availability_domains.2.name": "lkEI:US-ASHBURN-AD-3",
                            "compartment_id": "ocid1.tenancy.oc1..aaaaaaaakxciyy2tsgpppabjjdj7gjgkzvooymdimmxyor4ji4wx3vgns7uq",
                            "id": "2018-03-08 16:18:00.431883 +0000 UTC"
                        },
                        "meta": {},
                        "tainted": false
                    },
                    "deposed": [],
                    "provider": ""
                },
                "oci_core_instance.TFInstance3.184": {
                    "type": "oci_core_instance",
                    "depends_on": [
                        "data.oci_identity_availability_domains.ADs",
                        "oci_core_subnet.ExampleSubnet3"
                    ],
                    "primary": {
                        "id": "ocid1.instance.oc1.iad.abuwcljrg4i52m6bnpliuf43oeluhrh2pwltrezhso2ea277zdioyss45z3q",
                        "attributes": {
                            "availability_domain": "lkEI:US-ASHBURN-AD-3",
                            "compartment_id": "ocid1.compartment.oc1..aaaaaaaapui4j3qyqji3bdg4vp35bldzpu55eqkfps3a6edu4z7tkonxoo5a",
                            "create_vnic_details.#": "1",
                            "create_vnic_details.0.assign_public_ip": "true",
                            "create_vnic_details.0.display_name": "primaryvnic",
                            "create_vnic_details.0.hostname_label": "tfinst30184",
                            "create_vnic_details.0.private_ip": "10.1.24.224",
                            "create_vnic_details.0.skip_source_dest_check": "false",
                            "create_vnic_details.0.subnet_id": "ocid1.subnet.oc1.iad.aaaaaaaaltjxls27iliwdk5ocfopio7rjlpkhuj2sijcp56sxhzvjxqhhz3a",
                            "display_name": "TFInstance30184",
                            "hostname_label": "tfinst30184",
                            "id": "ocid1.instance.oc1.iad.abuwcljrg4i52m6bnpliuf43oeluhrh2pwltrezhso2ea277zdioyss45z3q",
                            "image": "ocid1.image.oc1.iad.aaaaaaaaxrqeombwty6jyqgk3fraczdd63bv66xgfsqka4ktr7c57awr3p5a",
                            "ipxe_script": "",
                            "metadata.%": "2",
                            "metadata.ssh_authorized_keys": "ssh-rsa AAAAB3NzaC1yc2EAAAADAQABAAABAQD7n4mwTT2dKsqt1K4IYmmDesvpka5rgBA6wZDUAE8Oc2ETU52gRAMvPwiOlyyWyMCqooddCD3FwK2EJw8bASbDOyTBJfCeU8srycSv0VpFcl1O2d4yTg4PrWxfylFHt8ZWMYgZpgOXtUS+5CI8O2HaibhtDo0E699YnZgq7WugiHzj5+9sEQL9nIK6z5wNn3bXHJjwhGKJbXIE9CiD1jRxHdB7Mm+Vkd9kzKwJF4KcADSwg6RqE5Xv6K2Tm83h3G+O5td4hgtaHQORKBYifuqiLslpoXLOtNzHFLfe9/aNXvo0bZnt/wln1U9jOwUmLHMS7TJS5H88nC1IRKT2wTk/ linuxkeys",
                            "metadata.user_data": "IyEvYmluL2Jhc2gKeXVtIHVwZGF0ZSAteQo=",
                            "private_ip": "10.1.24.224",
                            "public_ip": "129.213.18.26",
                            "region": "iad",
                            "shape": "VM.Standard1.16",
                            "state": "TERMINATING",
                            "subnet_id": "ocid1.subnet.oc1.iad.aaaaaaaaltjxls27iliwdk5ocfopio7rjlpkhuj2sijcp56sxhzvjxqhhz3a",
                            "time_created": "2018-03-08 15:00:37.654 +0000 UTC"
                        },
                        "meta": {},
                        "tainted": false
                    },
                    "deposed": [],
                    "provider": ""
                },
                "oci_core_internet_gateway.ExampleIG": {
                    "type": "oci_core_internet_gateway",
                    "depends_on": [
                        "oci_core_virtual_network.ExampleVCN"
                    ],
                    "primary": {
                        "id": "ocid1.internetgateway.oc1.iad.aaaaaaaa6ezy2nbpvwayz6frp2qta6pizmzq57p7ammktjts22prbgsysy3q",
                        "attributes": {
                            "compartment_id": "ocid1.compartment.oc1..aaaaaaaapui4j3qyqji3bdg4vp35bldzpu55eqkfps3a6edu4z7tkonxoo5a",
                            "display_name": "TFExampleIG",
                            "enabled": "true",
                            "id": "ocid1.internetgateway.oc1.iad.aaaaaaaa6ezy2nbpvwayz6frp2qta6pizmzq57p7ammktjts22prbgsysy3q",
                            "state": "AVAILABLE",
                            "time_created": "2018-03-08 14:54:51.088 +0000 UTC",
                            "time_modified": "0001-01-01 00:00:00 +0000 UTC",
                            "vcn_id": "ocid1.vcn.oc1.iad.aaaaaaaafau6owqzwnteeeddrprvokooxjt7x24dzewbolsxc3nnzhotgkaq"
                        },
                        "meta": {
                            "e2bfb730-ecaa-11e6-8f88-34363bc7c4c0": {
                                "create": 300000000000,
                                "delete": 300000000000,
                                "update": 300000000000
                            }
                        },
                        "tainted": false
                    },
                    "deposed": [],
                    "provider": ""
                },
                "oci_core_route_table.ExampleRT": {
                    "type": "oci_core_route_table",
                    "depends_on": [
                        "oci_core_internet_gateway.ExampleIG",
                        "oci_core_virtual_network.ExampleVCN"
                    ],
                    "primary": {
                        "id": "ocid1.routetable.oc1.iad.aaaaaaaameuhv24c6mok2xvlbhyqvvh5kqqr6thju5sxy7kqrkhe7qbjnupa",
                        "attributes": {
                            "compartment_id": "ocid1.compartment.oc1..aaaaaaaapui4j3qyqji3bdg4vp35bldzpu55eqkfps3a6edu4z7tkonxoo5a",
                            "display_name": "TFExampleRouteTable",
                            "id": "ocid1.routetable.oc1.iad.aaaaaaaameuhv24c6mok2xvlbhyqvvh5kqqr6thju5sxy7kqrkhe7qbjnupa",
                            "route_rules.#": "1",
                            "route_rules.0.cidr_block": "0.0.0.0/0",
                            "route_rules.0.network_entity_id": "ocid1.internetgateway.oc1.iad.aaaaaaaa6ezy2nbpvwayz6frp2qta6pizmzq57p7ammktjts22prbgsysy3q",
                            "state": "AVAILABLE",
                            "time_created": "2018-03-08 14:54:51.24 +0000 UTC",
                            "time_modified": "0001-01-01 00:00:00 +0000 UTC",
                            "vcn_id": "ocid1.vcn.oc1.iad.aaaaaaaafau6owqzwnteeeddrprvokooxjt7x24dzewbolsxc3nnzhotgkaq"
                        },
                        "meta": {
                            "e2bfb730-ecaa-11e6-8f88-34363bc7c4c0": {
                                "create": 300000000000,
                                "delete": 300000000000,
                                "update": 300000000000
                            }
                        },
                        "tainted": false
                    },
                    "deposed": [],
                    "provider": ""
                },
                "oci_core_subnet.ExampleSubnet3": {
                    "type": "oci_core_subnet",
                    "depends_on": [
                        "data.oci_identity_availability_domains.ADs",
                        "oci_core_route_table.ExampleRT",
                        "oci_core_virtual_network.ExampleVCN"
                    ],
                    "primary": {
                        "id": "ocid1.subnet.oc1.iad.aaaaaaaaltjxls27iliwdk5ocfopio7rjlpkhuj2sijcp56sxhzvjxqhhz3a",
                        "attributes": {
                            "availability_domain": "lkEI:US-ASHBURN-AD-3",
                            "cidr_block": "10.1.24.0/23",
                            "compartment_id": "ocid1.compartment.oc1..aaaaaaaapui4j3qyqji3bdg4vp35bldzpu55eqkfps3a6edu4z7tkonxoo5a",
                            "dhcp_options_id": "ocid1.dhcpoptions.oc1.iad.aaaaaaaaz7acnyabm7bepriay573mqmdnf2hprxopsd3ee6nc2pzodnjvvnq",
                            "display_name": "TFExampleSnet3",
                            "dns_label": "tfexamplesnet3",
                            "id": "ocid1.subnet.oc1.iad.aaaaaaaaltjxls27iliwdk5ocfopio7rjlpkhuj2sijcp56sxhzvjxqhhz3a",
                            "prohibit_public_ip_on_vnic": "false",
                            "route_table_id": "ocid1.routetable.oc1.iad.aaaaaaaameuhv24c6mok2xvlbhyqvvh5kqqr6thju5sxy7kqrkhe7qbjnupa",
                            "security_list_ids.#": "1",
                            "security_list_ids.1857323025": "ocid1.securitylist.oc1.iad.aaaaaaaa4lhcgur3mq7micuutbasiktijcyny66ilmhdymsqeshfjcdta52q",
                            "state": "AVAILABLE",
                            "time_created": "2018-03-08 14:55:06.683 +0000 UTC",
                            "vcn_id": "ocid1.vcn.oc1.iad.aaaaaaaafau6owqzwnteeeddrprvokooxjt7x24dzewbolsxc3nnzhotgkaq",
                            "virtual_router_ip": "10.1.24.1",
                            "virtual_router_mac": "00:00:17:3B:53:05"
                        },
                        "meta": {
                            "e2bfb730-ecaa-11e6-8f88-34363bc7c4c0": {
                                "create": 300000000000,
                                "delete": 300000000000,
                                "update": 300000000000
                            }
                        },
                        "tainted": false
                    },
                    "deposed": [],
                    "provider": ""
                },
                "oci_core_virtual_network.ExampleVCN": {
                    "type": "oci_core_virtual_network",
                    "depends_on": [],
                    "primary": {
                        "id": "ocid1.vcn.oc1.iad.aaaaaaaafau6owqzwnteeeddrprvokooxjt7x24dzewbolsxc3nnzhotgkaq",
                        "attributes": {
                            "cidr_block": "10.1.0.0/16",
                            "compartment_id": "ocid1.compartment.oc1..aaaaaaaapui4j3qyqji3bdg4vp35bldzpu55eqkfps3a6edu4z7tkonxoo5a",
                            "default_dhcp_options_id": "ocid1.dhcpoptions.oc1.iad.aaaaaaaaz7acnyabm7bepriay573mqmdnf2hprxopsd3ee6nc2pzodnjvvnq",
                            "default_route_table_id": "ocid1.routetable.oc1.iad.aaaaaaaacr6xyys5sdefgjdloj3eblof24wnpjbkdzp6rf3arcd4amn5vjaq",
                            "default_security_list_id": "ocid1.securitylist.oc1.iad.aaaaaaaa4lhcgur3mq7micuutbasiktijcyny66ilmhdymsqeshfjcdta52q",
                            "display_name": "TFExampleVCN",
                            "dns_label": "tfexamplevcn",
                            "id": "ocid1.vcn.oc1.iad.aaaaaaaafau6owqzwnteeeddrprvokooxjt7x24dzewbolsxc3nnzhotgkaq",
                            "state": "AVAILABLE",
                            "time_created": "2018-03-08 14:54:50.862 +0000 UTC"
                        },
                        "meta": {
                            "e2bfb730-ecaa-11e6-8f88-34363bc7c4c0": {
                                "create": 300000000000,
                                "delete": 300000000000,
                                "update": 300000000000
                            }
                        },
                        "tainted": false
                    },
                    "deposed": [],
                    "provider": ""
                }
            },
            "depends_on": []
        }
    ]
}
