{
    "version": 3,
    "terraform_version": "0.10.8",
    "serial": 8,
    "lineage": "5ad25cc6-2a56-4b1a-9b08-c8cec639deb7",
    "modules": [
        {
            "path": [
                "root"
            ],
            "outputs": {},
            "resources": {
                "data.oci_identity_availability_domains.ADs": {
                    "type": "oci_identity_availability_domains",
                    "depends_on": [],
                    "primary": {
                        "id": "2018-03-08 15:51:10.789748 +0000 UTC",
                        "attributes": {
                            "availability_domains.#": "3",
                            "availability_domains.0.compartment_id": "ocid1.tenancy.oc1..aaaaaaaakxciyy2tsgpppabjjdj7gjgkzvooymdimmxyor4ji4wx3vgns7uq",
                            "availability_domains.0.name": "lkEI:US-ASHBURN-AD-1",
                            "availability_domains.1.compartment_id": "ocid1.tenancy.oc1..aaaaaaaakxciyy2tsgpppabjjdj7gjgkzvooymdimmxyor4ji4wx3vgns7uq",
                            "availability_domains.1.name": "lkEI:US-ASHBURN-AD-2",
                            "availability_domains.2.compartment_id": "ocid1.tenancy.oc1..aaaaaaaakxciyy2tsgpppabjjdj7gjgkzvooymdimmxyor4ji4wx3vgns7uq",
                            "availability_domains.2.name": "lkEI:US-ASHBURN-AD-3",
                            "compartment_id": "ocid1.tenancy.oc1..aaaaaaaakxciyy2tsgpppabjjdj7gjgkzvooymdimmxyor4ji4wx3vgns7uq",
                            "id": "2018-03-08 15:51:10.789748 +0000 UTC"
                        },
                        "meta": {},
                        "tainted": false
                    },
                    "deposed": [],
                    "provider": ""
                },
                "oci_core_instance.TFInstance1.168": {
                    "type": "oci_core_instance",
                    "depends_on": [
                        "data.oci_identity_availability_domains.ADs",
                        "oci_core_subnet.ExampleSubnet1"
                    ],
                    "primary": {
                        "id": "ocid1.instance.oc1.iad.abuwcljs4ghhvzww2krftngnp37eywyr7tvctpgi3pwklhy4vii23m5mdu2q",
                        "attributes": {
                            "availability_domain": "lkEI:US-ASHBURN-AD-1",
                            "compartment_id": "ocid1.compartment.oc1..aaaaaaaapui4j3qyqji3bdg4vp35bldzpu55eqkfps3a6edu4z7tkonxoo5a",
                            "create_vnic_details.#": "1",
                            "create_vnic_details.0.assign_public_ip": "true",
                            "create_vnic_details.0.display_name": "primaryvnic",
                            "create_vnic_details.0.hostname_label": "tfinst10168",
                            "create_vnic_details.0.private_ip": "10.1.20.30",
                            "create_vnic_details.0.skip_source_dest_check": "false",
                            "create_vnic_details.0.subnet_id": "ocid1.subnet.oc1.iad.aaaaaaaaeulefbrt2gqmycz5mg4lxfrnuiqhozca2xvv7nnuktksj6abjbza",
                            "display_name": "TFInstance10168",
                            "hostname_label": "tfinst10168",
                            "id": "ocid1.instance.oc1.iad.abuwcljs4ghhvzww2krftngnp37eywyr7tvctpgi3pwklhy4vii23m5mdu2q",
                            "image": "ocid1.image.oc1.iad.aaaaaaaaxrqeombwty6jyqgk3fraczdd63bv66xgfsqka4ktr7c57awr3p5a",
                            "ipxe_script": "",
                            "metadata.%": "2",
                            "metadata.ssh_authorized_keys": "ssh-rsa AAAAB3NzaC1yc2EAAAADAQABAAABAQD7n4mwTT2dKsqt1K4IYmmDesvpka5rgBA6wZDUAE8Oc2ETU52gRAMvPwiOlyyWyMCqooddCD3FwK2EJw8bASbDOyTBJfCeU8srycSv0VpFcl1O2d4yTg4PrWxfylFHt8ZWMYgZpgOXtUS+5CI8O2HaibhtDo0E699YnZgq7WugiHzj5+9sEQL9nIK6z5wNn3bXHJjwhGKJbXIE9CiD1jRxHdB7Mm+Vkd9kzKwJF4KcADSwg6RqE5Xv6K2Tm83h3G+O5td4hgtaHQORKBYifuqiLslpoXLOtNzHFLfe9/aNXvo0bZnt/wln1U9jOwUmLHMS7TJS5H88nC1IRKT2wTk/ linuxkeys",
                            "metadata.user_data": "IyEvYmluL2Jhc2gKeXVtIHVwZGF0ZSAteQo=",
                            "private_ip": "10.1.20.30",
                            "public_ip": "129.213.46.92",
                            "region": "iad",
                            "shape": "VM.Standard1.16",
                            "state": "RUNNING",
                            "subnet_id": "ocid1.subnet.oc1.iad.aaaaaaaaeulefbrt2gqmycz5mg4lxfrnuiqhozca2xvv7nnuktksj6abjbza",
                            "time_created": "2018-03-08 15:00:47.684 +0000 UTC"
                        },
                        "meta": {},
                        "tainted": false
                    },
                    "deposed": [],
                    "provider": ""
                },
                "oci_core_instance.TFInstance1.230": {
                    "type": "oci_core_instance",
                    "depends_on": [
                        "data.oci_identity_availability_domains.ADs",
                        "oci_core_subnet.ExampleSubnet1"
                    ],
                    "primary": {
                        "id": "ocid1.instance.oc1.iad.abuwcljsuqi5iemwd7pzlmncbjvpbs4tisgan3lvsjqwrmwtlww7duudg4nq",
                        "attributes": {
                            "availability_domain": "lkEI:US-ASHBURN-AD-1",
                            "compartment_id": "ocid1.compartment.oc1..aaaaaaaapui4j3qyqji3bdg4vp35bldzpu55eqkfps3a6edu4z7tkonxoo5a",
                            "create_vnic_details.#": "1",
                            "create_vnic_details.0.assign_public_ip": "true",
                            "create_vnic_details.0.display_name": "primaryvnic",
                            "create_vnic_details.0.hostname_label": "tfinst10230",
                            "create_vnic_details.0.private_ip": "10.1.20.16",
                            "create_vnic_details.0.skip_source_dest_check": "false",
                            "create_vnic_details.0.subnet_id": "ocid1.subnet.oc1.iad.aaaaaaaaeulefbrt2gqmycz5mg4lxfrnuiqhozca2xvv7nnuktksj6abjbza",
                            "display_name": "TFInstance10230",
                            "hostname_label": "tfinst10230",
                            "id": "ocid1.instance.oc1.iad.abuwcljsuqi5iemwd7pzlmncbjvpbs4tisgan3lvsjqwrmwtlww7duudg4nq",
                            "image": "ocid1.image.oc1.iad.aaaaaaaaxrqeombwty6jyqgk3fraczdd63bv66xgfsqka4ktr7c57awr3p5a",
                            "ipxe_script": "",
                            "metadata.%": "2",
                            "metadata.ssh_authorized_keys": "ssh-rsa AAAAB3NzaC1yc2EAAAADAQABAAABAQD7n4mwTT2dKsqt1K4IYmmDesvpka5rgBA6wZDUAE8Oc2ETU52gRAMvPwiOlyyWyMCqooddCD3FwK2EJw8bASbDOyTBJfCeU8srycSv0VpFcl1O2d4yTg4PrWxfylFHt8ZWMYgZpgOXtUS+5CI8O2HaibhtDo0E699YnZgq7WugiHzj5+9sEQL9nIK6z5wNn3bXHJjwhGKJbXIE9CiD1jRxHdB7Mm+Vkd9kzKwJF4KcADSwg6RqE5Xv6K2Tm83h3G+O5td4hgtaHQORKBYifuqiLslpoXLOtNzHFLfe9/aNXvo0bZnt/wln1U9jOwUmLHMS7TJS5H88nC1IRKT2wTk/ linuxkeys",
                            "metadata.user_data": "IyEvYmluL2Jhc2gKeXVtIHVwZGF0ZSAteQo=",
                            "private_ip": "10.1.20.16",
                            "public_ip": "129.213.108.46",
                            "region": "iad",
                            "shape": "VM.Standard1.16",
                            "state": "RUNNING",
                            "subnet_id": "ocid1.subnet.oc1.iad.aaaaaaaaeulefbrt2gqmycz5mg4lxfrnuiqhozca2xvv7nnuktksj6abjbza",
                            "time_created": "2018-03-08 15:00:40.817 +0000 UTC"
                        },
                        "meta": {},
                        "tainted": false
                    },
                    "deposed": [],
                    "provider": ""
                },
                "oci_core_instance.TFInstance2.102": {
                    "type": "oci_core_instance",
                    "depends_on": [
                        "data.oci_identity_availability_domains.ADs",
                        "oci_core_subnet.ExampleSubnet2"
                    ],
                    "primary": {
                        "id": "ocid1.instance.oc1.iad.abuwcljtrv6a7kl4suittnu3ch5er6fzcitk5mybmdydjn4lhxub3nnup2sa",
                        "attributes": {
                            "availability_domain": "lkEI:US-ASHBURN-AD-2",
                            "compartment_id": "ocid1.compartment.oc1..aaaaaaaapui4j3qyqji3bdg4vp35bldzpu55eqkfps3a6edu4z7tkonxoo5a",
                            "create_vnic_details.#": "1",
                            "create_vnic_details.0.assign_public_ip": "true",
                            "create_vnic_details.0.display_name": "primaryvnic",
                            "create_vnic_details.0.hostname_label": "tfinst20102",
                            "create_vnic_details.0.private_ip": "10.1.22.113",
                            "create_vnic_details.0.skip_source_dest_check": "false",
                            "create_vnic_details.0.subnet_id": "ocid1.subnet.oc1.iad.aaaaaaaak5yl5hw4dii7ux6hcrdcjttnyzb3gpdn24xhiohizx5epgm6gngq",
                            "display_name": "TFInstance20102",
                            "hostname_label": "tfinst20102",
                            "id": "ocid1.instance.oc1.iad.abuwcljtrv6a7kl4suittnu3ch5er6fzcitk5mybmdydjn4lhxub3nnup2sa",
                            "image": "ocid1.image.oc1.iad.aaaaaaaaxrqeombwty6jyqgk3fraczdd63bv66xgfsqka4ktr7c57awr3p5a",
                            "ipxe_script": "",
                            "metadata.%": "2",
                            "metadata.ssh_authorized_keys": "ssh-rsa AAAAB3NzaC1yc2EAAAADAQABAAABAQD7n4mwTT2dKsqt1K4IYmmDesvpka5rgBA6wZDUAE8Oc2ETU52gRAMvPwiOlyyWyMCqooddCD3FwK2EJw8bASbDOyTBJfCeU8srycSv0VpFcl1O2d4yTg4PrWxfylFHt8ZWMYgZpgOXtUS+5CI8O2HaibhtDo0E699YnZgq7WugiHzj5+9sEQL9nIK6z5wNn3bXHJjwhGKJbXIE9CiD1jRxHdB7Mm+Vkd9kzKwJF4KcADSwg6RqE5Xv6K2Tm83h3G+O5td4hgtaHQORKBYifuqiLslpoXLOtNzHFLfe9/aNXvo0bZnt/wln1U9jOwUmLHMS7TJS5H88nC1IRKT2wTk/ linuxkeys",
                            "metadata.user_data": "IyEvYmluL2Jhc2gKeXVtIHVwZGF0ZSAteQo=",
                            "private_ip": "10.1.22.113",
                            "public_ip": "129.213.56.63",
                            "region": "iad",
                            "shape": "VM.Standard1.16",
                            "state": "RUNNING",
                            "subnet_id": "ocid1.subnet.oc1.iad.aaaaaaaak5yl5hw4dii7ux6hcrdcjttnyzb3gpdn24xhiohizx5epgm6gngq",
                            "time_created": "2018-03-08 14:56:23.395 +0000 UTC"
                        },
                        "meta": {},
                        "tainted": false
                    },
                    "deposed": [],
                    "provider": ""
                },
                "oci_core_instance.TFInstance2.104": {
                    "type": "oci_core_instance",
                    "depends_on": [
                        "data.oci_identity_availability_domains.ADs",
                        "oci_core_subnet.ExampleSubnet2"
                    ],
                    "primary": {
                        "id": "ocid1.instance.oc1.iad.abuwcljtnbnydkaolgimgav22m5vw6wwkieugn5jji2ccpygboh5diwa74vq",
                        "attributes": {
                            "availability_domain": "lkEI:US-ASHBURN-AD-2",
                            "compartment_id": "ocid1.compartment.oc1..aaaaaaaapui4j3qyqji3bdg4vp35bldzpu55eqkfps3a6edu4z7tkonxoo5a",
                            "create_vnic_details.#": "1",
                            "create_vnic_details.0.assign_public_ip": "true",
                            "create_vnic_details.0.display_name": "primaryvnic",
                            "create_vnic_details.0.hostname_label": "tfinst20104",
                            "create_vnic_details.0.private_ip": "10.1.22.43",
                            "create_vnic_details.0.skip_source_dest_check": "false",
                            "create_vnic_details.0.subnet_id": "ocid1.subnet.oc1.iad.aaaaaaaak5yl5hw4dii7ux6hcrdcjttnyzb3gpdn24xhiohizx5epgm6gngq",
                            "display_name": "TFInstance20104",
                            "hostname_label": "tfinst20104",
                            "id": "ocid1.instance.oc1.iad.abuwcljtnbnydkaolgimgav22m5vw6wwkieugn5jji2ccpygboh5diwa74vq",
                            "image": "ocid1.image.oc1.iad.aaaaaaaaxrqeombwty6jyqgk3fraczdd63bv66xgfsqka4ktr7c57awr3p5a",
                            "ipxe_script": "",
                            "metadata.%": "2",
                            "metadata.ssh_authorized_keys": "ssh-rsa AAAAB3NzaC1yc2EAAAADAQABAAABAQD7n4mwTT2dKsqt1K4IYmmDesvpka5rgBA6wZDUAE8Oc2ETU52gRAMvPwiOlyyWyMCqooddCD3FwK2EJw8bASbDOyTBJfCeU8srycSv0VpFcl1O2d4yTg4PrWxfylFHt8ZWMYgZpgOXtUS+5CI8O2HaibhtDo0E699YnZgq7WugiHzj5+9sEQL9nIK6z5wNn3bXHJjwhGKJbXIE9CiD1jRxHdB7Mm+Vkd9kzKwJF4KcADSwg6RqE5Xv6K2Tm83h3G+O5td4hgtaHQORKBYifuqiLslpoXLOtNzHFLfe9/aNXvo0bZnt/wln1U9jOwUmLHMS7TJS5H88nC1IRKT2wTk/ linuxkeys",
                            "metadata.user_data": "IyEvYmluL2Jhc2gKeXVtIHVwZGF0ZSAteQo=",
                            "private_ip": "10.1.22.43",
                            "public_ip": "129.213.119.174",
                            "region": "iad",
                            "shape": "VM.Standard1.16",
                            "state": "RUNNING",
                            "subnet_id": "ocid1.subnet.oc1.iad.aaaaaaaak5yl5hw4dii7ux6hcrdcjttnyzb3gpdn24xhiohizx5epgm6gngq",
                            "time_created": "2018-03-08 14:56:00.9 +0000 UTC"
                        },
                        "meta": {},
                        "tainted": false
                    },
                    "deposed": [],
                    "provider": ""
                },
                "oci_core_instance.TFInstance2.105": {
                    "type": "oci_core_instance",
                    "depends_on": [
                        "data.oci_identity_availability_domains.ADs",
                        "oci_core_subnet.ExampleSubnet2"
                    ],
                    "primary": {
                        "id": "ocid1.instance.oc1.iad.abuwcljthoxwhydokkl7zmm7xwhcyrhljm3zxe2s3fhiiiebns2j6tls7g5a",
                        "attributes": {
                            "availability_domain": "lkEI:US-ASHBURN-AD-2",
                            "compartment_id": "ocid1.compartment.oc1..aaaaaaaapui4j3qyqji3bdg4vp35bldzpu55eqkfps3a6edu4z7tkonxoo5a",
                            "create_vnic_details.#": "1",
                            "create_vnic_details.0.assign_public_ip": "true",
                            "create_vnic_details.0.display_name": "primaryvnic",
                            "create_vnic_details.0.hostname_label": "tfinst20105",
                            "create_vnic_details.0.private_ip": "10.1.22.129",
                            "create_vnic_details.0.skip_source_dest_check": "false",
                            "create_vnic_details.0.subnet_id": "ocid1.subnet.oc1.iad.aaaaaaaak5yl5hw4dii7ux6hcrdcjttnyzb3gpdn24xhiohizx5epgm6gngq",
                            "display_name": "TFInstance20105",
                            "hostname_label": "tfinst20105",
                            "id": "ocid1.instance.oc1.iad.abuwcljthoxwhydokkl7zmm7xwhcyrhljm3zxe2s3fhiiiebns2j6tls7g5a",
                            "image": "ocid1.image.oc1.iad.aaaaaaaaxrqeombwty6jyqgk3fraczdd63bv66xgfsqka4ktr7c57awr3p5a",
                            "ipxe_script": "",
                            "metadata.%": "2",
                            "metadata.ssh_authorized_keys": "ssh-rsa AAAAB3NzaC1yc2EAAAADAQABAAABAQD7n4mwTT2dKsqt1K4IYmmDesvpka5rgBA6wZDUAE8Oc2ETU52gRAMvPwiOlyyWyMCqooddCD3FwK2EJw8bASbDOyTBJfCeU8srycSv0VpFcl1O2d4yTg4PrWxfylFHt8ZWMYgZpgOXtUS+5CI8O2HaibhtDo0E699YnZgq7WugiHzj5+9sEQL9nIK6z5wNn3bXHJjwhGKJbXIE9CiD1jRxHdB7Mm+Vkd9kzKwJF4KcADSwg6RqE5Xv6K2Tm83h3G+O5td4hgtaHQORKBYifuqiLslpoXLOtNzHFLfe9/aNXvo0bZnt/wln1U9jOwUmLHMS7TJS5H88nC1IRKT2wTk/ linuxkeys",
                            "metadata.user_data": "IyEvYmluL2Jhc2gKeXVtIHVwZGF0ZSAteQo=",
                            "private_ip": "10.1.22.129",
                            "public_ip": "129.213.56.3",
                            "region": "iad",
                            "shape": "VM.Standard1.16",
                            "state": "RUNNING",
                            "subnet_id": "ocid1.subnet.oc1.iad.aaaaaaaak5yl5hw4dii7ux6hcrdcjttnyzb3gpdn24xhiohizx5epgm6gngq",
                            "time_created": "2018-03-08 14:56:34.471 +0000 UTC"
                        },
                        "meta": {},
                        "tainted": false
                    },
                    "deposed": [],
                    "provider": ""
                },
                "oci_core_instance.TFInstance2.106": {
                    "type": "oci_core_instance",
                    "depends_on": [
                        "data.oci_identity_availability_domains.ADs",
                        "oci_core_subnet.ExampleSubnet2"
                    ],
                    "primary": {
                        "id": "ocid1.instance.oc1.iad.abuwcljtyslrdiewcx5bf5kacvicgz2wm6sltnth5enx4xlwmtu63fwghwca",
                        "attributes": {
                            "availability_domain": "lkEI:US-ASHBURN-AD-2",
                            "compartment_id": "ocid1.compartment.oc1..aaaaaaaapui4j3qyqji3bdg4vp35bldzpu55eqkfps3a6edu4z7tkonxoo5a",
                            "create_vnic_details.#": "1",
                            "create_vnic_details.0.assign_public_ip": "true",
                            "create_vnic_details.0.display_name": "primaryvnic",
                            "create_vnic_details.0.hostname_label": "tfinst20106",
                            "create_vnic_details.0.private_ip": "10.1.22.74",
                            "create_vnic_details.0.skip_source_dest_check": "false",
                            "create_vnic_details.0.subnet_id": "ocid1.subnet.oc1.iad.aaaaaaaak5yl5hw4dii7ux6hcrdcjttnyzb3gpdn24xhiohizx5epgm6gngq",
                            "display_name": "TFInstance20106",
                            "hostname_label": "tfinst20106",
                            "id": "ocid1.instance.oc1.iad.abuwcljtyslrdiewcx5bf5kacvicgz2wm6sltnth5enx4xlwmtu63fwghwca",
                            "image": "ocid1.image.oc1.iad.aaaaaaaaxrqeombwty6jyqgk3fraczdd63bv66xgfsqka4ktr7c57awr3p5a",
                            "ipxe_script": "",
                            "metadata.%": "2",
                            "metadata.ssh_authorized_keys": "ssh-rsa AAAAB3NzaC1yc2EAAAADAQABAAABAQD7n4mwTT2dKsqt1K4IYmmDesvpka5rgBA6wZDUAE8Oc2ETU52gRAMvPwiOlyyWyMCqooddCD3FwK2EJw8bASbDOyTBJfCeU8srycSv0VpFcl1O2d4yTg4PrWxfylFHt8ZWMYgZpgOXtUS+5CI8O2HaibhtDo0E699YnZgq7WugiHzj5+9sEQL9nIK6z5wNn3bXHJjwhGKJbXIE9CiD1jRxHdB7Mm+Vkd9kzKwJF4KcADSwg6RqE5Xv6K2Tm83h3G+O5td4hgtaHQORKBYifuqiLslpoXLOtNzHFLfe9/aNXvo0bZnt/wln1U9jOwUmLHMS7TJS5H88nC1IRKT2wTk/ linuxkeys",
                            "metadata.user_data": "IyEvYmluL2Jhc2gKeXVtIHVwZGF0ZSAteQo=",
                            "private_ip": "10.1.22.74",
                            "public_ip": "129.213.58.31",
                            "region": "iad",
                            "shape": "VM.Standard1.16",
                            "state": "RUNNING",
                            "subnet_id": "ocid1.subnet.oc1.iad.aaaaaaaak5yl5hw4dii7ux6hcrdcjttnyzb3gpdn24xhiohizx5epgm6gngq",
                            "time_created": "2018-03-08 14:56:19.912 +0000 UTC"
                        },
                        "meta": {},
                        "tainted": false
                    },
                    "deposed": [],
                    "provider": ""
                },
                "oci_core_instance.TFInstance2.180": {
                    "type": "oci_core_instance",
                    "depends_on": [
                        "data.oci_identity_availability_domains.ADs",
                        "oci_core_subnet.ExampleSubnet2"
                    ],
                    "primary": {
                        "id": "ocid1.instance.oc1.iad.abuwcljtapsoy33sviqjui4nd4mr6aipdyrcxjecz32zccmtwm3xbaxund3q",
                        "attributes": {
                            "availability_domain": "lkEI:US-ASHBURN-AD-2",
                            "compartment_id": "ocid1.compartment.oc1..aaaaaaaapui4j3qyqji3bdg4vp35bldzpu55eqkfps3a6edu4z7tkonxoo5a",
                            "create_vnic_details.#": "1",
                            "create_vnic_details.0.assign_public_ip": "true",
                            "create_vnic_details.0.display_name": "primaryvnic",
                            "create_vnic_details.0.hostname_label": "tfinst20180",
                            "create_vnic_details.0.private_ip": "10.1.22.32",
                            "create_vnic_details.0.skip_source_dest_check": "false",
                            "create_vnic_details.0.subnet_id": "ocid1.subnet.oc1.iad.aaaaaaaak5yl5hw4dii7ux6hcrdcjttnyzb3gpdn24xhiohizx5epgm6gngq",
                            "display_name": "TFInstance20180",
                            "hostname_label": "tfinst20180",
                            "id": "ocid1.instance.oc1.iad.abuwcljtapsoy33sviqjui4nd4mr6aipdyrcxjecz32zccmtwm3xbaxund3q",
                            "image": "ocid1.image.oc1.iad.aaaaaaaaxrqeombwty6jyqgk3fraczdd63bv66xgfsqka4ktr7c57awr3p5a",
                            "ipxe_script": "",
                            "metadata.%": "2",
                            "metadata.ssh_authorized_keys": "ssh-rsa AAAAB3NzaC1yc2EAAAADAQABAAABAQD7n4mwTT2dKsqt1K4IYmmDesvpka5rgBA6wZDUAE8Oc2ETU52gRAMvPwiOlyyWyMCqooddCD3FwK2EJw8bASbDOyTBJfCeU8srycSv0VpFcl1O2d4yTg4PrWxfylFHt8ZWMYgZpgOXtUS+5CI8O2HaibhtDo0E699YnZgq7WugiHzj5+9sEQL9nIK6z5wNn3bXHJjwhGKJbXIE9CiD1jRxHdB7Mm+Vkd9kzKwJF4KcADSwg6RqE5Xv6K2Tm83h3G+O5td4hgtaHQORKBYifuqiLslpoXLOtNzHFLfe9/aNXvo0bZnt/wln1U9jOwUmLHMS7TJS5H88nC1IRKT2wTk/ linuxkeys",
                            "metadata.user_data": "IyEvYmluL2Jhc2gKeXVtIHVwZGF0ZSAteQo=",
                            "private_ip": "10.1.22.32",
                            "public_ip": "129.213.123.33",
                            "region": "iad",
                            "shape": "VM.Standard1.16",
                            "state": "RUNNING",
                            "subnet_id": "ocid1.subnet.oc1.iad.aaaaaaaak5yl5hw4dii7ux6hcrdcjttnyzb3gpdn24xhiohizx5epgm6gngq",
                            "time_created": "2018-03-08 14:55:41.347 +0000 UTC"
                        },
                        "meta": {},
                        "tainted": false
                    },
                    "deposed": [],
                    "provider": ""
                },
                "oci_core_instance.TFInstance2.187": {
                    "type": "oci_core_instance",
                    "depends_on": [
                        "data.oci_identity_availability_domains.ADs",
                        "oci_core_subnet.ExampleSubnet2"
                    ],
                    "primary": {
                        "id": "ocid1.instance.oc1.iad.abuwcljt4gkxgoqy4rhdzbuf7hccaoept4yquwe5jcdtvupodhv54w3qw3ba",
                        "attributes": {
                            "availability_domain": "lkEI:US-ASHBURN-AD-2",
                            "compartment_id": "ocid1.compartment.oc1..aaaaaaaapui4j3qyqji3bdg4vp35bldzpu55eqkfps3a6edu4z7tkonxoo5a",
                            "create_vnic_details.#": "1",
                            "create_vnic_details.0.assign_public_ip": "true",
                            "create_vnic_details.0.display_name": "primaryvnic",
                            "create_vnic_details.0.hostname_label": "tfinst20187",
                            "create_vnic_details.0.private_ip": "10.1.22.22",
                            "create_vnic_details.0.skip_source_dest_check": "false",
                            "create_vnic_details.0.subnet_id": "ocid1.subnet.oc1.iad.aaaaaaaak5yl5hw4dii7ux6hcrdcjttnyzb3gpdn24xhiohizx5epgm6gngq",
                            "display_name": "TFInstance20187",
                            "hostname_label": "tfinst20187",
                            "id": "ocid1.instance.oc1.iad.abuwcljt4gkxgoqy4rhdzbuf7hccaoept4yquwe5jcdtvupodhv54w3qw3ba",
                            "image": "ocid1.image.oc1.iad.aaaaaaaaxrqeombwty6jyqgk3fraczdd63bv66xgfsqka4ktr7c57awr3p5a",
                            "ipxe_script": "",
                            "metadata.%": "2",
                            "metadata.ssh_authorized_keys": "ssh-rsa AAAAB3NzaC1yc2EAAAADAQABAAABAQD7n4mwTT2dKsqt1K4IYmmDesvpka5rgBA6wZDUAE8Oc2ETU52gRAMvPwiOlyyWyMCqooddCD3FwK2EJw8bASbDOyTBJfCeU8srycSv0VpFcl1O2d4yTg4PrWxfylFHt8ZWMYgZpgOXtUS+5CI8O2HaibhtDo0E699YnZgq7WugiHzj5+9sEQL9nIK6z5wNn3bXHJjwhGKJbXIE9CiD1jRxHdB7Mm+Vkd9kzKwJF4KcADSwg6RqE5Xv6K2Tm83h3G+O5td4hgtaHQORKBYifuqiLslpoXLOtNzHFLfe9/aNXvo0bZnt/wln1U9jOwUmLHMS7TJS5H88nC1IRKT2wTk/ linuxkeys",
                            "metadata.user_data": "IyEvYmluL2Jhc2gKeXVtIHVwZGF0ZSAteQo=",
                            "private_ip": "10.1.22.22",
                            "public_ip": "129.213.63.77",
                            "region": "iad",
                            "shape": "VM.Standard1.16",
                            "state": "RUNNING",
                            "subnet_id": "ocid1.subnet.oc1.iad.aaaaaaaak5yl5hw4dii7ux6hcrdcjttnyzb3gpdn24xhiohizx5epgm6gngq",
                            "time_created": "2018-03-08 14:55:40.589 +0000 UTC"
                        },
                        "meta": {},
                        "tainted": false
                    },
                    "deposed": [],
                    "provider": ""
                },
                "oci_core_instance.TFInstance2.191": {
                    "type": "oci_core_instance",
                    "depends_on": [
                        "data.oci_identity_availability_domains.ADs",
                        "oci_core_subnet.ExampleSubnet2"
                    ],
                    "primary": {
                        "id": "ocid1.instance.oc1.iad.abuwcljtv7nin6uzvjnw4fhiddkj7ecagrckw67pxx2kbvvrf75qok5zgola",
                        "attributes": {
                            "availability_domain": "lkEI:US-ASHBURN-AD-2",
                            "compartment_id": "ocid1.compartment.oc1..aaaaaaaapui4j3qyqji3bdg4vp35bldzpu55eqkfps3a6edu4z7tkonxoo5a",
                            "create_vnic_details.#": "1",
                            "create_vnic_details.0.assign_public_ip": "true",
                            "create_vnic_details.0.display_name": "primaryvnic",
                            "create_vnic_details.0.hostname_label": "tfinst20191",
                            "create_vnic_details.0.private_ip": "10.1.22.8",
                            "create_vnic_details.0.skip_source_dest_check": "false",
                            "create_vnic_details.0.subnet_id": "ocid1.subnet.oc1.iad.aaaaaaaak5yl5hw4dii7ux6hcrdcjttnyzb3gpdn24xhiohizx5epgm6gngq",
                            "display_name": "TFInstance20191",
                            "hostname_label": "tfinst20191",
                            "id": "ocid1.instance.oc1.iad.abuwcljtv7nin6uzvjnw4fhiddkj7ecagrckw67pxx2kbvvrf75qok5zgola",
                            "image": "ocid1.image.oc1.iad.aaaaaaaaxrqeombwty6jyqgk3fraczdd63bv66xgfsqka4ktr7c57awr3p5a",
                            "ipxe_script": "",
                            "metadata.%": "2",
                            "metadata.ssh_authorized_keys": "ssh-rsa AAAAB3NzaC1yc2EAAAADAQABAAABAQD7n4mwTT2dKsqt1K4IYmmDesvpka5rgBA6wZDUAE8Oc2ETU52gRAMvPwiOlyyWyMCqooddCD3FwK2EJw8bASbDOyTBJfCeU8srycSv0VpFcl1O2d4yTg4PrWxfylFHt8ZWMYgZpgOXtUS+5CI8O2HaibhtDo0E699YnZgq7WugiHzj5+9sEQL9nIK6z5wNn3bXHJjwhGKJbXIE9CiD1jRxHdB7Mm+Vkd9kzKwJF4KcADSwg6RqE5Xv6K2Tm83h3G+O5td4hgtaHQORKBYifuqiLslpoXLOtNzHFLfe9/aNXvo0bZnt/wln1U9jOwUmLHMS7TJS5H88nC1IRKT2wTk/ linuxkeys",
                            "metadata.user_data": "IyEvYmluL2Jhc2gKeXVtIHVwZGF0ZSAteQo=",
                            "private_ip": "10.1.22.8",
                            "public_ip": "129.213.127.137",
                            "region": "iad",
                            "shape": "VM.Standard1.16",
                            "state": "RUNNING",
                            "subnet_id": "ocid1.subnet.oc1.iad.aaaaaaaak5yl5hw4dii7ux6hcrdcjttnyzb3gpdn24xhiohizx5epgm6gngq",
                            "time_created": "2018-03-08 14:55:37.469 +0000 UTC"
                        },
                        "meta": {},
                        "tainted": false
                    },
                    "deposed": [],
                    "provider": ""
                },
                "oci_core_instance.TFInstance2.193": {
                    "type": "oci_core_instance",
                    "depends_on": [
                        "data.oci_identity_availability_domains.ADs",
                        "oci_core_subnet.ExampleSubnet2"
                    ],
                    "primary": {
                        "id": "ocid1.instance.oc1.iad.abuwcljthohapsk4bpgktwcm64iw7axlv45vanthzayrhdfkqm2aobsrsuhq",
                        "attributes": {
                            "availability_domain": "lkEI:US-ASHBURN-AD-2",
                            "compartment_id": "ocid1.compartment.oc1..aaaaaaaapui4j3qyqji3bdg4vp35bldzpu55eqkfps3a6edu4z7tkonxoo5a",
                            "create_vnic_details.#": "1",
                            "create_vnic_details.0.assign_public_ip": "true",
                            "create_vnic_details.0.display_name": "primaryvnic",
                            "create_vnic_details.0.hostname_label": "tfinst20193",
                            "create_vnic_details.0.private_ip": "10.1.22.33",
                            "create_vnic_details.0.skip_source_dest_check": "false",
                            "create_vnic_details.0.subnet_id": "ocid1.subnet.oc1.iad.aaaaaaaak5yl5hw4dii7ux6hcrdcjttnyzb3gpdn24xhiohizx5epgm6gngq",
                            "display_name": "TFInstance20193",
                            "hostname_label": "tfinst20193",
                            "id": "ocid1.instance.oc1.iad.abuwcljthohapsk4bpgktwcm64iw7axlv45vanthzayrhdfkqm2aobsrsuhq",
                            "image": "ocid1.image.oc1.iad.aaaaaaaaxrqeombwty6jyqgk3fraczdd63bv66xgfsqka4ktr7c57awr3p5a",
                            "ipxe_script": "",
                            "metadata.%": "2",
                            "metadata.ssh_authorized_keys": "ssh-rsa AAAAB3NzaC1yc2EAAAADAQABAAABAQD7n4mwTT2dKsqt1K4IYmmDesvpka5rgBA6wZDUAE8Oc2ETU52gRAMvPwiOlyyWyMCqooddCD3FwK2EJw8bASbDOyTBJfCeU8srycSv0VpFcl1O2d4yTg4PrWxfylFHt8ZWMYgZpgOXtUS+5CI8O2HaibhtDo0E699YnZgq7WugiHzj5+9sEQL9nIK6z5wNn3bXHJjwhGKJbXIE9CiD1jRxHdB7Mm+Vkd9kzKwJF4KcADSwg6RqE5Xv6K2Tm83h3G+O5td4hgtaHQORKBYifuqiLslpoXLOtNzHFLfe9/aNXvo0bZnt/wln1U9jOwUmLHMS7TJS5H88nC1IRKT2wTk/ linuxkeys",
                            "metadata.user_data": "IyEvYmluL2Jhc2gKeXVtIHVwZGF0ZSAteQo=",
                            "private_ip": "10.1.22.33",
                            "public_ip": "129.213.58.30",
                            "region": "iad",
                            "shape": "VM.Standard1.16",
                            "state": "RUNNING",
                            "subnet_id": "ocid1.subnet.oc1.iad.aaaaaaaak5yl5hw4dii7ux6hcrdcjttnyzb3gpdn24xhiohizx5epgm6gngq",
                            "time_created": "2018-03-08 14:55:38.733 +0000 UTC"
                        },
                        "meta": {},
                        "tainted": false
                    },
                    "deposed": [],
                    "provider": ""
                },
                "oci_core_instance.TFInstance2.198": {
                    "type": "oci_core_instance",
                    "depends_on": [
                        "data.oci_identity_availability_domains.ADs",
                        "oci_core_subnet.ExampleSubnet2"
                    ],
                    "primary": {
                        "id": "ocid1.instance.oc1.iad.abuwcljth4ms6w5ogqlno6h7scftknyn6bt7zexyivwd7xfnrbfedstv6umq",
                        "attributes": {
                            "availability_domain": "lkEI:US-ASHBURN-AD-2",
                            "compartment_id": "ocid1.compartment.oc1..aaaaaaaapui4j3qyqji3bdg4vp35bldzpu55eqkfps3a6edu4z7tkonxoo5a",
                            "create_vnic_details.#": "1",
                            "create_vnic_details.0.assign_public_ip": "true",
                            "create_vnic_details.0.display_name": "primaryvnic",
                            "create_vnic_details.0.hostname_label": "tfinst20198",
                            "create_vnic_details.0.private_ip": "10.1.22.108",
                            "create_vnic_details.0.skip_source_dest_check": "false",
                            "create_vnic_details.0.subnet_id": "ocid1.subnet.oc1.iad.aaaaaaaak5yl5hw4dii7ux6hcrdcjttnyzb3gpdn24xhiohizx5epgm6gngq",
                            "display_name": "TFInstance20198",
                            "hostname_label": "tfinst20198",
                            "id": "ocid1.instance.oc1.iad.abuwcljth4ms6w5ogqlno6h7scftknyn6bt7zexyivwd7xfnrbfedstv6umq",
                            "image": "ocid1.image.oc1.iad.aaaaaaaaxrqeombwty6jyqgk3fraczdd63bv66xgfsqka4ktr7c57awr3p5a",
                            "ipxe_script": "",
                            "metadata.%": "2",
                            "metadata.ssh_authorized_keys": "ssh-rsa AAAAB3NzaC1yc2EAAAADAQABAAABAQD7n4mwTT2dKsqt1K4IYmmDesvpka5rgBA6wZDUAE8Oc2ETU52gRAMvPwiOlyyWyMCqooddCD3FwK2EJw8bASbDOyTBJfCeU8srycSv0VpFcl1O2d4yTg4PrWxfylFHt8ZWMYgZpgOXtUS+5CI8O2HaibhtDo0E699YnZgq7WugiHzj5+9sEQL9nIK6z5wNn3bXHJjwhGKJbXIE9CiD1jRxHdB7Mm+Vkd9kzKwJF4KcADSwg6RqE5Xv6K2Tm83h3G+O5td4hgtaHQORKBYifuqiLslpoXLOtNzHFLfe9/aNXvo0bZnt/wln1U9jOwUmLHMS7TJS5H88nC1IRKT2wTk/ linuxkeys",
                            "metadata.user_data": "IyEvYmluL2Jhc2gKeXVtIHVwZGF0ZSAteQo=",
                            "private_ip": "10.1.22.108",
                            "public_ip": "129.213.117.65",
                            "region": "iad",
                            "shape": "VM.Standard1.16",
                            "state": "RUNNING",
                            "subnet_id": "ocid1.subnet.oc1.iad.aaaaaaaak5yl5hw4dii7ux6hcrdcjttnyzb3gpdn24xhiohizx5epgm6gngq",
                            "time_created": "2018-03-08 14:56:34.32 +0000 UTC"
                        },
                        "meta": {},
                        "tainted": false
                    },
                    "deposed": [],
                    "provider": ""
                },
                "oci_core_instance.TFInstance2.204": {
                    "type": "oci_core_instance",
                    "depends_on": [
                        "data.oci_identity_availability_domains.ADs",
                        "oci_core_subnet.ExampleSubnet2"
                    ],
                    "primary": {
                        "id": "ocid1.instance.oc1.iad.abuwcljtnh5rmq5sg6ofzm42aaitp7lstdevq4ylt3nelcx4giysn676grta",
                        "attributes": {
                            "availability_domain": "lkEI:US-ASHBURN-AD-2",
                            "compartment_id": "ocid1.compartment.oc1..aaaaaaaapui4j3qyqji3bdg4vp35bldzpu55eqkfps3a6edu4z7tkonxoo5a",
                            "create_vnic_details.#": "1",
                            "create_vnic_details.0.assign_public_ip": "true",
                            "create_vnic_details.0.display_name": "primaryvnic",
                            "create_vnic_details.0.hostname_label": "tfinst20204",
                            "create_vnic_details.0.private_ip": "10.1.22.86",
                            "create_vnic_details.0.skip_source_dest_check": "false",
                            "create_vnic_details.0.subnet_id": "ocid1.subnet.oc1.iad.aaaaaaaak5yl5hw4dii7ux6hcrdcjttnyzb3gpdn24xhiohizx5epgm6gngq",
                            "display_name": "TFInstance20204",
                            "hostname_label": "tfinst20204",
                            "id": "ocid1.instance.oc1.iad.abuwcljtnh5rmq5sg6ofzm42aaitp7lstdevq4ylt3nelcx4giysn676grta",
                            "image": "ocid1.image.oc1.iad.aaaaaaaaxrqeombwty6jyqgk3fraczdd63bv66xgfsqka4ktr7c57awr3p5a",
                            "ipxe_script": "",
                            "metadata.%": "2",
                            "metadata.ssh_authorized_keys": "ssh-rsa AAAAB3NzaC1yc2EAAAADAQABAAABAQD7n4mwTT2dKsqt1K4IYmmDesvpka5rgBA6wZDUAE8Oc2ETU52gRAMvPwiOlyyWyMCqooddCD3FwK2EJw8bASbDOyTBJfCeU8srycSv0VpFcl1O2d4yTg4PrWxfylFHt8ZWMYgZpgOXtUS+5CI8O2HaibhtDo0E699YnZgq7WugiHzj5+9sEQL9nIK6z5wNn3bXHJjwhGKJbXIE9CiD1jRxHdB7Mm+Vkd9kzKwJF4KcADSwg6RqE5Xv6K2Tm83h3G+O5td4hgtaHQORKBYifuqiLslpoXLOtNzHFLfe9/aNXvo0bZnt/wln1U9jOwUmLHMS7TJS5H88nC1IRKT2wTk/ linuxkeys",
                            "metadata.user_data": "IyEvYmluL2Jhc2gKeXVtIHVwZGF0ZSAteQo=",
                            "private_ip": "10.1.22.86",
                            "public_ip": "129.213.121.248",
                            "region": "iad",
                            "shape": "VM.Standard1.16",
                            "state": "RUNNING",
                            "subnet_id": "ocid1.subnet.oc1.iad.aaaaaaaak5yl5hw4dii7ux6hcrdcjttnyzb3gpdn24xhiohizx5epgm6gngq",
                            "time_created": "2018-03-08 14:56:39.078 +0000 UTC"
                        },
                        "meta": {},
                        "tainted": false
                    },
                    "deposed": [],
                    "provider": ""
                },
                "oci_core_instance.TFInstance2.209": {
                    "type": "oci_core_instance",
                    "depends_on": [
                        "data.oci_identity_availability_domains.ADs",
                        "oci_core_subnet.ExampleSubnet2"
                    ],
                    "primary": {
                        "id": "ocid1.instance.oc1.iad.abuwcljtyiwxxdkhkvnq2qpycxoqj4gs7df5kytzrmbgv5nb7p2cgd57u3hq",
                        "attributes": {
                            "availability_domain": "lkEI:US-ASHBURN-AD-2",
                            "compartment_id": "ocid1.compartment.oc1..aaaaaaaapui4j3qyqji3bdg4vp35bldzpu55eqkfps3a6edu4z7tkonxoo5a",
                            "create_vnic_details.#": "1",
                            "create_vnic_details.0.assign_public_ip": "true",
                            "create_vnic_details.0.display_name": "primaryvnic",
                            "create_vnic_details.0.hostname_label": "tfinst20209",
                            "create_vnic_details.0.private_ip": "10.1.22.134",
                            "create_vnic_details.0.skip_source_dest_check": "false",
                            "create_vnic_details.0.subnet_id": "ocid1.subnet.oc1.iad.aaaaaaaak5yl5hw4dii7ux6hcrdcjttnyzb3gpdn24xhiohizx5epgm6gngq",
                            "display_name": "TFInstance20209",
                            "hostname_label": "tfinst20209",
                            "id": "ocid1.instance.oc1.iad.abuwcljtyiwxxdkhkvnq2qpycxoqj4gs7df5kytzrmbgv5nb7p2cgd57u3hq",
                            "image": "ocid1.image.oc1.iad.aaaaaaaaxrqeombwty6jyqgk3fraczdd63bv66xgfsqka4ktr7c57awr3p5a",
                            "ipxe_script": "",
                            "metadata.%": "2",
                            "metadata.ssh_authorized_keys": "ssh-rsa AAAAB3NzaC1yc2EAAAADAQABAAABAQD7n4mwTT2dKsqt1K4IYmmDesvpka5rgBA6wZDUAE8Oc2ETU52gRAMvPwiOlyyWyMCqooddCD3FwK2EJw8bASbDOyTBJfCeU8srycSv0VpFcl1O2d4yTg4PrWxfylFHt8ZWMYgZpgOXtUS+5CI8O2HaibhtDo0E699YnZgq7WugiHzj5+9sEQL9nIK6z5wNn3bXHJjwhGKJbXIE9CiD1jRxHdB7Mm+Vkd9kzKwJF4KcADSwg6RqE5Xv6K2Tm83h3G+O5td4hgtaHQORKBYifuqiLslpoXLOtNzHFLfe9/aNXvo0bZnt/wln1U9jOwUmLHMS7TJS5H88nC1IRKT2wTk/ linuxkeys",
                            "metadata.user_data": "IyEvYmluL2Jhc2gKeXVtIHVwZGF0ZSAteQo=",
                            "private_ip": "10.1.22.134",
                            "public_ip": "129.213.59.118",
                            "region": "iad",
                            "shape": "VM.Standard1.16",
                            "state": "RUNNING",
                            "subnet_id": "ocid1.subnet.oc1.iad.aaaaaaaak5yl5hw4dii7ux6hcrdcjttnyzb3gpdn24xhiohizx5epgm6gngq",
                            "time_created": "2018-03-08 14:56:08.644 +0000 UTC"
                        },
                        "meta": {},
                        "tainted": false
                    },
                    "deposed": [],
                    "provider": ""
                },
                "oci_core_instance.TFInstance2.238": {
                    "type": "oci_core_instance",
                    "depends_on": [
                        "data.oci_identity_availability_domains.ADs",
                        "oci_core_subnet.ExampleSubnet2"
                    ],
                    "primary": {
                        "id": "ocid1.instance.oc1.iad.abuwcljt6ups3smesxorqa7wki7ctizve6yuositm6mgp5k6xihwlfbduuaa",
                        "attributes": {
                            "availability_domain": "lkEI:US-ASHBURN-AD-2",
                            "compartment_id": "ocid1.compartment.oc1..aaaaaaaapui4j3qyqji3bdg4vp35bldzpu55eqkfps3a6edu4z7tkonxoo5a",
                            "create_vnic_details.#": "1",
                            "create_vnic_details.0.assign_public_ip": "true",
                            "create_vnic_details.0.display_name": "primaryvnic",
                            "create_vnic_details.0.hostname_label": "tfinst20238",
                            "create_vnic_details.0.private_ip": "10.1.22.7",
                            "create_vnic_details.0.skip_source_dest_check": "false",
                            "create_vnic_details.0.subnet_id": "ocid1.subnet.oc1.iad.aaaaaaaak5yl5hw4dii7ux6hcrdcjttnyzb3gpdn24xhiohizx5epgm6gngq",
                            "display_name": "TFInstance20238",
                            "hostname_label": "tfinst20238",
                            "id": "ocid1.instance.oc1.iad.abuwcljt6ups3smesxorqa7wki7ctizve6yuositm6mgp5k6xihwlfbduuaa",
                            "image": "ocid1.image.oc1.iad.aaaaaaaaxrqeombwty6jyqgk3fraczdd63bv66xgfsqka4ktr7c57awr3p5a",
                            "ipxe_script": "",
                            "metadata.%": "2",
                            "metadata.ssh_authorized_keys": "ssh-rsa AAAAB3NzaC1yc2EAAAADAQABAAABAQD7n4mwTT2dKsqt1K4IYmmDesvpka5rgBA6wZDUAE8Oc2ETU52gRAMvPwiOlyyWyMCqooddCD3FwK2EJw8bASbDOyTBJfCeU8srycSv0VpFcl1O2d4yTg4PrWxfylFHt8ZWMYgZpgOXtUS+5CI8O2HaibhtDo0E699YnZgq7WugiHzj5+9sEQL9nIK6z5wNn3bXHJjwhGKJbXIE9CiD1jRxHdB7Mm+Vkd9kzKwJF4KcADSwg6RqE5Xv6K2Tm83h3G+O5td4hgtaHQORKBYifuqiLslpoXLOtNzHFLfe9/aNXvo0bZnt/wln1U9jOwUmLHMS7TJS5H88nC1IRKT2wTk/ linuxkeys",
                            "metadata.user_data": "IyEvYmluL2Jhc2gKeXVtIHVwZGF0ZSAteQo=",
                            "private_ip": "10.1.22.7",
                            "public_ip": "129.213.51.239",
                            "region": "iad",
                            "shape": "VM.Standard1.16",
                            "state": "RUNNING",
                            "subnet_id": "ocid1.subnet.oc1.iad.aaaaaaaak5yl5hw4dii7ux6hcrdcjttnyzb3gpdn24xhiohizx5epgm6gngq",
                            "time_created": "2018-03-08 14:55:37.26 +0000 UTC"
                        },
                        "meta": {},
                        "tainted": false
                    },
                    "deposed": [],
                    "provider": ""
                },
                "oci_core_instance.TFInstance2.256": {
                    "type": "oci_core_instance",
                    "depends_on": [
                        "data.oci_identity_availability_domains.ADs",
                        "oci_core_subnet.ExampleSubnet2"
                    ],
                    "primary": {
                        "id": "ocid1.instance.oc1.iad.abuwcljtzajkfeheesszuxsuce4ywbsuk3bq56id3dearbw6uomn7xwxgezq",
                        "attributes": {
                            "availability_domain": "lkEI:US-ASHBURN-AD-2",
                            "compartment_id": "ocid1.compartment.oc1..aaaaaaaapui4j3qyqji3bdg4vp35bldzpu55eqkfps3a6edu4z7tkonxoo5a",
                            "create_vnic_details.#": "1",
                            "create_vnic_details.0.assign_public_ip": "true",
                            "create_vnic_details.0.display_name": "primaryvnic",
                            "create_vnic_details.0.hostname_label": "tfinst20256",
                            "create_vnic_details.0.private_ip": "10.1.22.59",
                            "create_vnic_details.0.skip_source_dest_check": "false",
                            "create_vnic_details.0.subnet_id": "ocid1.subnet.oc1.iad.aaaaaaaak5yl5hw4dii7ux6hcrdcjttnyzb3gpdn24xhiohizx5epgm6gngq",
                            "display_name": "TFInstance20256",
                            "hostname_label": "tfinst20256",
                            "id": "ocid1.instance.oc1.iad.abuwcljtzajkfeheesszuxsuce4ywbsuk3bq56id3dearbw6uomn7xwxgezq",
                            "image": "ocid1.image.oc1.iad.aaaaaaaaxrqeombwty6jyqgk3fraczdd63bv66xgfsqka4ktr7c57awr3p5a",
                            "ipxe_script": "",
                            "metadata.%": "2",
                            "metadata.ssh_authorized_keys": "ssh-rsa AAAAB3NzaC1yc2EAAAADAQABAAABAQD7n4mwTT2dKsqt1K4IYmmDesvpka5rgBA6wZDUAE8Oc2ETU52gRAMvPwiOlyyWyMCqooddCD3FwK2EJw8bASbDOyTBJfCeU8srycSv0VpFcl1O2d4yTg4PrWxfylFHt8ZWMYgZpgOXtUS+5CI8O2HaibhtDo0E699YnZgq7WugiHzj5+9sEQL9nIK6z5wNn3bXHJjwhGKJbXIE9CiD1jRxHdB7Mm+Vkd9kzKwJF4KcADSwg6RqE5Xv6K2Tm83h3G+O5td4hgtaHQORKBYifuqiLslpoXLOtNzHFLfe9/aNXvo0bZnt/wln1U9jOwUmLHMS7TJS5H88nC1IRKT2wTk/ linuxkeys",
                            "metadata.user_data": "IyEvYmluL2Jhc2gKeXVtIHVwZGF0ZSAteQo=",
                            "private_ip": "10.1.22.59",
                            "public_ip": "129.213.121.168",
                            "region": "iad",
                            "shape": "VM.Standard1.16",
                            "state": "RUNNING",
                            "subnet_id": "ocid1.subnet.oc1.iad.aaaaaaaak5yl5hw4dii7ux6hcrdcjttnyzb3gpdn24xhiohizx5epgm6gngq",
                            "time_created": "2018-03-08 14:55:50.549 +0000 UTC"
                        },
                        "meta": {},
                        "tainted": false
                    },
                    "deposed": [],
                    "provider": ""
                },
                "oci_core_instance.TFInstance2.267": {
                    "type": "oci_core_instance",
                    "depends_on": [
                        "data.oci_identity_availability_domains.ADs",
                        "oci_core_subnet.ExampleSubnet2"
                    ],
                    "primary": {
                        "id": "ocid1.instance.oc1.iad.abuwcljtmouecbt6wwjemlr4avnvfncj5ye6q6uttf637ekhob5zlqh3drhq",
                        "attributes": {
                            "availability_domain": "lkEI:US-ASHBURN-AD-2",
                            "compartment_id": "ocid1.compartment.oc1..aaaaaaaapui4j3qyqji3bdg4vp35bldzpu55eqkfps3a6edu4z7tkonxoo5a",
                            "create_vnic_details.#": "1",
                            "create_vnic_details.0.assign_public_ip": "true",
                            "create_vnic_details.0.display_name": "primaryvnic",
                            "create_vnic_details.0.hostname_label": "tfinst20267",
                            "create_vnic_details.0.private_ip": "10.1.22.40",
                            "create_vnic_details.0.skip_source_dest_check": "false",
                            "create_vnic_details.0.subnet_id": "ocid1.subnet.oc1.iad.aaaaaaaak5yl5hw4dii7ux6hcrdcjttnyzb3gpdn24xhiohizx5epgm6gngq",
                            "display_name": "TFInstance20267",
                            "hostname_label": "tfinst20267",
                            "id": "ocid1.instance.oc1.iad.abuwcljtmouecbt6wwjemlr4avnvfncj5ye6q6uttf637ekhob5zlqh3drhq",
                            "image": "ocid1.image.oc1.iad.aaaaaaaaxrqeombwty6jyqgk3fraczdd63bv66xgfsqka4ktr7c57awr3p5a",
                            "ipxe_script": "",
                            "metadata.%": "2",
                            "metadata.ssh_authorized_keys": "ssh-rsa AAAAB3NzaC1yc2EAAAADAQABAAABAQD7n4mwTT2dKsqt1K4IYmmDesvpka5rgBA6wZDUAE8Oc2ETU52gRAMvPwiOlyyWyMCqooddCD3FwK2EJw8bASbDOyTBJfCeU8srycSv0VpFcl1O2d4yTg4PrWxfylFHt8ZWMYgZpgOXtUS+5CI8O2HaibhtDo0E699YnZgq7WugiHzj5+9sEQL9nIK6z5wNn3bXHJjwhGKJbXIE9CiD1jRxHdB7Mm+Vkd9kzKwJF4KcADSwg6RqE5Xv6K2Tm83h3G+O5td4hgtaHQORKBYifuqiLslpoXLOtNzHFLfe9/aNXvo0bZnt/wln1U9jOwUmLHMS7TJS5H88nC1IRKT2wTk/ linuxkeys",
                            "metadata.user_data": "IyEvYmluL2Jhc2gKeXVtIHVwZGF0ZSAteQo=",
                            "private_ip": "10.1.22.40",
                            "public_ip": "129.213.127.7",
                            "region": "iad",
                            "shape": "VM.Standard1.16",
                            "state": "RUNNING",
                            "subnet_id": "ocid1.subnet.oc1.iad.aaaaaaaak5yl5hw4dii7ux6hcrdcjttnyzb3gpdn24xhiohizx5epgm6gngq",
                            "time_created": "2018-03-08 14:56:03.09 +0000 UTC"
                        },
                        "meta": {},
                        "tainted": false
                    },
                    "deposed": [],
                    "provider": ""
                },
                "oci_core_instance.TFInstance2.268": {
                    "type": "oci_core_instance",
                    "depends_on": [
                        "data.oci_identity_availability_domains.ADs",
                        "oci_core_subnet.ExampleSubnet2"
                    ],
                    "primary": {
                        "id": "ocid1.instance.oc1.iad.abuwcljtdzrm5pb7rteuj3kuivzaqjjeo5nveb5sfyspkpddgv5uxrzdme3q",
                        "attributes": {
                            "availability_domain": "lkEI:US-ASHBURN-AD-2",
                            "compartment_id": "ocid1.compartment.oc1..aaaaaaaapui4j3qyqji3bdg4vp35bldzpu55eqkfps3a6edu4z7tkonxoo5a",
                            "create_vnic_details.#": "1",
                            "create_vnic_details.0.assign_public_ip": "true",
                            "create_vnic_details.0.display_name": "primaryvnic",
                            "create_vnic_details.0.hostname_label": "tfinst20268",
                            "create_vnic_details.0.private_ip": "10.1.22.36",
                            "create_vnic_details.0.skip_source_dest_check": "false",
                            "create_vnic_details.0.subnet_id": "ocid1.subnet.oc1.iad.aaaaaaaak5yl5hw4dii7ux6hcrdcjttnyzb3gpdn24xhiohizx5epgm6gngq",
                            "display_name": "TFInstance20268",
                            "hostname_label": "tfinst20268",
                            "id": "ocid1.instance.oc1.iad.abuwcljtdzrm5pb7rteuj3kuivzaqjjeo5nveb5sfyspkpddgv5uxrzdme3q",
                            "image": "ocid1.image.oc1.iad.aaaaaaaaxrqeombwty6jyqgk3fraczdd63bv66xgfsqka4ktr7c57awr3p5a",
                            "ipxe_script": "",
                            "metadata.%": "2",
                            "metadata.ssh_authorized_keys": "ssh-rsa AAAAB3NzaC1yc2EAAAADAQABAAABAQD7n4mwTT2dKsqt1K4IYmmDesvpka5rgBA6wZDUAE8Oc2ETU52gRAMvPwiOlyyWyMCqooddCD3FwK2EJw8bASbDOyTBJfCeU8srycSv0VpFcl1O2d4yTg4PrWxfylFHt8ZWMYgZpgOXtUS+5CI8O2HaibhtDo0E699YnZgq7WugiHzj5+9sEQL9nIK6z5wNn3bXHJjwhGKJbXIE9CiD1jRxHdB7Mm+Vkd9kzKwJF4KcADSwg6RqE5Xv6K2Tm83h3G+O5td4hgtaHQORKBYifuqiLslpoXLOtNzHFLfe9/aNXvo0bZnt/wln1U9jOwUmLHMS7TJS5H88nC1IRKT2wTk/ linuxkeys",
                            "metadata.user_data": "IyEvYmluL2Jhc2gKeXVtIHVwZGF0ZSAteQo=",
                            "private_ip": "10.1.22.36",
                            "public_ip": "129.213.54.4",
                            "region": "iad",
                            "shape": "VM.Standard1.16",
                            "state": "RUNNING",
                            "subnet_id": "ocid1.subnet.oc1.iad.aaaaaaaak5yl5hw4dii7ux6hcrdcjttnyzb3gpdn24xhiohizx5epgm6gngq",
                            "time_created": "2018-03-08 14:55:50.137 +0000 UTC"
                        },
                        "meta": {},
                        "tainted": false
                    },
                    "deposed": [],
                    "provider": ""
                },
                "oci_core_instance.TFInstance2.270": {
                    "type": "oci_core_instance",
                    "depends_on": [
                        "data.oci_identity_availability_domains.ADs",
                        "oci_core_subnet.ExampleSubnet2"
                    ],
                    "primary": {
                        "id": "ocid1.instance.oc1.iad.abuwcljtcvbfarv63e3rdtdwm33n2cnv37wuk7g4kd42wdg7vjnrue5zvveq",
                        "attributes": {
                            "availability_domain": "lkEI:US-ASHBURN-AD-2",
                            "compartment_id": "ocid1.compartment.oc1..aaaaaaaapui4j3qyqji3bdg4vp35bldzpu55eqkfps3a6edu4z7tkonxoo5a",
                            "create_vnic_details.#": "1",
                            "create_vnic_details.0.assign_public_ip": "true",
                            "create_vnic_details.0.display_name": "primaryvnic",
                            "create_vnic_details.0.hostname_label": "tfinst20270",
                            "create_vnic_details.0.private_ip": "10.1.22.2",
                            "create_vnic_details.0.skip_source_dest_check": "false",
                            "create_vnic_details.0.subnet_id": "ocid1.subnet.oc1.iad.aaaaaaaak5yl5hw4dii7ux6hcrdcjttnyzb3gpdn24xhiohizx5epgm6gngq",
                            "display_name": "TFInstance20270",
                            "hostname_label": "tfinst20270",
                            "id": "ocid1.instance.oc1.iad.abuwcljtcvbfarv63e3rdtdwm33n2cnv37wuk7g4kd42wdg7vjnrue5zvveq",
                            "image": "ocid1.image.oc1.iad.aaaaaaaaxrqeombwty6jyqgk3fraczdd63bv66xgfsqka4ktr7c57awr3p5a",
                            "ipxe_script": "",
                            "metadata.%": "2",
                            "metadata.ssh_authorized_keys": "ssh-rsa AAAAB3NzaC1yc2EAAAADAQABAAABAQD7n4mwTT2dKsqt1K4IYmmDesvpka5rgBA6wZDUAE8Oc2ETU52gRAMvPwiOlyyWyMCqooddCD3FwK2EJw8bASbDOyTBJfCeU8srycSv0VpFcl1O2d4yTg4PrWxfylFHt8ZWMYgZpgOXtUS+5CI8O2HaibhtDo0E699YnZgq7WugiHzj5+9sEQL9nIK6z5wNn3bXHJjwhGKJbXIE9CiD1jRxHdB7Mm+Vkd9kzKwJF4KcADSwg6RqE5Xv6K2Tm83h3G+O5td4hgtaHQORKBYifuqiLslpoXLOtNzHFLfe9/aNXvo0bZnt/wln1U9jOwUmLHMS7TJS5H88nC1IRKT2wTk/ linuxkeys",
                            "metadata.user_data": "IyEvYmluL2Jhc2gKeXVtIHVwZGF0ZSAteQo=",
                            "private_ip": "10.1.22.2",
                            "public_ip": "129.213.125.185",
                            "region": "iad",
                            "shape": "VM.Standard1.16",
                            "state": "RUNNING",
                            "subnet_id": "ocid1.subnet.oc1.iad.aaaaaaaak5yl5hw4dii7ux6hcrdcjttnyzb3gpdn24xhiohizx5epgm6gngq",
                            "time_created": "2018-03-08 14:55:35.899 +0000 UTC"
                        },
                        "meta": {},
                        "tainted": false
                    },
                    "deposed": [],
                    "provider": ""
                },
                "oci_core_instance.TFInstance2.271": {
                    "type": "oci_core_instance",
                    "depends_on": [
                        "data.oci_identity_availability_domains.ADs",
                        "oci_core_subnet.ExampleSubnet2"
                    ],
                    "primary": {
                        "id": "ocid1.instance.oc1.iad.abuwcljte5yco6i55cyyim6mcde4pdlkibgn3laxxg5wkff73e2pyg2o6msq",
                        "attributes": {
                            "availability_domain": "lkEI:US-ASHBURN-AD-2",
                            "compartment_id": "ocid1.compartment.oc1..aaaaaaaapui4j3qyqji3bdg4vp35bldzpu55eqkfps3a6edu4z7tkonxoo5a",
                            "create_vnic_details.#": "1",
                            "create_vnic_details.0.assign_public_ip": "true",
                            "create_vnic_details.0.display_name": "primaryvnic",
                            "create_vnic_details.0.hostname_label": "tfinst20271",
                            "create_vnic_details.0.private_ip": "10.1.22.61",
                            "create_vnic_details.0.skip_source_dest_check": "false",
                            "create_vnic_details.0.subnet_id": "ocid1.subnet.oc1.iad.aaaaaaaak5yl5hw4dii7ux6hcrdcjttnyzb3gpdn24xhiohizx5epgm6gngq",
                            "display_name": "TFInstance20271",
                            "hostname_label": "tfinst20271",
                            "id": "ocid1.instance.oc1.iad.abuwcljte5yco6i55cyyim6mcde4pdlkibgn3laxxg5wkff73e2pyg2o6msq",
                            "image": "ocid1.image.oc1.iad.aaaaaaaaxrqeombwty6jyqgk3fraczdd63bv66xgfsqka4ktr7c57awr3p5a",
                            "ipxe_script": "",
                            "metadata.%": "2",
                            "metadata.ssh_authorized_keys": "ssh-rsa AAAAB3NzaC1yc2EAAAADAQABAAABAQD7n4mwTT2dKsqt1K4IYmmDesvpka5rgBA6wZDUAE8Oc2ETU52gRAMvPwiOlyyWyMCqooddCD3FwK2EJw8bASbDOyTBJfCeU8srycSv0VpFcl1O2d4yTg4PrWxfylFHt8ZWMYgZpgOXtUS+5CI8O2HaibhtDo0E699YnZgq7WugiHzj5+9sEQL9nIK6z5wNn3bXHJjwhGKJbXIE9CiD1jRxHdB7Mm+Vkd9kzKwJF4KcADSwg6RqE5Xv6K2Tm83h3G+O5td4hgtaHQORKBYifuqiLslpoXLOtNzHFLfe9/aNXvo0bZnt/wln1U9jOwUmLHMS7TJS5H88nC1IRKT2wTk/ linuxkeys",
                            "metadata.user_data": "IyEvYmluL2Jhc2gKeXVtIHVwZGF0ZSAteQo=",
                            "private_ip": "10.1.22.61",
                            "public_ip": "129.213.113.79",
                            "region": "iad",
                            "shape": "VM.Standard1.16",
                            "state": "RUNNING",
                            "subnet_id": "ocid1.subnet.oc1.iad.aaaaaaaak5yl5hw4dii7ux6hcrdcjttnyzb3gpdn24xhiohizx5epgm6gngq",
                            "time_created": "2018-03-08 14:55:51.544 +0000 UTC"
                        },
                        "meta": {},
                        "tainted": false
                    },
                    "deposed": [],
                    "provider": ""
                },
                "oci_core_instance.TFInstance2.273": {
                    "type": "oci_core_instance",
                    "depends_on": [
                        "data.oci_identity_availability_domains.ADs",
                        "oci_core_subnet.ExampleSubnet2"
                    ],
                    "primary": {
                        "id": "ocid1.instance.oc1.iad.abuwcljtnd2igfzrpufuk7j7bgbfvufx66hm6z7wvrj4jd27c2jba7abd53q",
                        "attributes": {
                            "availability_domain": "lkEI:US-ASHBURN-AD-2",
                            "compartment_id": "ocid1.compartment.oc1..aaaaaaaapui4j3qyqji3bdg4vp35bldzpu55eqkfps3a6edu4z7tkonxoo5a",
                            "create_vnic_details.#": "1",
                            "create_vnic_details.0.assign_public_ip": "true",
                            "create_vnic_details.0.display_name": "primaryvnic",
                            "create_vnic_details.0.hostname_label": "tfinst20273",
                            "create_vnic_details.0.private_ip": "10.1.22.57",
                            "create_vnic_details.0.skip_source_dest_check": "false",
                            "create_vnic_details.0.subnet_id": "ocid1.subnet.oc1.iad.aaaaaaaak5yl5hw4dii7ux6hcrdcjttnyzb3gpdn24xhiohizx5epgm6gngq",
                            "display_name": "TFInstance20273",
                            "hostname_label": "tfinst20273",
                            "id": "ocid1.instance.oc1.iad.abuwcljtnd2igfzrpufuk7j7bgbfvufx66hm6z7wvrj4jd27c2jba7abd53q",
                            "image": "ocid1.image.oc1.iad.aaaaaaaaxrqeombwty6jyqgk3fraczdd63bv66xgfsqka4ktr7c57awr3p5a",
                            "ipxe_script": "",
                            "metadata.%": "2",
                            "metadata.ssh_authorized_keys": "ssh-rsa AAAAB3NzaC1yc2EAAAADAQABAAABAQD7n4mwTT2dKsqt1K4IYmmDesvpka5rgBA6wZDUAE8Oc2ETU52gRAMvPwiOlyyWyMCqooddCD3FwK2EJw8bASbDOyTBJfCeU8srycSv0VpFcl1O2d4yTg4PrWxfylFHt8ZWMYgZpgOXtUS+5CI8O2HaibhtDo0E699YnZgq7WugiHzj5+9sEQL9nIK6z5wNn3bXHJjwhGKJbXIE9CiD1jRxHdB7Mm+Vkd9kzKwJF4KcADSwg6RqE5Xv6K2Tm83h3G+O5td4hgtaHQORKBYifuqiLslpoXLOtNzHFLfe9/aNXvo0bZnt/wln1U9jOwUmLHMS7TJS5H88nC1IRKT2wTk/ linuxkeys",
                            "metadata.user_data": "IyEvYmluL2Jhc2gKeXVtIHVwZGF0ZSAteQo=",
                            "private_ip": "10.1.22.57",
                            "public_ip": "129.213.114.217",
                            "region": "iad",
                            "shape": "VM.Standard1.16",
                            "state": "RUNNING",
                            "subnet_id": "ocid1.subnet.oc1.iad.aaaaaaaak5yl5hw4dii7ux6hcrdcjttnyzb3gpdn24xhiohizx5epgm6gngq",
                            "time_created": "2018-03-08 14:55:44.156 +0000 UTC"
                        },
                        "meta": {},
                        "tainted": false
                    },
                    "deposed": [],
                    "provider": ""
                },
                "oci_core_instance.TFInstance2.276": {
                    "type": "oci_core_instance",
                    "depends_on": [
                        "data.oci_identity_availability_domains.ADs",
                        "oci_core_subnet.ExampleSubnet2"
                    ],
                    "primary": {
                        "id": "ocid1.instance.oc1.iad.abuwcljtm7ekm6yazh3to277lfpz47jo67fmtghjb6gibboveupfmlonvnsq",
                        "attributes": {
                            "availability_domain": "lkEI:US-ASHBURN-AD-2",
                            "compartment_id": "ocid1.compartment.oc1..aaaaaaaapui4j3qyqji3bdg4vp35bldzpu55eqkfps3a6edu4z7tkonxoo5a",
                            "create_vnic_details.#": "1",
                            "create_vnic_details.0.assign_public_ip": "true",
                            "create_vnic_details.0.display_name": "primaryvnic",
                            "create_vnic_details.0.hostname_label": "tfinst20276",
                            "create_vnic_details.0.private_ip": "10.1.22.56",
                            "create_vnic_details.0.skip_source_dest_check": "false",
                            "create_vnic_details.0.subnet_id": "ocid1.subnet.oc1.iad.aaaaaaaak5yl5hw4dii7ux6hcrdcjttnyzb3gpdn24xhiohizx5epgm6gngq",
                            "display_name": "TFInstance20276",
                            "hostname_label": "tfinst20276",
                            "id": "ocid1.instance.oc1.iad.abuwcljtm7ekm6yazh3to277lfpz47jo67fmtghjb6gibboveupfmlonvnsq",
                            "image": "ocid1.image.oc1.iad.aaaaaaaaxrqeombwty6jyqgk3fraczdd63bv66xgfsqka4ktr7c57awr3p5a",
                            "ipxe_script": "",
                            "metadata.%": "2",
                            "metadata.ssh_authorized_keys": "ssh-rsa AAAAB3NzaC1yc2EAAAADAQABAAABAQD7n4mwTT2dKsqt1K4IYmmDesvpka5rgBA6wZDUAE8Oc2ETU52gRAMvPwiOlyyWyMCqooddCD3FwK2EJw8bASbDOyTBJfCeU8srycSv0VpFcl1O2d4yTg4PrWxfylFHt8ZWMYgZpgOXtUS+5CI8O2HaibhtDo0E699YnZgq7WugiHzj5+9sEQL9nIK6z5wNn3bXHJjwhGKJbXIE9CiD1jRxHdB7Mm+Vkd9kzKwJF4KcADSwg6RqE5Xv6K2Tm83h3G+O5td4hgtaHQORKBYifuqiLslpoXLOtNzHFLfe9/aNXvo0bZnt/wln1U9jOwUmLHMS7TJS5H88nC1IRKT2wTk/ linuxkeys",
                            "metadata.user_data": "IyEvYmluL2Jhc2gKeXVtIHVwZGF0ZSAteQo=",
                            "private_ip": "10.1.22.56",
                            "public_ip": "129.213.115.230",
                            "region": "iad",
                            "shape": "VM.Standard1.16",
                            "state": "RUNNING",
                            "subnet_id": "ocid1.subnet.oc1.iad.aaaaaaaak5yl5hw4dii7ux6hcrdcjttnyzb3gpdn24xhiohizx5epgm6gngq",
                            "time_created": "2018-03-08 14:56:02.442 +0000 UTC"
                        },
                        "meta": {},
                        "tainted": false
                    },
                    "deposed": [],
                    "provider": ""
                },
                "oci_core_instance.TFInstance2.278": {
                    "type": "oci_core_instance",
                    "depends_on": [
                        "data.oci_identity_availability_domains.ADs",
                        "oci_core_subnet.ExampleSubnet2"
                    ],
                    "primary": {
                        "id": "ocid1.instance.oc1.iad.abuwcljtwd72wjy3vdq6xnzofq6xjedjdflbamll2nhkr4km4mnj2sjplzta",
                        "attributes": {
                            "availability_domain": "lkEI:US-ASHBURN-AD-2",
                            "compartment_id": "ocid1.compartment.oc1..aaaaaaaapui4j3qyqji3bdg4vp35bldzpu55eqkfps3a6edu4z7tkonxoo5a",
                            "create_vnic_details.#": "1",
                            "create_vnic_details.0.assign_public_ip": "true",
                            "create_vnic_details.0.display_name": "primaryvnic",
                            "create_vnic_details.0.hostname_label": "tfinst20278",
                            "create_vnic_details.0.private_ip": "10.1.22.92",
                            "create_vnic_details.0.skip_source_dest_check": "false",
                            "create_vnic_details.0.subnet_id": "ocid1.subnet.oc1.iad.aaaaaaaak5yl5hw4dii7ux6hcrdcjttnyzb3gpdn24xhiohizx5epgm6gngq",
                            "display_name": "TFInstance20278",
                            "hostname_label": "tfinst20278",
                            "id": "ocid1.instance.oc1.iad.abuwcljtwd72wjy3vdq6xnzofq6xjedjdflbamll2nhkr4km4mnj2sjplzta",
                            "image": "ocid1.image.oc1.iad.aaaaaaaaxrqeombwty6jyqgk3fraczdd63bv66xgfsqka4ktr7c57awr3p5a",
                            "ipxe_script": "",
                            "metadata.%": "2",
                            "metadata.ssh_authorized_keys": "ssh-rsa AAAAB3NzaC1yc2EAAAADAQABAAABAQD7n4mwTT2dKsqt1K4IYmmDesvpka5rgBA6wZDUAE8Oc2ETU52gRAMvPwiOlyyWyMCqooddCD3FwK2EJw8bASbDOyTBJfCeU8srycSv0VpFcl1O2d4yTg4PrWxfylFHt8ZWMYgZpgOXtUS+5CI8O2HaibhtDo0E699YnZgq7WugiHzj5+9sEQL9nIK6z5wNn3bXHJjwhGKJbXIE9CiD1jRxHdB7Mm+Vkd9kzKwJF4KcADSwg6RqE5Xv6K2Tm83h3G+O5td4hgtaHQORKBYifuqiLslpoXLOtNzHFLfe9/aNXvo0bZnt/wln1U9jOwUmLHMS7TJS5H88nC1IRKT2wTk/ linuxkeys",
                            "metadata.user_data": "IyEvYmluL2Jhc2gKeXVtIHVwZGF0ZSAteQo=",
                            "private_ip": "10.1.22.92",
                            "public_ip": "129.213.51.92",
                            "region": "iad",
                            "shape": "VM.Standard1.16",
                            "state": "RUNNING",
                            "subnet_id": "ocid1.subnet.oc1.iad.aaaaaaaak5yl5hw4dii7ux6hcrdcjttnyzb3gpdn24xhiohizx5epgm6gngq",
                            "time_created": "2018-03-08 14:56:34.183 +0000 UTC"
                        },
                        "meta": {},
                        "tainted": false
                    },
                    "deposed": [],
                    "provider": ""
                },
                "oci_core_instance.TFInstance2.281": {
                    "type": "oci_core_instance",
                    "depends_on": [
                        "data.oci_identity_availability_domains.ADs",
                        "oci_core_subnet.ExampleSubnet2"
                    ],
                    "primary": {
                        "id": "ocid1.instance.oc1.iad.abuwcljtt3qlecysgcyzkuguffnit2z5dv3fgy2qigyiltjrxql65r5pzgdq",
                        "attributes": {
                            "availability_domain": "lkEI:US-ASHBURN-AD-2",
                            "compartment_id": "ocid1.compartment.oc1..aaaaaaaapui4j3qyqji3bdg4vp35bldzpu55eqkfps3a6edu4z7tkonxoo5a",
                            "create_vnic_details.#": "1",
                            "create_vnic_details.0.assign_public_ip": "true",
                            "create_vnic_details.0.display_name": "primaryvnic",
                            "create_vnic_details.0.hostname_label": "tfinst20281",
                            "create_vnic_details.0.private_ip": "10.1.22.115",
                            "create_vnic_details.0.skip_source_dest_check": "false",
                            "create_vnic_details.0.subnet_id": "ocid1.subnet.oc1.iad.aaaaaaaak5yl5hw4dii7ux6hcrdcjttnyzb3gpdn24xhiohizx5epgm6gngq",
                            "display_name": "TFInstance20281",
                            "hostname_label": "tfinst20281",
                            "id": "ocid1.instance.oc1.iad.abuwcljtt3qlecysgcyzkuguffnit2z5dv3fgy2qigyiltjrxql65r5pzgdq",
                            "image": "ocid1.image.oc1.iad.aaaaaaaaxrqeombwty6jyqgk3fraczdd63bv66xgfsqka4ktr7c57awr3p5a",
                            "ipxe_script": "",
                            "metadata.%": "2",
                            "metadata.ssh_authorized_keys": "ssh-rsa AAAAB3NzaC1yc2EAAAADAQABAAABAQD7n4mwTT2dKsqt1K4IYmmDesvpka5rgBA6wZDUAE8Oc2ETU52gRAMvPwiOlyyWyMCqooddCD3FwK2EJw8bASbDOyTBJfCeU8srycSv0VpFcl1O2d4yTg4PrWxfylFHt8ZWMYgZpgOXtUS+5CI8O2HaibhtDo0E699YnZgq7WugiHzj5+9sEQL9nIK6z5wNn3bXHJjwhGKJbXIE9CiD1jRxHdB7Mm+Vkd9kzKwJF4KcADSwg6RqE5Xv6K2Tm83h3G+O5td4hgtaHQORKBYifuqiLslpoXLOtNzHFLfe9/aNXvo0bZnt/wln1U9jOwUmLHMS7TJS5H88nC1IRKT2wTk/ linuxkeys",
                            "metadata.user_data": "IyEvYmluL2Jhc2gKeXVtIHVwZGF0ZSAteQo=",
                            "private_ip": "10.1.22.115",
                            "public_ip": "129.213.127.208",
                            "region": "iad",
                            "shape": "VM.Standard1.16",
                            "state": "RUNNING",
                            "subnet_id": "ocid1.subnet.oc1.iad.aaaaaaaak5yl5hw4dii7ux6hcrdcjttnyzb3gpdn24xhiohizx5epgm6gngq",
                            "time_created": "2018-03-08 14:56:35.555 +0000 UTC"
                        },
                        "meta": {},
                        "tainted": false
                    },
                    "deposed": [],
                    "provider": ""
                },
                "oci_core_instance.TFInstance2.288": {
                    "type": "oci_core_instance",
                    "depends_on": [
                        "data.oci_identity_availability_domains.ADs",
                        "oci_core_subnet.ExampleSubnet2"
                    ],
                    "primary": {
                        "id": "ocid1.instance.oc1.iad.abuwcljt7cpz75xn4oc5grjid4keclkengq6z2g6d3dsbg3g572xz6vrpaqq",
                        "attributes": {
                            "availability_domain": "lkEI:US-ASHBURN-AD-2",
                            "compartment_id": "ocid1.compartment.oc1..aaaaaaaapui4j3qyqji3bdg4vp35bldzpu55eqkfps3a6edu4z7tkonxoo5a",
                            "create_vnic_details.#": "1",
                            "create_vnic_details.0.assign_public_ip": "true",
                            "create_vnic_details.0.display_name": "primaryvnic",
                            "create_vnic_details.0.hostname_label": "tfinst20288",
                            "create_vnic_details.0.private_ip": "10.1.22.106",
                            "create_vnic_details.0.skip_source_dest_check": "false",
                            "create_vnic_details.0.subnet_id": "ocid1.subnet.oc1.iad.aaaaaaaak5yl5hw4dii7ux6hcrdcjttnyzb3gpdn24xhiohizx5epgm6gngq",
                            "display_name": "TFInstance20288",
                            "hostname_label": "tfinst20288",
                            "id": "ocid1.instance.oc1.iad.abuwcljt7cpz75xn4oc5grjid4keclkengq6z2g6d3dsbg3g572xz6vrpaqq",
                            "image": "ocid1.image.oc1.iad.aaaaaaaaxrqeombwty6jyqgk3fraczdd63bv66xgfsqka4ktr7c57awr3p5a",
                            "ipxe_script": "",
                            "metadata.%": "2",
                            "metadata.ssh_authorized_keys": "ssh-rsa AAAAB3NzaC1yc2EAAAADAQABAAABAQD7n4mwTT2dKsqt1K4IYmmDesvpka5rgBA6wZDUAE8Oc2ETU52gRAMvPwiOlyyWyMCqooddCD3FwK2EJw8bASbDOyTBJfCeU8srycSv0VpFcl1O2d4yTg4PrWxfylFHt8ZWMYgZpgOXtUS+5CI8O2HaibhtDo0E699YnZgq7WugiHzj5+9sEQL9nIK6z5wNn3bXHJjwhGKJbXIE9CiD1jRxHdB7Mm+Vkd9kzKwJF4KcADSwg6RqE5Xv6K2Tm83h3G+O5td4hgtaHQORKBYifuqiLslpoXLOtNzHFLfe9/aNXvo0bZnt/wln1U9jOwUmLHMS7TJS5H88nC1IRKT2wTk/ linuxkeys",
                            "metadata.user_data": "IyEvYmluL2Jhc2gKeXVtIHVwZGF0ZSAteQo=",
                            "private_ip": "10.1.22.106",
                            "public_ip": "129.213.112.207",
                            "region": "iad",
                            "shape": "VM.Standard1.16",
                            "state": "RUNNING",
                            "subnet_id": "ocid1.subnet.oc1.iad.aaaaaaaak5yl5hw4dii7ux6hcrdcjttnyzb3gpdn24xhiohizx5epgm6gngq",
                            "time_created": "2018-03-08 14:56:30.362 +0000 UTC"
                        },
                        "meta": {},
                        "tainted": false
                    },
                    "deposed": [],
                    "provider": ""
                },
                "oci_core_instance.TFInstance2.50": {
                    "type": "oci_core_instance",
                    "depends_on": [
                        "data.oci_identity_availability_domains.ADs",
                        "oci_core_subnet.ExampleSubnet2"
                    ],
                    "primary": {
                        "id": "ocid1.instance.oc1.iad.abuwcljtkjzsgf4dxu554utbvh5ybfptrfddff25vcof2w4ejvtmphb5mexq",
                        "attributes": {
                            "availability_domain": "lkEI:US-ASHBURN-AD-2",
                            "compartment_id": "ocid1.compartment.oc1..aaaaaaaapui4j3qyqji3bdg4vp35bldzpu55eqkfps3a6edu4z7tkonxoo5a",
                            "create_vnic_details.#": "1",
                            "create_vnic_details.0.assign_public_ip": "true",
                            "create_vnic_details.0.display_name": "primaryvnic",
                            "create_vnic_details.0.hostname_label": "tfinst20050",
                            "create_vnic_details.0.private_ip": "10.1.22.116",
                            "create_vnic_details.0.skip_source_dest_check": "false",
                            "create_vnic_details.0.subnet_id": "ocid1.subnet.oc1.iad.aaaaaaaak5yl5hw4dii7ux6hcrdcjttnyzb3gpdn24xhiohizx5epgm6gngq",
                            "display_name": "TFInstance20050",
                            "hostname_label": "tfinst20050",
                            "id": "ocid1.instance.oc1.iad.abuwcljtkjzsgf4dxu554utbvh5ybfptrfddff25vcof2w4ejvtmphb5mexq",
                            "image": "ocid1.image.oc1.iad.aaaaaaaaxrqeombwty6jyqgk3fraczdd63bv66xgfsqka4ktr7c57awr3p5a",
                            "ipxe_script": "",
                            "metadata.%": "2",
                            "metadata.ssh_authorized_keys": "ssh-rsa AAAAB3NzaC1yc2EAAAADAQABAAABAQD7n4mwTT2dKsqt1K4IYmmDesvpka5rgBA6wZDUAE8Oc2ETU52gRAMvPwiOlyyWyMCqooddCD3FwK2EJw8bASbDOyTBJfCeU8srycSv0VpFcl1O2d4yTg4PrWxfylFHt8ZWMYgZpgOXtUS+5CI8O2HaibhtDo0E699YnZgq7WugiHzj5+9sEQL9nIK6z5wNn3bXHJjwhGKJbXIE9CiD1jRxHdB7Mm+Vkd9kzKwJF4KcADSwg6RqE5Xv6K2Tm83h3G+O5td4hgtaHQORKBYifuqiLslpoXLOtNzHFLfe9/aNXvo0bZnt/wln1U9jOwUmLHMS7TJS5H88nC1IRKT2wTk/ linuxkeys",
                            "metadata.user_data": "IyEvYmluL2Jhc2gKeXVtIHVwZGF0ZSAteQo=",
                            "private_ip": "10.1.22.116",
                            "public_ip": "129.213.62.53",
                            "region": "iad",
                            "shape": "VM.Standard1.16",
                            "state": "RUNNING",
                            "subnet_id": "ocid1.subnet.oc1.iad.aaaaaaaak5yl5hw4dii7ux6hcrdcjttnyzb3gpdn24xhiohizx5epgm6gngq",
                            "time_created": "2018-03-08 14:56:15.722 +0000 UTC"
                        },
                        "meta": {},
                        "tainted": false
                    },
                    "deposed": [],
                    "provider": ""
                },
                "oci_core_instance.TFInstance3.1": {
                    "type": "oci_core_instance",
                    "depends_on": [
                        "data.oci_identity_availability_domains.ADs",
                        "oci_core_subnet.ExampleSubnet3"
                    ],
                    "primary": {
                        "id": "ocid1.instance.oc1.iad.abuwcljrj26d3ixcbcsur6xkrog3eaz3lueqmlff6yw63laq3nlnmrqw4xqq",
                        "attributes": {
                            "availability_domain": "lkEI:US-ASHBURN-AD-3",
                            "compartment_id": "ocid1.compartment.oc1..aaaaaaaapui4j3qyqji3bdg4vp35bldzpu55eqkfps3a6edu4z7tkonxoo5a",
                            "create_vnic_details.#": "1",
                            "create_vnic_details.0.assign_public_ip": "true",
                            "create_vnic_details.0.display_name": "primaryvnic",
                            "create_vnic_details.0.hostname_label": "tfinst30001",
                            "create_vnic_details.0.private_ip": "10.1.24.231",
                            "create_vnic_details.0.skip_source_dest_check": "false",
                            "create_vnic_details.0.subnet_id": "ocid1.subnet.oc1.iad.aaaaaaaaltjxls27iliwdk5ocfopio7rjlpkhuj2sijcp56sxhzvjxqhhz3a",
                            "display_name": "TFInstance30001",
                            "hostname_label": "tfinst30001",
                            "id": "ocid1.instance.oc1.iad.abuwcljrj26d3ixcbcsur6xkrog3eaz3lueqmlff6yw63laq3nlnmrqw4xqq",
                            "image": "ocid1.image.oc1.iad.aaaaaaaaxrqeombwty6jyqgk3fraczdd63bv66xgfsqka4ktr7c57awr3p5a",
                            "ipxe_script": "",
                            "metadata.%": "2",
                            "metadata.ssh_authorized_keys": "ssh-rsa AAAAB3NzaC1yc2EAAAADAQABAAABAQD7n4mwTT2dKsqt1K4IYmmDesvpka5rgBA6wZDUAE8Oc2ETU52gRAMvPwiOlyyWyMCqooddCD3FwK2EJw8bASbDOyTBJfCeU8srycSv0VpFcl1O2d4yTg4PrWxfylFHt8ZWMYgZpgOXtUS+5CI8O2HaibhtDo0E699YnZgq7WugiHzj5+9sEQL9nIK6z5wNn3bXHJjwhGKJbXIE9CiD1jRxHdB7Mm+Vkd9kzKwJF4KcADSwg6RqE5Xv6K2Tm83h3G+O5td4hgtaHQORKBYifuqiLslpoXLOtNzHFLfe9/aNXvo0bZnt/wln1U9jOwUmLHMS7TJS5H88nC1IRKT2wTk/ linuxkeys",
                            "metadata.user_data": "IyEvYmluL2Jhc2gKeXVtIHVwZGF0ZSAteQo=",
                            "private_ip": "10.1.24.231",
                            "public_ip": "129.213.84.123",
                            "region": "iad",
                            "shape": "VM.Standard1.16",
                            "state": "RUNNING",
                            "subnet_id": "ocid1.subnet.oc1.iad.aaaaaaaaltjxls27iliwdk5ocfopio7rjlpkhuj2sijcp56sxhzvjxqhhz3a",
                            "time_created": "2018-03-08 15:00:42.646 +0000 UTC"
                        },
                        "meta": {},
                        "tainted": false
                    },
                    "deposed": [],
                    "provider": ""
                },
                "oci_core_instance.TFInstance3.102": {
                    "type": "oci_core_instance",
                    "depends_on": [
                        "data.oci_identity_availability_domains.ADs",
                        "oci_core_subnet.ExampleSubnet3"
                    ],
                    "primary": {
                        "id": "ocid1.instance.oc1.iad.abuwcljr6t73mtg3tdrvlcr322ws4ofkqrf4xitvlrd3uqxpdqhbpwjc7rha",
                        "attributes": {
                            "availability_domain": "lkEI:US-ASHBURN-AD-3",
                            "compartment_id": "ocid1.compartment.oc1..aaaaaaaapui4j3qyqji3bdg4vp35bldzpu55eqkfps3a6edu4z7tkonxoo5a",
                            "create_vnic_details.#": "1",
                            "create_vnic_details.0.assign_public_ip": "true",
                            "create_vnic_details.0.display_name": "primaryvnic",
                            "create_vnic_details.0.hostname_label": "tfinst30102",
                            "create_vnic_details.0.private_ip": "10.1.24.186",
                            "create_vnic_details.0.skip_source_dest_check": "false",
                            "create_vnic_details.0.subnet_id": "ocid1.subnet.oc1.iad.aaaaaaaaltjxls27iliwdk5ocfopio7rjlpkhuj2sijcp56sxhzvjxqhhz3a",
                            "display_name": "TFInstance30102",
                            "hostname_label": "tfinst30102",
                            "id": "ocid1.instance.oc1.iad.abuwcljr6t73mtg3tdrvlcr322ws4ofkqrf4xitvlrd3uqxpdqhbpwjc7rha",
                            "image": "ocid1.image.oc1.iad.aaaaaaaaxrqeombwty6jyqgk3fraczdd63bv66xgfsqka4ktr7c57awr3p5a",
                            "ipxe_script": "",
                            "metadata.%": "2",
                            "metadata.ssh_authorized_keys": "ssh-rsa AAAAB3NzaC1yc2EAAAADAQABAAABAQD7n4mwTT2dKsqt1K4IYmmDesvpka5rgBA6wZDUAE8Oc2ETU52gRAMvPwiOlyyWyMCqooddCD3FwK2EJw8bASbDOyTBJfCeU8srycSv0VpFcl1O2d4yTg4PrWxfylFHt8ZWMYgZpgOXtUS+5CI8O2HaibhtDo0E699YnZgq7WugiHzj5+9sEQL9nIK6z5wNn3bXHJjwhGKJbXIE9CiD1jRxHdB7Mm+Vkd9kzKwJF4KcADSwg6RqE5Xv6K2Tm83h3G+O5td4hgtaHQORKBYifuqiLslpoXLOtNzHFLfe9/aNXvo0bZnt/wln1U9jOwUmLHMS7TJS5H88nC1IRKT2wTk/ linuxkeys",
                            "metadata.user_data": "IyEvYmluL2Jhc2gKeXVtIHVwZGF0ZSAteQo=",
                            "private_ip": "10.1.24.186",
                            "public_ip": "129.213.19.168",
                            "region": "iad",
                            "shape": "VM.Standard1.16",
                            "state": "RUNNING",
                            "subnet_id": "ocid1.subnet.oc1.iad.aaaaaaaaltjxls27iliwdk5ocfopio7rjlpkhuj2sijcp56sxhzvjxqhhz3a",
                            "time_created": "2018-03-08 15:00:25.979 +0000 UTC"
                        },
                        "meta": {},
                        "tainted": false
                    },
                    "deposed": [],
                    "provider": ""
                },
                "oci_core_instance.TFInstance3.104": {
                    "type": "oci_core_instance",
                    "depends_on": [
                        "data.oci_identity_availability_domains.ADs",
                        "oci_core_subnet.ExampleSubnet3"
                    ],
                    "primary": {
                        "id": "ocid1.instance.oc1.iad.abuwcljryqmjvwwzcfwbcmabo57x6ml5g6klvydh3fuv7chrhku2r2pl76wq",
                        "attributes": {
                            "availability_domain": "lkEI:US-ASHBURN-AD-3",
                            "compartment_id": "ocid1.compartment.oc1..aaaaaaaapui4j3qyqji3bdg4vp35bldzpu55eqkfps3a6edu4z7tkonxoo5a",
                            "create_vnic_details.#": "1",
                            "create_vnic_details.0.assign_public_ip": "true",
                            "create_vnic_details.0.display_name": "primaryvnic",
                            "create_vnic_details.0.hostname_label": "tfinst30104",
                            "create_vnic_details.0.private_ip": "10.1.24.38",
                            "create_vnic_details.0.skip_source_dest_check": "false",
                            "create_vnic_details.0.subnet_id": "ocid1.subnet.oc1.iad.aaaaaaaaltjxls27iliwdk5ocfopio7rjlpkhuj2sijcp56sxhzvjxqhhz3a",
                            "display_name": "TFInstance30104",
                            "hostname_label": "tfinst30104",
                            "id": "ocid1.instance.oc1.iad.abuwcljryqmjvwwzcfwbcmabo57x6ml5g6klvydh3fuv7chrhku2r2pl76wq",
                            "image": "ocid1.image.oc1.iad.aaaaaaaaxrqeombwty6jyqgk3fraczdd63bv66xgfsqka4ktr7c57awr3p5a",
                            "ipxe_script": "",
                            "metadata.%": "2",
                            "metadata.ssh_authorized_keys": "ssh-rsa AAAAB3NzaC1yc2EAAAADAQABAAABAQD7n4mwTT2dKsqt1K4IYmmDesvpka5rgBA6wZDUAE8Oc2ETU52gRAMvPwiOlyyWyMCqooddCD3FwK2EJw8bASbDOyTBJfCeU8srycSv0VpFcl1O2d4yTg4PrWxfylFHt8ZWMYgZpgOXtUS+5CI8O2HaibhtDo0E699YnZgq7WugiHzj5+9sEQL9nIK6z5wNn3bXHJjwhGKJbXIE9CiD1jRxHdB7Mm+Vkd9kzKwJF4KcADSwg6RqE5Xv6K2Tm83h3G+O5td4hgtaHQORKBYifuqiLslpoXLOtNzHFLfe9/aNXvo0bZnt/wln1U9jOwUmLHMS7TJS5H88nC1IRKT2wTk/ linuxkeys",
                            "metadata.user_data": "IyEvYmluL2Jhc2gKeXVtIHVwZGF0ZSAteQo=",
                            "private_ip": "10.1.24.38",
                            "public_ip": "129.213.83.201",
                            "region": "iad",
                            "shape": "VM.Standard1.16",
                            "state": "RUNNING",
                            "subnet_id": "ocid1.subnet.oc1.iad.aaaaaaaaltjxls27iliwdk5ocfopio7rjlpkhuj2sijcp56sxhzvjxqhhz3a",
                            "time_created": "2018-03-08 14:56:35.99 +0000 UTC"
                        },
                        "meta": {},
                        "tainted": false
                    },
                    "deposed": [],
                    "provider": ""
                },
                "oci_core_instance.TFInstance3.105": {
                    "type": "oci_core_instance",
                    "depends_on": [
                        "data.oci_identity_availability_domains.ADs",
                        "oci_core_subnet.ExampleSubnet3"
                    ],
                    "primary": {
                        "id": "ocid1.instance.oc1.iad.abuwcljrftba5eg7f6im75px3jxqehyry6psbnbb6fbra7ejtksmcrk6wfma",
                        "attributes": {
                            "availability_domain": "lkEI:US-ASHBURN-AD-3",
                            "compartment_id": "ocid1.compartment.oc1..aaaaaaaapui4j3qyqji3bdg4vp35bldzpu55eqkfps3a6edu4z7tkonxoo5a",
                            "create_vnic_details.#": "1",
                            "create_vnic_details.0.assign_public_ip": "true",
                            "create_vnic_details.0.display_name": "primaryvnic",
                            "create_vnic_details.0.hostname_label": "tfinst30105",
                            "create_vnic_details.0.private_ip": "10.1.24.123",
                            "create_vnic_details.0.skip_source_dest_check": "false",
                            "create_vnic_details.0.subnet_id": "ocid1.subnet.oc1.iad.aaaaaaaaltjxls27iliwdk5ocfopio7rjlpkhuj2sijcp56sxhzvjxqhhz3a",
                            "display_name": "TFInstance30105",
                            "hostname_label": "tfinst30105",
                            "id": "ocid1.instance.oc1.iad.abuwcljrftba5eg7f6im75px3jxqehyry6psbnbb6fbra7ejtksmcrk6wfma",
                            "image": "ocid1.image.oc1.iad.aaaaaaaaxrqeombwty6jyqgk3fraczdd63bv66xgfsqka4ktr7c57awr3p5a",
                            "ipxe_script": "",
                            "metadata.%": "2",
                            "metadata.ssh_authorized_keys": "ssh-rsa AAAAB3NzaC1yc2EAAAADAQABAAABAQD7n4mwTT2dKsqt1K4IYmmDesvpka5rgBA6wZDUAE8Oc2ETU52gRAMvPwiOlyyWyMCqooddCD3FwK2EJw8bASbDOyTBJfCeU8srycSv0VpFcl1O2d4yTg4PrWxfylFHt8ZWMYgZpgOXtUS+5CI8O2HaibhtDo0E699YnZgq7WugiHzj5+9sEQL9nIK6z5wNn3bXHJjwhGKJbXIE9CiD1jRxHdB7Mm+Vkd9kzKwJF4KcADSwg6RqE5Xv6K2Tm83h3G+O5td4hgtaHQORKBYifuqiLslpoXLOtNzHFLfe9/aNXvo0bZnt/wln1U9jOwUmLHMS7TJS5H88nC1IRKT2wTk/ linuxkeys",
                            "metadata.user_data": "IyEvYmluL2Jhc2gKeXVtIHVwZGF0ZSAteQo=",
                            "private_ip": "10.1.24.123",
                            "public_ip": "129.213.89.86",
                            "region": "iad",
                            "shape": "VM.Standard1.16",
                            "state": "RUNNING",
                            "subnet_id": "ocid1.subnet.oc1.iad.aaaaaaaaltjxls27iliwdk5ocfopio7rjlpkhuj2sijcp56sxhzvjxqhhz3a",
                            "time_created": "2018-03-08 14:59:35.913 +0000 UTC"
                        },
                        "meta": {},
                        "tainted": false
                    },
                    "deposed": [],
                    "provider": ""
                },
                "oci_core_instance.TFInstance3.106": {
                    "type": "oci_core_instance",
                    "depends_on": [
                        "data.oci_identity_availability_domains.ADs",
                        "oci_core_subnet.ExampleSubnet3"
                    ],
                    "primary": {
                        "id": "ocid1.instance.oc1.iad.abuwcljrjhyvvbas7wf7w22s2bu4a75eabttsk5ov7vjyedp6bcwkct4rwza",
                        "attributes": {
                            "availability_domain": "lkEI:US-ASHBURN-AD-3",
                            "compartment_id": "ocid1.compartment.oc1..aaaaaaaapui4j3qyqji3bdg4vp35bldzpu55eqkfps3a6edu4z7tkonxoo5a",
                            "create_vnic_details.#": "1",
                            "create_vnic_details.0.assign_public_ip": "true",
                            "create_vnic_details.0.display_name": "primaryvnic",
                            "create_vnic_details.0.hostname_label": "tfinst30106",
                            "create_vnic_details.0.private_ip": "10.1.24.63",
                            "create_vnic_details.0.skip_source_dest_check": "false",
                            "create_vnic_details.0.subnet_id": "ocid1.subnet.oc1.iad.aaaaaaaaltjxls27iliwdk5ocfopio7rjlpkhuj2sijcp56sxhzvjxqhhz3a",
                            "display_name": "TFInstance30106",
                            "hostname_label": "tfinst30106",
                            "id": "ocid1.instance.oc1.iad.abuwcljrjhyvvbas7wf7w22s2bu4a75eabttsk5ov7vjyedp6bcwkct4rwza",
                            "image": "ocid1.image.oc1.iad.aaaaaaaaxrqeombwty6jyqgk3fraczdd63bv66xgfsqka4ktr7c57awr3p5a",
                            "ipxe_script": "",
                            "metadata.%": "2",
                            "metadata.ssh_authorized_keys": "ssh-rsa AAAAB3NzaC1yc2EAAAADAQABAAABAQD7n4mwTT2dKsqt1K4IYmmDesvpka5rgBA6wZDUAE8Oc2ETU52gRAMvPwiOlyyWyMCqooddCD3FwK2EJw8bASbDOyTBJfCeU8srycSv0VpFcl1O2d4yTg4PrWxfylFHt8ZWMYgZpgOXtUS+5CI8O2HaibhtDo0E699YnZgq7WugiHzj5+9sEQL9nIK6z5wNn3bXHJjwhGKJbXIE9CiD1jRxHdB7Mm+Vkd9kzKwJF4KcADSwg6RqE5Xv6K2Tm83h3G+O5td4hgtaHQORKBYifuqiLslpoXLOtNzHFLfe9/aNXvo0bZnt/wln1U9jOwUmLHMS7TJS5H88nC1IRKT2wTk/ linuxkeys",
                            "metadata.user_data": "IyEvYmluL2Jhc2gKeXVtIHVwZGF0ZSAteQo=",
                            "private_ip": "10.1.24.63",
                            "public_ip": "129.213.18.139",
                            "region": "iad",
                            "shape": "VM.Standard1.16",
                            "state": "RUNNING",
                            "subnet_id": "ocid1.subnet.oc1.iad.aaaaaaaaltjxls27iliwdk5ocfopio7rjlpkhuj2sijcp56sxhzvjxqhhz3a",
                            "time_created": "2018-03-08 14:57:54.822 +0000 UTC"
                        },
                        "meta": {},
                        "tainted": false
                    },
                    "deposed": [],
                    "provider": ""
                },
                "oci_core_instance.TFInstance3.107": {
                    "type": "oci_core_instance",
                    "depends_on": [
                        "data.oci_identity_availability_domains.ADs",
                        "oci_core_subnet.ExampleSubnet3"
                    ],
                    "primary": {
                        "id": "ocid1.instance.oc1.iad.abuwcljrxf5rhv7gperfvth6a33ld3bgwcqff7sowstmyrnkwsp5r4wmy7nq",
                        "attributes": {
                            "availability_domain": "lkEI:US-ASHBURN-AD-3",
                            "compartment_id": "ocid1.compartment.oc1..aaaaaaaapui4j3qyqji3bdg4vp35bldzpu55eqkfps3a6edu4z7tkonxoo5a",
                            "create_vnic_details.#": "1",
                            "create_vnic_details.0.assign_public_ip": "true",
                            "create_vnic_details.0.display_name": "primaryvnic",
                            "create_vnic_details.0.hostname_label": "tfinst30107",
                            "create_vnic_details.0.private_ip": "10.1.24.118",
                            "create_vnic_details.0.skip_source_dest_check": "false",
                            "create_vnic_details.0.subnet_id": "ocid1.subnet.oc1.iad.aaaaaaaaltjxls27iliwdk5ocfopio7rjlpkhuj2sijcp56sxhzvjxqhhz3a",
                            "display_name": "TFInstance30107",
                            "hostname_label": "tfinst30107",
                            "id": "ocid1.instance.oc1.iad.abuwcljrxf5rhv7gperfvth6a33ld3bgwcqff7sowstmyrnkwsp5r4wmy7nq",
                            "image": "ocid1.image.oc1.iad.aaaaaaaaxrqeombwty6jyqgk3fraczdd63bv66xgfsqka4ktr7c57awr3p5a",
                            "ipxe_script": "",
                            "metadata.%": "2",
                            "metadata.ssh_authorized_keys": "ssh-rsa AAAAB3NzaC1yc2EAAAADAQABAAABAQD7n4mwTT2dKsqt1K4IYmmDesvpka5rgBA6wZDUAE8Oc2ETU52gRAMvPwiOlyyWyMCqooddCD3FwK2EJw8bASbDOyTBJfCeU8srycSv0VpFcl1O2d4yTg4PrWxfylFHt8ZWMYgZpgOXtUS+5CI8O2HaibhtDo0E699YnZgq7WugiHzj5+9sEQL9nIK6z5wNn3bXHJjwhGKJbXIE9CiD1jRxHdB7Mm+Vkd9kzKwJF4KcADSwg6RqE5Xv6K2Tm83h3G+O5td4hgtaHQORKBYifuqiLslpoXLOtNzHFLfe9/aNXvo0bZnt/wln1U9jOwUmLHMS7TJS5H88nC1IRKT2wTk/ linuxkeys",
                            "metadata.user_data": "IyEvYmluL2Jhc2gKeXVtIHVwZGF0ZSAteQo=",
                            "private_ip": "10.1.24.118",
                            "public_ip": "129.213.21.189",
                            "region": "iad",
                            "shape": "VM.Standard1.16",
                            "state": "RUNNING",
                            "subnet_id": "ocid1.subnet.oc1.iad.aaaaaaaaltjxls27iliwdk5ocfopio7rjlpkhuj2sijcp56sxhzvjxqhhz3a",
                            "time_created": "2018-03-08 14:59:31.027 +0000 UTC"
                        },
                        "meta": {},
                        "tainted": false
                    },
                    "deposed": [],
                    "provider": ""
                },
                "oci_core_instance.TFInstance3.111": {
                    "type": "oci_core_instance",
                    "depends_on": [
                        "data.oci_identity_availability_domains.ADs",
                        "oci_core_subnet.ExampleSubnet3"
                    ],
                    "primary": {
                        "id": "ocid1.instance.oc1.iad.abuwcljrewxi52zcznfxnjcwogwtfqhezrls4d7pz3sijojjokyi7g5s6vga",
                        "attributes": {
                            "availability_domain": "lkEI:US-ASHBURN-AD-3",
                            "compartment_id": "ocid1.compartment.oc1..aaaaaaaapui4j3qyqji3bdg4vp35bldzpu55eqkfps3a6edu4z7tkonxoo5a",
                            "create_vnic_details.#": "1",
                            "create_vnic_details.0.assign_public_ip": "true",
                            "create_vnic_details.0.display_name": "primaryvnic",
                            "create_vnic_details.0.hostname_label": "tfinst30111",
                            "create_vnic_details.0.private_ip": "10.1.24.165",
                            "create_vnic_details.0.skip_source_dest_check": "false",
                            "create_vnic_details.0.subnet_id": "ocid1.subnet.oc1.iad.aaaaaaaaltjxls27iliwdk5ocfopio7rjlpkhuj2sijcp56sxhzvjxqhhz3a",
                            "display_name": "TFInstance30111",
                            "hostname_label": "tfinst30111",
                            "id": "ocid1.instance.oc1.iad.abuwcljrewxi52zcznfxnjcwogwtfqhezrls4d7pz3sijojjokyi7g5s6vga",
                            "image": "ocid1.image.oc1.iad.aaaaaaaaxrqeombwty6jyqgk3fraczdd63bv66xgfsqka4ktr7c57awr3p5a",
                            "ipxe_script": "",
                            "metadata.%": "2",
                            "metadata.ssh_authorized_keys": "ssh-rsa AAAAB3NzaC1yc2EAAAADAQABAAABAQD7n4mwTT2dKsqt1K4IYmmDesvpka5rgBA6wZDUAE8Oc2ETU52gRAMvPwiOlyyWyMCqooddCD3FwK2EJw8bASbDOyTBJfCeU8srycSv0VpFcl1O2d4yTg4PrWxfylFHt8ZWMYgZpgOXtUS+5CI8O2HaibhtDo0E699YnZgq7WugiHzj5+9sEQL9nIK6z5wNn3bXHJjwhGKJbXIE9CiD1jRxHdB7Mm+Vkd9kzKwJF4KcADSwg6RqE5Xv6K2Tm83h3G+O5td4hgtaHQORKBYifuqiLslpoXLOtNzHFLfe9/aNXvo0bZnt/wln1U9jOwUmLHMS7TJS5H88nC1IRKT2wTk/ linuxkeys",
                            "metadata.user_data": "IyEvYmluL2Jhc2gKeXVtIHVwZGF0ZSAteQo=",
                            "private_ip": "10.1.24.165",
                            "public_ip": "129.213.94.75",
                            "region": "iad",
                            "shape": "VM.Standard1.16",
                            "state": "RUNNING",
                            "subnet_id": "ocid1.subnet.oc1.iad.aaaaaaaaltjxls27iliwdk5ocfopio7rjlpkhuj2sijcp56sxhzvjxqhhz3a",
                            "time_created": "2018-03-08 15:00:20.069 +0000 UTC"
                        },
                        "meta": {},
                        "tainted": false
                    },
                    "deposed": [],
                    "provider": ""
                },
                "oci_core_instance.TFInstance3.112": {
                    "type": "oci_core_instance",
                    "depends_on": [
                        "data.oci_identity_availability_domains.ADs",
                        "oci_core_subnet.ExampleSubnet3"
                    ],
                    "primary": {
                        "id": "ocid1.instance.oc1.iad.abuwcljrx2yf4kuydku32xx2wwfh3lxzfqkrxxhexagv75qrekscvmanlxla",
                        "attributes": {
                            "availability_domain": "lkEI:US-ASHBURN-AD-3",
                            "compartment_id": "ocid1.compartment.oc1..aaaaaaaapui4j3qyqji3bdg4vp35bldzpu55eqkfps3a6edu4z7tkonxoo5a",
                            "create_vnic_details.#": "1",
                            "create_vnic_details.0.assign_public_ip": "true",
                            "create_vnic_details.0.display_name": "primaryvnic",
                            "create_vnic_details.0.hostname_label": "tfinst30112",
                            "create_vnic_details.0.private_ip": "10.1.24.167",
                            "create_vnic_details.0.skip_source_dest_check": "false",
                            "create_vnic_details.0.subnet_id": "ocid1.subnet.oc1.iad.aaaaaaaaltjxls27iliwdk5ocfopio7rjlpkhuj2sijcp56sxhzvjxqhhz3a",
                            "display_name": "TFInstance30112",
                            "hostname_label": "tfinst30112",
                            "id": "ocid1.instance.oc1.iad.abuwcljrx2yf4kuydku32xx2wwfh3lxzfqkrxxhexagv75qrekscvmanlxla",
                            "image": "ocid1.image.oc1.iad.aaaaaaaaxrqeombwty6jyqgk3fraczdd63bv66xgfsqka4ktr7c57awr3p5a",
                            "ipxe_script": "",
                            "metadata.%": "2",
                            "metadata.ssh_authorized_keys": "ssh-rsa AAAAB3NzaC1yc2EAAAADAQABAAABAQD7n4mwTT2dKsqt1K4IYmmDesvpka5rgBA6wZDUAE8Oc2ETU52gRAMvPwiOlyyWyMCqooddCD3FwK2EJw8bASbDOyTBJfCeU8srycSv0VpFcl1O2d4yTg4PrWxfylFHt8ZWMYgZpgOXtUS+5CI8O2HaibhtDo0E699YnZgq7WugiHzj5+9sEQL9nIK6z5wNn3bXHJjwhGKJbXIE9CiD1jRxHdB7Mm+Vkd9kzKwJF4KcADSwg6RqE5Xv6K2Tm83h3G+O5td4hgtaHQORKBYifuqiLslpoXLOtNzHFLfe9/aNXvo0bZnt/wln1U9jOwUmLHMS7TJS5H88nC1IRKT2wTk/ linuxkeys",
                            "metadata.user_data": "IyEvYmluL2Jhc2gKeXVtIHVwZGF0ZSAteQo=",
                            "private_ip": "10.1.24.167",
                            "public_ip": "129.213.16.214",
                            "region": "iad",
                            "shape": "VM.Standard1.16",
                            "state": "RUNNING",
                            "subnet_id": "ocid1.subnet.oc1.iad.aaaaaaaaltjxls27iliwdk5ocfopio7rjlpkhuj2sijcp56sxhzvjxqhhz3a",
                            "time_created": "2018-03-08 15:00:23.148 +0000 UTC"
                        },
                        "meta": {},
                        "tainted": false
                    },
                    "deposed": [],
                    "provider": ""
                },
                "oci_core_instance.TFInstance3.113": {
                    "type": "oci_core_instance",
                    "depends_on": [
                        "data.oci_identity_availability_domains.ADs",
                        "oci_core_subnet.ExampleSubnet3"
                    ],
                    "primary": {
                        "id": "ocid1.instance.oc1.iad.abuwcljry22rsuvhoj3n7rq6cvc2mlnce2t35nh24y24wun63k2ipsh2wipa",
                        "attributes": {
                            "availability_domain": "lkEI:US-ASHBURN-AD-3",
                            "compartment_id": "ocid1.compartment.oc1..aaaaaaaapui4j3qyqji3bdg4vp35bldzpu55eqkfps3a6edu4z7tkonxoo5a",
                            "create_vnic_details.#": "1",
                            "create_vnic_details.0.assign_public_ip": "true",
                            "create_vnic_details.0.display_name": "primaryvnic",
                            "create_vnic_details.0.hostname_label": "tfinst30113",
                            "create_vnic_details.0.private_ip": "10.1.24.3",
                            "create_vnic_details.0.skip_source_dest_check": "false",
                            "create_vnic_details.0.subnet_id": "ocid1.subnet.oc1.iad.aaaaaaaaltjxls27iliwdk5ocfopio7rjlpkhuj2sijcp56sxhzvjxqhhz3a",
                            "display_name": "TFInstance30113",
                            "hostname_label": "tfinst30113",
                            "id": "ocid1.instance.oc1.iad.abuwcljry22rsuvhoj3n7rq6cvc2mlnce2t35nh24y24wun63k2ipsh2wipa",
                            "image": "ocid1.image.oc1.iad.aaaaaaaaxrqeombwty6jyqgk3fraczdd63bv66xgfsqka4ktr7c57awr3p5a",
                            "ipxe_script": "",
                            "metadata.%": "2",
                            "metadata.ssh_authorized_keys": "ssh-rsa AAAAB3NzaC1yc2EAAAADAQABAAABAQD7n4mwTT2dKsqt1K4IYmmDesvpka5rgBA6wZDUAE8Oc2ETU52gRAMvPwiOlyyWyMCqooddCD3FwK2EJw8bASbDOyTBJfCeU8srycSv0VpFcl1O2d4yTg4PrWxfylFHt8ZWMYgZpgOXtUS+5CI8O2HaibhtDo0E699YnZgq7WugiHzj5+9sEQL9nIK6z5wNn3bXHJjwhGKJbXIE9CiD1jRxHdB7Mm+Vkd9kzKwJF4KcADSwg6RqE5Xv6K2Tm83h3G+O5td4hgtaHQORKBYifuqiLslpoXLOtNzHFLfe9/aNXvo0bZnt/wln1U9jOwUmLHMS7TJS5H88nC1IRKT2wTk/ linuxkeys",
                            "metadata.user_data": "IyEvYmluL2Jhc2gKeXVtIHVwZGF0ZSAteQo=",
                            "private_ip": "10.1.24.3",
                            "public_ip": "129.213.82.207",
                            "region": "iad",
                            "shape": "VM.Standard1.16",
                            "state": "RUNNING",
                            "subnet_id": "ocid1.subnet.oc1.iad.aaaaaaaaltjxls27iliwdk5ocfopio7rjlpkhuj2sijcp56sxhzvjxqhhz3a",
                            "time_created": "2018-03-08 14:56:07.635 +0000 UTC"
                        },
                        "meta": {},
                        "tainted": false
                    },
                    "deposed": [],
                    "provider": ""
                },
                "oci_core_instance.TFInstance3.114": {
                    "type": "oci_core_instance",
                    "depends_on": [
                        "data.oci_identity_availability_domains.ADs",
                        "oci_core_subnet.ExampleSubnet3"
                    ],
                    "primary": {
                        "id": "ocid1.instance.oc1.iad.abuwcljrxlxku4wg4s3e6wcdmbzzj25w3hwjaw73whb5dwv5y4z2nwftgyqq",
                        "attributes": {
                            "availability_domain": "lkEI:US-ASHBURN-AD-3",
                            "compartment_id": "ocid1.compartment.oc1..aaaaaaaapui4j3qyqji3bdg4vp35bldzpu55eqkfps3a6edu4z7tkonxoo5a",
                            "create_vnic_details.#": "1",
                            "create_vnic_details.0.assign_public_ip": "true",
                            "create_vnic_details.0.display_name": "primaryvnic",
                            "create_vnic_details.0.hostname_label": "tfinst30114",
                            "create_vnic_details.0.private_ip": "10.1.24.229",
                            "create_vnic_details.0.skip_source_dest_check": "false",
                            "create_vnic_details.0.subnet_id": "ocid1.subnet.oc1.iad.aaaaaaaaltjxls27iliwdk5ocfopio7rjlpkhuj2sijcp56sxhzvjxqhhz3a",
                            "display_name": "TFInstance30114",
                            "hostname_label": "tfinst30114",
                            "id": "ocid1.instance.oc1.iad.abuwcljrxlxku4wg4s3e6wcdmbzzj25w3hwjaw73whb5dwv5y4z2nwftgyqq",
                            "image": "ocid1.image.oc1.iad.aaaaaaaaxrqeombwty6jyqgk3fraczdd63bv66xgfsqka4ktr7c57awr3p5a",
                            "ipxe_script": "",
                            "metadata.%": "2",
                            "metadata.ssh_authorized_keys": "ssh-rsa AAAAB3NzaC1yc2EAAAADAQABAAABAQD7n4mwTT2dKsqt1K4IYmmDesvpka5rgBA6wZDUAE8Oc2ETU52gRAMvPwiOlyyWyMCqooddCD3FwK2EJw8bASbDOyTBJfCeU8srycSv0VpFcl1O2d4yTg4PrWxfylFHt8ZWMYgZpgOXtUS+5CI8O2HaibhtDo0E699YnZgq7WugiHzj5+9sEQL9nIK6z5wNn3bXHJjwhGKJbXIE9CiD1jRxHdB7Mm+Vkd9kzKwJF4KcADSwg6RqE5Xv6K2Tm83h3G+O5td4hgtaHQORKBYifuqiLslpoXLOtNzHFLfe9/aNXvo0bZnt/wln1U9jOwUmLHMS7TJS5H88nC1IRKT2wTk/ linuxkeys",
                            "metadata.user_data": "IyEvYmluL2Jhc2gKeXVtIHVwZGF0ZSAteQo=",
                            "private_ip": "10.1.24.229",
                            "public_ip": "129.213.83.25",
                            "region": "iad",
                            "shape": "VM.Standard1.16",
                            "state": "RUNNING",
                            "subnet_id": "ocid1.subnet.oc1.iad.aaaaaaaaltjxls27iliwdk5ocfopio7rjlpkhuj2sijcp56sxhzvjxqhhz3a",
                            "time_created": "2018-03-08 15:00:43.006 +0000 UTC"
                        },
                        "meta": {},
                        "tainted": false
                    },
                    "deposed": [],
                    "provider": ""
                },
                "oci_core_instance.TFInstance3.115": {
                    "type": "oci_core_instance",
                    "depends_on": [
                        "data.oci_identity_availability_domains.ADs",
                        "oci_core_subnet.ExampleSubnet3"
                    ],
                    "primary": {
                        "id": "ocid1.instance.oc1.iad.abuwcljrzhq6xelei66xm5n2xcpvnwjxjdc6d2tnh24an5cdhlbm6krm5cfq",
                        "attributes": {
                            "availability_domain": "lkEI:US-ASHBURN-AD-3",
                            "compartment_id": "ocid1.compartment.oc1..aaaaaaaapui4j3qyqji3bdg4vp35bldzpu55eqkfps3a6edu4z7tkonxoo5a",
                            "create_vnic_details.#": "1",
                            "create_vnic_details.0.assign_public_ip": "true",
                            "create_vnic_details.0.display_name": "primaryvnic",
                            "create_vnic_details.0.hostname_label": "tfinst30115",
                            "create_vnic_details.0.private_ip": "10.1.24.5",
                            "create_vnic_details.0.skip_source_dest_check": "false",
                            "create_vnic_details.0.subnet_id": "ocid1.subnet.oc1.iad.aaaaaaaaltjxls27iliwdk5ocfopio7rjlpkhuj2sijcp56sxhzvjxqhhz3a",
                            "display_name": "TFInstance30115",
                            "hostname_label": "tfinst30115",
                            "id": "ocid1.instance.oc1.iad.abuwcljrzhq6xelei66xm5n2xcpvnwjxjdc6d2tnh24an5cdhlbm6krm5cfq",
                            "image": "ocid1.image.oc1.iad.aaaaaaaaxrqeombwty6jyqgk3fraczdd63bv66xgfsqka4ktr7c57awr3p5a",
                            "ipxe_script": "",
                            "metadata.%": "2",
                            "metadata.ssh_authorized_keys": "ssh-rsa AAAAB3NzaC1yc2EAAAADAQABAAABAQD7n4mwTT2dKsqt1K4IYmmDesvpka5rgBA6wZDUAE8Oc2ETU52gRAMvPwiOlyyWyMCqooddCD3FwK2EJw8bASbDOyTBJfCeU8srycSv0VpFcl1O2d4yTg4PrWxfylFHt8ZWMYgZpgOXtUS+5CI8O2HaibhtDo0E699YnZgq7WugiHzj5+9sEQL9nIK6z5wNn3bXHJjwhGKJbXIE9CiD1jRxHdB7Mm+Vkd9kzKwJF4KcADSwg6RqE5Xv6K2Tm83h3G+O5td4hgtaHQORKBYifuqiLslpoXLOtNzHFLfe9/aNXvo0bZnt/wln1U9jOwUmLHMS7TJS5H88nC1IRKT2wTk/ linuxkeys",
                            "metadata.user_data": "IyEvYmluL2Jhc2gKeXVtIHVwZGF0ZSAteQo=",
                            "private_ip": "10.1.24.5",
                            "public_ip": "129.213.20.17",
                            "region": "iad",
                            "shape": "VM.Standard1.16",
                            "state": "RUNNING",
                            "subnet_id": "ocid1.subnet.oc1.iad.aaaaaaaaltjxls27iliwdk5ocfopio7rjlpkhuj2sijcp56sxhzvjxqhhz3a",
                            "time_created": "2018-03-08 14:56:07.52 +0000 UTC"
                        },
                        "meta": {},
                        "tainted": false
                    },
                    "deposed": [],
                    "provider": ""
                },
                "oci_core_instance.TFInstance3.118": {
                    "type": "oci_core_instance",
                    "depends_on": [
                        "data.oci_identity_availability_domains.ADs",
                        "oci_core_subnet.ExampleSubnet3"
                    ],
                    "primary": {
                        "id": "ocid1.instance.oc1.iad.abuwcljrguafsa4swoqaidgzyybb56e6yp5t5wjoppjp27mnwq2ulkscs36q",
                        "attributes": {
                            "availability_domain": "lkEI:US-ASHBURN-AD-3",
                            "compartment_id": "ocid1.compartment.oc1..aaaaaaaapui4j3qyqji3bdg4vp35bldzpu55eqkfps3a6edu4z7tkonxoo5a",
                            "create_vnic_details.#": "1",
                            "create_vnic_details.0.assign_public_ip": "true",
                            "create_vnic_details.0.display_name": "primaryvnic",
                            "create_vnic_details.0.hostname_label": "tfinst30118",
                            "create_vnic_details.0.private_ip": "10.1.24.179",
                            "create_vnic_details.0.skip_source_dest_check": "false",
                            "create_vnic_details.0.subnet_id": "ocid1.subnet.oc1.iad.aaaaaaaaltjxls27iliwdk5ocfopio7rjlpkhuj2sijcp56sxhzvjxqhhz3a",
                            "display_name": "TFInstance30118",
                            "hostname_label": "tfinst30118",
                            "id": "ocid1.instance.oc1.iad.abuwcljrguafsa4swoqaidgzyybb56e6yp5t5wjoppjp27mnwq2ulkscs36q",
                            "image": "ocid1.image.oc1.iad.aaaaaaaaxrqeombwty6jyqgk3fraczdd63bv66xgfsqka4ktr7c57awr3p5a",
                            "ipxe_script": "",
                            "metadata.%": "2",
                            "metadata.ssh_authorized_keys": "ssh-rsa AAAAB3NzaC1yc2EAAAADAQABAAABAQD7n4mwTT2dKsqt1K4IYmmDesvpka5rgBA6wZDUAE8Oc2ETU52gRAMvPwiOlyyWyMCqooddCD3FwK2EJw8bASbDOyTBJfCeU8srycSv0VpFcl1O2d4yTg4PrWxfylFHt8ZWMYgZpgOXtUS+5CI8O2HaibhtDo0E699YnZgq7WugiHzj5+9sEQL9nIK6z5wNn3bXHJjwhGKJbXIE9CiD1jRxHdB7Mm+Vkd9kzKwJF4KcADSwg6RqE5Xv6K2Tm83h3G+O5td4hgtaHQORKBYifuqiLslpoXLOtNzHFLfe9/aNXvo0bZnt/wln1U9jOwUmLHMS7TJS5H88nC1IRKT2wTk/ linuxkeys",
                            "metadata.user_data": "IyEvYmluL2Jhc2gKeXVtIHVwZGF0ZSAteQo=",
                            "private_ip": "10.1.24.179",
                            "public_ip": "129.213.30.162",
                            "region": "iad",
                            "shape": "VM.Standard1.16",
                            "state": "RUNNING",
                            "subnet_id": "ocid1.subnet.oc1.iad.aaaaaaaaltjxls27iliwdk5ocfopio7rjlpkhuj2sijcp56sxhzvjxqhhz3a",
                            "time_created": "2018-03-08 15:00:27.768 +0000 UTC"
                        },
                        "meta": {},
                        "tainted": false
                    },
                    "deposed": [],
                    "provider": ""
                },
                "oci_core_instance.TFInstance3.121": {
                    "type": "oci_core_instance",
                    "depends_on": [
                        "data.oci_identity_availability_domains.ADs",
                        "oci_core_subnet.ExampleSubnet3"
                    ],
                    "primary": {
                        "id": "ocid1.instance.oc1.iad.abuwcljrklg3fdlflt7umj4o3oq4cqfafgvuvyiu6wmcwtfqdelinykg4pla",
                        "attributes": {
                            "availability_domain": "lkEI:US-ASHBURN-AD-3",
                            "compartment_id": "ocid1.compartment.oc1..aaaaaaaapui4j3qyqji3bdg4vp35bldzpu55eqkfps3a6edu4z7tkonxoo5a",
                            "create_vnic_details.#": "1",
                            "create_vnic_details.0.assign_public_ip": "true",
                            "create_vnic_details.0.display_name": "primaryvnic",
                            "create_vnic_details.0.hostname_label": "tfinst30121",
                            "create_vnic_details.0.private_ip": "10.1.24.54",
                            "create_vnic_details.0.skip_source_dest_check": "false",
                            "create_vnic_details.0.subnet_id": "ocid1.subnet.oc1.iad.aaaaaaaaltjxls27iliwdk5ocfopio7rjlpkhuj2sijcp56sxhzvjxqhhz3a",
                            "display_name": "TFInstance30121",
                            "hostname_label": "tfinst30121",
                            "id": "ocid1.instance.oc1.iad.abuwcljrklg3fdlflt7umj4o3oq4cqfafgvuvyiu6wmcwtfqdelinykg4pla",
                            "image": "ocid1.image.oc1.iad.aaaaaaaaxrqeombwty6jyqgk3fraczdd63bv66xgfsqka4ktr7c57awr3p5a",
                            "ipxe_script": "",
                            "metadata.%": "2",
                            "metadata.ssh_authorized_keys": "ssh-rsa AAAAB3NzaC1yc2EAAAADAQABAAABAQD7n4mwTT2dKsqt1K4IYmmDesvpka5rgBA6wZDUAE8Oc2ETU52gRAMvPwiOlyyWyMCqooddCD3FwK2EJw8bASbDOyTBJfCeU8srycSv0VpFcl1O2d4yTg4PrWxfylFHt8ZWMYgZpgOXtUS+5CI8O2HaibhtDo0E699YnZgq7WugiHzj5+9sEQL9nIK6z5wNn3bXHJjwhGKJbXIE9CiD1jRxHdB7Mm+Vkd9kzKwJF4KcADSwg6RqE5Xv6K2Tm83h3G+O5td4hgtaHQORKBYifuqiLslpoXLOtNzHFLfe9/aNXvo0bZnt/wln1U9jOwUmLHMS7TJS5H88nC1IRKT2wTk/ linuxkeys",
                            "metadata.user_data": "IyEvYmluL2Jhc2gKeXVtIHVwZGF0ZSAteQo=",
                            "private_ip": "10.1.24.54",
                            "public_ip": "129.213.30.49",
                            "region": "iad",
                            "shape": "VM.Standard1.16",
                            "state": "RUNNING",
                            "subnet_id": "ocid1.subnet.oc1.iad.aaaaaaaaltjxls27iliwdk5ocfopio7rjlpkhuj2sijcp56sxhzvjxqhhz3a",
                            "time_created": "2018-03-08 14:57:24.101 +0000 UTC"
                        },
                        "meta": {},
                        "tainted": false
                    },
                    "deposed": [],
                    "provider": ""
                },
                "oci_core_instance.TFInstance3.123": {
                    "type": "oci_core_instance",
                    "depends_on": [
                        "data.oci_identity_availability_domains.ADs",
                        "oci_core_subnet.ExampleSubnet3"
                    ],
                    "primary": {
                        "id": "ocid1.instance.oc1.iad.abuwcljrnjrcp2qsr6y2xd3woekdfkqk36cr5fphyrw7p7cypp3gy6odgura",
                        "attributes": {
                            "availability_domain": "lkEI:US-ASHBURN-AD-3",
                            "compartment_id": "ocid1.compartment.oc1..aaaaaaaapui4j3qyqji3bdg4vp35bldzpu55eqkfps3a6edu4z7tkonxoo5a",
                            "create_vnic_details.#": "1",
                            "create_vnic_details.0.assign_public_ip": "true",
                            "create_vnic_details.0.display_name": "primaryvnic",
                            "create_vnic_details.0.hostname_label": "tfinst30123",
                            "create_vnic_details.0.private_ip": "10.1.24.71",
                            "create_vnic_details.0.skip_source_dest_check": "false",
                            "create_vnic_details.0.subnet_id": "ocid1.subnet.oc1.iad.aaaaaaaaltjxls27iliwdk5ocfopio7rjlpkhuj2sijcp56sxhzvjxqhhz3a",
                            "display_name": "TFInstance30123",
                            "hostname_label": "tfinst30123",
                            "id": "ocid1.instance.oc1.iad.abuwcljrnjrcp2qsr6y2xd3woekdfkqk36cr5fphyrw7p7cypp3gy6odgura",
                            "image": "ocid1.image.oc1.iad.aaaaaaaaxrqeombwty6jyqgk3fraczdd63bv66xgfsqka4ktr7c57awr3p5a",
                            "ipxe_script": "",
                            "metadata.%": "2",
                            "metadata.ssh_authorized_keys": "ssh-rsa AAAAB3NzaC1yc2EAAAADAQABAAABAQD7n4mwTT2dKsqt1K4IYmmDesvpka5rgBA6wZDUAE8Oc2ETU52gRAMvPwiOlyyWyMCqooddCD3FwK2EJw8bASbDOyTBJfCeU8srycSv0VpFcl1O2d4yTg4PrWxfylFHt8ZWMYgZpgOXtUS+5CI8O2HaibhtDo0E699YnZgq7WugiHzj5+9sEQL9nIK6z5wNn3bXHJjwhGKJbXIE9CiD1jRxHdB7Mm+Vkd9kzKwJF4KcADSwg6RqE5Xv6K2Tm83h3G+O5td4hgtaHQORKBYifuqiLslpoXLOtNzHFLfe9/aNXvo0bZnt/wln1U9jOwUmLHMS7TJS5H88nC1IRKT2wTk/ linuxkeys",
                            "metadata.user_data": "IyEvYmluL2Jhc2gKeXVtIHVwZGF0ZSAteQo=",
                            "private_ip": "10.1.24.71",
                            "public_ip": "129.213.16.174",
                            "region": "iad",
                            "shape": "VM.Standard1.16",
                            "state": "RUNNING",
                            "subnet_id": "ocid1.subnet.oc1.iad.aaaaaaaaltjxls27iliwdk5ocfopio7rjlpkhuj2sijcp56sxhzvjxqhhz3a",
                            "time_created": "2018-03-08 14:58:15.904 +0000 UTC"
                        },
                        "meta": {},
                        "tainted": false
                    },
                    "deposed": [],
                    "provider": ""
                },
                "oci_core_instance.TFInstance3.125": {
                    "type": "oci_core_instance",
                    "depends_on": [
                        "data.oci_identity_availability_domains.ADs",
                        "oci_core_subnet.ExampleSubnet3"
                    ],
                    "primary": {
                        "id": "ocid1.instance.oc1.iad.abuwcljri66iflpyznm2mjeu4bp2zi6qi5bvviztzp3cy6527ybjrqug6h2q",
                        "attributes": {
                            "availability_domain": "lkEI:US-ASHBURN-AD-3",
                            "compartment_id": "ocid1.compartment.oc1..aaaaaaaapui4j3qyqji3bdg4vp35bldzpu55eqkfps3a6edu4z7tkonxoo5a",
                            "create_vnic_details.#": "1",
                            "create_vnic_details.0.assign_public_ip": "true",
                            "create_vnic_details.0.display_name": "primaryvnic",
                            "create_vnic_details.0.hostname_label": "tfinst30125",
                            "create_vnic_details.0.private_ip": "10.1.24.15",
                            "create_vnic_details.0.skip_source_dest_check": "false",
                            "create_vnic_details.0.subnet_id": "ocid1.subnet.oc1.iad.aaaaaaaaltjxls27iliwdk5ocfopio7rjlpkhuj2sijcp56sxhzvjxqhhz3a",
                            "display_name": "TFInstance30125",
                            "hostname_label": "tfinst30125",
                            "id": "ocid1.instance.oc1.iad.abuwcljri66iflpyznm2mjeu4bp2zi6qi5bvviztzp3cy6527ybjrqug6h2q",
                            "image": "ocid1.image.oc1.iad.aaaaaaaaxrqeombwty6jyqgk3fraczdd63bv66xgfsqka4ktr7c57awr3p5a",
                            "ipxe_script": "",
                            "metadata.%": "2",
                            "metadata.ssh_authorized_keys": "ssh-rsa AAAAB3NzaC1yc2EAAAADAQABAAABAQD7n4mwTT2dKsqt1K4IYmmDesvpka5rgBA6wZDUAE8Oc2ETU52gRAMvPwiOlyyWyMCqooddCD3FwK2EJw8bASbDOyTBJfCeU8srycSv0VpFcl1O2d4yTg4PrWxfylFHt8ZWMYgZpgOXtUS+5CI8O2HaibhtDo0E699YnZgq7WugiHzj5+9sEQL9nIK6z5wNn3bXHJjwhGKJbXIE9CiD1jRxHdB7Mm+Vkd9kzKwJF4KcADSwg6RqE5Xv6K2Tm83h3G+O5td4hgtaHQORKBYifuqiLslpoXLOtNzHFLfe9/aNXvo0bZnt/wln1U9jOwUmLHMS7TJS5H88nC1IRKT2wTk/ linuxkeys",
                            "metadata.user_data": "IyEvYmluL2Jhc2gKeXVtIHVwZGF0ZSAteQo=",
                            "private_ip": "10.1.24.15",
                            "public_ip": "129.213.93.24",
                            "region": "iad",
                            "shape": "VM.Standard1.16",
                            "state": "RUNNING",
                            "subnet_id": "ocid1.subnet.oc1.iad.aaaaaaaaltjxls27iliwdk5ocfopio7rjlpkhuj2sijcp56sxhzvjxqhhz3a",
                            "time_created": "2018-03-08 14:56:07.041 +0000 UTC"
                        },
                        "meta": {},
                        "tainted": false
                    },
                    "deposed": [],
                    "provider": ""
                },
                "oci_core_instance.TFInstance3.128": {
                    "type": "oci_core_instance",
                    "depends_on": [
                        "data.oci_identity_availability_domains.ADs",
                        "oci_core_subnet.ExampleSubnet3"
                    ],
                    "primary": {
                        "id": "ocid1.instance.oc1.iad.abuwcljrfrg22des2g4b773h7e63ttbkieh6d2nd2bfgiwwd7khwzbvzhu2q",
                        "attributes": {
                            "availability_domain": "lkEI:US-ASHBURN-AD-3",
                            "compartment_id": "ocid1.compartment.oc1..aaaaaaaapui4j3qyqji3bdg4vp35bldzpu55eqkfps3a6edu4z7tkonxoo5a",
                            "create_vnic_details.#": "1",
                            "create_vnic_details.0.assign_public_ip": "true",
                            "create_vnic_details.0.display_name": "primaryvnic",
                            "create_vnic_details.0.hostname_label": "tfinst30128",
                            "create_vnic_details.0.private_ip": "10.1.24.147",
                            "create_vnic_details.0.skip_source_dest_check": "false",
                            "create_vnic_details.0.subnet_id": "ocid1.subnet.oc1.iad.aaaaaaaaltjxls27iliwdk5ocfopio7rjlpkhuj2sijcp56sxhzvjxqhhz3a",
                            "display_name": "TFInstance30128",
                            "hostname_label": "tfinst30128",
                            "id": "ocid1.instance.oc1.iad.abuwcljrfrg22des2g4b773h7e63ttbkieh6d2nd2bfgiwwd7khwzbvzhu2q",
                            "image": "ocid1.image.oc1.iad.aaaaaaaaxrqeombwty6jyqgk3fraczdd63bv66xgfsqka4ktr7c57awr3p5a",
                            "ipxe_script": "",
                            "metadata.%": "2",
                            "metadata.ssh_authorized_keys": "ssh-rsa AAAAB3NzaC1yc2EAAAADAQABAAABAQD7n4mwTT2dKsqt1K4IYmmDesvpka5rgBA6wZDUAE8Oc2ETU52gRAMvPwiOlyyWyMCqooddCD3FwK2EJw8bASbDOyTBJfCeU8srycSv0VpFcl1O2d4yTg4PrWxfylFHt8ZWMYgZpgOXtUS+5CI8O2HaibhtDo0E699YnZgq7WugiHzj5+9sEQL9nIK6z5wNn3bXHJjwhGKJbXIE9CiD1jRxHdB7Mm+Vkd9kzKwJF4KcADSwg6RqE5Xv6K2Tm83h3G+O5td4hgtaHQORKBYifuqiLslpoXLOtNzHFLfe9/aNXvo0bZnt/wln1U9jOwUmLHMS7TJS5H88nC1IRKT2wTk/ linuxkeys",
                            "metadata.user_data": "IyEvYmluL2Jhc2gKeXVtIHVwZGF0ZSAteQo=",
                            "private_ip": "10.1.24.147",
                            "public_ip": "129.213.25.195",
                            "region": "iad",
                            "shape": "VM.Standard1.16",
                            "state": "RUNNING",
                            "subnet_id": "ocid1.subnet.oc1.iad.aaaaaaaaltjxls27iliwdk5ocfopio7rjlpkhuj2sijcp56sxhzvjxqhhz3a",
                            "time_created": "2018-03-08 15:00:18.515 +0000 UTC"
                        },
                        "meta": {},
                        "tainted": false
                    },
                    "deposed": [],
                    "provider": ""
                },
                "oci_core_instance.TFInstance3.129": {
                    "type": "oci_core_instance",
                    "depends_on": [
                        "data.oci_identity_availability_domains.ADs",
                        "oci_core_subnet.ExampleSubnet3"
                    ],
                    "primary": {
                        "id": "ocid1.instance.oc1.iad.abuwcljrfkqbgq47ngzj2tygbyhys5dmhw4bk2vsgfdpsob4lmxnf3smvxya",
                        "attributes": {
                            "availability_domain": "lkEI:US-ASHBURN-AD-3",
                            "compartment_id": "ocid1.compartment.oc1..aaaaaaaapui4j3qyqji3bdg4vp35bldzpu55eqkfps3a6edu4z7tkonxoo5a",
                            "create_vnic_details.#": "1",
                            "create_vnic_details.0.assign_public_ip": "true",
                            "create_vnic_details.0.display_name": "primaryvnic",
                            "create_vnic_details.0.hostname_label": "tfinst30129",
                            "create_vnic_details.0.private_ip": "10.1.24.192",
                            "create_vnic_details.0.skip_source_dest_check": "false",
                            "create_vnic_details.0.subnet_id": "ocid1.subnet.oc1.iad.aaaaaaaaltjxls27iliwdk5ocfopio7rjlpkhuj2sijcp56sxhzvjxqhhz3a",
                            "display_name": "TFInstance30129",
                            "hostname_label": "tfinst30129",
                            "id": "ocid1.instance.oc1.iad.abuwcljrfkqbgq47ngzj2tygbyhys5dmhw4bk2vsgfdpsob4lmxnf3smvxya",
                            "image": "ocid1.image.oc1.iad.aaaaaaaaxrqeombwty6jyqgk3fraczdd63bv66xgfsqka4ktr7c57awr3p5a",
                            "ipxe_script": "",
                            "metadata.%": "2",
                            "metadata.ssh_authorized_keys": "ssh-rsa AAAAB3NzaC1yc2EAAAADAQABAAABAQD7n4mwTT2dKsqt1K4IYmmDesvpka5rgBA6wZDUAE8Oc2ETU52gRAMvPwiOlyyWyMCqooddCD3FwK2EJw8bASbDOyTBJfCeU8srycSv0VpFcl1O2d4yTg4PrWxfylFHt8ZWMYgZpgOXtUS+5CI8O2HaibhtDo0E699YnZgq7WugiHzj5+9sEQL9nIK6z5wNn3bXHJjwhGKJbXIE9CiD1jRxHdB7Mm+Vkd9kzKwJF4KcADSwg6RqE5Xv6K2Tm83h3G+O5td4hgtaHQORKBYifuqiLslpoXLOtNzHFLfe9/aNXvo0bZnt/wln1U9jOwUmLHMS7TJS5H88nC1IRKT2wTk/ linuxkeys",
                            "metadata.user_data": "IyEvYmluL2Jhc2gKeXVtIHVwZGF0ZSAteQo=",
                            "private_ip": "10.1.24.192",
                            "public_ip": "129.213.23.90",
                            "region": "iad",
                            "shape": "VM.Standard1.16",
                            "state": "RUNNING",
                            "subnet_id": "ocid1.subnet.oc1.iad.aaaaaaaaltjxls27iliwdk5ocfopio7rjlpkhuj2sijcp56sxhzvjxqhhz3a",
                            "time_created": "2018-03-08 15:00:25.446 +0000 UTC"
                        },
                        "meta": {},
                        "tainted": false
                    },
                    "deposed": [],
                    "provider": ""
                },
                "oci_core_instance.TFInstance3.130": {
                    "type": "oci_core_instance",
                    "depends_on": [
                        "data.oci_identity_availability_domains.ADs",
                        "oci_core_subnet.ExampleSubnet3"
                    ],
                    "primary": {
                        "id": "ocid1.instance.oc1.iad.abuwcljrxga5wjrxs7gwrhi3ec7nierka76dy3gvyu4jwfkl26rrd36yak3a",
                        "attributes": {
                            "availability_domain": "lkEI:US-ASHBURN-AD-3",
                            "compartment_id": "ocid1.compartment.oc1..aaaaaaaapui4j3qyqji3bdg4vp35bldzpu55eqkfps3a6edu4z7tkonxoo5a",
                            "create_vnic_details.#": "1",
                            "create_vnic_details.0.assign_public_ip": "true",
                            "create_vnic_details.0.display_name": "primaryvnic",
                            "create_vnic_details.0.hostname_label": "tfinst30130",
                            "create_vnic_details.0.private_ip": "10.1.24.80",
                            "create_vnic_details.0.skip_source_dest_check": "false",
                            "create_vnic_details.0.subnet_id": "ocid1.subnet.oc1.iad.aaaaaaaaltjxls27iliwdk5ocfopio7rjlpkhuj2sijcp56sxhzvjxqhhz3a",
                            "display_name": "TFInstance30130",
                            "hostname_label": "tfinst30130",
                            "id": "ocid1.instance.oc1.iad.abuwcljrxga5wjrxs7gwrhi3ec7nierka76dy3gvyu4jwfkl26rrd36yak3a",
                            "image": "ocid1.image.oc1.iad.aaaaaaaaxrqeombwty6jyqgk3fraczdd63bv66xgfsqka4ktr7c57awr3p5a",
                            "ipxe_script": "",
                            "metadata.%": "2",
                            "metadata.ssh_authorized_keys": "ssh-rsa AAAAB3NzaC1yc2EAAAADAQABAAABAQD7n4mwTT2dKsqt1K4IYmmDesvpka5rgBA6wZDUAE8Oc2ETU52gRAMvPwiOlyyWyMCqooddCD3FwK2EJw8bASbDOyTBJfCeU8srycSv0VpFcl1O2d4yTg4PrWxfylFHt8ZWMYgZpgOXtUS+5CI8O2HaibhtDo0E699YnZgq7WugiHzj5+9sEQL9nIK6z5wNn3bXHJjwhGKJbXIE9CiD1jRxHdB7Mm+Vkd9kzKwJF4KcADSwg6RqE5Xv6K2Tm83h3G+O5td4hgtaHQORKBYifuqiLslpoXLOtNzHFLfe9/aNXvo0bZnt/wln1U9jOwUmLHMS7TJS5H88nC1IRKT2wTk/ linuxkeys",
                            "metadata.user_data": "IyEvYmluL2Jhc2gKeXVtIHVwZGF0ZSAteQo=",
                            "private_ip": "10.1.24.80",
                            "public_ip": "129.213.23.129",
                            "region": "iad",
                            "shape": "VM.Standard1.16",
                            "state": "RUNNING",
                            "subnet_id": "ocid1.subnet.oc1.iad.aaaaaaaaltjxls27iliwdk5ocfopio7rjlpkhuj2sijcp56sxhzvjxqhhz3a",
                            "time_created": "2018-03-08 14:58:32.291 +0000 UTC"
                        },
                        "meta": {},
                        "tainted": false
                    },
                    "deposed": [],
                    "provider": ""
                },
                "oci_core_instance.TFInstance3.131": {
                    "type": "oci_core_instance",
                    "depends_on": [
                        "data.oci_identity_availability_domains.ADs",
                        "oci_core_subnet.ExampleSubnet3"
                    ],
                    "primary": {
                        "id": "ocid1.instance.oc1.iad.abuwcljrsbzpy5uynvleptpfubo434bf6d4k2zwbdpmp26qn3p256gtapysa",
                        "attributes": {
                            "availability_domain": "lkEI:US-ASHBURN-AD-3",
                            "compartment_id": "ocid1.compartment.oc1..aaaaaaaapui4j3qyqji3bdg4vp35bldzpu55eqkfps3a6edu4z7tkonxoo5a",
                            "create_vnic_details.#": "1",
                            "create_vnic_details.0.assign_public_ip": "true",
                            "create_vnic_details.0.display_name": "primaryvnic",
                            "create_vnic_details.0.hostname_label": "tfinst30131",
                            "create_vnic_details.0.private_ip": "10.1.24.129",
                            "create_vnic_details.0.skip_source_dest_check": "false",
                            "create_vnic_details.0.subnet_id": "ocid1.subnet.oc1.iad.aaaaaaaaltjxls27iliwdk5ocfopio7rjlpkhuj2sijcp56sxhzvjxqhhz3a",
                            "display_name": "TFInstance30131",
                            "hostname_label": "tfinst30131",
                            "id": "ocid1.instance.oc1.iad.abuwcljrsbzpy5uynvleptpfubo434bf6d4k2zwbdpmp26qn3p256gtapysa",
                            "image": "ocid1.image.oc1.iad.aaaaaaaaxrqeombwty6jyqgk3fraczdd63bv66xgfsqka4ktr7c57awr3p5a",
                            "ipxe_script": "",
                            "metadata.%": "2",
                            "metadata.ssh_authorized_keys": "ssh-rsa AAAAB3NzaC1yc2EAAAADAQABAAABAQD7n4mwTT2dKsqt1K4IYmmDesvpka5rgBA6wZDUAE8Oc2ETU52gRAMvPwiOlyyWyMCqooddCD3FwK2EJw8bASbDOyTBJfCeU8srycSv0VpFcl1O2d4yTg4PrWxfylFHt8ZWMYgZpgOXtUS+5CI8O2HaibhtDo0E699YnZgq7WugiHzj5+9sEQL9nIK6z5wNn3bXHJjwhGKJbXIE9CiD1jRxHdB7Mm+Vkd9kzKwJF4KcADSwg6RqE5Xv6K2Tm83h3G+O5td4hgtaHQORKBYifuqiLslpoXLOtNzHFLfe9/aNXvo0bZnt/wln1U9jOwUmLHMS7TJS5H88nC1IRKT2wTk/ linuxkeys",
                            "metadata.user_data": "IyEvYmluL2Jhc2gKeXVtIHVwZGF0ZSAteQo=",
                            "private_ip": "10.1.24.129",
                            "public_ip": "129.213.89.231",
                            "region": "iad",
                            "shape": "VM.Standard1.16",
                            "state": "RUNNING",
                            "subnet_id": "ocid1.subnet.oc1.iad.aaaaaaaaltjxls27iliwdk5ocfopio7rjlpkhuj2sijcp56sxhzvjxqhhz3a",
                            "time_created": "2018-03-08 14:59:50.823 +0000 UTC"
                        },
                        "meta": {},
                        "tainted": false
                    },
                    "deposed": [],
                    "provider": ""
                },
                "oci_core_instance.TFInstance3.132": {
                    "type": "oci_core_instance",
                    "depends_on": [
                        "data.oci_identity_availability_domains.ADs",
                        "oci_core_subnet.ExampleSubnet3"
                    ],
                    "primary": {
                        "id": "ocid1.instance.oc1.iad.abuwcljrlnnlzdsbzhukhzrkybg7tqglt3lnadbfniyv2hynbkm5qncd4ixq",
                        "attributes": {
                            "availability_domain": "lkEI:US-ASHBURN-AD-3",
                            "compartment_id": "ocid1.compartment.oc1..aaaaaaaapui4j3qyqji3bdg4vp35bldzpu55eqkfps3a6edu4z7tkonxoo5a",
                            "create_vnic_details.#": "1",
                            "create_vnic_details.0.assign_public_ip": "true",
                            "create_vnic_details.0.display_name": "primaryvnic",
                            "create_vnic_details.0.hostname_label": "tfinst30132",
                            "create_vnic_details.0.private_ip": "10.1.24.146",
                            "create_vnic_details.0.skip_source_dest_check": "false",
                            "create_vnic_details.0.subnet_id": "ocid1.subnet.oc1.iad.aaaaaaaaltjxls27iliwdk5ocfopio7rjlpkhuj2sijcp56sxhzvjxqhhz3a",
                            "display_name": "TFInstance30132",
                            "hostname_label": "tfinst30132",
                            "id": "ocid1.instance.oc1.iad.abuwcljrlnnlzdsbzhukhzrkybg7tqglt3lnadbfniyv2hynbkm5qncd4ixq",
                            "image": "ocid1.image.oc1.iad.aaaaaaaaxrqeombwty6jyqgk3fraczdd63bv66xgfsqka4ktr7c57awr3p5a",
                            "ipxe_script": "",
                            "metadata.%": "2",
                            "metadata.ssh_authorized_keys": "ssh-rsa AAAAB3NzaC1yc2EAAAADAQABAAABAQD7n4mwTT2dKsqt1K4IYmmDesvpka5rgBA6wZDUAE8Oc2ETU52gRAMvPwiOlyyWyMCqooddCD3FwK2EJw8bASbDOyTBJfCeU8srycSv0VpFcl1O2d4yTg4PrWxfylFHt8ZWMYgZpgOXtUS+5CI8O2HaibhtDo0E699YnZgq7WugiHzj5+9sEQL9nIK6z5wNn3bXHJjwhGKJbXIE9CiD1jRxHdB7Mm+Vkd9kzKwJF4KcADSwg6RqE5Xv6K2Tm83h3G+O5td4hgtaHQORKBYifuqiLslpoXLOtNzHFLfe9/aNXvo0bZnt/wln1U9jOwUmLHMS7TJS5H88nC1IRKT2wTk/ linuxkeys",
                            "metadata.user_data": "IyEvYmluL2Jhc2gKeXVtIHVwZGF0ZSAteQo=",
                            "private_ip": "10.1.24.146",
                            "public_ip": "129.213.21.37",
                            "region": "iad",
                            "shape": "VM.Standard1.16",
                            "state": "RUNNING",
                            "subnet_id": "ocid1.subnet.oc1.iad.aaaaaaaaltjxls27iliwdk5ocfopio7rjlpkhuj2sijcp56sxhzvjxqhhz3a",
                            "time_created": "2018-03-08 15:00:18.942 +0000 UTC"
                        },
                        "meta": {},
                        "tainted": false
                    },
                    "deposed": [],
                    "provider": ""
                },
                "oci_core_instance.TFInstance3.134": {
                    "type": "oci_core_instance",
                    "depends_on": [
                        "data.oci_identity_availability_domains.ADs",
                        "oci_core_subnet.ExampleSubnet3"
                    ],
                    "primary": {
                        "id": "ocid1.instance.oc1.iad.abuwcljrbp6r2ofiqdwwwtpvy7koo4rdi4io6ucshkglfkhpleodxdfepxqq",
                        "attributes": {
                            "availability_domain": "lkEI:US-ASHBURN-AD-3",
                            "compartment_id": "ocid1.compartment.oc1..aaaaaaaapui4j3qyqji3bdg4vp35bldzpu55eqkfps3a6edu4z7tkonxoo5a",
                            "create_vnic_details.#": "1",
                            "create_vnic_details.0.assign_public_ip": "true",
                            "create_vnic_details.0.display_name": "primaryvnic",
                            "create_vnic_details.0.hostname_label": "tfinst30134",
                            "create_vnic_details.0.private_ip": "10.1.24.76",
                            "create_vnic_details.0.skip_source_dest_check": "false",
                            "create_vnic_details.0.subnet_id": "ocid1.subnet.oc1.iad.aaaaaaaaltjxls27iliwdk5ocfopio7rjlpkhuj2sijcp56sxhzvjxqhhz3a",
                            "display_name": "TFInstance30134",
                            "hostname_label": "tfinst30134",
                            "id": "ocid1.instance.oc1.iad.abuwcljrbp6r2ofiqdwwwtpvy7koo4rdi4io6ucshkglfkhpleodxdfepxqq",
                            "image": "ocid1.image.oc1.iad.aaaaaaaaxrqeombwty6jyqgk3fraczdd63bv66xgfsqka4ktr7c57awr3p5a",
                            "ipxe_script": "",
                            "metadata.%": "2",
                            "metadata.ssh_authorized_keys": "ssh-rsa AAAAB3NzaC1yc2EAAAADAQABAAABAQD7n4mwTT2dKsqt1K4IYmmDesvpka5rgBA6wZDUAE8Oc2ETU52gRAMvPwiOlyyWyMCqooddCD3FwK2EJw8bASbDOyTBJfCeU8srycSv0VpFcl1O2d4yTg4PrWxfylFHt8ZWMYgZpgOXtUS+5CI8O2HaibhtDo0E699YnZgq7WugiHzj5+9sEQL9nIK6z5wNn3bXHJjwhGKJbXIE9CiD1jRxHdB7Mm+Vkd9kzKwJF4KcADSwg6RqE5Xv6K2Tm83h3G+O5td4hgtaHQORKBYifuqiLslpoXLOtNzHFLfe9/aNXvo0bZnt/wln1U9jOwUmLHMS7TJS5H88nC1IRKT2wTk/ linuxkeys",
                            "metadata.user_data": "IyEvYmluL2Jhc2gKeXVtIHVwZGF0ZSAteQo=",
                            "private_ip": "10.1.24.76",
                            "public_ip": "129.213.20.18",
                            "region": "iad",
                            "shape": "VM.Standard1.16",
                            "state": "RUNNING",
                            "subnet_id": "ocid1.subnet.oc1.iad.aaaaaaaaltjxls27iliwdk5ocfopio7rjlpkhuj2sijcp56sxhzvjxqhhz3a",
                            "time_created": "2018-03-08 14:58:21.547 +0000 UTC"
                        },
                        "meta": {},
                        "tainted": false
                    },
                    "deposed": [],
                    "provider": ""
                },
                "oci_core_instance.TFInstance3.140": {
                    "type": "oci_core_instance",
                    "depends_on": [
                        "data.oci_identity_availability_domains.ADs",
                        "oci_core_subnet.ExampleSubnet3"
                    ],
                    "primary": {
                        "id": "ocid1.instance.oc1.iad.abuwcljrrekjs4ltuddaayslvrg6vknifa34mwqz7tesvlrw2jiu55hlxtha",
                        "attributes": {
                            "availability_domain": "lkEI:US-ASHBURN-AD-3",
                            "compartment_id": "ocid1.compartment.oc1..aaaaaaaapui4j3qyqji3bdg4vp35bldzpu55eqkfps3a6edu4z7tkonxoo5a",
                            "create_vnic_details.#": "1",
                            "create_vnic_details.0.assign_public_ip": "true",
                            "create_vnic_details.0.display_name": "primaryvnic",
                            "create_vnic_details.0.hostname_label": "tfinst30140",
                            "create_vnic_details.0.private_ip": "10.1.24.233",
                            "create_vnic_details.0.skip_source_dest_check": "false",
                            "create_vnic_details.0.subnet_id": "ocid1.subnet.oc1.iad.aaaaaaaaltjxls27iliwdk5ocfopio7rjlpkhuj2sijcp56sxhzvjxqhhz3a",
                            "display_name": "TFInstance30140",
                            "hostname_label": "tfinst30140",
                            "id": "ocid1.instance.oc1.iad.abuwcljrrekjs4ltuddaayslvrg6vknifa34mwqz7tesvlrw2jiu55hlxtha",
                            "image": "ocid1.image.oc1.iad.aaaaaaaaxrqeombwty6jyqgk3fraczdd63bv66xgfsqka4ktr7c57awr3p5a",
                            "ipxe_script": "",
                            "metadata.%": "2",
                            "metadata.ssh_authorized_keys": "ssh-rsa AAAAB3NzaC1yc2EAAAADAQABAAABAQD7n4mwTT2dKsqt1K4IYmmDesvpka5rgBA6wZDUAE8Oc2ETU52gRAMvPwiOlyyWyMCqooddCD3FwK2EJw8bASbDOyTBJfCeU8srycSv0VpFcl1O2d4yTg4PrWxfylFHt8ZWMYgZpgOXtUS+5CI8O2HaibhtDo0E699YnZgq7WugiHzj5+9sEQL9nIK6z5wNn3bXHJjwhGKJbXIE9CiD1jRxHdB7Mm+Vkd9kzKwJF4KcADSwg6RqE5Xv6K2Tm83h3G+O5td4hgtaHQORKBYifuqiLslpoXLOtNzHFLfe9/aNXvo0bZnt/wln1U9jOwUmLHMS7TJS5H88nC1IRKT2wTk/ linuxkeys",
                            "metadata.user_data": "IyEvYmluL2Jhc2gKeXVtIHVwZGF0ZSAteQo=",
                            "private_ip": "10.1.24.233",
                            "public_ip": "129.213.87.121",
                            "region": "iad",
                            "shape": "VM.Standard1.16",
                            "state": "RUNNING",
                            "subnet_id": "ocid1.subnet.oc1.iad.aaaaaaaaltjxls27iliwdk5ocfopio7rjlpkhuj2sijcp56sxhzvjxqhhz3a",
                            "time_created": "2018-03-08 15:00:35.427 +0000 UTC"
                        },
                        "meta": {},
                        "tainted": false
                    },
                    "deposed": [],
                    "provider": ""
                },
                "oci_core_instance.TFInstance3.144": {
                    "type": "oci_core_instance",
                    "depends_on": [
                        "data.oci_identity_availability_domains.ADs",
                        "oci_core_subnet.ExampleSubnet3"
                    ],
                    "primary": {
                        "id": "ocid1.instance.oc1.iad.abuwcljr26zr74foadxkkofzln5qqvy43df5brprgoe5wnlxqke3js4pxcoq",
                        "attributes": {
                            "availability_domain": "lkEI:US-ASHBURN-AD-3",
                            "compartment_id": "ocid1.compartment.oc1..aaaaaaaapui4j3qyqji3bdg4vp35bldzpu55eqkfps3a6edu4z7tkonxoo5a",
                            "create_vnic_details.#": "1",
                            "create_vnic_details.0.assign_public_ip": "true",
                            "create_vnic_details.0.display_name": "primaryvnic",
                            "create_vnic_details.0.hostname_label": "tfinst30144",
                            "create_vnic_details.0.private_ip": "10.1.24.90",
                            "create_vnic_details.0.skip_source_dest_check": "false",
                            "create_vnic_details.0.subnet_id": "ocid1.subnet.oc1.iad.aaaaaaaaltjxls27iliwdk5ocfopio7rjlpkhuj2sijcp56sxhzvjxqhhz3a",
                            "display_name": "TFInstance30144",
                            "hostname_label": "tfinst30144",
                            "id": "ocid1.instance.oc1.iad.abuwcljr26zr74foadxkkofzln5qqvy43df5brprgoe5wnlxqke3js4pxcoq",
                            "image": "ocid1.image.oc1.iad.aaaaaaaaxrqeombwty6jyqgk3fraczdd63bv66xgfsqka4ktr7c57awr3p5a",
                            "ipxe_script": "",
                            "metadata.%": "2",
                            "metadata.ssh_authorized_keys": "ssh-rsa AAAAB3NzaC1yc2EAAAADAQABAAABAQD7n4mwTT2dKsqt1K4IYmmDesvpka5rgBA6wZDUAE8Oc2ETU52gRAMvPwiOlyyWyMCqooddCD3FwK2EJw8bASbDOyTBJfCeU8srycSv0VpFcl1O2d4yTg4PrWxfylFHt8ZWMYgZpgOXtUS+5CI8O2HaibhtDo0E699YnZgq7WugiHzj5+9sEQL9nIK6z5wNn3bXHJjwhGKJbXIE9CiD1jRxHdB7Mm+Vkd9kzKwJF4KcADSwg6RqE5Xv6K2Tm83h3G+O5td4hgtaHQORKBYifuqiLslpoXLOtNzHFLfe9/aNXvo0bZnt/wln1U9jOwUmLHMS7TJS5H88nC1IRKT2wTk/ linuxkeys",
                            "metadata.user_data": "IyEvYmluL2Jhc2gKeXVtIHVwZGF0ZSAteQo=",
                            "private_ip": "10.1.24.90",
                            "public_ip": "129.213.94.222",
                            "region": "iad",
                            "shape": "VM.Standard1.16",
                            "state": "RUNNING",
                            "subnet_id": "ocid1.subnet.oc1.iad.aaaaaaaaltjxls27iliwdk5ocfopio7rjlpkhuj2sijcp56sxhzvjxqhhz3a",
                            "time_created": "2018-03-08 14:59:02.13 +0000 UTC"
                        },
                        "meta": {},
                        "tainted": false
                    },
                    "deposed": [],
                    "provider": ""
                },
                "oci_core_instance.TFInstance3.147": {
                    "type": "oci_core_instance",
                    "depends_on": [
                        "data.oci_identity_availability_domains.ADs",
                        "oci_core_subnet.ExampleSubnet3"
                    ],
                    "primary": {
                        "id": "ocid1.instance.oc1.iad.abuwcljra5flmq4sik4d2y4fdiidnhpqptcssbg5wtxnnwhgstuiuga2ghpq",
                        "attributes": {
                            "availability_domain": "lkEI:US-ASHBURN-AD-3",
                            "compartment_id": "ocid1.compartment.oc1..aaaaaaaapui4j3qyqji3bdg4vp35bldzpu55eqkfps3a6edu4z7tkonxoo5a",
                            "create_vnic_details.#": "1",
                            "create_vnic_details.0.assign_public_ip": "true",
                            "create_vnic_details.0.display_name": "primaryvnic",
                            "create_vnic_details.0.hostname_label": "tfinst30147",
                            "create_vnic_details.0.private_ip": "10.1.24.49",
                            "create_vnic_details.0.skip_source_dest_check": "false",
                            "create_vnic_details.0.subnet_id": "ocid1.subnet.oc1.iad.aaaaaaaaltjxls27iliwdk5ocfopio7rjlpkhuj2sijcp56sxhzvjxqhhz3a",
                            "display_name": "TFInstance30147",
                            "hostname_label": "tfinst30147",
                            "id": "ocid1.instance.oc1.iad.abuwcljra5flmq4sik4d2y4fdiidnhpqptcssbg5wtxnnwhgstuiuga2ghpq",
                            "image": "ocid1.image.oc1.iad.aaaaaaaaxrqeombwty6jyqgk3fraczdd63bv66xgfsqka4ktr7c57awr3p5a",
                            "ipxe_script": "",
                            "metadata.%": "2",
                            "metadata.ssh_authorized_keys": "ssh-rsa AAAAB3NzaC1yc2EAAAADAQABAAABAQD7n4mwTT2dKsqt1K4IYmmDesvpka5rgBA6wZDUAE8Oc2ETU52gRAMvPwiOlyyWyMCqooddCD3FwK2EJw8bASbDOyTBJfCeU8srycSv0VpFcl1O2d4yTg4PrWxfylFHt8ZWMYgZpgOXtUS+5CI8O2HaibhtDo0E699YnZgq7WugiHzj5+9sEQL9nIK6z5wNn3bXHJjwhGKJbXIE9CiD1jRxHdB7Mm+Vkd9kzKwJF4KcADSwg6RqE5Xv6K2Tm83h3G+O5td4hgtaHQORKBYifuqiLslpoXLOtNzHFLfe9/aNXvo0bZnt/wln1U9jOwUmLHMS7TJS5H88nC1IRKT2wTk/ linuxkeys",
                            "metadata.user_data": "IyEvYmluL2Jhc2gKeXVtIHVwZGF0ZSAteQo=",
                            "private_ip": "10.1.24.49",
                            "public_ip": "129.213.92.241",
                            "region": "iad",
                            "shape": "VM.Standard1.16",
                            "state": "RUNNING",
                            "subnet_id": "ocid1.subnet.oc1.iad.aaaaaaaaltjxls27iliwdk5ocfopio7rjlpkhuj2sijcp56sxhzvjxqhhz3a",
                            "time_created": "2018-03-08 14:56:38.034 +0000 UTC"
                        },
                        "meta": {},
                        "tainted": false
                    },
                    "deposed": [],
                    "provider": ""
                },
                "oci_core_instance.TFInstance3.149": {
                    "type": "oci_core_instance",
                    "depends_on": [
                        "data.oci_identity_availability_domains.ADs",
                        "oci_core_subnet.ExampleSubnet3"
                    ],
                    "primary": {
                        "id": "ocid1.instance.oc1.iad.abuwcljrvtjljd5wuda3of3taqjuvwbzqk7lagqbiqbg6xpvgrbamyjn2esq",
                        "attributes": {
                            "availability_domain": "lkEI:US-ASHBURN-AD-3",
                            "compartment_id": "ocid1.compartment.oc1..aaaaaaaapui4j3qyqji3bdg4vp35bldzpu55eqkfps3a6edu4z7tkonxoo5a",
                            "create_vnic_details.#": "1",
                            "create_vnic_details.0.assign_public_ip": "true",
                            "create_vnic_details.0.display_name": "primaryvnic",
                            "create_vnic_details.0.hostname_label": "tfinst30149",
                            "create_vnic_details.0.private_ip": "10.1.24.45",
                            "create_vnic_details.0.skip_source_dest_check": "false",
                            "create_vnic_details.0.subnet_id": "ocid1.subnet.oc1.iad.aaaaaaaaltjxls27iliwdk5ocfopio7rjlpkhuj2sijcp56sxhzvjxqhhz3a",
                            "display_name": "TFInstance30149",
                            "hostname_label": "tfinst30149",
                            "id": "ocid1.instance.oc1.iad.abuwcljrvtjljd5wuda3of3taqjuvwbzqk7lagqbiqbg6xpvgrbamyjn2esq",
                            "image": "ocid1.image.oc1.iad.aaaaaaaaxrqeombwty6jyqgk3fraczdd63bv66xgfsqka4ktr7c57awr3p5a",
                            "ipxe_script": "",
                            "metadata.%": "2",
                            "metadata.ssh_authorized_keys": "ssh-rsa AAAAB3NzaC1yc2EAAAADAQABAAABAQD7n4mwTT2dKsqt1K4IYmmDesvpka5rgBA6wZDUAE8Oc2ETU52gRAMvPwiOlyyWyMCqooddCD3FwK2EJw8bASbDOyTBJfCeU8srycSv0VpFcl1O2d4yTg4PrWxfylFHt8ZWMYgZpgOXtUS+5CI8O2HaibhtDo0E699YnZgq7WugiHzj5+9sEQL9nIK6z5wNn3bXHJjwhGKJbXIE9CiD1jRxHdB7Mm+Vkd9kzKwJF4KcADSwg6RqE5Xv6K2Tm83h3G+O5td4hgtaHQORKBYifuqiLslpoXLOtNzHFLfe9/aNXvo0bZnt/wln1U9jOwUmLHMS7TJS5H88nC1IRKT2wTk/ linuxkeys",
                            "metadata.user_data": "IyEvYmluL2Jhc2gKeXVtIHVwZGF0ZSAteQo=",
                            "private_ip": "10.1.24.45",
                            "public_ip": "129.213.95.78",
                            "region": "iad",
                            "shape": "VM.Standard1.16",
                            "state": "RUNNING",
                            "subnet_id": "ocid1.subnet.oc1.iad.aaaaaaaaltjxls27iliwdk5ocfopio7rjlpkhuj2sijcp56sxhzvjxqhhz3a",
                            "time_created": "2018-03-08 14:56:37.74 +0000 UTC"
                        },
                        "meta": {},
                        "tainted": false
                    },
                    "deposed": [],
                    "provider": ""
                },
                "oci_core_instance.TFInstance3.150": {
                    "type": "oci_core_instance",
                    "depends_on": [
                        "data.oci_identity_availability_domains.ADs",
                        "oci_core_subnet.ExampleSubnet3"
                    ],
                    "primary": {
                        "id": "ocid1.instance.oc1.iad.abuwcljrf4533ourwsfbbd753ej7fqjm5ubmri3gg2wtduwjkwawl7rh4xuq",
                        "attributes": {
                            "availability_domain": "lkEI:US-ASHBURN-AD-3",
                            "compartment_id": "ocid1.compartment.oc1..aaaaaaaapui4j3qyqji3bdg4vp35bldzpu55eqkfps3a6edu4z7tkonxoo5a",
                            "create_vnic_details.#": "1",
                            "create_vnic_details.0.assign_public_ip": "true",
                            "create_vnic_details.0.display_name": "primaryvnic",
                            "create_vnic_details.0.hostname_label": "tfinst30150",
                            "create_vnic_details.0.private_ip": "10.1.24.8",
                            "create_vnic_details.0.skip_source_dest_check": "false",
                            "create_vnic_details.0.subnet_id": "ocid1.subnet.oc1.iad.aaaaaaaaltjxls27iliwdk5ocfopio7rjlpkhuj2sijcp56sxhzvjxqhhz3a",
                            "display_name": "TFInstance30150",
                            "hostname_label": "tfinst30150",
                            "id": "ocid1.instance.oc1.iad.abuwcljrf4533ourwsfbbd753ej7fqjm5ubmri3gg2wtduwjkwawl7rh4xuq",
                            "image": "ocid1.image.oc1.iad.aaaaaaaaxrqeombwty6jyqgk3fraczdd63bv66xgfsqka4ktr7c57awr3p5a",
                            "ipxe_script": "",
                            "metadata.%": "2",
                            "metadata.ssh_authorized_keys": "ssh-rsa AAAAB3NzaC1yc2EAAAADAQABAAABAQD7n4mwTT2dKsqt1K4IYmmDesvpka5rgBA6wZDUAE8Oc2ETU52gRAMvPwiOlyyWyMCqooddCD3FwK2EJw8bASbDOyTBJfCeU8srycSv0VpFcl1O2d4yTg4PrWxfylFHt8ZWMYgZpgOXtUS+5CI8O2HaibhtDo0E699YnZgq7WugiHzj5+9sEQL9nIK6z5wNn3bXHJjwhGKJbXIE9CiD1jRxHdB7Mm+Vkd9kzKwJF4KcADSwg6RqE5Xv6K2Tm83h3G+O5td4hgtaHQORKBYifuqiLslpoXLOtNzHFLfe9/aNXvo0bZnt/wln1U9jOwUmLHMS7TJS5H88nC1IRKT2wTk/ linuxkeys",
                            "metadata.user_data": "IyEvYmluL2Jhc2gKeXVtIHVwZGF0ZSAteQo=",
                            "private_ip": "10.1.24.8",
                            "public_ip": "129.213.80.245",
                            "region": "iad",
                            "shape": "VM.Standard1.16",
                            "state": "RUNNING",
                            "subnet_id": "ocid1.subnet.oc1.iad.aaaaaaaaltjxls27iliwdk5ocfopio7rjlpkhuj2sijcp56sxhzvjxqhhz3a",
                            "time_created": "2018-03-08 14:56:08.902 +0000 UTC"
                        },
                        "meta": {},
                        "tainted": false
                    },
                    "deposed": [],
                    "provider": ""
                },
                "oci_core_instance.TFInstance3.156": {
                    "type": "oci_core_instance",
                    "depends_on": [
                        "data.oci_identity_availability_domains.ADs",
                        "oci_core_subnet.ExampleSubnet3"
                    ],
                    "primary": {
                        "id": "ocid1.instance.oc1.iad.abuwcljrmwqfw3mz5cc4rnzavre2oivh5pb37zw523wlhj5sp76hmraem5hq",
                        "attributes": {
                            "availability_domain": "lkEI:US-ASHBURN-AD-3",
                            "compartment_id": "ocid1.compartment.oc1..aaaaaaaapui4j3qyqji3bdg4vp35bldzpu55eqkfps3a6edu4z7tkonxoo5a",
                            "create_vnic_details.#": "1",
                            "create_vnic_details.0.assign_public_ip": "true",
                            "create_vnic_details.0.display_name": "primaryvnic",
                            "create_vnic_details.0.hostname_label": "tfinst30156",
                            "create_vnic_details.0.private_ip": "10.1.24.12",
                            "create_vnic_details.0.skip_source_dest_check": "false",
                            "create_vnic_details.0.subnet_id": "ocid1.subnet.oc1.iad.aaaaaaaaltjxls27iliwdk5ocfopio7rjlpkhuj2sijcp56sxhzvjxqhhz3a",
                            "display_name": "TFInstance30156",
                            "hostname_label": "tfinst30156",
                            "id": "ocid1.instance.oc1.iad.abuwcljrmwqfw3mz5cc4rnzavre2oivh5pb37zw523wlhj5sp76hmraem5hq",
                            "image": "ocid1.image.oc1.iad.aaaaaaaaxrqeombwty6jyqgk3fraczdd63bv66xgfsqka4ktr7c57awr3p5a",
                            "ipxe_script": "",
                            "metadata.%": "2",
                            "metadata.ssh_authorized_keys": "ssh-rsa AAAAB3NzaC1yc2EAAAADAQABAAABAQD7n4mwTT2dKsqt1K4IYmmDesvpka5rgBA6wZDUAE8Oc2ETU52gRAMvPwiOlyyWyMCqooddCD3FwK2EJw8bASbDOyTBJfCeU8srycSv0VpFcl1O2d4yTg4PrWxfylFHt8ZWMYgZpgOXtUS+5CI8O2HaibhtDo0E699YnZgq7WugiHzj5+9sEQL9nIK6z5wNn3bXHJjwhGKJbXIE9CiD1jRxHdB7Mm+Vkd9kzKwJF4KcADSwg6RqE5Xv6K2Tm83h3G+O5td4hgtaHQORKBYifuqiLslpoXLOtNzHFLfe9/aNXvo0bZnt/wln1U9jOwUmLHMS7TJS5H88nC1IRKT2wTk/ linuxkeys",
                            "metadata.user_data": "IyEvYmluL2Jhc2gKeXVtIHVwZGF0ZSAteQo=",
                            "private_ip": "10.1.24.12",
                            "public_ip": "129.213.80.70",
                            "region": "iad",
                            "shape": "VM.Standard1.16",
                            "state": "RUNNING",
                            "subnet_id": "ocid1.subnet.oc1.iad.aaaaaaaaltjxls27iliwdk5ocfopio7rjlpkhuj2sijcp56sxhzvjxqhhz3a",
                            "time_created": "2018-03-08 14:56:09.156 +0000 UTC"
                        },
                        "meta": {},
                        "tainted": false
                    },
                    "deposed": [],
                    "provider": ""
                },
                "oci_core_instance.TFInstance3.157": {
                    "type": "oci_core_instance",
                    "depends_on": [
                        "data.oci_identity_availability_domains.ADs",
                        "oci_core_subnet.ExampleSubnet3"
                    ],
                    "primary": {
                        "id": "ocid1.instance.oc1.iad.abuwcljrc7tps4ysudwfxcwx76mpyyulsuc4d44tqqbde6i7ncdp2dco3qxq",
                        "attributes": {
                            "availability_domain": "lkEI:US-ASHBURN-AD-3",
                            "compartment_id": "ocid1.compartment.oc1..aaaaaaaapui4j3qyqji3bdg4vp35bldzpu55eqkfps3a6edu4z7tkonxoo5a",
                            "create_vnic_details.#": "1",
                            "create_vnic_details.0.assign_public_ip": "true",
                            "create_vnic_details.0.display_name": "primaryvnic",
                            "create_vnic_details.0.hostname_label": "tfinst30157",
                            "create_vnic_details.0.private_ip": "10.1.24.159",
                            "create_vnic_details.0.skip_source_dest_check": "false",
                            "create_vnic_details.0.subnet_id": "ocid1.subnet.oc1.iad.aaaaaaaaltjxls27iliwdk5ocfopio7rjlpkhuj2sijcp56sxhzvjxqhhz3a",
                            "display_name": "TFInstance30157",
                            "hostname_label": "tfinst30157",
                            "id": "ocid1.instance.oc1.iad.abuwcljrc7tps4ysudwfxcwx76mpyyulsuc4d44tqqbde6i7ncdp2dco3qxq",
                            "image": "ocid1.image.oc1.iad.aaaaaaaaxrqeombwty6jyqgk3fraczdd63bv66xgfsqka4ktr7c57awr3p5a",
                            "ipxe_script": "",
                            "metadata.%": "2",
                            "metadata.ssh_authorized_keys": "ssh-rsa AAAAB3NzaC1yc2EAAAADAQABAAABAQD7n4mwTT2dKsqt1K4IYmmDesvpka5rgBA6wZDUAE8Oc2ETU52gRAMvPwiOlyyWyMCqooddCD3FwK2EJw8bASbDOyTBJfCeU8srycSv0VpFcl1O2d4yTg4PrWxfylFHt8ZWMYgZpgOXtUS+5CI8O2HaibhtDo0E699YnZgq7WugiHzj5+9sEQL9nIK6z5wNn3bXHJjwhGKJbXIE9CiD1jRxHdB7Mm+Vkd9kzKwJF4KcADSwg6RqE5Xv6K2Tm83h3G+O5td4hgtaHQORKBYifuqiLslpoXLOtNzHFLfe9/aNXvo0bZnt/wln1U9jOwUmLHMS7TJS5H88nC1IRKT2wTk/ linuxkeys",
                            "metadata.user_data": "IyEvYmluL2Jhc2gKeXVtIHVwZGF0ZSAteQo=",
                            "private_ip": "10.1.24.159",
                            "public_ip": "129.213.92.75",
                            "region": "iad",
                            "shape": "VM.Standard1.16",
                            "state": "TERMINATING",
                            "subnet_id": "ocid1.subnet.oc1.iad.aaaaaaaaltjxls27iliwdk5ocfopio7rjlpkhuj2sijcp56sxhzvjxqhhz3a",
                            "time_created": "2018-03-08 15:00:21.169 +0000 UTC"
                        },
                        "meta": {},
                        "tainted": false
                    },
                    "deposed": [],
                    "provider": ""
                },
                "oci_core_instance.TFInstance3.158": {
                    "type": "oci_core_instance",
                    "depends_on": [
                        "data.oci_identity_availability_domains.ADs",
                        "oci_core_subnet.ExampleSubnet3"
                    ],
                    "primary": {
                        "id": "ocid1.instance.oc1.iad.abuwcljrcbe4ovq6nuw7f3hcrlhezw3fjd7kgzs4co7x3ytjsymdi6ldjx7a",
                        "attributes": {
                            "availability_domain": "lkEI:US-ASHBURN-AD-3",
                            "compartment_id": "ocid1.compartment.oc1..aaaaaaaapui4j3qyqji3bdg4vp35bldzpu55eqkfps3a6edu4z7tkonxoo5a",
                            "create_vnic_details.#": "1",
                            "create_vnic_details.0.assign_public_ip": "true",
                            "create_vnic_details.0.display_name": "primaryvnic",
                            "create_vnic_details.0.hostname_label": "tfinst30158",
                            "create_vnic_details.0.private_ip": "10.1.24.105",
                            "create_vnic_details.0.skip_source_dest_check": "false",
                            "create_vnic_details.0.subnet_id": "ocid1.subnet.oc1.iad.aaaaaaaaltjxls27iliwdk5ocfopio7rjlpkhuj2sijcp56sxhzvjxqhhz3a",
                            "display_name": "TFInstance30158",
                            "hostname_label": "tfinst30158",
                            "id": "ocid1.instance.oc1.iad.abuwcljrcbe4ovq6nuw7f3hcrlhezw3fjd7kgzs4co7x3ytjsymdi6ldjx7a",
                            "image": "ocid1.image.oc1.iad.aaaaaaaaxrqeombwty6jyqgk3fraczdd63bv66xgfsqka4ktr7c57awr3p5a",
                            "ipxe_script": "",
                            "metadata.%": "2",
                            "metadata.ssh_authorized_keys": "ssh-rsa AAAAB3NzaC1yc2EAAAADAQABAAABAQD7n4mwTT2dKsqt1K4IYmmDesvpka5rgBA6wZDUAE8Oc2ETU52gRAMvPwiOlyyWyMCqooddCD3FwK2EJw8bASbDOyTBJfCeU8srycSv0VpFcl1O2d4yTg4PrWxfylFHt8ZWMYgZpgOXtUS+5CI8O2HaibhtDo0E699YnZgq7WugiHzj5+9sEQL9nIK6z5wNn3bXHJjwhGKJbXIE9CiD1jRxHdB7Mm+Vkd9kzKwJF4KcADSwg6RqE5Xv6K2Tm83h3G+O5td4hgtaHQORKBYifuqiLslpoXLOtNzHFLfe9/aNXvo0bZnt/wln1U9jOwUmLHMS7TJS5H88nC1IRKT2wTk/ linuxkeys",
                            "metadata.user_data": "IyEvYmluL2Jhc2gKeXVtIHVwZGF0ZSAteQo=",
                            "private_ip": "10.1.24.105",
                            "public_ip": "129.213.86.112",
                            "region": "iad",
                            "shape": "VM.Standard1.16",
                            "state": "RUNNING",
                            "subnet_id": "ocid1.subnet.oc1.iad.aaaaaaaaltjxls27iliwdk5ocfopio7rjlpkhuj2sijcp56sxhzvjxqhhz3a",
                            "time_created": "2018-03-08 14:59:10.914 +0000 UTC"
                        },
                        "meta": {},
                        "tainted": false
                    },
                    "deposed": [],
                    "provider": ""
                },
                "oci_core_instance.TFInstance3.166": {
                    "type": "oci_core_instance",
                    "depends_on": [
                        "data.oci_identity_availability_domains.ADs",
                        "oci_core_subnet.ExampleSubnet3"
                    ],
                    "primary": {
                        "id": "ocid1.instance.oc1.iad.abuwcljrq76vsp5zvan4vu7k6fgtkn5z4xvxht2kwwezmpi2pj7yzzryko5q",
                        "attributes": {
                            "availability_domain": "lkEI:US-ASHBURN-AD-3",
                            "compartment_id": "ocid1.compartment.oc1..aaaaaaaapui4j3qyqji3bdg4vp35bldzpu55eqkfps3a6edu4z7tkonxoo5a",
                            "create_vnic_details.#": "1",
                            "create_vnic_details.0.assign_public_ip": "true",
                            "create_vnic_details.0.display_name": "primaryvnic",
                            "create_vnic_details.0.hostname_label": "tfinst30166",
                            "create_vnic_details.0.private_ip": "10.1.24.144",
                            "create_vnic_details.0.skip_source_dest_check": "false",
                            "create_vnic_details.0.subnet_id": "ocid1.subnet.oc1.iad.aaaaaaaaltjxls27iliwdk5ocfopio7rjlpkhuj2sijcp56sxhzvjxqhhz3a",
                            "display_name": "TFInstance30166",
                            "hostname_label": "tfinst30166",
                            "id": "ocid1.instance.oc1.iad.abuwcljrq76vsp5zvan4vu7k6fgtkn5z4xvxht2kwwezmpi2pj7yzzryko5q",
                            "image": "ocid1.image.oc1.iad.aaaaaaaaxrqeombwty6jyqgk3fraczdd63bv66xgfsqka4ktr7c57awr3p5a",
                            "ipxe_script": "",
                            "metadata.%": "2",
                            "metadata.ssh_authorized_keys": "ssh-rsa AAAAB3NzaC1yc2EAAAADAQABAAABAQD7n4mwTT2dKsqt1K4IYmmDesvpka5rgBA6wZDUAE8Oc2ETU52gRAMvPwiOlyyWyMCqooddCD3FwK2EJw8bASbDOyTBJfCeU8srycSv0VpFcl1O2d4yTg4PrWxfylFHt8ZWMYgZpgOXtUS+5CI8O2HaibhtDo0E699YnZgq7WugiHzj5+9sEQL9nIK6z5wNn3bXHJjwhGKJbXIE9CiD1jRxHdB7Mm+Vkd9kzKwJF4KcADSwg6RqE5Xv6K2Tm83h3G+O5td4hgtaHQORKBYifuqiLslpoXLOtNzHFLfe9/aNXvo0bZnt/wln1U9jOwUmLHMS7TJS5H88nC1IRKT2wTk/ linuxkeys",
                            "metadata.user_data": "IyEvYmluL2Jhc2gKeXVtIHVwZGF0ZSAteQo=",
                            "private_ip": "10.1.24.144",
                            "public_ip": "129.213.22.37",
                            "region": "iad",
                            "shape": "VM.Standard1.16",
                            "state": "RUNNING",
                            "subnet_id": "ocid1.subnet.oc1.iad.aaaaaaaaltjxls27iliwdk5ocfopio7rjlpkhuj2sijcp56sxhzvjxqhhz3a",
                            "time_created": "2018-03-08 15:00:18.129 +0000 UTC"
                        },
                        "meta": {},
                        "tainted": false
                    },
                    "deposed": [],
                    "provider": ""
                },
                "oci_core_instance.TFInstance3.169": {
                    "type": "oci_core_instance",
                    "depends_on": [
                        "data.oci_identity_availability_domains.ADs",
                        "oci_core_subnet.ExampleSubnet3"
                    ],
                    "primary": {
                        "id": "ocid1.instance.oc1.iad.abuwcljrubyyzqykmkgjbwxis7hlt463ygr7n5o244rf2yk5z4nvdxubwk2a",
                        "attributes": {
                            "availability_domain": "lkEI:US-ASHBURN-AD-3",
                            "compartment_id": "ocid1.compartment.oc1..aaaaaaaapui4j3qyqji3bdg4vp35bldzpu55eqkfps3a6edu4z7tkonxoo5a",
                            "create_vnic_details.#": "1",
                            "create_vnic_details.0.assign_public_ip": "true",
                            "create_vnic_details.0.display_name": "primaryvnic",
                            "create_vnic_details.0.hostname_label": "tfinst30169",
                            "create_vnic_details.0.private_ip": "10.1.24.134",
                            "create_vnic_details.0.skip_source_dest_check": "false",
                            "create_vnic_details.0.subnet_id": "ocid1.subnet.oc1.iad.aaaaaaaaltjxls27iliwdk5ocfopio7rjlpkhuj2sijcp56sxhzvjxqhhz3a",
                            "display_name": "TFInstance30169",
                            "hostname_label": "tfinst30169",
                            "id": "ocid1.instance.oc1.iad.abuwcljrubyyzqykmkgjbwxis7hlt463ygr7n5o244rf2yk5z4nvdxubwk2a",
                            "image": "ocid1.image.oc1.iad.aaaaaaaaxrqeombwty6jyqgk3fraczdd63bv66xgfsqka4ktr7c57awr3p5a",
                            "ipxe_script": "",
                            "metadata.%": "2",
                            "metadata.ssh_authorized_keys": "ssh-rsa AAAAB3NzaC1yc2EAAAADAQABAAABAQD7n4mwTT2dKsqt1K4IYmmDesvpka5rgBA6wZDUAE8Oc2ETU52gRAMvPwiOlyyWyMCqooddCD3FwK2EJw8bASbDOyTBJfCeU8srycSv0VpFcl1O2d4yTg4PrWxfylFHt8ZWMYgZpgOXtUS+5CI8O2HaibhtDo0E699YnZgq7WugiHzj5+9sEQL9nIK6z5wNn3bXHJjwhGKJbXIE9CiD1jRxHdB7Mm+Vkd9kzKwJF4KcADSwg6RqE5Xv6K2Tm83h3G+O5td4hgtaHQORKBYifuqiLslpoXLOtNzHFLfe9/aNXvo0bZnt/wln1U9jOwUmLHMS7TJS5H88nC1IRKT2wTk/ linuxkeys",
                            "metadata.user_data": "IyEvYmluL2Jhc2gKeXVtIHVwZGF0ZSAteQo=",
                            "private_ip": "10.1.24.134",
                            "public_ip": "129.213.22.219",
                            "region": "iad",
                            "shape": "VM.Standard1.16",
                            "state": "RUNNING",
                            "subnet_id": "ocid1.subnet.oc1.iad.aaaaaaaaltjxls27iliwdk5ocfopio7rjlpkhuj2sijcp56sxhzvjxqhhz3a",
                            "time_created": "2018-03-08 14:59:59.758 +0000 UTC"
                        },
                        "meta": {},
                        "tainted": false
                    },
                    "deposed": [],
                    "provider": ""
                },
                "oci_core_instance.TFInstance3.17": {
                    "type": "oci_core_instance",
                    "depends_on": [
                        "data.oci_identity_availability_domains.ADs",
                        "oci_core_subnet.ExampleSubnet3"
                    ],
                    "primary": {
                        "id": "ocid1.instance.oc1.iad.abuwcljrr6zuxj7tc2lesqd2h64fiwpe4lnemkyakab5typnmoixzxgoezia",
                        "attributes": {
                            "availability_domain": "lkEI:US-ASHBURN-AD-3",
                            "compartment_id": "ocid1.compartment.oc1..aaaaaaaapui4j3qyqji3bdg4vp35bldzpu55eqkfps3a6edu4z7tkonxoo5a",
                            "create_vnic_details.#": "1",
                            "create_vnic_details.0.assign_public_ip": "true",
                            "create_vnic_details.0.display_name": "primaryvnic",
                            "create_vnic_details.0.hostname_label": "tfinst30017",
                            "create_vnic_details.0.private_ip": "10.1.24.135",
                            "create_vnic_details.0.skip_source_dest_check": "false",
                            "create_vnic_details.0.subnet_id": "ocid1.subnet.oc1.iad.aaaaaaaaltjxls27iliwdk5ocfopio7rjlpkhuj2sijcp56sxhzvjxqhhz3a",
                            "display_name": "TFInstance30017",
                            "hostname_label": "tfinst30017",
                            "id": "ocid1.instance.oc1.iad.abuwcljrr6zuxj7tc2lesqd2h64fiwpe4lnemkyakab5typnmoixzxgoezia",
                            "image": "ocid1.image.oc1.iad.aaaaaaaaxrqeombwty6jyqgk3fraczdd63bv66xgfsqka4ktr7c57awr3p5a",
                            "ipxe_script": "",
                            "metadata.%": "2",
                            "metadata.ssh_authorized_keys": "ssh-rsa AAAAB3NzaC1yc2EAAAADAQABAAABAQD7n4mwTT2dKsqt1K4IYmmDesvpka5rgBA6wZDUAE8Oc2ETU52gRAMvPwiOlyyWyMCqooddCD3FwK2EJw8bASbDOyTBJfCeU8srycSv0VpFcl1O2d4yTg4PrWxfylFHt8ZWMYgZpgOXtUS+5CI8O2HaibhtDo0E699YnZgq7WugiHzj5+9sEQL9nIK6z5wNn3bXHJjwhGKJbXIE9CiD1jRxHdB7Mm+Vkd9kzKwJF4KcADSwg6RqE5Xv6K2Tm83h3G+O5td4hgtaHQORKBYifuqiLslpoXLOtNzHFLfe9/aNXvo0bZnt/wln1U9jOwUmLHMS7TJS5H88nC1IRKT2wTk/ linuxkeys",
                            "metadata.user_data": "IyEvYmluL2Jhc2gKeXVtIHVwZGF0ZSAteQo=",
                            "private_ip": "10.1.24.135",
                            "public_ip": "129.213.91.247",
                            "region": "iad",
                            "shape": "VM.Standard1.16",
                            "state": "RUNNING",
                            "subnet_id": "ocid1.subnet.oc1.iad.aaaaaaaaltjxls27iliwdk5ocfopio7rjlpkhuj2sijcp56sxhzvjxqhhz3a",
                            "time_created": "2018-03-08 15:00:03.911 +0000 UTC"
                        },
                        "meta": {},
                        "tainted": false
                    },
                    "deposed": [],
                    "provider": ""
                },
                "oci_core_instance.TFInstance3.171": {
                    "type": "oci_core_instance",
                    "depends_on": [
                        "data.oci_identity_availability_domains.ADs",
                        "oci_core_subnet.ExampleSubnet3"
                    ],
                    "primary": {
                        "id": "ocid1.instance.oc1.iad.abuwcljr4yn34acctphce2zf3ynzsqp3fdahqpwush74boa5okel5yepxmea",
                        "attributes": {
                            "availability_domain": "lkEI:US-ASHBURN-AD-3",
                            "compartment_id": "ocid1.compartment.oc1..aaaaaaaapui4j3qyqji3bdg4vp35bldzpu55eqkfps3a6edu4z7tkonxoo5a",
                            "create_vnic_details.#": "1",
                            "create_vnic_details.0.assign_public_ip": "true",
                            "create_vnic_details.0.display_name": "primaryvnic",
                            "create_vnic_details.0.hostname_label": "tfinst30171",
                            "create_vnic_details.0.private_ip": "10.1.24.139",
                            "create_vnic_details.0.skip_source_dest_check": "false",
                            "create_vnic_details.0.subnet_id": "ocid1.subnet.oc1.iad.aaaaaaaaltjxls27iliwdk5ocfopio7rjlpkhuj2sijcp56sxhzvjxqhhz3a",
                            "display_name": "TFInstance30171",
                            "hostname_label": "tfinst30171",
                            "id": "ocid1.instance.oc1.iad.abuwcljr4yn34acctphce2zf3ynzsqp3fdahqpwush74boa5okel5yepxmea",
                            "image": "ocid1.image.oc1.iad.aaaaaaaaxrqeombwty6jyqgk3fraczdd63bv66xgfsqka4ktr7c57awr3p5a",
                            "ipxe_script": "",
                            "metadata.%": "2",
                            "metadata.ssh_authorized_keys": "ssh-rsa AAAAB3NzaC1yc2EAAAADAQABAAABAQD7n4mwTT2dKsqt1K4IYmmDesvpka5rgBA6wZDUAE8Oc2ETU52gRAMvPwiOlyyWyMCqooddCD3FwK2EJw8bASbDOyTBJfCeU8srycSv0VpFcl1O2d4yTg4PrWxfylFHt8ZWMYgZpgOXtUS+5CI8O2HaibhtDo0E699YnZgq7WugiHzj5+9sEQL9nIK6z5wNn3bXHJjwhGKJbXIE9CiD1jRxHdB7Mm+Vkd9kzKwJF4KcADSwg6RqE5Xv6K2Tm83h3G+O5td4hgtaHQORKBYifuqiLslpoXLOtNzHFLfe9/aNXvo0bZnt/wln1U9jOwUmLHMS7TJS5H88nC1IRKT2wTk/ linuxkeys",
                            "metadata.user_data": "IyEvYmluL2Jhc2gKeXVtIHVwZGF0ZSAteQo=",
                            "private_ip": "10.1.24.139",
                            "public_ip": "129.213.23.37",
                            "region": "iad",
                            "shape": "VM.Standard1.16",
                            "state": "RUNNING",
                            "subnet_id": "ocid1.subnet.oc1.iad.aaaaaaaaltjxls27iliwdk5ocfopio7rjlpkhuj2sijcp56sxhzvjxqhhz3a",
                            "time_created": "2018-03-08 15:00:03.094 +0000 UTC"
                        },
                        "meta": {},
                        "tainted": false
                    },
                    "deposed": [],
                    "provider": ""
                },
                "oci_core_instance.TFInstance3.173": {
                    "type": "oci_core_instance",
                    "depends_on": [
                        "data.oci_identity_availability_domains.ADs",
                        "oci_core_subnet.ExampleSubnet3"
                    ],
                    "primary": {
                        "id": "ocid1.instance.oc1.iad.abuwcljrqj24esjk46dg44x57wqbtnkmj43e3i25uib23ptmio7dcybt2kza",
                        "attributes": {
                            "availability_domain": "lkEI:US-ASHBURN-AD-3",
                            "compartment_id": "ocid1.compartment.oc1..aaaaaaaapui4j3qyqji3bdg4vp35bldzpu55eqkfps3a6edu4z7tkonxoo5a",
                            "create_vnic_details.#": "1",
                            "create_vnic_details.0.assign_public_ip": "true",
                            "create_vnic_details.0.display_name": "primaryvnic",
                            "create_vnic_details.0.hostname_label": "tfinst30173",
                            "create_vnic_details.0.private_ip": "10.1.24.37",
                            "create_vnic_details.0.skip_source_dest_check": "false",
                            "create_vnic_details.0.subnet_id": "ocid1.subnet.oc1.iad.aaaaaaaaltjxls27iliwdk5ocfopio7rjlpkhuj2sijcp56sxhzvjxqhhz3a",
                            "display_name": "TFInstance30173",
                            "hostname_label": "tfinst30173",
                            "id": "ocid1.instance.oc1.iad.abuwcljrqj24esjk46dg44x57wqbtnkmj43e3i25uib23ptmio7dcybt2kza",
                            "image": "ocid1.image.oc1.iad.aaaaaaaaxrqeombwty6jyqgk3fraczdd63bv66xgfsqka4ktr7c57awr3p5a",
                            "ipxe_script": "",
                            "metadata.%": "2",
                            "metadata.ssh_authorized_keys": "ssh-rsa AAAAB3NzaC1yc2EAAAADAQABAAABAQD7n4mwTT2dKsqt1K4IYmmDesvpka5rgBA6wZDUAE8Oc2ETU52gRAMvPwiOlyyWyMCqooddCD3FwK2EJw8bASbDOyTBJfCeU8srycSv0VpFcl1O2d4yTg4PrWxfylFHt8ZWMYgZpgOXtUS+5CI8O2HaibhtDo0E699YnZgq7WugiHzj5+9sEQL9nIK6z5wNn3bXHJjwhGKJbXIE9CiD1jRxHdB7Mm+Vkd9kzKwJF4KcADSwg6RqE5Xv6K2Tm83h3G+O5td4hgtaHQORKBYifuqiLslpoXLOtNzHFLfe9/aNXvo0bZnt/wln1U9jOwUmLHMS7TJS5H88nC1IRKT2wTk/ linuxkeys",
                            "metadata.user_data": "IyEvYmluL2Jhc2gKeXVtIHVwZGF0ZSAteQo=",
                            "private_ip": "10.1.24.37",
                            "public_ip": "129.213.87.238",
                            "region": "iad",
                            "shape": "VM.Standard1.16",
                            "state": "RUNNING",
                            "subnet_id": "ocid1.subnet.oc1.iad.aaaaaaaaltjxls27iliwdk5ocfopio7rjlpkhuj2sijcp56sxhzvjxqhhz3a",
                            "time_created": "2018-03-08 14:56:34.914 +0000 UTC"
                        },
                        "meta": {},
                        "tainted": false
                    },
                    "deposed": [],
                    "provider": ""
                },
                "oci_core_instance.TFInstance3.174": {
                    "type": "oci_core_instance",
                    "depends_on": [
                        "data.oci_identity_availability_domains.ADs",
                        "oci_core_subnet.ExampleSubnet3"
                    ],
                    "primary": {
                        "id": "ocid1.instance.oc1.iad.abuwcljrrwmyu4hdbw2iahjrhwotg6n33vj46edsxrlc45iz3frcskpwrqfq",
                        "attributes": {
                            "availability_domain": "lkEI:US-ASHBURN-AD-3",
                            "compartment_id": "ocid1.compartment.oc1..aaaaaaaapui4j3qyqji3bdg4vp35bldzpu55eqkfps3a6edu4z7tkonxoo5a",
                            "create_vnic_details.#": "1",
                            "create_vnic_details.0.assign_public_ip": "true",
                            "create_vnic_details.0.display_name": "primaryvnic",
                            "create_vnic_details.0.hostname_label": "tfinst30174",
                            "create_vnic_details.0.private_ip": "10.1.24.149",
                            "create_vnic_details.0.skip_source_dest_check": "false",
                            "create_vnic_details.0.subnet_id": "ocid1.subnet.oc1.iad.aaaaaaaaltjxls27iliwdk5ocfopio7rjlpkhuj2sijcp56sxhzvjxqhhz3a",
                            "display_name": "TFInstance30174",
                            "hostname_label": "tfinst30174",
                            "id": "ocid1.instance.oc1.iad.abuwcljrrwmyu4hdbw2iahjrhwotg6n33vj46edsxrlc45iz3frcskpwrqfq",
                            "image": "ocid1.image.oc1.iad.aaaaaaaaxrqeombwty6jyqgk3fraczdd63bv66xgfsqka4ktr7c57awr3p5a",
                            "ipxe_script": "",
                            "metadata.%": "2",
                            "metadata.ssh_authorized_keys": "ssh-rsa AAAAB3NzaC1yc2EAAAADAQABAAABAQD7n4mwTT2dKsqt1K4IYmmDesvpka5rgBA6wZDUAE8Oc2ETU52gRAMvPwiOlyyWyMCqooddCD3FwK2EJw8bASbDOyTBJfCeU8srycSv0VpFcl1O2d4yTg4PrWxfylFHt8ZWMYgZpgOXtUS+5CI8O2HaibhtDo0E699YnZgq7WugiHzj5+9sEQL9nIK6z5wNn3bXHJjwhGKJbXIE9CiD1jRxHdB7Mm+Vkd9kzKwJF4KcADSwg6RqE5Xv6K2Tm83h3G+O5td4hgtaHQORKBYifuqiLslpoXLOtNzHFLfe9/aNXvo0bZnt/wln1U9jOwUmLHMS7TJS5H88nC1IRKT2wTk/ linuxkeys",
                            "metadata.user_data": "IyEvYmluL2Jhc2gKeXVtIHVwZGF0ZSAteQo=",
                            "private_ip": "10.1.24.149",
                            "public_ip": "129.213.91.177",
                            "region": "iad",
                            "shape": "VM.Standard1.16",
                            "state": "RUNNING",
                            "subnet_id": "ocid1.subnet.oc1.iad.aaaaaaaaltjxls27iliwdk5ocfopio7rjlpkhuj2sijcp56sxhzvjxqhhz3a",
                            "time_created": "2018-03-08 15:00:18.708 +0000 UTC"
                        },
                        "meta": {},
                        "tainted": false
                    },
                    "deposed": [],
                    "provider": ""
                },
                "oci_core_instance.TFInstance3.176": {
                    "type": "oci_core_instance",
                    "depends_on": [
                        "data.oci_identity_availability_domains.ADs",
                        "oci_core_subnet.ExampleSubnet3"
                    ],
                    "primary": {
                        "id": "ocid1.instance.oc1.iad.abuwcljra5fgy2tlpek7moi4u5zjp7s7lmlmxigukj6ucmjp7u7sqbfnvbaa",
                        "attributes": {
                            "availability_domain": "lkEI:US-ASHBURN-AD-3",
                            "compartment_id": "ocid1.compartment.oc1..aaaaaaaapui4j3qyqji3bdg4vp35bldzpu55eqkfps3a6edu4z7tkonxoo5a",
                            "create_vnic_details.#": "1",
                            "create_vnic_details.0.assign_public_ip": "true",
                            "create_vnic_details.0.display_name": "primaryvnic",
                            "create_vnic_details.0.hostname_label": "tfinst30176",
                            "create_vnic_details.0.private_ip": "10.1.24.40",
                            "create_vnic_details.0.skip_source_dest_check": "false",
                            "create_vnic_details.0.subnet_id": "ocid1.subnet.oc1.iad.aaaaaaaaltjxls27iliwdk5ocfopio7rjlpkhuj2sijcp56sxhzvjxqhhz3a",
                            "display_name": "TFInstance30176",
                            "hostname_label": "tfinst30176",
                            "id": "ocid1.instance.oc1.iad.abuwcljra5fgy2tlpek7moi4u5zjp7s7lmlmxigukj6ucmjp7u7sqbfnvbaa",
                            "image": "ocid1.image.oc1.iad.aaaaaaaaxrqeombwty6jyqgk3fraczdd63bv66xgfsqka4ktr7c57awr3p5a",
                            "ipxe_script": "",
                            "metadata.%": "2",
                            "metadata.ssh_authorized_keys": "ssh-rsa AAAAB3NzaC1yc2EAAAADAQABAAABAQD7n4mwTT2dKsqt1K4IYmmDesvpka5rgBA6wZDUAE8Oc2ETU52gRAMvPwiOlyyWyMCqooddCD3FwK2EJw8bASbDOyTBJfCeU8srycSv0VpFcl1O2d4yTg4PrWxfylFHt8ZWMYgZpgOXtUS+5CI8O2HaibhtDo0E699YnZgq7WugiHzj5+9sEQL9nIK6z5wNn3bXHJjwhGKJbXIE9CiD1jRxHdB7Mm+Vkd9kzKwJF4KcADSwg6RqE5Xv6K2Tm83h3G+O5td4hgtaHQORKBYifuqiLslpoXLOtNzHFLfe9/aNXvo0bZnt/wln1U9jOwUmLHMS7TJS5H88nC1IRKT2wTk/ linuxkeys",
                            "metadata.user_data": "IyEvYmluL2Jhc2gKeXVtIHVwZGF0ZSAteQo=",
                            "private_ip": "10.1.24.40",
                            "public_ip": "129.213.82.158",
                            "region": "iad",
                            "shape": "VM.Standard1.16",
                            "state": "RUNNING",
                            "subnet_id": "ocid1.subnet.oc1.iad.aaaaaaaaltjxls27iliwdk5ocfopio7rjlpkhuj2sijcp56sxhzvjxqhhz3a",
                            "time_created": "2018-03-08 14:56:44.065 +0000 UTC"
                        },
                        "meta": {},
                        "tainted": false
                    },
                    "deposed": [],
                    "provider": ""
                },
                "oci_core_instance.TFInstance3.179": {
                    "type": "oci_core_instance",
                    "depends_on": [
                        "data.oci_identity_availability_domains.ADs",
                        "oci_core_subnet.ExampleSubnet3"
                    ],
                    "primary": {
                        "id": "ocid1.instance.oc1.iad.abuwcljrhx3nhi4n4q5ufnkeem5bfmk5kygayck73unzorpxmdjfrjfrujea",
                        "attributes": {
                            "availability_domain": "lkEI:US-ASHBURN-AD-3",
                            "compartment_id": "ocid1.compartment.oc1..aaaaaaaapui4j3qyqji3bdg4vp35bldzpu55eqkfps3a6edu4z7tkonxoo5a",
                            "create_vnic_details.#": "1",
                            "create_vnic_details.0.assign_public_ip": "true",
                            "create_vnic_details.0.display_name": "primaryvnic",
                            "create_vnic_details.0.hostname_label": "tfinst30179",
                            "create_vnic_details.0.private_ip": "10.1.24.69",
                            "create_vnic_details.0.skip_source_dest_check": "false",
                            "create_vnic_details.0.subnet_id": "ocid1.subnet.oc1.iad.aaaaaaaaltjxls27iliwdk5ocfopio7rjlpkhuj2sijcp56sxhzvjxqhhz3a",
                            "display_name": "TFInstance30179",
                            "hostname_label": "tfinst30179",
                            "id": "ocid1.instance.oc1.iad.abuwcljrhx3nhi4n4q5ufnkeem5bfmk5kygayck73unzorpxmdjfrjfrujea",
                            "image": "ocid1.image.oc1.iad.aaaaaaaaxrqeombwty6jyqgk3fraczdd63bv66xgfsqka4ktr7c57awr3p5a",
                            "ipxe_script": "",
                            "metadata.%": "2",
                            "metadata.ssh_authorized_keys": "ssh-rsa AAAAB3NzaC1yc2EAAAADAQABAAABAQD7n4mwTT2dKsqt1K4IYmmDesvpka5rgBA6wZDUAE8Oc2ETU52gRAMvPwiOlyyWyMCqooddCD3FwK2EJw8bASbDOyTBJfCeU8srycSv0VpFcl1O2d4yTg4PrWxfylFHt8ZWMYgZpgOXtUS+5CI8O2HaibhtDo0E699YnZgq7WugiHzj5+9sEQL9nIK6z5wNn3bXHJjwhGKJbXIE9CiD1jRxHdB7Mm+Vkd9kzKwJF4KcADSwg6RqE5Xv6K2Tm83h3G+O5td4hgtaHQORKBYifuqiLslpoXLOtNzHFLfe9/aNXvo0bZnt/wln1U9jOwUmLHMS7TJS5H88nC1IRKT2wTk/ linuxkeys",
                            "metadata.user_data": "IyEvYmluL2Jhc2gKeXVtIHVwZGF0ZSAteQo=",
                            "private_ip": "10.1.24.69",
                            "public_ip": "129.213.24.226",
                            "region": "iad",
                            "shape": "VM.Standard1.16",
                            "state": "RUNNING",
                            "subnet_id": "ocid1.subnet.oc1.iad.aaaaaaaaltjxls27iliwdk5ocfopio7rjlpkhuj2sijcp56sxhzvjxqhhz3a",
                            "time_created": "2018-03-08 14:58:02.076 +0000 UTC"
                        },
                        "meta": {},
                        "tainted": false
                    },
                    "deposed": [],
                    "provider": ""
                },
                "oci_core_instance.TFInstance3.181": {
                    "type": "oci_core_instance",
                    "depends_on": [
                        "data.oci_identity_availability_domains.ADs",
                        "oci_core_subnet.ExampleSubnet3"
                    ],
                    "primary": {
                        "id": "ocid1.instance.oc1.iad.abuwcljr6rd4sabvdks6byy2i3xagpjzwibnp3g4tjqmfjcneofefyjregka",
                        "attributes": {
                            "availability_domain": "lkEI:US-ASHBURN-AD-3",
                            "compartment_id": "ocid1.compartment.oc1..aaaaaaaapui4j3qyqji3bdg4vp35bldzpu55eqkfps3a6edu4z7tkonxoo5a",
                            "create_vnic_details.#": "1",
                            "create_vnic_details.0.assign_public_ip": "true",
                            "create_vnic_details.0.display_name": "primaryvnic",
                            "create_vnic_details.0.hostname_label": "tfinst30181",
                            "create_vnic_details.0.private_ip": "10.1.24.94",
                            "create_vnic_details.0.skip_source_dest_check": "false",
                            "create_vnic_details.0.subnet_id": "ocid1.subnet.oc1.iad.aaaaaaaaltjxls27iliwdk5ocfopio7rjlpkhuj2sijcp56sxhzvjxqhhz3a",
                            "display_name": "TFInstance30181",
                            "hostname_label": "tfinst30181",
                            "id": "ocid1.instance.oc1.iad.abuwcljr6rd4sabvdks6byy2i3xagpjzwibnp3g4tjqmfjcneofefyjregka",
                            "image": "ocid1.image.oc1.iad.aaaaaaaaxrqeombwty6jyqgk3fraczdd63bv66xgfsqka4ktr7c57awr3p5a",
                            "ipxe_script": "",
                            "metadata.%": "2",
                            "metadata.ssh_authorized_keys": "ssh-rsa AAAAB3NzaC1yc2EAAAADAQABAAABAQD7n4mwTT2dKsqt1K4IYmmDesvpka5rgBA6wZDUAE8Oc2ETU52gRAMvPwiOlyyWyMCqooddCD3FwK2EJw8bASbDOyTBJfCeU8srycSv0VpFcl1O2d4yTg4PrWxfylFHt8ZWMYgZpgOXtUS+5CI8O2HaibhtDo0E699YnZgq7WugiHzj5+9sEQL9nIK6z5wNn3bXHJjwhGKJbXIE9CiD1jRxHdB7Mm+Vkd9kzKwJF4KcADSwg6RqE5Xv6K2Tm83h3G+O5td4hgtaHQORKBYifuqiLslpoXLOtNzHFLfe9/aNXvo0bZnt/wln1U9jOwUmLHMS7TJS5H88nC1IRKT2wTk/ linuxkeys",
                            "metadata.user_data": "IyEvYmluL2Jhc2gKeXVtIHVwZGF0ZSAteQo=",
                            "private_ip": "10.1.24.94",
                            "public_ip": "129.213.93.193",
                            "region": "iad",
                            "shape": "VM.Standard1.16",
                            "state": "RUNNING",
                            "subnet_id": "ocid1.subnet.oc1.iad.aaaaaaaaltjxls27iliwdk5ocfopio7rjlpkhuj2sijcp56sxhzvjxqhhz3a",
                            "time_created": "2018-03-08 14:59:02.891 +0000 UTC"
                        },
                        "meta": {},
                        "tainted": false
                    },
                    "deposed": [],
                    "provider": ""
                },
                "oci_core_instance.TFInstance3.184": {
                    "type": "oci_core_instance",
                    "depends_on": [
                        "data.oci_identity_availability_domains.ADs",
                        "oci_core_subnet.ExampleSubnet3"
                    ],
                    "primary": {
                        "id": "ocid1.instance.oc1.iad.abuwcljrg4i52m6bnpliuf43oeluhrh2pwltrezhso2ea277zdioyss45z3q",
                        "attributes": {
                            "availability_domain": "lkEI:US-ASHBURN-AD-3",
                            "compartment_id": "ocid1.compartment.oc1..aaaaaaaapui4j3qyqji3bdg4vp35bldzpu55eqkfps3a6edu4z7tkonxoo5a",
                            "create_vnic_details.#": "1",
                            "create_vnic_details.0.assign_public_ip": "true",
                            "create_vnic_details.0.display_name": "primaryvnic",
                            "create_vnic_details.0.hostname_label": "tfinst30184",
                            "create_vnic_details.0.private_ip": "10.1.24.224",
                            "create_vnic_details.0.skip_source_dest_check": "false",
                            "create_vnic_details.0.subnet_id": "ocid1.subnet.oc1.iad.aaaaaaaaltjxls27iliwdk5ocfopio7rjlpkhuj2sijcp56sxhzvjxqhhz3a",
                            "display_name": "TFInstance30184",
                            "hostname_label": "tfinst30184",
                            "id": "ocid1.instance.oc1.iad.abuwcljrg4i52m6bnpliuf43oeluhrh2pwltrezhso2ea277zdioyss45z3q",
                            "image": "ocid1.image.oc1.iad.aaaaaaaaxrqeombwty6jyqgk3fraczdd63bv66xgfsqka4ktr7c57awr3p5a",
                            "ipxe_script": "",
                            "metadata.%": "2",
                            "metadata.ssh_authorized_keys": "ssh-rsa AAAAB3NzaC1yc2EAAAADAQABAAABAQD7n4mwTT2dKsqt1K4IYmmDesvpka5rgBA6wZDUAE8Oc2ETU52gRAMvPwiOlyyWyMCqooddCD3FwK2EJw8bASbDOyTBJfCeU8srycSv0VpFcl1O2d4yTg4PrWxfylFHt8ZWMYgZpgOXtUS+5CI8O2HaibhtDo0E699YnZgq7WugiHzj5+9sEQL9nIK6z5wNn3bXHJjwhGKJbXIE9CiD1jRxHdB7Mm+Vkd9kzKwJF4KcADSwg6RqE5Xv6K2Tm83h3G+O5td4hgtaHQORKBYifuqiLslpoXLOtNzHFLfe9/aNXvo0bZnt/wln1U9jOwUmLHMS7TJS5H88nC1IRKT2wTk/ linuxkeys",
                            "metadata.user_data": "IyEvYmluL2Jhc2gKeXVtIHVwZGF0ZSAteQo=",
                            "private_ip": "10.1.24.224",
                            "public_ip": "129.213.18.26",
                            "region": "iad",
                            "shape": "VM.Standard1.16",
                            "state": "RUNNING",
                            "subnet_id": "ocid1.subnet.oc1.iad.aaaaaaaaltjxls27iliwdk5ocfopio7rjlpkhuj2sijcp56sxhzvjxqhhz3a",
                            "time_created": "2018-03-08 15:00:37.654 +0000 UTC"
                        },
                        "meta": {},
                        "tainted": false
                    },
                    "deposed": [],
                    "provider": ""
                },
                "oci_core_instance.TFInstance3.186": {
                    "type": "oci_core_instance",
                    "depends_on": [
                        "data.oci_identity_availability_domains.ADs",
                        "oci_core_subnet.ExampleSubnet3"
                    ],
                    "primary": {
                        "id": "ocid1.instance.oc1.iad.abuwcljro3w6ozvg7z3ndhfewqitnguqbmdxzqbroq2crs75c2lzv774jrya",
                        "attributes": {
                            "availability_domain": "lkEI:US-ASHBURN-AD-3",
                            "compartment_id": "ocid1.compartment.oc1..aaaaaaaapui4j3qyqji3bdg4vp35bldzpu55eqkfps3a6edu4z7tkonxoo5a",
                            "create_vnic_details.#": "1",
                            "create_vnic_details.0.assign_public_ip": "true",
                            "create_vnic_details.0.display_name": "primaryvnic",
                            "create_vnic_details.0.hostname_label": "tfinst30186",
                            "create_vnic_details.0.private_ip": "10.1.24.30",
                            "create_vnic_details.0.skip_source_dest_check": "false",
                            "create_vnic_details.0.subnet_id": "ocid1.subnet.oc1.iad.aaaaaaaaltjxls27iliwdk5ocfopio7rjlpkhuj2sijcp56sxhzvjxqhhz3a",
                            "display_name": "TFInstance30186",
                            "hostname_label": "tfinst30186",
                            "id": "ocid1.instance.oc1.iad.abuwcljro3w6ozvg7z3ndhfewqitnguqbmdxzqbroq2crs75c2lzv774jrya",
                            "image": "ocid1.image.oc1.iad.aaaaaaaaxrqeombwty6jyqgk3fraczdd63bv66xgfsqka4ktr7c57awr3p5a",
                            "ipxe_script": "",
                            "metadata.%": "2",
                            "metadata.ssh_authorized_keys": "ssh-rsa AAAAB3NzaC1yc2EAAAADAQABAAABAQD7n4mwTT2dKsqt1K4IYmmDesvpka5rgBA6wZDUAE8Oc2ETU52gRAMvPwiOlyyWyMCqooddCD3FwK2EJw8bASbDOyTBJfCeU8srycSv0VpFcl1O2d4yTg4PrWxfylFHt8ZWMYgZpgOXtUS+5CI8O2HaibhtDo0E699YnZgq7WugiHzj5+9sEQL9nIK6z5wNn3bXHJjwhGKJbXIE9CiD1jRxHdB7Mm+Vkd9kzKwJF4KcADSwg6RqE5Xv6K2Tm83h3G+O5td4hgtaHQORKBYifuqiLslpoXLOtNzHFLfe9/aNXvo0bZnt/wln1U9jOwUmLHMS7TJS5H88nC1IRKT2wTk/ linuxkeys",
                            "metadata.user_data": "IyEvYmluL2Jhc2gKeXVtIHVwZGF0ZSAteQo=",
                            "private_ip": "10.1.24.30",
                            "public_ip": "129.213.85.164",
                            "region": "iad",
                            "shape": "VM.Standard1.16",
                            "state": "RUNNING",
                            "subnet_id": "ocid1.subnet.oc1.iad.aaaaaaaaltjxls27iliwdk5ocfopio7rjlpkhuj2sijcp56sxhzvjxqhhz3a",
                            "time_created": "2018-03-08 14:56:22.742 +0000 UTC"
                        },
                        "meta": {},
                        "tainted": false
                    },
                    "deposed": [],
                    "provider": ""
                },
                "oci_core_instance.TFInstance3.192": {
                    "type": "oci_core_instance",
                    "depends_on": [
                        "data.oci_identity_availability_domains.ADs",
                        "oci_core_subnet.ExampleSubnet3"
                    ],
                    "primary": {
                        "id": "ocid1.instance.oc1.iad.abuwcljrqagim7bknw37mal3vvslywcr6vdoseaq6qe4vchalmamjfnurz5a",
                        "attributes": {
                            "availability_domain": "lkEI:US-ASHBURN-AD-3",
                            "compartment_id": "ocid1.compartment.oc1..aaaaaaaapui4j3qyqji3bdg4vp35bldzpu55eqkfps3a6edu4z7tkonxoo5a",
                            "create_vnic_details.#": "1",
                            "create_vnic_details.0.assign_public_ip": "true",
                            "create_vnic_details.0.display_name": "primaryvnic",
                            "create_vnic_details.0.hostname_label": "tfinst30192",
                            "create_vnic_details.0.private_ip": "10.1.24.169",
                            "create_vnic_details.0.skip_source_dest_check": "false",
                            "create_vnic_details.0.subnet_id": "ocid1.subnet.oc1.iad.aaaaaaaaltjxls27iliwdk5ocfopio7rjlpkhuj2sijcp56sxhzvjxqhhz3a",
                            "display_name": "TFInstance30192",
                            "hostname_label": "tfinst30192",
                            "id": "ocid1.instance.oc1.iad.abuwcljrqagim7bknw37mal3vvslywcr6vdoseaq6qe4vchalmamjfnurz5a",
                            "image": "ocid1.image.oc1.iad.aaaaaaaaxrqeombwty6jyqgk3fraczdd63bv66xgfsqka4ktr7c57awr3p5a",
                            "ipxe_script": "",
                            "metadata.%": "2",
                            "metadata.ssh_authorized_keys": "ssh-rsa AAAAB3NzaC1yc2EAAAADAQABAAABAQD7n4mwTT2dKsqt1K4IYmmDesvpka5rgBA6wZDUAE8Oc2ETU52gRAMvPwiOlyyWyMCqooddCD3FwK2EJw8bASbDOyTBJfCeU8srycSv0VpFcl1O2d4yTg4PrWxfylFHt8ZWMYgZpgOXtUS+5CI8O2HaibhtDo0E699YnZgq7WugiHzj5+9sEQL9nIK6z5wNn3bXHJjwhGKJbXIE9CiD1jRxHdB7Mm+Vkd9kzKwJF4KcADSwg6RqE5Xv6K2Tm83h3G+O5td4hgtaHQORKBYifuqiLslpoXLOtNzHFLfe9/aNXvo0bZnt/wln1U9jOwUmLHMS7TJS5H88nC1IRKT2wTk/ linuxkeys",
                            "metadata.user_data": "IyEvYmluL2Jhc2gKeXVtIHVwZGF0ZSAteQo=",
                            "private_ip": "10.1.24.169",
                            "public_ip": "129.213.83.23",
                            "region": "iad",
                            "shape": "VM.Standard1.16",
                            "state": "RUNNING",
                            "subnet_id": "ocid1.subnet.oc1.iad.aaaaaaaaltjxls27iliwdk5ocfopio7rjlpkhuj2sijcp56sxhzvjxqhhz3a",
                            "time_created": "2018-03-08 15:00:21.532 +0000 UTC"
                        },
                        "meta": {},
                        "tainted": false
                    },
                    "deposed": [],
                    "provider": ""
                },
                "oci_core_instance.TFInstance3.196": {
                    "type": "oci_core_instance",
                    "depends_on": [
                        "data.oci_identity_availability_domains.ADs",
                        "oci_core_subnet.ExampleSubnet3"
                    ],
                    "primary": {
                        "id": "ocid1.instance.oc1.iad.abuwcljrvxpp52bumobgrlsgf22463y7fss2nncvqq7ch5n5pcvoa2ihghza",
                        "attributes": {
                            "availability_domain": "lkEI:US-ASHBURN-AD-3",
                            "compartment_id": "ocid1.compartment.oc1..aaaaaaaapui4j3qyqji3bdg4vp35bldzpu55eqkfps3a6edu4z7tkonxoo5a",
                            "create_vnic_details.#": "1",
                            "create_vnic_details.0.assign_public_ip": "true",
                            "create_vnic_details.0.display_name": "primaryvnic",
                            "create_vnic_details.0.hostname_label": "tfinst30196",
                            "create_vnic_details.0.private_ip": "10.1.24.207",
                            "create_vnic_details.0.skip_source_dest_check": "false",
                            "create_vnic_details.0.subnet_id": "ocid1.subnet.oc1.iad.aaaaaaaaltjxls27iliwdk5ocfopio7rjlpkhuj2sijcp56sxhzvjxqhhz3a",
                            "display_name": "TFInstance30196",
                            "hostname_label": "tfinst30196",
                            "id": "ocid1.instance.oc1.iad.abuwcljrvxpp52bumobgrlsgf22463y7fss2nncvqq7ch5n5pcvoa2ihghza",
                            "image": "ocid1.image.oc1.iad.aaaaaaaaxrqeombwty6jyqgk3fraczdd63bv66xgfsqka4ktr7c57awr3p5a",
                            "ipxe_script": "",
                            "metadata.%": "2",
                            "metadata.ssh_authorized_keys": "ssh-rsa AAAAB3NzaC1yc2EAAAADAQABAAABAQD7n4mwTT2dKsqt1K4IYmmDesvpka5rgBA6wZDUAE8Oc2ETU52gRAMvPwiOlyyWyMCqooddCD3FwK2EJw8bASbDOyTBJfCeU8srycSv0VpFcl1O2d4yTg4PrWxfylFHt8ZWMYgZpgOXtUS+5CI8O2HaibhtDo0E699YnZgq7WugiHzj5+9sEQL9nIK6z5wNn3bXHJjwhGKJbXIE9CiD1jRxHdB7Mm+Vkd9kzKwJF4KcADSwg6RqE5Xv6K2Tm83h3G+O5td4hgtaHQORKBYifuqiLslpoXLOtNzHFLfe9/aNXvo0bZnt/wln1U9jOwUmLHMS7TJS5H88nC1IRKT2wTk/ linuxkeys",
                            "metadata.user_data": "IyEvYmluL2Jhc2gKeXVtIHVwZGF0ZSAteQo=",
                            "private_ip": "10.1.24.207",
                            "public_ip": "129.213.95.80",
                            "region": "iad",
                            "shape": "VM.Standard1.16",
                            "state": "RUNNING",
                            "subnet_id": "ocid1.subnet.oc1.iad.aaaaaaaaltjxls27iliwdk5ocfopio7rjlpkhuj2sijcp56sxhzvjxqhhz3a",
                            "time_created": "2018-03-08 15:00:39.549 +0000 UTC"
                        },
                        "meta": {},
                        "tainted": false
                    },
                    "deposed": [],
                    "provider": ""
                },
                "oci_core_instance.TFInstance3.200": {
                    "type": "oci_core_instance",
                    "depends_on": [
                        "data.oci_identity_availability_domains.ADs",
                        "oci_core_subnet.ExampleSubnet3"
                    ],
                    "primary": {
                        "id": "ocid1.instance.oc1.iad.abuwcljr7hpezlovurpjtvvrq6epsj26tab7ieanui7aht32nhsvk2ykjrkq",
                        "attributes": {
                            "availability_domain": "lkEI:US-ASHBURN-AD-3",
                            "compartment_id": "ocid1.compartment.oc1..aaaaaaaapui4j3qyqji3bdg4vp35bldzpu55eqkfps3a6edu4z7tkonxoo5a",
                            "create_vnic_details.#": "1",
                            "create_vnic_details.0.assign_public_ip": "true",
                            "create_vnic_details.0.display_name": "primaryvnic",
                            "create_vnic_details.0.hostname_label": "tfinst30200",
                            "create_vnic_details.0.private_ip": "10.1.24.53",
                            "create_vnic_details.0.skip_source_dest_check": "false",
                            "create_vnic_details.0.subnet_id": "ocid1.subnet.oc1.iad.aaaaaaaaltjxls27iliwdk5ocfopio7rjlpkhuj2sijcp56sxhzvjxqhhz3a",
                            "display_name": "TFInstance30200",
                            "hostname_label": "tfinst30200",
                            "id": "ocid1.instance.oc1.iad.abuwcljr7hpezlovurpjtvvrq6epsj26tab7ieanui7aht32nhsvk2ykjrkq",
                            "image": "ocid1.image.oc1.iad.aaaaaaaaxrqeombwty6jyqgk3fraczdd63bv66xgfsqka4ktr7c57awr3p5a",
                            "ipxe_script": "",
                            "metadata.%": "2",
                            "metadata.ssh_authorized_keys": "ssh-rsa AAAAB3NzaC1yc2EAAAADAQABAAABAQD7n4mwTT2dKsqt1K4IYmmDesvpka5rgBA6wZDUAE8Oc2ETU52gRAMvPwiOlyyWyMCqooddCD3FwK2EJw8bASbDOyTBJfCeU8srycSv0VpFcl1O2d4yTg4PrWxfylFHt8ZWMYgZpgOXtUS+5CI8O2HaibhtDo0E699YnZgq7WugiHzj5+9sEQL9nIK6z5wNn3bXHJjwhGKJbXIE9CiD1jRxHdB7Mm+Vkd9kzKwJF4KcADSwg6RqE5Xv6K2Tm83h3G+O5td4hgtaHQORKBYifuqiLslpoXLOtNzHFLfe9/aNXvo0bZnt/wln1U9jOwUmLHMS7TJS5H88nC1IRKT2wTk/ linuxkeys",
                            "metadata.user_data": "IyEvYmluL2Jhc2gKeXVtIHVwZGF0ZSAteQo=",
                            "private_ip": "10.1.24.53",
                            "public_ip": "129.213.16.205",
                            "region": "iad",
                            "shape": "VM.Standard1.16",
                            "state": "RUNNING",
                            "subnet_id": "ocid1.subnet.oc1.iad.aaaaaaaaltjxls27iliwdk5ocfopio7rjlpkhuj2sijcp56sxhzvjxqhhz3a",
                            "time_created": "2018-03-08 14:57:21.559 +0000 UTC"
                        },
                        "meta": {},
                        "tainted": false
                    },
                    "deposed": [],
                    "provider": ""
                },
                "oci_core_instance.TFInstance3.201": {
                    "type": "oci_core_instance",
                    "depends_on": [
                        "data.oci_identity_availability_domains.ADs",
                        "oci_core_subnet.ExampleSubnet3"
                    ],
                    "primary": {
                        "id": "ocid1.instance.oc1.iad.abuwcljrikqff7v3ff5rqpno7e3pzplmvsvq7hs5ssd3dddr5aog7ky2ijna",
                        "attributes": {
                            "availability_domain": "lkEI:US-ASHBURN-AD-3",
                            "compartment_id": "ocid1.compartment.oc1..aaaaaaaapui4j3qyqji3bdg4vp35bldzpu55eqkfps3a6edu4z7tkonxoo5a",
                            "create_vnic_details.#": "1",
                            "create_vnic_details.0.assign_public_ip": "true",
                            "create_vnic_details.0.display_name": "primaryvnic",
                            "create_vnic_details.0.hostname_label": "tfinst30201",
                            "create_vnic_details.0.private_ip": "10.1.24.86",
                            "create_vnic_details.0.skip_source_dest_check": "false",
                            "create_vnic_details.0.subnet_id": "ocid1.subnet.oc1.iad.aaaaaaaaltjxls27iliwdk5ocfopio7rjlpkhuj2sijcp56sxhzvjxqhhz3a",
                            "display_name": "TFInstance30201",
                            "hostname_label": "tfinst30201",
                            "id": "ocid1.instance.oc1.iad.abuwcljrikqff7v3ff5rqpno7e3pzplmvsvq7hs5ssd3dddr5aog7ky2ijna",
                            "image": "ocid1.image.oc1.iad.aaaaaaaaxrqeombwty6jyqgk3fraczdd63bv66xgfsqka4ktr7c57awr3p5a",
                            "ipxe_script": "",
                            "metadata.%": "2",
                            "metadata.ssh_authorized_keys": "ssh-rsa AAAAB3NzaC1yc2EAAAADAQABAAABAQD7n4mwTT2dKsqt1K4IYmmDesvpka5rgBA6wZDUAE8Oc2ETU52gRAMvPwiOlyyWyMCqooddCD3FwK2EJw8bASbDOyTBJfCeU8srycSv0VpFcl1O2d4yTg4PrWxfylFHt8ZWMYgZpgOXtUS+5CI8O2HaibhtDo0E699YnZgq7WugiHzj5+9sEQL9nIK6z5wNn3bXHJjwhGKJbXIE9CiD1jRxHdB7Mm+Vkd9kzKwJF4KcADSwg6RqE5Xv6K2Tm83h3G+O5td4hgtaHQORKBYifuqiLslpoXLOtNzHFLfe9/aNXvo0bZnt/wln1U9jOwUmLHMS7TJS5H88nC1IRKT2wTk/ linuxkeys",
                            "metadata.user_data": "IyEvYmluL2Jhc2gKeXVtIHVwZGF0ZSAteQo=",
                            "private_ip": "10.1.24.86",
                            "public_ip": "129.213.17.168",
                            "region": "iad",
                            "shape": "VM.Standard1.16",
                            "state": "RUNNING",
                            "subnet_id": "ocid1.subnet.oc1.iad.aaaaaaaaltjxls27iliwdk5ocfopio7rjlpkhuj2sijcp56sxhzvjxqhhz3a",
                            "time_created": "2018-03-08 14:58:52.856 +0000 UTC"
                        },
                        "meta": {},
                        "tainted": false
                    },
                    "deposed": [],
                    "provider": ""
                },
                "oci_core_instance.TFInstance3.203": {
                    "type": "oci_core_instance",
                    "depends_on": [
                        "data.oci_identity_availability_domains.ADs",
                        "oci_core_subnet.ExampleSubnet3"
                    ],
                    "primary": {
                        "id": "ocid1.instance.oc1.iad.abuwcljr4yvrrk45jvgdy5wlih5i5mtebhkv5tmrt4qlfpypyx2uk6wyfksq",
                        "attributes": {
                            "availability_domain": "lkEI:US-ASHBURN-AD-3",
                            "compartment_id": "ocid1.compartment.oc1..aaaaaaaapui4j3qyqji3bdg4vp35bldzpu55eqkfps3a6edu4z7tkonxoo5a",
                            "create_vnic_details.#": "1",
                            "create_vnic_details.0.assign_public_ip": "true",
                            "create_vnic_details.0.display_name": "primaryvnic",
                            "create_vnic_details.0.hostname_label": "tfinst30203",
                            "create_vnic_details.0.private_ip": "10.1.24.184",
                            "create_vnic_details.0.skip_source_dest_check": "false",
                            "create_vnic_details.0.subnet_id": "ocid1.subnet.oc1.iad.aaaaaaaaltjxls27iliwdk5ocfopio7rjlpkhuj2sijcp56sxhzvjxqhhz3a",
                            "display_name": "TFInstance30203",
                            "hostname_label": "tfinst30203",
                            "id": "ocid1.instance.oc1.iad.abuwcljr4yvrrk45jvgdy5wlih5i5mtebhkv5tmrt4qlfpypyx2uk6wyfksq",
                            "image": "ocid1.image.oc1.iad.aaaaaaaaxrqeombwty6jyqgk3fraczdd63bv66xgfsqka4ktr7c57awr3p5a",
                            "ipxe_script": "",
                            "metadata.%": "2",
                            "metadata.ssh_authorized_keys": "ssh-rsa AAAAB3NzaC1yc2EAAAADAQABAAABAQD7n4mwTT2dKsqt1K4IYmmDesvpka5rgBA6wZDUAE8Oc2ETU52gRAMvPwiOlyyWyMCqooddCD3FwK2EJw8bASbDOyTBJfCeU8srycSv0VpFcl1O2d4yTg4PrWxfylFHt8ZWMYgZpgOXtUS+5CI8O2HaibhtDo0E699YnZgq7WugiHzj5+9sEQL9nIK6z5wNn3bXHJjwhGKJbXIE9CiD1jRxHdB7Mm+Vkd9kzKwJF4KcADSwg6RqE5Xv6K2Tm83h3G+O5td4hgtaHQORKBYifuqiLslpoXLOtNzHFLfe9/aNXvo0bZnt/wln1U9jOwUmLHMS7TJS5H88nC1IRKT2wTk/ linuxkeys",
                            "metadata.user_data": "IyEvYmluL2Jhc2gKeXVtIHVwZGF0ZSAteQo=",
                            "private_ip": "10.1.24.184",
                            "public_ip": "129.213.87.117",
                            "region": "iad",
                            "shape": "VM.Standard1.16",
                            "state": "RUNNING",
                            "subnet_id": "ocid1.subnet.oc1.iad.aaaaaaaaltjxls27iliwdk5ocfopio7rjlpkhuj2sijcp56sxhzvjxqhhz3a",
                            "time_created": "2018-03-08 15:00:40.778 +0000 UTC"
                        },
                        "meta": {},
                        "tainted": false
                    },
                    "deposed": [],
                    "provider": ""
                },
                "oci_core_instance.TFInstance3.205": {
                    "type": "oci_core_instance",
                    "depends_on": [
                        "data.oci_identity_availability_domains.ADs",
                        "oci_core_subnet.ExampleSubnet3"
                    ],
                    "primary": {
                        "id": "ocid1.instance.oc1.iad.abuwcljrfh7slr323zs7w7bcmuuijvfj5en6aka66ysfc4tt3d4m6kfnojlq",
                        "attributes": {
                            "availability_domain": "lkEI:US-ASHBURN-AD-3",
                            "compartment_id": "ocid1.compartment.oc1..aaaaaaaapui4j3qyqji3bdg4vp35bldzpu55eqkfps3a6edu4z7tkonxoo5a",
                            "create_vnic_details.#": "1",
                            "create_vnic_details.0.assign_public_ip": "true",
                            "create_vnic_details.0.display_name": "primaryvnic",
                            "create_vnic_details.0.hostname_label": "tfinst30205",
                            "create_vnic_details.0.private_ip": "10.1.24.109",
                            "create_vnic_details.0.skip_source_dest_check": "false",
                            "create_vnic_details.0.subnet_id": "ocid1.subnet.oc1.iad.aaaaaaaaltjxls27iliwdk5ocfopio7rjlpkhuj2sijcp56sxhzvjxqhhz3a",
                            "display_name": "TFInstance30205",
                            "hostname_label": "tfinst30205",
                            "id": "ocid1.instance.oc1.iad.abuwcljrfh7slr323zs7w7bcmuuijvfj5en6aka66ysfc4tt3d4m6kfnojlq",
                            "image": "ocid1.image.oc1.iad.aaaaaaaaxrqeombwty6jyqgk3fraczdd63bv66xgfsqka4ktr7c57awr3p5a",
                            "ipxe_script": "",
                            "metadata.%": "2",
                            "metadata.ssh_authorized_keys": "ssh-rsa AAAAB3NzaC1yc2EAAAADAQABAAABAQD7n4mwTT2dKsqt1K4IYmmDesvpka5rgBA6wZDUAE8Oc2ETU52gRAMvPwiOlyyWyMCqooddCD3FwK2EJw8bASbDOyTBJfCeU8srycSv0VpFcl1O2d4yTg4PrWxfylFHt8ZWMYgZpgOXtUS+5CI8O2HaibhtDo0E699YnZgq7WugiHzj5+9sEQL9nIK6z5wNn3bXHJjwhGKJbXIE9CiD1jRxHdB7Mm+Vkd9kzKwJF4KcADSwg6RqE5Xv6K2Tm83h3G+O5td4hgtaHQORKBYifuqiLslpoXLOtNzHFLfe9/aNXvo0bZnt/wln1U9jOwUmLHMS7TJS5H88nC1IRKT2wTk/ linuxkeys",
                            "metadata.user_data": "IyEvYmluL2Jhc2gKeXVtIHVwZGF0ZSAteQo=",
                            "private_ip": "10.1.24.109",
                            "public_ip": "129.213.86.138",
                            "region": "iad",
                            "shape": "VM.Standard1.16",
                            "state": "RUNNING",
                            "subnet_id": "ocid1.subnet.oc1.iad.aaaaaaaaltjxls27iliwdk5ocfopio7rjlpkhuj2sijcp56sxhzvjxqhhz3a",
                            "time_created": "2018-03-08 14:59:02.028 +0000 UTC"
                        },
                        "meta": {},
                        "tainted": false
                    },
                    "deposed": [],
                    "provider": ""
                },
                "oci_core_instance.TFInstance3.208": {
                    "type": "oci_core_instance",
                    "depends_on": [
                        "data.oci_identity_availability_domains.ADs",
                        "oci_core_subnet.ExampleSubnet3"
                    ],
                    "primary": {
                        "id": "ocid1.instance.oc1.iad.abuwcljrlt4ybu7q6c6h7rmhr747bkd4izj674wuzbcnnjlnzxkqojuxxbfq",
                        "attributes": {
                            "availability_domain": "lkEI:US-ASHBURN-AD-3",
                            "compartment_id": "ocid1.compartment.oc1..aaaaaaaapui4j3qyqji3bdg4vp35bldzpu55eqkfps3a6edu4z7tkonxoo5a",
                            "create_vnic_details.#": "1",
                            "create_vnic_details.0.assign_public_ip": "true",
                            "create_vnic_details.0.display_name": "primaryvnic",
                            "create_vnic_details.0.hostname_label": "tfinst30208",
                            "create_vnic_details.0.private_ip": "10.1.24.116",
                            "create_vnic_details.0.skip_source_dest_check": "false",
                            "create_vnic_details.0.subnet_id": "ocid1.subnet.oc1.iad.aaaaaaaaltjxls27iliwdk5ocfopio7rjlpkhuj2sijcp56sxhzvjxqhhz3a",
                            "display_name": "TFInstance30208",
                            "hostname_label": "tfinst30208",
                            "id": "ocid1.instance.oc1.iad.abuwcljrlt4ybu7q6c6h7rmhr747bkd4izj674wuzbcnnjlnzxkqojuxxbfq",
                            "image": "ocid1.image.oc1.iad.aaaaaaaaxrqeombwty6jyqgk3fraczdd63bv66xgfsqka4ktr7c57awr3p5a",
                            "ipxe_script": "",
                            "metadata.%": "2",
                            "metadata.ssh_authorized_keys": "ssh-rsa AAAAB3NzaC1yc2EAAAADAQABAAABAQD7n4mwTT2dKsqt1K4IYmmDesvpka5rgBA6wZDUAE8Oc2ETU52gRAMvPwiOlyyWyMCqooddCD3FwK2EJw8bASbDOyTBJfCeU8srycSv0VpFcl1O2d4yTg4PrWxfylFHt8ZWMYgZpgOXtUS+5CI8O2HaibhtDo0E699YnZgq7WugiHzj5+9sEQL9nIK6z5wNn3bXHJjwhGKJbXIE9CiD1jRxHdB7Mm+Vkd9kzKwJF4KcADSwg6RqE5Xv6K2Tm83h3G+O5td4hgtaHQORKBYifuqiLslpoXLOtNzHFLfe9/aNXvo0bZnt/wln1U9jOwUmLHMS7TJS5H88nC1IRKT2wTk/ linuxkeys",
                            "metadata.user_data": "IyEvYmluL2Jhc2gKeXVtIHVwZGF0ZSAteQo=",
                            "private_ip": "10.1.24.116",
                            "public_ip": "129.213.80.42",
                            "region": "iad",
                            "shape": "VM.Standard1.16",
                            "state": "RUNNING",
                            "subnet_id": "ocid1.subnet.oc1.iad.aaaaaaaaltjxls27iliwdk5ocfopio7rjlpkhuj2sijcp56sxhzvjxqhhz3a",
                            "time_created": "2018-03-08 14:59:32.917 +0000 UTC"
                        },
                        "meta": {},
                        "tainted": false
                    },
                    "deposed": [],
                    "provider": ""
                },
                "oci_core_instance.TFInstance3.21": {
                    "type": "oci_core_instance",
                    "depends_on": [
                        "data.oci_identity_availability_domains.ADs",
                        "oci_core_subnet.ExampleSubnet3"
                    ],
                    "primary": {
                        "id": "ocid1.instance.oc1.iad.abuwcljrkqdf3l7tyxdpyrj7fwwyw3b6lshevq44zdjrbjykfesfai6vji5q",
                        "attributes": {
                            "availability_domain": "lkEI:US-ASHBURN-AD-3",
                            "compartment_id": "ocid1.compartment.oc1..aaaaaaaapui4j3qyqji3bdg4vp35bldzpu55eqkfps3a6edu4z7tkonxoo5a",
                            "create_vnic_details.#": "1",
                            "create_vnic_details.0.assign_public_ip": "true",
                            "create_vnic_details.0.display_name": "primaryvnic",
                            "create_vnic_details.0.hostname_label": "tfinst30021",
                            "create_vnic_details.0.private_ip": "10.1.24.84",
                            "create_vnic_details.0.skip_source_dest_check": "false",
                            "create_vnic_details.0.subnet_id": "ocid1.subnet.oc1.iad.aaaaaaaaltjxls27iliwdk5ocfopio7rjlpkhuj2sijcp56sxhzvjxqhhz3a",
                            "display_name": "TFInstance30021",
                            "hostname_label": "tfinst30021",
                            "id": "ocid1.instance.oc1.iad.abuwcljrkqdf3l7tyxdpyrj7fwwyw3b6lshevq44zdjrbjykfesfai6vji5q",
                            "image": "ocid1.image.oc1.iad.aaaaaaaaxrqeombwty6jyqgk3fraczdd63bv66xgfsqka4ktr7c57awr3p5a",
                            "ipxe_script": "",
                            "metadata.%": "2",
                            "metadata.ssh_authorized_keys": "ssh-rsa AAAAB3NzaC1yc2EAAAADAQABAAABAQD7n4mwTT2dKsqt1K4IYmmDesvpka5rgBA6wZDUAE8Oc2ETU52gRAMvPwiOlyyWyMCqooddCD3FwK2EJw8bASbDOyTBJfCeU8srycSv0VpFcl1O2d4yTg4PrWxfylFHt8ZWMYgZpgOXtUS+5CI8O2HaibhtDo0E699YnZgq7WugiHzj5+9sEQL9nIK6z5wNn3bXHJjwhGKJbXIE9CiD1jRxHdB7Mm+Vkd9kzKwJF4KcADSwg6RqE5Xv6K2Tm83h3G+O5td4hgtaHQORKBYifuqiLslpoXLOtNzHFLfe9/aNXvo0bZnt/wln1U9jOwUmLHMS7TJS5H88nC1IRKT2wTk/ linuxkeys",
                            "metadata.user_data": "IyEvYmluL2Jhc2gKeXVtIHVwZGF0ZSAteQo=",
                            "private_ip": "10.1.24.84",
                            "public_ip": "129.213.80.165",
                            "region": "iad",
                            "shape": "VM.Standard1.16",
                            "state": "RUNNING",
                            "subnet_id": "ocid1.subnet.oc1.iad.aaaaaaaaltjxls27iliwdk5ocfopio7rjlpkhuj2sijcp56sxhzvjxqhhz3a",
                            "time_created": "2018-03-08 14:58:51.007 +0000 UTC"
                        },
                        "meta": {},
                        "tainted": false
                    },
                    "deposed": [],
                    "provider": ""
                },
                "oci_core_instance.TFInstance3.210": {
                    "type": "oci_core_instance",
                    "depends_on": [
                        "data.oci_identity_availability_domains.ADs",
                        "oci_core_subnet.ExampleSubnet3"
                    ],
                    "primary": {
                        "id": "ocid1.instance.oc1.iad.abuwcljrwuyr2kzjqey5axuj76324dbk455i73anp2cpv7xukiyu4rd4cd4q",
                        "attributes": {
                            "availability_domain": "lkEI:US-ASHBURN-AD-3",
                            "compartment_id": "ocid1.compartment.oc1..aaaaaaaapui4j3qyqji3bdg4vp35bldzpu55eqkfps3a6edu4z7tkonxoo5a",
                            "create_vnic_details.#": "1",
                            "create_vnic_details.0.assign_public_ip": "true",
                            "create_vnic_details.0.display_name": "primaryvnic",
                            "create_vnic_details.0.hostname_label": "tfinst30210",
                            "create_vnic_details.0.private_ip": "10.1.24.152",
                            "create_vnic_details.0.skip_source_dest_check": "false",
                            "create_vnic_details.0.subnet_id": "ocid1.subnet.oc1.iad.aaaaaaaaltjxls27iliwdk5ocfopio7rjlpkhuj2sijcp56sxhzvjxqhhz3a",
                            "display_name": "TFInstance30210",
                            "hostname_label": "tfinst30210",
                            "id": "ocid1.instance.oc1.iad.abuwcljrwuyr2kzjqey5axuj76324dbk455i73anp2cpv7xukiyu4rd4cd4q",
                            "image": "ocid1.image.oc1.iad.aaaaaaaaxrqeombwty6jyqgk3fraczdd63bv66xgfsqka4ktr7c57awr3p5a",
                            "ipxe_script": "",
                            "metadata.%": "2",
                            "metadata.ssh_authorized_keys": "ssh-rsa AAAAB3NzaC1yc2EAAAADAQABAAABAQD7n4mwTT2dKsqt1K4IYmmDesvpka5rgBA6wZDUAE8Oc2ETU52gRAMvPwiOlyyWyMCqooddCD3FwK2EJw8bASbDOyTBJfCeU8srycSv0VpFcl1O2d4yTg4PrWxfylFHt8ZWMYgZpgOXtUS+5CI8O2HaibhtDo0E699YnZgq7WugiHzj5+9sEQL9nIK6z5wNn3bXHJjwhGKJbXIE9CiD1jRxHdB7Mm+Vkd9kzKwJF4KcADSwg6RqE5Xv6K2Tm83h3G+O5td4hgtaHQORKBYifuqiLslpoXLOtNzHFLfe9/aNXvo0bZnt/wln1U9jOwUmLHMS7TJS5H88nC1IRKT2wTk/ linuxkeys",
                            "metadata.user_data": "IyEvYmluL2Jhc2gKeXVtIHVwZGF0ZSAteQo=",
                            "private_ip": "10.1.24.152",
                            "public_ip": "129.213.92.74",
                            "region": "iad",
                            "shape": "VM.Standard1.16",
                            "state": "RUNNING",
                            "subnet_id": "ocid1.subnet.oc1.iad.aaaaaaaaltjxls27iliwdk5ocfopio7rjlpkhuj2sijcp56sxhzvjxqhhz3a",
                            "time_created": "2018-03-08 15:00:21.674 +0000 UTC"
                        },
                        "meta": {},
                        "tainted": false
                    },
                    "deposed": [],
                    "provider": ""
                },
                "oci_core_instance.TFInstance3.213": {
                    "type": "oci_core_instance",
                    "depends_on": [
                        "data.oci_identity_availability_domains.ADs",
                        "oci_core_subnet.ExampleSubnet3"
                    ],
                    "primary": {
                        "id": "ocid1.instance.oc1.iad.abuwcljr4ccwpea4tbbhdtrihjqlj57lsd4onjamseizabndaof2hh3a3jbq",
                        "attributes": {
                            "availability_domain": "lkEI:US-ASHBURN-AD-3",
                            "compartment_id": "ocid1.compartment.oc1..aaaaaaaapui4j3qyqji3bdg4vp35bldzpu55eqkfps3a6edu4z7tkonxoo5a",
                            "create_vnic_details.#": "1",
                            "create_vnic_details.0.assign_public_ip": "true",
                            "create_vnic_details.0.display_name": "primaryvnic",
                            "create_vnic_details.0.hostname_label": "tfinst30213",
                            "create_vnic_details.0.private_ip": "10.1.24.230",
                            "create_vnic_details.0.skip_source_dest_check": "false",
                            "create_vnic_details.0.subnet_id": "ocid1.subnet.oc1.iad.aaaaaaaaltjxls27iliwdk5ocfopio7rjlpkhuj2sijcp56sxhzvjxqhhz3a",
                            "display_name": "TFInstance30213",
                            "hostname_label": "tfinst30213",
                            "id": "ocid1.instance.oc1.iad.abuwcljr4ccwpea4tbbhdtrihjqlj57lsd4onjamseizabndaof2hh3a3jbq",
                            "image": "ocid1.image.oc1.iad.aaaaaaaaxrqeombwty6jyqgk3fraczdd63bv66xgfsqka4ktr7c57awr3p5a",
                            "ipxe_script": "",
                            "metadata.%": "2",
                            "metadata.ssh_authorized_keys": "ssh-rsa AAAAB3NzaC1yc2EAAAADAQABAAABAQD7n4mwTT2dKsqt1K4IYmmDesvpka5rgBA6wZDUAE8Oc2ETU52gRAMvPwiOlyyWyMCqooddCD3FwK2EJw8bASbDOyTBJfCeU8srycSv0VpFcl1O2d4yTg4PrWxfylFHt8ZWMYgZpgOXtUS+5CI8O2HaibhtDo0E699YnZgq7WugiHzj5+9sEQL9nIK6z5wNn3bXHJjwhGKJbXIE9CiD1jRxHdB7Mm+Vkd9kzKwJF4KcADSwg6RqE5Xv6K2Tm83h3G+O5td4hgtaHQORKBYifuqiLslpoXLOtNzHFLfe9/aNXvo0bZnt/wln1U9jOwUmLHMS7TJS5H88nC1IRKT2wTk/ linuxkeys",
                            "metadata.user_data": "IyEvYmluL2Jhc2gKeXVtIHVwZGF0ZSAteQo=",
                            "private_ip": "10.1.24.230",
                            "public_ip": "129.213.82.208",
                            "region": "iad",
                            "shape": "VM.Standard1.16",
                            "state": "TERMINATING",
                            "subnet_id": "ocid1.subnet.oc1.iad.aaaaaaaaltjxls27iliwdk5ocfopio7rjlpkhuj2sijcp56sxhzvjxqhhz3a",
                            "time_created": "2018-03-08 15:00:43.364 +0000 UTC"
                        },
                        "meta": {},
                        "tainted": false
                    },
                    "deposed": [],
                    "provider": ""
                },
                "oci_core_instance.TFInstance3.215": {
                    "type": "oci_core_instance",
                    "depends_on": [
                        "data.oci_identity_availability_domains.ADs",
                        "oci_core_subnet.ExampleSubnet3"
                    ],
                    "primary": {
                        "id": "ocid1.instance.oc1.iad.abuwcljrd5hn47uoaalfm2gm2mj42dymg2m7ccetq32emkxn3ncrq5hzndda",
                        "attributes": {
                            "availability_domain": "lkEI:US-ASHBURN-AD-3",
                            "compartment_id": "ocid1.compartment.oc1..aaaaaaaapui4j3qyqji3bdg4vp35bldzpu55eqkfps3a6edu4z7tkonxoo5a",
                            "create_vnic_details.#": "1",
                            "create_vnic_details.0.assign_public_ip": "true",
                            "create_vnic_details.0.display_name": "primaryvnic",
                            "create_vnic_details.0.hostname_label": "tfinst30215",
                            "create_vnic_details.0.private_ip": "10.1.24.200",
                            "create_vnic_details.0.skip_source_dest_check": "false",
                            "create_vnic_details.0.subnet_id": "ocid1.subnet.oc1.iad.aaaaaaaaltjxls27iliwdk5ocfopio7rjlpkhuj2sijcp56sxhzvjxqhhz3a",
                            "display_name": "TFInstance30215",
                            "hostname_label": "tfinst30215",
                            "id": "ocid1.instance.oc1.iad.abuwcljrd5hn47uoaalfm2gm2mj42dymg2m7ccetq32emkxn3ncrq5hzndda",
                            "image": "ocid1.image.oc1.iad.aaaaaaaaxrqeombwty6jyqgk3fraczdd63bv66xgfsqka4ktr7c57awr3p5a",
                            "ipxe_script": "",
                            "metadata.%": "2",
                            "metadata.ssh_authorized_keys": "ssh-rsa AAAAB3NzaC1yc2EAAAADAQABAAABAQD7n4mwTT2dKsqt1K4IYmmDesvpka5rgBA6wZDUAE8Oc2ETU52gRAMvPwiOlyyWyMCqooddCD3FwK2EJw8bASbDOyTBJfCeU8srycSv0VpFcl1O2d4yTg4PrWxfylFHt8ZWMYgZpgOXtUS+5CI8O2HaibhtDo0E699YnZgq7WugiHzj5+9sEQL9nIK6z5wNn3bXHJjwhGKJbXIE9CiD1jRxHdB7Mm+Vkd9kzKwJF4KcADSwg6RqE5Xv6K2Tm83h3G+O5td4hgtaHQORKBYifuqiLslpoXLOtNzHFLfe9/aNXvo0bZnt/wln1U9jOwUmLHMS7TJS5H88nC1IRKT2wTk/ linuxkeys",
                            "metadata.user_data": "IyEvYmluL2Jhc2gKeXVtIHVwZGF0ZSAteQo=",
                            "private_ip": "10.1.24.200",
                            "public_ip": "129.213.85.39",
                            "region": "iad",
                            "shape": "VM.Standard1.16",
                            "state": "RUNNING",
                            "subnet_id": "ocid1.subnet.oc1.iad.aaaaaaaaltjxls27iliwdk5ocfopio7rjlpkhuj2sijcp56sxhzvjxqhhz3a",
                            "time_created": "2018-03-08 15:00:41.385 +0000 UTC"
                        },
                        "meta": {},
                        "tainted": false
                    },
                    "deposed": [],
                    "provider": ""
                },
                "oci_core_instance.TFInstance3.219": {
                    "type": "oci_core_instance",
                    "depends_on": [
                        "data.oci_identity_availability_domains.ADs",
                        "oci_core_subnet.ExampleSubnet3"
                    ],
                    "primary": {
                        "id": "ocid1.instance.oc1.iad.abuwcljrcszux736xvoj5wvoapy3tqvwaxlmld2zaswt4go44th67ch6enta",
                        "attributes": {
                            "availability_domain": "lkEI:US-ASHBURN-AD-3",
                            "compartment_id": "ocid1.compartment.oc1..aaaaaaaapui4j3qyqji3bdg4vp35bldzpu55eqkfps3a6edu4z7tkonxoo5a",
                            "create_vnic_details.#": "1",
                            "create_vnic_details.0.assign_public_ip": "true",
                            "create_vnic_details.0.display_name": "primaryvnic",
                            "create_vnic_details.0.hostname_label": "tfinst30219",
                            "create_vnic_details.0.private_ip": "10.1.24.162",
                            "create_vnic_details.0.skip_source_dest_check": "false",
                            "create_vnic_details.0.subnet_id": "ocid1.subnet.oc1.iad.aaaaaaaaltjxls27iliwdk5ocfopio7rjlpkhuj2sijcp56sxhzvjxqhhz3a",
                            "display_name": "TFInstance30219",
                            "hostname_label": "tfinst30219",
                            "id": "ocid1.instance.oc1.iad.abuwcljrcszux736xvoj5wvoapy3tqvwaxlmld2zaswt4go44th67ch6enta",
                            "image": "ocid1.image.oc1.iad.aaaaaaaaxrqeombwty6jyqgk3fraczdd63bv66xgfsqka4ktr7c57awr3p5a",
                            "ipxe_script": "",
                            "metadata.%": "2",
                            "metadata.ssh_authorized_keys": "ssh-rsa AAAAB3NzaC1yc2EAAAADAQABAAABAQD7n4mwTT2dKsqt1K4IYmmDesvpka5rgBA6wZDUAE8Oc2ETU52gRAMvPwiOlyyWyMCqooddCD3FwK2EJw8bASbDOyTBJfCeU8srycSv0VpFcl1O2d4yTg4PrWxfylFHt8ZWMYgZpgOXtUS+5CI8O2HaibhtDo0E699YnZgq7WugiHzj5+9sEQL9nIK6z5wNn3bXHJjwhGKJbXIE9CiD1jRxHdB7Mm+Vkd9kzKwJF4KcADSwg6RqE5Xv6K2Tm83h3G+O5td4hgtaHQORKBYifuqiLslpoXLOtNzHFLfe9/aNXvo0bZnt/wln1U9jOwUmLHMS7TJS5H88nC1IRKT2wTk/ linuxkeys",
                            "metadata.user_data": "IyEvYmluL2Jhc2gKeXVtIHVwZGF0ZSAteQo=",
                            "private_ip": "10.1.24.162",
                            "public_ip": "129.213.87.239",
                            "region": "iad",
                            "shape": "VM.Standard1.16",
                            "state": "RUNNING",
                            "subnet_id": "ocid1.subnet.oc1.iad.aaaaaaaaltjxls27iliwdk5ocfopio7rjlpkhuj2sijcp56sxhzvjxqhhz3a",
                            "time_created": "2018-03-08 15:00:19.866 +0000 UTC"
                        },
                        "meta": {},
                        "tainted": false
                    },
                    "deposed": [],
                    "provider": ""
                },
                "oci_core_instance.TFInstance3.222": {
                    "type": "oci_core_instance",
                    "depends_on": [
                        "data.oci_identity_availability_domains.ADs",
                        "oci_core_subnet.ExampleSubnet3"
                    ],
                    "primary": {
                        "id": "ocid1.instance.oc1.iad.abuwcljrpifvexfwweb3o6vux3tbdwqkw76ftqnhq7ntu6hiu33y4ykeyiyq",
                        "attributes": {
                            "availability_domain": "lkEI:US-ASHBURN-AD-3",
                            "compartment_id": "ocid1.compartment.oc1..aaaaaaaapui4j3qyqji3bdg4vp35bldzpu55eqkfps3a6edu4z7tkonxoo5a",
                            "create_vnic_details.#": "1",
                            "create_vnic_details.0.assign_public_ip": "true",
                            "create_vnic_details.0.display_name": "primaryvnic",
                            "create_vnic_details.0.hostname_label": "tfinst30222",
                            "create_vnic_details.0.private_ip": "10.1.24.185",
                            "create_vnic_details.0.skip_source_dest_check": "false",
                            "create_vnic_details.0.subnet_id": "ocid1.subnet.oc1.iad.aaaaaaaaltjxls27iliwdk5ocfopio7rjlpkhuj2sijcp56sxhzvjxqhhz3a",
                            "display_name": "TFInstance30222",
                            "hostname_label": "tfinst30222",
                            "id": "ocid1.instance.oc1.iad.abuwcljrpifvexfwweb3o6vux3tbdwqkw76ftqnhq7ntu6hiu33y4ykeyiyq",
                            "image": "ocid1.image.oc1.iad.aaaaaaaaxrqeombwty6jyqgk3fraczdd63bv66xgfsqka4ktr7c57awr3p5a",
                            "ipxe_script": "",
                            "metadata.%": "2",
                            "metadata.ssh_authorized_keys": "ssh-rsa AAAAB3NzaC1yc2EAAAADAQABAAABAQD7n4mwTT2dKsqt1K4IYmmDesvpka5rgBA6wZDUAE8Oc2ETU52gRAMvPwiOlyyWyMCqooddCD3FwK2EJw8bASbDOyTBJfCeU8srycSv0VpFcl1O2d4yTg4PrWxfylFHt8ZWMYgZpgOXtUS+5CI8O2HaibhtDo0E699YnZgq7WugiHzj5+9sEQL9nIK6z5wNn3bXHJjwhGKJbXIE9CiD1jRxHdB7Mm+Vkd9kzKwJF4KcADSwg6RqE5Xv6K2Tm83h3G+O5td4hgtaHQORKBYifuqiLslpoXLOtNzHFLfe9/aNXvo0bZnt/wln1U9jOwUmLHMS7TJS5H88nC1IRKT2wTk/ linuxkeys",
                            "metadata.user_data": "IyEvYmluL2Jhc2gKeXVtIHVwZGF0ZSAteQo=",
                            "private_ip": "10.1.24.185",
                            "public_ip": "129.213.18.65",
                            "region": "iad",
                            "shape": "VM.Standard1.16",
                            "state": "RUNNING",
                            "subnet_id": "ocid1.subnet.oc1.iad.aaaaaaaaltjxls27iliwdk5ocfopio7rjlpkhuj2sijcp56sxhzvjxqhhz3a",
                            "time_created": "2018-03-08 15:00:34.758 +0000 UTC"
                        },
                        "meta": {},
                        "tainted": false
                    },
                    "deposed": [],
                    "provider": ""
                },
                "oci_core_instance.TFInstance3.227": {
                    "type": "oci_core_instance",
                    "depends_on": [
                        "data.oci_identity_availability_domains.ADs",
                        "oci_core_subnet.ExampleSubnet3"
                    ],
                    "primary": {
                        "id": "ocid1.instance.oc1.iad.abuwcljrzxhh5jxalvyoioygmhcfzlk6yfu7nx3fokjrhp6hnkespdpwnw4a",
                        "attributes": {
                            "availability_domain": "lkEI:US-ASHBURN-AD-3",
                            "compartment_id": "ocid1.compartment.oc1..aaaaaaaapui4j3qyqji3bdg4vp35bldzpu55eqkfps3a6edu4z7tkonxoo5a",
                            "create_vnic_details.#": "1",
                            "create_vnic_details.0.assign_public_ip": "true",
                            "create_vnic_details.0.display_name": "primaryvnic",
                            "create_vnic_details.0.hostname_label": "tfinst30227",
                            "create_vnic_details.0.private_ip": "10.1.24.72",
                            "create_vnic_details.0.skip_source_dest_check": "false",
                            "create_vnic_details.0.subnet_id": "ocid1.subnet.oc1.iad.aaaaaaaaltjxls27iliwdk5ocfopio7rjlpkhuj2sijcp56sxhzvjxqhhz3a",
                            "display_name": "TFInstance30227",
                            "hostname_label": "tfinst30227",
                            "id": "ocid1.instance.oc1.iad.abuwcljrzxhh5jxalvyoioygmhcfzlk6yfu7nx3fokjrhp6hnkespdpwnw4a",
                            "image": "ocid1.image.oc1.iad.aaaaaaaaxrqeombwty6jyqgk3fraczdd63bv66xgfsqka4ktr7c57awr3p5a",
                            "ipxe_script": "",
                            "metadata.%": "2",
                            "metadata.ssh_authorized_keys": "ssh-rsa AAAAB3NzaC1yc2EAAAADAQABAAABAQD7n4mwTT2dKsqt1K4IYmmDesvpka5rgBA6wZDUAE8Oc2ETU52gRAMvPwiOlyyWyMCqooddCD3FwK2EJw8bASbDOyTBJfCeU8srycSv0VpFcl1O2d4yTg4PrWxfylFHt8ZWMYgZpgOXtUS+5CI8O2HaibhtDo0E699YnZgq7WugiHzj5+9sEQL9nIK6z5wNn3bXHJjwhGKJbXIE9CiD1jRxHdB7Mm+Vkd9kzKwJF4KcADSwg6RqE5Xv6K2Tm83h3G+O5td4hgtaHQORKBYifuqiLslpoXLOtNzHFLfe9/aNXvo0bZnt/wln1U9jOwUmLHMS7TJS5H88nC1IRKT2wTk/ linuxkeys",
                            "metadata.user_data": "IyEvYmluL2Jhc2gKeXVtIHVwZGF0ZSAteQo=",
                            "private_ip": "10.1.24.72",
                            "public_ip": "129.213.31.2",
                            "region": "iad",
                            "shape": "VM.Standard1.16",
                            "state": "RUNNING",
                            "subnet_id": "ocid1.subnet.oc1.iad.aaaaaaaaltjxls27iliwdk5ocfopio7rjlpkhuj2sijcp56sxhzvjxqhhz3a",
                            "time_created": "2018-03-08 14:58:22.357 +0000 UTC"
                        },
                        "meta": {},
                        "tainted": false
                    },
                    "deposed": [],
                    "provider": ""
                },
                "oci_core_instance.TFInstance3.237": {
                    "type": "oci_core_instance",
                    "depends_on": [
                        "data.oci_identity_availability_domains.ADs",
                        "oci_core_subnet.ExampleSubnet3"
                    ],
                    "primary": {
                        "id": "ocid1.instance.oc1.iad.abuwcljrtemf3sggnxdmsy7fg3bedt6uhqyd6suj2colr3rxqj3yvzllk7la",
                        "attributes": {
                            "availability_domain": "lkEI:US-ASHBURN-AD-3",
                            "compartment_id": "ocid1.compartment.oc1..aaaaaaaapui4j3qyqji3bdg4vp35bldzpu55eqkfps3a6edu4z7tkonxoo5a",
                            "create_vnic_details.#": "1",
                            "create_vnic_details.0.assign_public_ip": "true",
                            "create_vnic_details.0.display_name": "primaryvnic",
                            "create_vnic_details.0.hostname_label": "tfinst30237",
                            "create_vnic_details.0.private_ip": "10.1.24.205",
                            "create_vnic_details.0.skip_source_dest_check": "false",
                            "create_vnic_details.0.subnet_id": "ocid1.subnet.oc1.iad.aaaaaaaaltjxls27iliwdk5ocfopio7rjlpkhuj2sijcp56sxhzvjxqhhz3a",
                            "display_name": "TFInstance30237",
                            "hostname_label": "tfinst30237",
                            "id": "ocid1.instance.oc1.iad.abuwcljrtemf3sggnxdmsy7fg3bedt6uhqyd6suj2colr3rxqj3yvzllk7la",
                            "image": "ocid1.image.oc1.iad.aaaaaaaaxrqeombwty6jyqgk3fraczdd63bv66xgfsqka4ktr7c57awr3p5a",
                            "ipxe_script": "",
                            "metadata.%": "2",
                            "metadata.ssh_authorized_keys": "ssh-rsa AAAAB3NzaC1yc2EAAAADAQABAAABAQD7n4mwTT2dKsqt1K4IYmmDesvpka5rgBA6wZDUAE8Oc2ETU52gRAMvPwiOlyyWyMCqooddCD3FwK2EJw8bASbDOyTBJfCeU8srycSv0VpFcl1O2d4yTg4PrWxfylFHt8ZWMYgZpgOXtUS+5CI8O2HaibhtDo0E699YnZgq7WugiHzj5+9sEQL9nIK6z5wNn3bXHJjwhGKJbXIE9CiD1jRxHdB7Mm+Vkd9kzKwJF4KcADSwg6RqE5Xv6K2Tm83h3G+O5td4hgtaHQORKBYifuqiLslpoXLOtNzHFLfe9/aNXvo0bZnt/wln1U9jOwUmLHMS7TJS5H88nC1IRKT2wTk/ linuxkeys",
                            "metadata.user_data": "IyEvYmluL2Jhc2gKeXVtIHVwZGF0ZSAteQo=",
                            "private_ip": "10.1.24.205",
                            "public_ip": "129.213.19.91",
                            "region": "iad",
                            "shape": "VM.Standard1.16",
                            "state": "RUNNING",
                            "subnet_id": "ocid1.subnet.oc1.iad.aaaaaaaaltjxls27iliwdk5ocfopio7rjlpkhuj2sijcp56sxhzvjxqhhz3a",
                            "time_created": "2018-03-08 15:00:37.489 +0000 UTC"
                        },
                        "meta": {},
                        "tainted": false
                    },
                    "deposed": [],
                    "provider": ""
                },
                "oci_core_instance.TFInstance3.241": {
                    "type": "oci_core_instance",
                    "depends_on": [
                        "data.oci_identity_availability_domains.ADs",
                        "oci_core_subnet.ExampleSubnet3"
                    ],
                    "primary": {
                        "id": "ocid1.instance.oc1.iad.abuwcljrh6grisyqxuxf6z6m75lqzarxhkdio4mbyfjamp3pl36gvgcrdliq",
                        "attributes": {
                            "availability_domain": "lkEI:US-ASHBURN-AD-3",
                            "compartment_id": "ocid1.compartment.oc1..aaaaaaaapui4j3qyqji3bdg4vp35bldzpu55eqkfps3a6edu4z7tkonxoo5a",
                            "create_vnic_details.#": "1",
                            "create_vnic_details.0.assign_public_ip": "true",
                            "create_vnic_details.0.display_name": "primaryvnic",
                            "create_vnic_details.0.hostname_label": "tfinst30241",
                            "create_vnic_details.0.private_ip": "10.1.24.173",
                            "create_vnic_details.0.skip_source_dest_check": "false",
                            "create_vnic_details.0.subnet_id": "ocid1.subnet.oc1.iad.aaaaaaaaltjxls27iliwdk5ocfopio7rjlpkhuj2sijcp56sxhzvjxqhhz3a",
                            "display_name": "TFInstance30241",
                            "hostname_label": "tfinst30241",
                            "id": "ocid1.instance.oc1.iad.abuwcljrh6grisyqxuxf6z6m75lqzarxhkdio4mbyfjamp3pl36gvgcrdliq",
                            "image": "ocid1.image.oc1.iad.aaaaaaaaxrqeombwty6jyqgk3fraczdd63bv66xgfsqka4ktr7c57awr3p5a",
                            "ipxe_script": "",
                            "metadata.%": "2",
                            "metadata.ssh_authorized_keys": "ssh-rsa AAAAB3NzaC1yc2EAAAADAQABAAABAQD7n4mwTT2dKsqt1K4IYmmDesvpka5rgBA6wZDUAE8Oc2ETU52gRAMvPwiOlyyWyMCqooddCD3FwK2EJw8bASbDOyTBJfCeU8srycSv0VpFcl1O2d4yTg4PrWxfylFHt8ZWMYgZpgOXtUS+5CI8O2HaibhtDo0E699YnZgq7WugiHzj5+9sEQL9nIK6z5wNn3bXHJjwhGKJbXIE9CiD1jRxHdB7Mm+Vkd9kzKwJF4KcADSwg6RqE5Xv6K2Tm83h3G+O5td4hgtaHQORKBYifuqiLslpoXLOtNzHFLfe9/aNXvo0bZnt/wln1U9jOwUmLHMS7TJS5H88nC1IRKT2wTk/ linuxkeys",
                            "metadata.user_data": "IyEvYmluL2Jhc2gKeXVtIHVwZGF0ZSAteQo=",
                            "private_ip": "10.1.24.173",
                            "public_ip": "129.213.89.15",
                            "region": "iad",
                            "shape": "VM.Standard1.16",
                            "state": "RUNNING",
                            "subnet_id": "ocid1.subnet.oc1.iad.aaaaaaaaltjxls27iliwdk5ocfopio7rjlpkhuj2sijcp56sxhzvjxqhhz3a",
                            "time_created": "2018-03-08 15:00:39.413 +0000 UTC"
                        },
                        "meta": {},
                        "tainted": false
                    },
                    "deposed": [],
                    "provider": ""
                },
                "oci_core_instance.TFInstance3.244": {
                    "type": "oci_core_instance",
                    "depends_on": [
                        "data.oci_identity_availability_domains.ADs",
                        "oci_core_subnet.ExampleSubnet3"
                    ],
                    "primary": {
                        "id": "ocid1.instance.oc1.iad.abuwcljrjkwrhoe6j2xsk4uresncbubckelxjsq2h7jdcsddpk6wrjajqd3q",
                        "attributes": {
                            "availability_domain": "lkEI:US-ASHBURN-AD-3",
                            "compartment_id": "ocid1.compartment.oc1..aaaaaaaapui4j3qyqji3bdg4vp35bldzpu55eqkfps3a6edu4z7tkonxoo5a",
                            "create_vnic_details.#": "1",
                            "create_vnic_details.0.assign_public_ip": "true",
                            "create_vnic_details.0.display_name": "primaryvnic",
                            "create_vnic_details.0.hostname_label": "tfinst30244",
                            "create_vnic_details.0.private_ip": "10.1.24.183",
                            "create_vnic_details.0.skip_source_dest_check": "false",
                            "create_vnic_details.0.subnet_id": "ocid1.subnet.oc1.iad.aaaaaaaaltjxls27iliwdk5ocfopio7rjlpkhuj2sijcp56sxhzvjxqhhz3a",
                            "display_name": "TFInstance30244",
                            "hostname_label": "tfinst30244",
                            "id": "ocid1.instance.oc1.iad.abuwcljrjkwrhoe6j2xsk4uresncbubckelxjsq2h7jdcsddpk6wrjajqd3q",
                            "image": "ocid1.image.oc1.iad.aaaaaaaaxrqeombwty6jyqgk3fraczdd63bv66xgfsqka4ktr7c57awr3p5a",
                            "ipxe_script": "",
                            "metadata.%": "2",
                            "metadata.ssh_authorized_keys": "ssh-rsa AAAAB3NzaC1yc2EAAAADAQABAAABAQD7n4mwTT2dKsqt1K4IYmmDesvpka5rgBA6wZDUAE8Oc2ETU52gRAMvPwiOlyyWyMCqooddCD3FwK2EJw8bASbDOyTBJfCeU8srycSv0VpFcl1O2d4yTg4PrWxfylFHt8ZWMYgZpgOXtUS+5CI8O2HaibhtDo0E699YnZgq7WugiHzj5+9sEQL9nIK6z5wNn3bXHJjwhGKJbXIE9CiD1jRxHdB7Mm+Vkd9kzKwJF4KcADSwg6RqE5Xv6K2Tm83h3G+O5td4hgtaHQORKBYifuqiLslpoXLOtNzHFLfe9/aNXvo0bZnt/wln1U9jOwUmLHMS7TJS5H88nC1IRKT2wTk/ linuxkeys",
                            "metadata.user_data": "IyEvYmluL2Jhc2gKeXVtIHVwZGF0ZSAteQo=",
                            "private_ip": "10.1.24.183",
                            "public_ip": "129.213.19.88",
                            "region": "iad",
                            "shape": "VM.Standard1.16",
                            "state": "TERMINATING",
                            "subnet_id": "ocid1.subnet.oc1.iad.aaaaaaaaltjxls27iliwdk5ocfopio7rjlpkhuj2sijcp56sxhzvjxqhhz3a",
                            "time_created": "2018-03-08 15:00:30.139 +0000 UTC"
                        },
                        "meta": {},
                        "tainted": false
                    },
                    "deposed": [],
                    "provider": ""
                },
                "oci_core_instance.TFInstance3.247": {
                    "type": "oci_core_instance",
                    "depends_on": [
                        "data.oci_identity_availability_domains.ADs",
                        "oci_core_subnet.ExampleSubnet3"
                    ],
                    "primary": {
                        "id": "ocid1.instance.oc1.iad.abuwcljr6jt5w3avhqm3urdvfohdvgmntvt5epaftlh67r2cvcukde64qvgq",
                        "attributes": {
                            "availability_domain": "lkEI:US-ASHBURN-AD-3",
                            "compartment_id": "ocid1.compartment.oc1..aaaaaaaapui4j3qyqji3bdg4vp35bldzpu55eqkfps3a6edu4z7tkonxoo5a",
                            "create_vnic_details.#": "1",
                            "create_vnic_details.0.assign_public_ip": "true",
                            "create_vnic_details.0.display_name": "primaryvnic",
                            "create_vnic_details.0.hostname_label": "tfinst30247",
                            "create_vnic_details.0.private_ip": "10.1.24.239",
                            "create_vnic_details.0.skip_source_dest_check": "false",
                            "create_vnic_details.0.subnet_id": "ocid1.subnet.oc1.iad.aaaaaaaaltjxls27iliwdk5ocfopio7rjlpkhuj2sijcp56sxhzvjxqhhz3a",
                            "display_name": "TFInstance30247",
                            "hostname_label": "tfinst30247",
                            "id": "ocid1.instance.oc1.iad.abuwcljr6jt5w3avhqm3urdvfohdvgmntvt5epaftlh67r2cvcukde64qvgq",
                            "image": "ocid1.image.oc1.iad.aaaaaaaaxrqeombwty6jyqgk3fraczdd63bv66xgfsqka4ktr7c57awr3p5a",
                            "ipxe_script": "",
                            "metadata.%": "2",
                            "metadata.ssh_authorized_keys": "ssh-rsa AAAAB3NzaC1yc2EAAAADAQABAAABAQD7n4mwTT2dKsqt1K4IYmmDesvpka5rgBA6wZDUAE8Oc2ETU52gRAMvPwiOlyyWyMCqooddCD3FwK2EJw8bASbDOyTBJfCeU8srycSv0VpFcl1O2d4yTg4PrWxfylFHt8ZWMYgZpgOXtUS+5CI8O2HaibhtDo0E699YnZgq7WugiHzj5+9sEQL9nIK6z5wNn3bXHJjwhGKJbXIE9CiD1jRxHdB7Mm+Vkd9kzKwJF4KcADSwg6RqE5Xv6K2Tm83h3G+O5td4hgtaHQORKBYifuqiLslpoXLOtNzHFLfe9/aNXvo0bZnt/wln1U9jOwUmLHMS7TJS5H88nC1IRKT2wTk/ linuxkeys",
                            "metadata.user_data": "IyEvYmluL2Jhc2gKeXVtIHVwZGF0ZSAteQo=",
                            "private_ip": "10.1.24.239",
                            "public_ip": "129.213.16.221",
                            "region": "iad",
                            "shape": "VM.Standard1.16",
                            "state": "RUNNING",
                            "subnet_id": "ocid1.subnet.oc1.iad.aaaaaaaaltjxls27iliwdk5ocfopio7rjlpkhuj2sijcp56sxhzvjxqhhz3a",
                            "time_created": "2018-03-08 15:00:36.674 +0000 UTC"
                        },
                        "meta": {},
                        "tainted": false
                    },
                    "deposed": [],
                    "provider": ""
                },
                "oci_core_instance.TFInstance3.249": {
                    "type": "oci_core_instance",
                    "depends_on": [
                        "data.oci_identity_availability_domains.ADs",
                        "oci_core_subnet.ExampleSubnet3"
                    ],
                    "primary": {
                        "id": "ocid1.instance.oc1.iad.abuwcljrjqrxfcnkaiqobmmbkosrwwg2rongfu6xx4cesifnpdiy35j47pva",
                        "attributes": {
                            "availability_domain": "lkEI:US-ASHBURN-AD-3",
                            "compartment_id": "ocid1.compartment.oc1..aaaaaaaapui4j3qyqji3bdg4vp35bldzpu55eqkfps3a6edu4z7tkonxoo5a",
                            "create_vnic_details.#": "1",
                            "create_vnic_details.0.assign_public_ip": "true",
                            "create_vnic_details.0.display_name": "primaryvnic",
                            "create_vnic_details.0.hostname_label": "tfinst30249",
                            "create_vnic_details.0.private_ip": "10.1.24.17",
                            "create_vnic_details.0.skip_source_dest_check": "false",
                            "create_vnic_details.0.subnet_id": "ocid1.subnet.oc1.iad.aaaaaaaaltjxls27iliwdk5ocfopio7rjlpkhuj2sijcp56sxhzvjxqhhz3a",
                            "display_name": "TFInstance30249",
                            "hostname_label": "tfinst30249",
                            "id": "ocid1.instance.oc1.iad.abuwcljrjqrxfcnkaiqobmmbkosrwwg2rongfu6xx4cesifnpdiy35j47pva",
                            "image": "ocid1.image.oc1.iad.aaaaaaaaxrqeombwty6jyqgk3fraczdd63bv66xgfsqka4ktr7c57awr3p5a",
                            "ipxe_script": "",
                            "metadata.%": "2",
                            "metadata.ssh_authorized_keys": "ssh-rsa AAAAB3NzaC1yc2EAAAADAQABAAABAQD7n4mwTT2dKsqt1K4IYmmDesvpka5rgBA6wZDUAE8Oc2ETU52gRAMvPwiOlyyWyMCqooddCD3FwK2EJw8bASbDOyTBJfCeU8srycSv0VpFcl1O2d4yTg4PrWxfylFHt8ZWMYgZpgOXtUS+5CI8O2HaibhtDo0E699YnZgq7WugiHzj5+9sEQL9nIK6z5wNn3bXHJjwhGKJbXIE9CiD1jRxHdB7Mm+Vkd9kzKwJF4KcADSwg6RqE5Xv6K2Tm83h3G+O5td4hgtaHQORKBYifuqiLslpoXLOtNzHFLfe9/aNXvo0bZnt/wln1U9jOwUmLHMS7TJS5H88nC1IRKT2wTk/ linuxkeys",
                            "metadata.user_data": "IyEvYmluL2Jhc2gKeXVtIHVwZGF0ZSAteQo=",
                            "private_ip": "10.1.24.17",
                            "public_ip": "129.213.85.38",
                            "region": "iad",
                            "shape": "VM.Standard1.16",
                            "state": "RUNNING",
                            "subnet_id": "ocid1.subnet.oc1.iad.aaaaaaaaltjxls27iliwdk5ocfopio7rjlpkhuj2sijcp56sxhzvjxqhhz3a",
                            "time_created": "2018-03-08 14:56:07.197 +0000 UTC"
                        },
                        "meta": {},
                        "tainted": false
                    },
                    "deposed": [],
                    "provider": ""
                },
                "oci_core_instance.TFInstance3.25": {
                    "type": "oci_core_instance",
                    "depends_on": [
                        "data.oci_identity_availability_domains.ADs",
                        "oci_core_subnet.ExampleSubnet3"
                    ],
                    "primary": {
                        "id": "ocid1.instance.oc1.iad.abuwcljrzdhhl37whwk77g75yfc4ivdvp5yu5hl35gksa4oq43aci4vyerea",
                        "attributes": {
                            "availability_domain": "lkEI:US-ASHBURN-AD-3",
                            "compartment_id": "ocid1.compartment.oc1..aaaaaaaapui4j3qyqji3bdg4vp35bldzpu55eqkfps3a6edu4z7tkonxoo5a",
                            "create_vnic_details.#": "1",
                            "create_vnic_details.0.assign_public_ip": "true",
                            "create_vnic_details.0.display_name": "primaryvnic",
                            "create_vnic_details.0.hostname_label": "tfinst30025",
                            "create_vnic_details.0.private_ip": "10.1.24.106",
                            "create_vnic_details.0.skip_source_dest_check": "false",
                            "create_vnic_details.0.subnet_id": "ocid1.subnet.oc1.iad.aaaaaaaaltjxls27iliwdk5ocfopio7rjlpkhuj2sijcp56sxhzvjxqhhz3a",
                            "display_name": "TFInstance30025",
                            "hostname_label": "tfinst30025",
                            "id": "ocid1.instance.oc1.iad.abuwcljrzdhhl37whwk77g75yfc4ivdvp5yu5hl35gksa4oq43aci4vyerea",
                            "image": "ocid1.image.oc1.iad.aaaaaaaaxrqeombwty6jyqgk3fraczdd63bv66xgfsqka4ktr7c57awr3p5a",
                            "ipxe_script": "",
                            "metadata.%": "2",
                            "metadata.ssh_authorized_keys": "ssh-rsa AAAAB3NzaC1yc2EAAAADAQABAAABAQD7n4mwTT2dKsqt1K4IYmmDesvpka5rgBA6wZDUAE8Oc2ETU52gRAMvPwiOlyyWyMCqooddCD3FwK2EJw8bASbDOyTBJfCeU8srycSv0VpFcl1O2d4yTg4PrWxfylFHt8ZWMYgZpgOXtUS+5CI8O2HaibhtDo0E699YnZgq7WugiHzj5+9sEQL9nIK6z5wNn3bXHJjwhGKJbXIE9CiD1jRxHdB7Mm+Vkd9kzKwJF4KcADSwg6RqE5Xv6K2Tm83h3G+O5td4hgtaHQORKBYifuqiLslpoXLOtNzHFLfe9/aNXvo0bZnt/wln1U9jOwUmLHMS7TJS5H88nC1IRKT2wTk/ linuxkeys",
                            "metadata.user_data": "IyEvYmluL2Jhc2gKeXVtIHVwZGF0ZSAteQo=",
                            "private_ip": "10.1.24.106",
                            "public_ip": "129.213.93.123",
                            "region": "iad",
                            "shape": "VM.Standard1.16",
                            "state": "RUNNING",
                            "subnet_id": "ocid1.subnet.oc1.iad.aaaaaaaaltjxls27iliwdk5ocfopio7rjlpkhuj2sijcp56sxhzvjxqhhz3a",
                            "time_created": "2018-03-08 14:59:17.828 +0000 UTC"
                        },
                        "meta": {},
                        "tainted": false
                    },
                    "deposed": [],
                    "provider": ""
                },
                "oci_core_instance.TFInstance3.253": {
                    "type": "oci_core_instance",
                    "depends_on": [
                        "data.oci_identity_availability_domains.ADs",
                        "oci_core_subnet.ExampleSubnet3"
                    ],
                    "primary": {
                        "id": "ocid1.instance.oc1.iad.abuwcljr3ylgyik5egcvzupsxeumsmaxyafecc3vcv5xdoyebxzuhw4dg2va",
                        "attributes": {
                            "availability_domain": "lkEI:US-ASHBURN-AD-3",
                            "compartment_id": "ocid1.compartment.oc1..aaaaaaaapui4j3qyqji3bdg4vp35bldzpu55eqkfps3a6edu4z7tkonxoo5a",
                            "create_vnic_details.#": "1",
                            "create_vnic_details.0.assign_public_ip": "true",
                            "create_vnic_details.0.display_name": "primaryvnic",
                            "create_vnic_details.0.hostname_label": "tfinst30253",
                            "create_vnic_details.0.private_ip": "10.1.24.175",
                            "create_vnic_details.0.skip_source_dest_check": "false",
                            "create_vnic_details.0.subnet_id": "ocid1.subnet.oc1.iad.aaaaaaaaltjxls27iliwdk5ocfopio7rjlpkhuj2sijcp56sxhzvjxqhhz3a",
                            "display_name": "TFInstance30253",
                            "hostname_label": "tfinst30253",
                            "id": "ocid1.instance.oc1.iad.abuwcljr3ylgyik5egcvzupsxeumsmaxyafecc3vcv5xdoyebxzuhw4dg2va",
                            "image": "ocid1.image.oc1.iad.aaaaaaaaxrqeombwty6jyqgk3fraczdd63bv66xgfsqka4ktr7c57awr3p5a",
                            "ipxe_script": "",
                            "metadata.%": "2",
                            "metadata.ssh_authorized_keys": "ssh-rsa AAAAB3NzaC1yc2EAAAADAQABAAABAQD7n4mwTT2dKsqt1K4IYmmDesvpka5rgBA6wZDUAE8Oc2ETU52gRAMvPwiOlyyWyMCqooddCD3FwK2EJw8bASbDOyTBJfCeU8srycSv0VpFcl1O2d4yTg4PrWxfylFHt8ZWMYgZpgOXtUS+5CI8O2HaibhtDo0E699YnZgq7WugiHzj5+9sEQL9nIK6z5wNn3bXHJjwhGKJbXIE9CiD1jRxHdB7Mm+Vkd9kzKwJF4KcADSwg6RqE5Xv6K2Tm83h3G+O5td4hgtaHQORKBYifuqiLslpoXLOtNzHFLfe9/aNXvo0bZnt/wln1U9jOwUmLHMS7TJS5H88nC1IRKT2wTk/ linuxkeys",
                            "metadata.user_data": "IyEvYmluL2Jhc2gKeXVtIHVwZGF0ZSAteQo=",
                            "private_ip": "10.1.24.175",
                            "public_ip": "129.213.22.84",
                            "region": "iad",
                            "shape": "VM.Standard1.16",
                            "state": "RUNNING",
                            "subnet_id": "ocid1.subnet.oc1.iad.aaaaaaaaltjxls27iliwdk5ocfopio7rjlpkhuj2sijcp56sxhzvjxqhhz3a",
                            "time_created": "2018-03-08 15:00:40.641 +0000 UTC"
                        },
                        "meta": {},
                        "tainted": false
                    },
                    "deposed": [],
                    "provider": ""
                },
                "oci_core_instance.TFInstance3.257": {
                    "type": "oci_core_instance",
                    "depends_on": [
                        "data.oci_identity_availability_domains.ADs",
                        "oci_core_subnet.ExampleSubnet3"
                    ],
                    "primary": {
                        "id": "ocid1.instance.oc1.iad.abuwcljrso5yvrcvsgbietqw46h6wsrambiz5eok4e26gotei5suy7rh7u4q",
                        "attributes": {
                            "availability_domain": "lkEI:US-ASHBURN-AD-3",
                            "compartment_id": "ocid1.compartment.oc1..aaaaaaaapui4j3qyqji3bdg4vp35bldzpu55eqkfps3a6edu4z7tkonxoo5a",
                            "create_vnic_details.#": "1",
                            "create_vnic_details.0.assign_public_ip": "true",
                            "create_vnic_details.0.display_name": "primaryvnic",
                            "create_vnic_details.0.hostname_label": "tfinst30257",
                            "create_vnic_details.0.private_ip": "10.1.24.33",
                            "create_vnic_details.0.skip_source_dest_check": "false",
                            "create_vnic_details.0.subnet_id": "ocid1.subnet.oc1.iad.aaaaaaaaltjxls27iliwdk5ocfopio7rjlpkhuj2sijcp56sxhzvjxqhhz3a",
                            "display_name": "TFInstance30257",
                            "hostname_label": "tfinst30257",
                            "id": "ocid1.instance.oc1.iad.abuwcljrso5yvrcvsgbietqw46h6wsrambiz5eok4e26gotei5suy7rh7u4q",
                            "image": "ocid1.image.oc1.iad.aaaaaaaaxrqeombwty6jyqgk3fraczdd63bv66xgfsqka4ktr7c57awr3p5a",
                            "ipxe_script": "",
                            "metadata.%": "2",
                            "metadata.ssh_authorized_keys": "ssh-rsa AAAAB3NzaC1yc2EAAAADAQABAAABAQD7n4mwTT2dKsqt1K4IYmmDesvpka5rgBA6wZDUAE8Oc2ETU52gRAMvPwiOlyyWyMCqooddCD3FwK2EJw8bASbDOyTBJfCeU8srycSv0VpFcl1O2d4yTg4PrWxfylFHt8ZWMYgZpgOXtUS+5CI8O2HaibhtDo0E699YnZgq7WugiHzj5+9sEQL9nIK6z5wNn3bXHJjwhGKJbXIE9CiD1jRxHdB7Mm+Vkd9kzKwJF4KcADSwg6RqE5Xv6K2Tm83h3G+O5td4hgtaHQORKBYifuqiLslpoXLOtNzHFLfe9/aNXvo0bZnt/wln1U9jOwUmLHMS7TJS5H88nC1IRKT2wTk/ linuxkeys",
                            "metadata.user_data": "IyEvYmluL2Jhc2gKeXVtIHVwZGF0ZSAteQo=",
                            "private_ip": "10.1.24.33",
                            "public_ip": "129.213.16.170",
                            "region": "iad",
                            "shape": "VM.Standard1.16",
                            "state": "RUNNING",
                            "subnet_id": "ocid1.subnet.oc1.iad.aaaaaaaaltjxls27iliwdk5ocfopio7rjlpkhuj2sijcp56sxhzvjxqhhz3a",
                            "time_created": "2018-03-08 14:56:35.829 +0000 UTC"
                        },
                        "meta": {},
                        "tainted": false
                    },
                    "deposed": [],
                    "provider": ""
                },
                "oci_core_instance.TFInstance3.262": {
                    "type": "oci_core_instance",
                    "depends_on": [
                        "data.oci_identity_availability_domains.ADs",
                        "oci_core_subnet.ExampleSubnet3"
                    ],
                    "primary": {
                        "id": "ocid1.instance.oc1.iad.abuwcljrwrenfuzgljchxby6ickrlfxogjp6xvfvbabt6s3kfzs5cacnqpma",
                        "attributes": {
                            "availability_domain": "lkEI:US-ASHBURN-AD-3",
                            "compartment_id": "ocid1.compartment.oc1..aaaaaaaapui4j3qyqji3bdg4vp35bldzpu55eqkfps3a6edu4z7tkonxoo5a",
                            "create_vnic_details.#": "1",
                            "create_vnic_details.0.assign_public_ip": "true",
                            "create_vnic_details.0.display_name": "primaryvnic",
                            "create_vnic_details.0.hostname_label": "tfinst30262",
                            "create_vnic_details.0.private_ip": "10.1.24.235",
                            "create_vnic_details.0.skip_source_dest_check": "false",
                            "create_vnic_details.0.subnet_id": "ocid1.subnet.oc1.iad.aaaaaaaaltjxls27iliwdk5ocfopio7rjlpkhuj2sijcp56sxhzvjxqhhz3a",
                            "display_name": "TFInstance30262",
                            "hostname_label": "tfinst30262",
                            "id": "ocid1.instance.oc1.iad.abuwcljrwrenfuzgljchxby6ickrlfxogjp6xvfvbabt6s3kfzs5cacnqpma",
                            "image": "ocid1.image.oc1.iad.aaaaaaaaxrqeombwty6jyqgk3fraczdd63bv66xgfsqka4ktr7c57awr3p5a",
                            "ipxe_script": "",
                            "metadata.%": "2",
                            "metadata.ssh_authorized_keys": "ssh-rsa AAAAB3NzaC1yc2EAAAADAQABAAABAQD7n4mwTT2dKsqt1K4IYmmDesvpka5rgBA6wZDUAE8Oc2ETU52gRAMvPwiOlyyWyMCqooddCD3FwK2EJw8bASbDOyTBJfCeU8srycSv0VpFcl1O2d4yTg4PrWxfylFHt8ZWMYgZpgOXtUS+5CI8O2HaibhtDo0E699YnZgq7WugiHzj5+9sEQL9nIK6z5wNn3bXHJjwhGKJbXIE9CiD1jRxHdB7Mm+Vkd9kzKwJF4KcADSwg6RqE5Xv6K2Tm83h3G+O5td4hgtaHQORKBYifuqiLslpoXLOtNzHFLfe9/aNXvo0bZnt/wln1U9jOwUmLHMS7TJS5H88nC1IRKT2wTk/ linuxkeys",
                            "metadata.user_data": "IyEvYmluL2Jhc2gKeXVtIHVwZGF0ZSAteQo=",
                            "private_ip": "10.1.24.235",
                            "public_ip": "129.213.81.131",
                            "region": "iad",
                            "shape": "VM.Standard1.16",
                            "state": "RUNNING",
                            "subnet_id": "ocid1.subnet.oc1.iad.aaaaaaaaltjxls27iliwdk5ocfopio7rjlpkhuj2sijcp56sxhzvjxqhhz3a",
                            "time_created": "2018-03-08 15:00:41.9 +0000 UTC"
                        },
                        "meta": {},
                        "tainted": false
                    },
                    "deposed": [],
                    "provider": ""
                },
                "oci_core_instance.TFInstance3.264": {
                    "type": "oci_core_instance",
                    "depends_on": [
                        "data.oci_identity_availability_domains.ADs",
                        "oci_core_subnet.ExampleSubnet3"
                    ],
                    "primary": {
                        "id": "ocid1.instance.oc1.iad.abuwcljr7mvq4cu5im5mso3kkj5yxxuhiqo3j2cpe2o6kbpyh7hrlshcz5xa",
                        "attributes": {
                            "availability_domain": "lkEI:US-ASHBURN-AD-3",
                            "compartment_id": "ocid1.compartment.oc1..aaaaaaaapui4j3qyqji3bdg4vp35bldzpu55eqkfps3a6edu4z7tkonxoo5a",
                            "create_vnic_details.#": "1",
                            "create_vnic_details.0.assign_public_ip": "true",
                            "create_vnic_details.0.display_name": "primaryvnic",
                            "create_vnic_details.0.hostname_label": "tfinst30264",
                            "create_vnic_details.0.private_ip": "10.1.24.215",
                            "create_vnic_details.0.skip_source_dest_check": "false",
                            "create_vnic_details.0.subnet_id": "ocid1.subnet.oc1.iad.aaaaaaaaltjxls27iliwdk5ocfopio7rjlpkhuj2sijcp56sxhzvjxqhhz3a",
                            "display_name": "TFInstance30264",
                            "hostname_label": "tfinst30264",
                            "id": "ocid1.instance.oc1.iad.abuwcljr7mvq4cu5im5mso3kkj5yxxuhiqo3j2cpe2o6kbpyh7hrlshcz5xa",
                            "image": "ocid1.image.oc1.iad.aaaaaaaaxrqeombwty6jyqgk3fraczdd63bv66xgfsqka4ktr7c57awr3p5a",
                            "ipxe_script": "",
                            "metadata.%": "2",
                            "metadata.ssh_authorized_keys": "ssh-rsa AAAAB3NzaC1yc2EAAAADAQABAAABAQD7n4mwTT2dKsqt1K4IYmmDesvpka5rgBA6wZDUAE8Oc2ETU52gRAMvPwiOlyyWyMCqooddCD3FwK2EJw8bASbDOyTBJfCeU8srycSv0VpFcl1O2d4yTg4PrWxfylFHt8ZWMYgZpgOXtUS+5CI8O2HaibhtDo0E699YnZgq7WugiHzj5+9sEQL9nIK6z5wNn3bXHJjwhGKJbXIE9CiD1jRxHdB7Mm+Vkd9kzKwJF4KcADSwg6RqE5Xv6K2Tm83h3G+O5td4hgtaHQORKBYifuqiLslpoXLOtNzHFLfe9/aNXvo0bZnt/wln1U9jOwUmLHMS7TJS5H88nC1IRKT2wTk/ linuxkeys",
                            "metadata.user_data": "IyEvYmluL2Jhc2gKeXVtIHVwZGF0ZSAteQo=",
                            "private_ip": "10.1.24.215",
                            "public_ip": "129.213.28.93",
                            "region": "iad",
                            "shape": "VM.Standard1.16",
                            "state": "RUNNING",
                            "subnet_id": "ocid1.subnet.oc1.iad.aaaaaaaaltjxls27iliwdk5ocfopio7rjlpkhuj2sijcp56sxhzvjxqhhz3a",
                            "time_created": "2018-03-08 15:00:17.975 +0000 UTC"
                        },
                        "meta": {},
                        "tainted": false
                    },
                    "deposed": [],
                    "provider": ""
                },
                "oci_core_instance.TFInstance3.27": {
                    "type": "oci_core_instance",
                    "depends_on": [
                        "data.oci_identity_availability_domains.ADs",
                        "oci_core_subnet.ExampleSubnet3"
                    ],
                    "primary": {
                        "id": "ocid1.instance.oc1.iad.abuwcljrq4ze7gs6xrogdzz7dfrurhtp6hxv4sqhfozccvsoxpak5zaz4kfa",
                        "attributes": {
                            "availability_domain": "lkEI:US-ASHBURN-AD-3",
                            "compartment_id": "ocid1.compartment.oc1..aaaaaaaapui4j3qyqji3bdg4vp35bldzpu55eqkfps3a6edu4z7tkonxoo5a",
                            "create_vnic_details.#": "1",
                            "create_vnic_details.0.assign_public_ip": "true",
                            "create_vnic_details.0.display_name": "primaryvnic",
                            "create_vnic_details.0.hostname_label": "tfinst30027",
                            "create_vnic_details.0.private_ip": "10.1.24.208",
                            "create_vnic_details.0.skip_source_dest_check": "false",
                            "create_vnic_details.0.subnet_id": "ocid1.subnet.oc1.iad.aaaaaaaaltjxls27iliwdk5ocfopio7rjlpkhuj2sijcp56sxhzvjxqhhz3a",
                            "display_name": "TFInstance30027",
                            "hostname_label": "tfinst30027",
                            "id": "ocid1.instance.oc1.iad.abuwcljrq4ze7gs6xrogdzz7dfrurhtp6hxv4sqhfozccvsoxpak5zaz4kfa",
                            "image": "ocid1.image.oc1.iad.aaaaaaaaxrqeombwty6jyqgk3fraczdd63bv66xgfsqka4ktr7c57awr3p5a",
                            "ipxe_script": "",
                            "metadata.%": "2",
                            "metadata.ssh_authorized_keys": "ssh-rsa AAAAB3NzaC1yc2EAAAADAQABAAABAQD7n4mwTT2dKsqt1K4IYmmDesvpka5rgBA6wZDUAE8Oc2ETU52gRAMvPwiOlyyWyMCqooddCD3FwK2EJw8bASbDOyTBJfCeU8srycSv0VpFcl1O2d4yTg4PrWxfylFHt8ZWMYgZpgOXtUS+5CI8O2HaibhtDo0E699YnZgq7WugiHzj5+9sEQL9nIK6z5wNn3bXHJjwhGKJbXIE9CiD1jRxHdB7Mm+Vkd9kzKwJF4KcADSwg6RqE5Xv6K2Tm83h3G+O5td4hgtaHQORKBYifuqiLslpoXLOtNzHFLfe9/aNXvo0bZnt/wln1U9jOwUmLHMS7TJS5H88nC1IRKT2wTk/ linuxkeys",
                            "metadata.user_data": "IyEvYmluL2Jhc2gKeXVtIHVwZGF0ZSAteQo=",
                            "private_ip": "10.1.24.208",
                            "public_ip": "129.213.86.113",
                            "region": "iad",
                            "shape": "VM.Standard1.16",
                            "state": "RUNNING",
                            "subnet_id": "ocid1.subnet.oc1.iad.aaaaaaaaltjxls27iliwdk5ocfopio7rjlpkhuj2sijcp56sxhzvjxqhhz3a",
                            "time_created": "2018-03-08 15:00:45.074 +0000 UTC"
                        },
                        "meta": {},
                        "tainted": false
                    },
                    "deposed": [],
                    "provider": ""
                },
                "oci_core_instance.TFInstance3.275": {
                    "type": "oci_core_instance",
                    "depends_on": [
                        "data.oci_identity_availability_domains.ADs",
                        "oci_core_subnet.ExampleSubnet3"
                    ],
                    "primary": {
                        "id": "ocid1.instance.oc1.iad.abuwcljrnnzjelyhfa2kbbdazozcz4bmi3fixzy5mrt5oje6veyu4jaw76fq",
                        "attributes": {
                            "availability_domain": "lkEI:US-ASHBURN-AD-3",
                            "compartment_id": "ocid1.compartment.oc1..aaaaaaaapui4j3qyqji3bdg4vp35bldzpu55eqkfps3a6edu4z7tkonxoo5a",
                            "create_vnic_details.#": "1",
                            "create_vnic_details.0.assign_public_ip": "true",
                            "create_vnic_details.0.display_name": "primaryvnic",
                            "create_vnic_details.0.hostname_label": "tfinst30275",
                            "create_vnic_details.0.private_ip": "10.1.24.24",
                            "create_vnic_details.0.skip_source_dest_check": "false",
                            "create_vnic_details.0.subnet_id": "ocid1.subnet.oc1.iad.aaaaaaaaltjxls27iliwdk5ocfopio7rjlpkhuj2sijcp56sxhzvjxqhhz3a",
                            "display_name": "TFInstance30275",
                            "hostname_label": "tfinst30275",
                            "id": "ocid1.instance.oc1.iad.abuwcljrnnzjelyhfa2kbbdazozcz4bmi3fixzy5mrt5oje6veyu4jaw76fq",
                            "image": "ocid1.image.oc1.iad.aaaaaaaaxrqeombwty6jyqgk3fraczdd63bv66xgfsqka4ktr7c57awr3p5a",
                            "ipxe_script": "",
                            "metadata.%": "2",
                            "metadata.ssh_authorized_keys": "ssh-rsa AAAAB3NzaC1yc2EAAAADAQABAAABAQD7n4mwTT2dKsqt1K4IYmmDesvpka5rgBA6wZDUAE8Oc2ETU52gRAMvPwiOlyyWyMCqooddCD3FwK2EJw8bASbDOyTBJfCeU8srycSv0VpFcl1O2d4yTg4PrWxfylFHt8ZWMYgZpgOXtUS+5CI8O2HaibhtDo0E699YnZgq7WugiHzj5+9sEQL9nIK6z5wNn3bXHJjwhGKJbXIE9CiD1jRxHdB7Mm+Vkd9kzKwJF4KcADSwg6RqE5Xv6K2Tm83h3G+O5td4hgtaHQORKBYifuqiLslpoXLOtNzHFLfe9/aNXvo0bZnt/wln1U9jOwUmLHMS7TJS5H88nC1IRKT2wTk/ linuxkeys",
                            "metadata.user_data": "IyEvYmluL2Jhc2gKeXVtIHVwZGF0ZSAteQo=",
                            "private_ip": "10.1.24.24",
                            "public_ip": "129.213.95.139",
                            "region": "iad",
                            "shape": "VM.Standard1.16",
                            "state": "RUNNING",
                            "subnet_id": "ocid1.subnet.oc1.iad.aaaaaaaaltjxls27iliwdk5ocfopio7rjlpkhuj2sijcp56sxhzvjxqhhz3a",
                            "time_created": "2018-03-08 14:56:20.164 +0000 UTC"
                        },
                        "meta": {},
                        "tainted": false
                    },
                    "deposed": [],
                    "provider": ""
                },
                "oci_core_instance.TFInstance3.276": {
                    "type": "oci_core_instance",
                    "depends_on": [
                        "data.oci_identity_availability_domains.ADs",
                        "oci_core_subnet.ExampleSubnet3"
                    ],
                    "primary": {
                        "id": "ocid1.instance.oc1.iad.abuwcljre7eq3zyv5h2qoxvqjxncpakd6nla7beljetub7akrgnptqdvp26a",
                        "attributes": {
                            "availability_domain": "lkEI:US-ASHBURN-AD-3",
                            "compartment_id": "ocid1.compartment.oc1..aaaaaaaapui4j3qyqji3bdg4vp35bldzpu55eqkfps3a6edu4z7tkonxoo5a",
                            "create_vnic_details.#": "1",
                            "create_vnic_details.0.assign_public_ip": "true",
                            "create_vnic_details.0.display_name": "primaryvnic",
                            "create_vnic_details.0.hostname_label": "tfinst30276",
                            "create_vnic_details.0.private_ip": "10.1.24.220",
                            "create_vnic_details.0.skip_source_dest_check": "false",
                            "create_vnic_details.0.subnet_id": "ocid1.subnet.oc1.iad.aaaaaaaaltjxls27iliwdk5ocfopio7rjlpkhuj2sijcp56sxhzvjxqhhz3a",
                            "display_name": "TFInstance30276",
                            "hostname_label": "tfinst30276",
                            "id": "ocid1.instance.oc1.iad.abuwcljre7eq3zyv5h2qoxvqjxncpakd6nla7beljetub7akrgnptqdvp26a",
                            "image": "ocid1.image.oc1.iad.aaaaaaaaxrqeombwty6jyqgk3fraczdd63bv66xgfsqka4ktr7c57awr3p5a",
                            "ipxe_script": "",
                            "metadata.%": "2",
                            "metadata.ssh_authorized_keys": "ssh-rsa AAAAB3NzaC1yc2EAAAADAQABAAABAQD7n4mwTT2dKsqt1K4IYmmDesvpka5rgBA6wZDUAE8Oc2ETU52gRAMvPwiOlyyWyMCqooddCD3FwK2EJw8bASbDOyTBJfCeU8srycSv0VpFcl1O2d4yTg4PrWxfylFHt8ZWMYgZpgOXtUS+5CI8O2HaibhtDo0E699YnZgq7WugiHzj5+9sEQL9nIK6z5wNn3bXHJjwhGKJbXIE9CiD1jRxHdB7Mm+Vkd9kzKwJF4KcADSwg6RqE5Xv6K2Tm83h3G+O5td4hgtaHQORKBYifuqiLslpoXLOtNzHFLfe9/aNXvo0bZnt/wln1U9jOwUmLHMS7TJS5H88nC1IRKT2wTk/ linuxkeys",
                            "metadata.user_data": "IyEvYmluL2Jhc2gKeXVtIHVwZGF0ZSAteQo=",
                            "private_ip": "10.1.24.220",
                            "public_ip": "129.213.86.115",
                            "region": "iad",
                            "shape": "VM.Standard1.16",
                            "state": "RUNNING",
                            "subnet_id": "ocid1.subnet.oc1.iad.aaaaaaaaltjxls27iliwdk5ocfopio7rjlpkhuj2sijcp56sxhzvjxqhhz3a",
                            "time_created": "2018-03-08 15:00:42.151 +0000 UTC"
                        },
                        "meta": {},
                        "tainted": false
                    },
                    "deposed": [],
                    "provider": ""
                },
                "oci_core_instance.TFInstance3.277": {
                    "type": "oci_core_instance",
                    "depends_on": [
                        "data.oci_identity_availability_domains.ADs",
                        "oci_core_subnet.ExampleSubnet3"
                    ],
                    "primary": {
                        "id": "ocid1.instance.oc1.iad.abuwcljrtg3mqe5hybb4wwf2prxwoecpnru75np2t2g52euviw5q7agjlhja",
                        "attributes": {
                            "availability_domain": "lkEI:US-ASHBURN-AD-3",
                            "compartment_id": "ocid1.compartment.oc1..aaaaaaaapui4j3qyqji3bdg4vp35bldzpu55eqkfps3a6edu4z7tkonxoo5a",
                            "create_vnic_details.#": "1",
                            "create_vnic_details.0.assign_public_ip": "true",
                            "create_vnic_details.0.display_name": "primaryvnic",
                            "create_vnic_details.0.hostname_label": "tfinst30277",
                            "create_vnic_details.0.private_ip": "10.1.24.79",
                            "create_vnic_details.0.skip_source_dest_check": "false",
                            "create_vnic_details.0.subnet_id": "ocid1.subnet.oc1.iad.aaaaaaaaltjxls27iliwdk5ocfopio7rjlpkhuj2sijcp56sxhzvjxqhhz3a",
                            "display_name": "TFInstance30277",
                            "hostname_label": "tfinst30277",
                            "id": "ocid1.instance.oc1.iad.abuwcljrtg3mqe5hybb4wwf2prxwoecpnru75np2t2g52euviw5q7agjlhja",
                            "image": "ocid1.image.oc1.iad.aaaaaaaaxrqeombwty6jyqgk3fraczdd63bv66xgfsqka4ktr7c57awr3p5a",
                            "ipxe_script": "",
                            "metadata.%": "2",
                            "metadata.ssh_authorized_keys": "ssh-rsa AAAAB3NzaC1yc2EAAAADAQABAAABAQD7n4mwTT2dKsqt1K4IYmmDesvpka5rgBA6wZDUAE8Oc2ETU52gRAMvPwiOlyyWyMCqooddCD3FwK2EJw8bASbDOyTBJfCeU8srycSv0VpFcl1O2d4yTg4PrWxfylFHt8ZWMYgZpgOXtUS+5CI8O2HaibhtDo0E699YnZgq7WugiHzj5+9sEQL9nIK6z5wNn3bXHJjwhGKJbXIE9CiD1jRxHdB7Mm+Vkd9kzKwJF4KcADSwg6RqE5Xv6K2Tm83h3G+O5td4hgtaHQORKBYifuqiLslpoXLOtNzHFLfe9/aNXvo0bZnt/wln1U9jOwUmLHMS7TJS5H88nC1IRKT2wTk/ linuxkeys",
                            "metadata.user_data": "IyEvYmluL2Jhc2gKeXVtIHVwZGF0ZSAteQo=",
                            "private_ip": "10.1.24.79",
                            "public_ip": "129.213.26.73",
                            "region": "iad",
                            "shape": "VM.Standard1.16",
                            "state": "RUNNING",
                            "subnet_id": "ocid1.subnet.oc1.iad.aaaaaaaaltjxls27iliwdk5ocfopio7rjlpkhuj2sijcp56sxhzvjxqhhz3a",
                            "time_created": "2018-03-08 14:58:29.779 +0000 UTC"
                        },
                        "meta": {},
                        "tainted": false
                    },
                    "deposed": [],
                    "provider": ""
                },
                "oci_core_instance.TFInstance3.280": {
                    "type": "oci_core_instance",
                    "depends_on": [
                        "data.oci_identity_availability_domains.ADs",
                        "oci_core_subnet.ExampleSubnet3"
                    ],
                    "primary": {
                        "id": "ocid1.instance.oc1.iad.abuwcljrboeqw6vqsb6ehosi5qmpcyh4f3vvnr4y3apo3pmlnmedubwqru3a",
                        "attributes": {
                            "availability_domain": "lkEI:US-ASHBURN-AD-3",
                            "compartment_id": "ocid1.compartment.oc1..aaaaaaaapui4j3qyqji3bdg4vp35bldzpu55eqkfps3a6edu4z7tkonxoo5a",
                            "create_vnic_details.#": "1",
                            "create_vnic_details.0.assign_public_ip": "true",
                            "create_vnic_details.0.display_name": "primaryvnic",
                            "create_vnic_details.0.hostname_label": "tfinst30280",
                            "create_vnic_details.0.private_ip": "10.1.24.107",
                            "create_vnic_details.0.skip_source_dest_check": "false",
                            "create_vnic_details.0.subnet_id": "ocid1.subnet.oc1.iad.aaaaaaaaltjxls27iliwdk5ocfopio7rjlpkhuj2sijcp56sxhzvjxqhhz3a",
                            "display_name": "TFInstance30280",
                            "hostname_label": "tfinst30280",
                            "id": "ocid1.instance.oc1.iad.abuwcljrboeqw6vqsb6ehosi5qmpcyh4f3vvnr4y3apo3pmlnmedubwqru3a",
                            "image": "ocid1.image.oc1.iad.aaaaaaaaxrqeombwty6jyqgk3fraczdd63bv66xgfsqka4ktr7c57awr3p5a",
                            "ipxe_script": "",
                            "metadata.%": "2",
                            "metadata.ssh_authorized_keys": "ssh-rsa AAAAB3NzaC1yc2EAAAADAQABAAABAQD7n4mwTT2dKsqt1K4IYmmDesvpka5rgBA6wZDUAE8Oc2ETU52gRAMvPwiOlyyWyMCqooddCD3FwK2EJw8bASbDOyTBJfCeU8srycSv0VpFcl1O2d4yTg4PrWxfylFHt8ZWMYgZpgOXtUS+5CI8O2HaibhtDo0E699YnZgq7WugiHzj5+9sEQL9nIK6z5wNn3bXHJjwhGKJbXIE9CiD1jRxHdB7Mm+Vkd9kzKwJF4KcADSwg6RqE5Xv6K2Tm83h3G+O5td4hgtaHQORKBYifuqiLslpoXLOtNzHFLfe9/aNXvo0bZnt/wln1U9jOwUmLHMS7TJS5H88nC1IRKT2wTk/ linuxkeys",
                            "metadata.user_data": "IyEvYmluL2Jhc2gKeXVtIHVwZGF0ZSAteQo=",
                            "private_ip": "10.1.24.107",
                            "public_ip": "129.213.80.247",
                            "region": "iad",
                            "shape": "VM.Standard1.16",
                            "state": "RUNNING",
                            "subnet_id": "ocid1.subnet.oc1.iad.aaaaaaaaltjxls27iliwdk5ocfopio7rjlpkhuj2sijcp56sxhzvjxqhhz3a",
                            "time_created": "2018-03-08 14:59:19.033 +0000 UTC"
                        },
                        "meta": {},
                        "tainted": false
                    },
                    "deposed": [],
                    "provider": ""
                },
                "oci_core_instance.TFInstance3.283": {
                    "type": "oci_core_instance",
                    "depends_on": [
                        "data.oci_identity_availability_domains.ADs",
                        "oci_core_subnet.ExampleSubnet3"
                    ],
                    "primary": {
                        "id": "ocid1.instance.oc1.iad.abuwcljrpmixohju2cpynrpppwadmbgrlyzqpnxfauk6622i5w5pg5fgr2ja",
                        "attributes": {
                            "availability_domain": "lkEI:US-ASHBURN-AD-3",
                            "compartment_id": "ocid1.compartment.oc1..aaaaaaaapui4j3qyqji3bdg4vp35bldzpu55eqkfps3a6edu4z7tkonxoo5a",
                            "create_vnic_details.#": "1",
                            "create_vnic_details.0.assign_public_ip": "true",
                            "create_vnic_details.0.display_name": "primaryvnic",
                            "create_vnic_details.0.hostname_label": "tfinst30283",
                            "create_vnic_details.0.private_ip": "10.1.24.190",
                            "create_vnic_details.0.skip_source_dest_check": "false",
                            "create_vnic_details.0.subnet_id": "ocid1.subnet.oc1.iad.aaaaaaaaltjxls27iliwdk5ocfopio7rjlpkhuj2sijcp56sxhzvjxqhhz3a",
                            "display_name": "TFInstance30283",
                            "hostname_label": "tfinst30283",
                            "id": "ocid1.instance.oc1.iad.abuwcljrpmixohju2cpynrpppwadmbgrlyzqpnxfauk6622i5w5pg5fgr2ja",
                            "image": "ocid1.image.oc1.iad.aaaaaaaaxrqeombwty6jyqgk3fraczdd63bv66xgfsqka4ktr7c57awr3p5a",
                            "ipxe_script": "",
                            "metadata.%": "2",
                            "metadata.ssh_authorized_keys": "ssh-rsa AAAAB3NzaC1yc2EAAAADAQABAAABAQD7n4mwTT2dKsqt1K4IYmmDesvpka5rgBA6wZDUAE8Oc2ETU52gRAMvPwiOlyyWyMCqooddCD3FwK2EJw8bASbDOyTBJfCeU8srycSv0VpFcl1O2d4yTg4PrWxfylFHt8ZWMYgZpgOXtUS+5CI8O2HaibhtDo0E699YnZgq7WugiHzj5+9sEQL9nIK6z5wNn3bXHJjwhGKJbXIE9CiD1jRxHdB7Mm+Vkd9kzKwJF4KcADSwg6RqE5Xv6K2Tm83h3G+O5td4hgtaHQORKBYifuqiLslpoXLOtNzHFLfe9/aNXvo0bZnt/wln1U9jOwUmLHMS7TJS5H88nC1IRKT2wTk/ linuxkeys",
                            "metadata.user_data": "IyEvYmluL2Jhc2gKeXVtIHVwZGF0ZSAteQo=",
                            "private_ip": "10.1.24.190",
                            "public_ip": "129.213.86.213",
                            "region": "iad",
                            "shape": "VM.Standard1.16",
                            "state": "RUNNING",
                            "subnet_id": "ocid1.subnet.oc1.iad.aaaaaaaaltjxls27iliwdk5ocfopio7rjlpkhuj2sijcp56sxhzvjxqhhz3a",
                            "time_created": "2018-03-08 15:00:27.393 +0000 UTC"
                        },
                        "meta": {},
                        "tainted": false
                    },
                    "deposed": [],
                    "provider": ""
                },
                "oci_core_instance.TFInstance3.286": {
                    "type": "oci_core_instance",
                    "depends_on": [
                        "data.oci_identity_availability_domains.ADs",
                        "oci_core_subnet.ExampleSubnet3"
                    ],
                    "primary": {
                        "id": "ocid1.instance.oc1.iad.abuwcljragyuaof4roj4dec6hoopawko2brxtd6r5jodfw7gbb46q62hwvra",
                        "attributes": {
                            "availability_domain": "lkEI:US-ASHBURN-AD-3",
                            "compartment_id": "ocid1.compartment.oc1..aaaaaaaapui4j3qyqji3bdg4vp35bldzpu55eqkfps3a6edu4z7tkonxoo5a",
                            "create_vnic_details.#": "1",
                            "create_vnic_details.0.assign_public_ip": "true",
                            "create_vnic_details.0.display_name": "primaryvnic",
                            "create_vnic_details.0.hostname_label": "tfinst30286",
                            "create_vnic_details.0.private_ip": "10.1.24.11",
                            "create_vnic_details.0.skip_source_dest_check": "false",
                            "create_vnic_details.0.subnet_id": "ocid1.subnet.oc1.iad.aaaaaaaaltjxls27iliwdk5ocfopio7rjlpkhuj2sijcp56sxhzvjxqhhz3a",
                            "display_name": "TFInstance30286",
                            "hostname_label": "tfinst30286",
                            "id": "ocid1.instance.oc1.iad.abuwcljragyuaof4roj4dec6hoopawko2brxtd6r5jodfw7gbb46q62hwvra",
                            "image": "ocid1.image.oc1.iad.aaaaaaaaxrqeombwty6jyqgk3fraczdd63bv66xgfsqka4ktr7c57awr3p5a",
                            "ipxe_script": "",
                            "metadata.%": "2",
                            "metadata.ssh_authorized_keys": "ssh-rsa AAAAB3NzaC1yc2EAAAADAQABAAABAQD7n4mwTT2dKsqt1K4IYmmDesvpka5rgBA6wZDUAE8Oc2ETU52gRAMvPwiOlyyWyMCqooddCD3FwK2EJw8bASbDOyTBJfCeU8srycSv0VpFcl1O2d4yTg4PrWxfylFHt8ZWMYgZpgOXtUS+5CI8O2HaibhtDo0E699YnZgq7WugiHzj5+9sEQL9nIK6z5wNn3bXHJjwhGKJbXIE9CiD1jRxHdB7Mm+Vkd9kzKwJF4KcADSwg6RqE5Xv6K2Tm83h3G+O5td4hgtaHQORKBYifuqiLslpoXLOtNzHFLfe9/aNXvo0bZnt/wln1U9jOwUmLHMS7TJS5H88nC1IRKT2wTk/ linuxkeys",
                            "metadata.user_data": "IyEvYmluL2Jhc2gKeXVtIHVwZGF0ZSAteQo=",
                            "private_ip": "10.1.24.11",
                            "public_ip": "129.213.19.39",
                            "region": "iad",
                            "shape": "VM.Standard1.16",
                            "state": "TERMINATING",
                            "subnet_id": "ocid1.subnet.oc1.iad.aaaaaaaaltjxls27iliwdk5ocfopio7rjlpkhuj2sijcp56sxhzvjxqhhz3a",
                            "time_created": "2018-03-08 14:56:09.264 +0000 UTC"
                        },
                        "meta": {},
                        "tainted": false
                    },
                    "deposed": [],
                    "provider": ""
                },
                "oci_core_instance.TFInstance3.288": {
                    "type": "oci_core_instance",
                    "depends_on": [
                        "data.oci_identity_availability_domains.ADs",
                        "oci_core_subnet.ExampleSubnet3"
                    ],
                    "primary": {
                        "id": "ocid1.instance.oc1.iad.abuwcljru36mcwkvc7upsujysux6phergxnsxcagooejayabnkxrl2nyuk6a",
                        "attributes": {
                            "availability_domain": "lkEI:US-ASHBURN-AD-3",
                            "compartment_id": "ocid1.compartment.oc1..aaaaaaaapui4j3qyqji3bdg4vp35bldzpu55eqkfps3a6edu4z7tkonxoo5a",
                            "create_vnic_details.#": "1",
                            "create_vnic_details.0.assign_public_ip": "true",
                            "create_vnic_details.0.display_name": "primaryvnic",
                            "create_vnic_details.0.hostname_label": "tfinst30288",
                            "create_vnic_details.0.private_ip": "10.1.24.57",
                            "create_vnic_details.0.skip_source_dest_check": "false",
                            "create_vnic_details.0.subnet_id": "ocid1.subnet.oc1.iad.aaaaaaaaltjxls27iliwdk5ocfopio7rjlpkhuj2sijcp56sxhzvjxqhhz3a",
                            "display_name": "TFInstance30288",
                            "hostname_label": "tfinst30288",
                            "id": "ocid1.instance.oc1.iad.abuwcljru36mcwkvc7upsujysux6phergxnsxcagooejayabnkxrl2nyuk6a",
                            "image": "ocid1.image.oc1.iad.aaaaaaaaxrqeombwty6jyqgk3fraczdd63bv66xgfsqka4ktr7c57awr3p5a",
                            "ipxe_script": "",
                            "metadata.%": "2",
                            "metadata.ssh_authorized_keys": "ssh-rsa AAAAB3NzaC1yc2EAAAADAQABAAABAQD7n4mwTT2dKsqt1K4IYmmDesvpka5rgBA6wZDUAE8Oc2ETU52gRAMvPwiOlyyWyMCqooddCD3FwK2EJw8bASbDOyTBJfCeU8srycSv0VpFcl1O2d4yTg4PrWxfylFHt8ZWMYgZpgOXtUS+5CI8O2HaibhtDo0E699YnZgq7WugiHzj5+9sEQL9nIK6z5wNn3bXHJjwhGKJbXIE9CiD1jRxHdB7Mm+Vkd9kzKwJF4KcADSwg6RqE5Xv6K2Tm83h3G+O5td4hgtaHQORKBYifuqiLslpoXLOtNzHFLfe9/aNXvo0bZnt/wln1U9jOwUmLHMS7TJS5H88nC1IRKT2wTk/ linuxkeys",
                            "metadata.user_data": "IyEvYmluL2Jhc2gKeXVtIHVwZGF0ZSAteQo=",
                            "private_ip": "10.1.24.57",
                            "public_ip": "129.213.21.79",
                            "region": "iad",
                            "shape": "VM.Standard1.16",
                            "state": "RUNNING",
                            "subnet_id": "ocid1.subnet.oc1.iad.aaaaaaaaltjxls27iliwdk5ocfopio7rjlpkhuj2sijcp56sxhzvjxqhhz3a",
                            "time_created": "2018-03-08 14:57:51.612 +0000 UTC"
                        },
                        "meta": {},
                        "tainted": false
                    },
                    "deposed": [],
                    "provider": ""
                },
                "oci_core_instance.TFInstance3.290": {
                    "type": "oci_core_instance",
                    "depends_on": [
                        "data.oci_identity_availability_domains.ADs",
                        "oci_core_subnet.ExampleSubnet3"
                    ],
                    "primary": {
                        "id": "ocid1.instance.oc1.iad.abuwcljr3vtr2hxurhiin52vkys2j7raavrk5bwoetpikfn5kpopqo64dvfa",
                        "attributes": {
                            "availability_domain": "lkEI:US-ASHBURN-AD-3",
                            "compartment_id": "ocid1.compartment.oc1..aaaaaaaapui4j3qyqji3bdg4vp35bldzpu55eqkfps3a6edu4z7tkonxoo5a",
                            "create_vnic_details.#": "1",
                            "create_vnic_details.0.assign_public_ip": "true",
                            "create_vnic_details.0.display_name": "primaryvnic",
                            "create_vnic_details.0.hostname_label": "tfinst30290",
                            "create_vnic_details.0.private_ip": "10.1.24.204",
                            "create_vnic_details.0.skip_source_dest_check": "false",
                            "create_vnic_details.0.subnet_id": "ocid1.subnet.oc1.iad.aaaaaaaaltjxls27iliwdk5ocfopio7rjlpkhuj2sijcp56sxhzvjxqhhz3a",
                            "display_name": "TFInstance30290",
                            "hostname_label": "tfinst30290",
                            "id": "ocid1.instance.oc1.iad.abuwcljr3vtr2hxurhiin52vkys2j7raavrk5bwoetpikfn5kpopqo64dvfa",
                            "image": "ocid1.image.oc1.iad.aaaaaaaaxrqeombwty6jyqgk3fraczdd63bv66xgfsqka4ktr7c57awr3p5a",
                            "ipxe_script": "",
                            "metadata.%": "2",
                            "metadata.ssh_authorized_keys": "ssh-rsa AAAAB3NzaC1yc2EAAAADAQABAAABAQD7n4mwTT2dKsqt1K4IYmmDesvpka5rgBA6wZDUAE8Oc2ETU52gRAMvPwiOlyyWyMCqooddCD3FwK2EJw8bASbDOyTBJfCeU8srycSv0VpFcl1O2d4yTg4PrWxfylFHt8ZWMYgZpgOXtUS+5CI8O2HaibhtDo0E699YnZgq7WugiHzj5+9sEQL9nIK6z5wNn3bXHJjwhGKJbXIE9CiD1jRxHdB7Mm+Vkd9kzKwJF4KcADSwg6RqE5Xv6K2Tm83h3G+O5td4hgtaHQORKBYifuqiLslpoXLOtNzHFLfe9/aNXvo0bZnt/wln1U9jOwUmLHMS7TJS5H88nC1IRKT2wTk/ linuxkeys",
                            "metadata.user_data": "IyEvYmluL2Jhc2gKeXVtIHVwZGF0ZSAteQo=",
                            "private_ip": "10.1.24.204",
                            "public_ip": "129.213.86.27",
                            "region": "iad",
                            "shape": "VM.Standard1.16",
                            "state": "RUNNING",
                            "subnet_id": "ocid1.subnet.oc1.iad.aaaaaaaaltjxls27iliwdk5ocfopio7rjlpkhuj2sijcp56sxhzvjxqhhz3a",
                            "time_created": "2018-03-08 15:00:38.461 +0000 UTC"
                        },
                        "meta": {},
                        "tainted": false
                    },
                    "deposed": [],
                    "provider": ""
                },
                "oci_core_instance.TFInstance3.294": {
                    "type": "oci_core_instance",
                    "depends_on": [
                        "data.oci_identity_availability_domains.ADs",
                        "oci_core_subnet.ExampleSubnet3"
                    ],
                    "primary": {
                        "id": "ocid1.instance.oc1.iad.abuwcljrzii26c263lnhg5thcwq7wilyn2xgmanfqzypifwf6l5hhoilcfua",
                        "attributes": {
                            "availability_domain": "lkEI:US-ASHBURN-AD-3",
                            "compartment_id": "ocid1.compartment.oc1..aaaaaaaapui4j3qyqji3bdg4vp35bldzpu55eqkfps3a6edu4z7tkonxoo5a",
                            "create_vnic_details.#": "1",
                            "create_vnic_details.0.assign_public_ip": "true",
                            "create_vnic_details.0.display_name": "primaryvnic",
                            "create_vnic_details.0.hostname_label": "tfinst30294",
                            "create_vnic_details.0.private_ip": "10.1.24.206",
                            "create_vnic_details.0.skip_source_dest_check": "false",
                            "create_vnic_details.0.subnet_id": "ocid1.subnet.oc1.iad.aaaaaaaaltjxls27iliwdk5ocfopio7rjlpkhuj2sijcp56sxhzvjxqhhz3a",
                            "display_name": "TFInstance30294",
                            "hostname_label": "tfinst30294",
                            "id": "ocid1.instance.oc1.iad.abuwcljrzii26c263lnhg5thcwq7wilyn2xgmanfqzypifwf6l5hhoilcfua",
                            "image": "ocid1.image.oc1.iad.aaaaaaaaxrqeombwty6jyqgk3fraczdd63bv66xgfsqka4ktr7c57awr3p5a",
                            "ipxe_script": "",
                            "metadata.%": "2",
                            "metadata.ssh_authorized_keys": "ssh-rsa AAAAB3NzaC1yc2EAAAADAQABAAABAQD7n4mwTT2dKsqt1K4IYmmDesvpka5rgBA6wZDUAE8Oc2ETU52gRAMvPwiOlyyWyMCqooddCD3FwK2EJw8bASbDOyTBJfCeU8srycSv0VpFcl1O2d4yTg4PrWxfylFHt8ZWMYgZpgOXtUS+5CI8O2HaibhtDo0E699YnZgq7WugiHzj5+9sEQL9nIK6z5wNn3bXHJjwhGKJbXIE9CiD1jRxHdB7Mm+Vkd9kzKwJF4KcADSwg6RqE5Xv6K2Tm83h3G+O5td4hgtaHQORKBYifuqiLslpoXLOtNzHFLfe9/aNXvo0bZnt/wln1U9jOwUmLHMS7TJS5H88nC1IRKT2wTk/ linuxkeys",
                            "metadata.user_data": "IyEvYmluL2Jhc2gKeXVtIHVwZGF0ZSAteQo=",
                            "private_ip": "10.1.24.206",
                            "public_ip": "129.213.23.92",
                            "region": "iad",
                            "shape": "VM.Standard1.16",
                            "state": "RUNNING",
                            "subnet_id": "ocid1.subnet.oc1.iad.aaaaaaaaltjxls27iliwdk5ocfopio7rjlpkhuj2sijcp56sxhzvjxqhhz3a",
                            "time_created": "2018-03-08 15:00:37.11 +0000 UTC"
                        },
                        "meta": {},
                        "tainted": false
                    },
                    "deposed": [],
                    "provider": ""
                },
                "oci_core_instance.TFInstance3.295": {
                    "type": "oci_core_instance",
                    "depends_on": [
                        "data.oci_identity_availability_domains.ADs",
                        "oci_core_subnet.ExampleSubnet3"
                    ],
                    "primary": {
                        "id": "ocid1.instance.oc1.iad.abuwcljrhkdfoxyov2tlxrrsuzltgqtq4vzwlqeaebaezim53frlqzrrastq",
                        "attributes": {
                            "availability_domain": "lkEI:US-ASHBURN-AD-3",
                            "compartment_id": "ocid1.compartment.oc1..aaaaaaaapui4j3qyqji3bdg4vp35bldzpu55eqkfps3a6edu4z7tkonxoo5a",
                            "create_vnic_details.#": "1",
                            "create_vnic_details.0.assign_public_ip": "true",
                            "create_vnic_details.0.display_name": "primaryvnic",
                            "create_vnic_details.0.hostname_label": "tfinst30295",
                            "create_vnic_details.0.private_ip": "10.1.24.59",
                            "create_vnic_details.0.skip_source_dest_check": "false",
                            "create_vnic_details.0.subnet_id": "ocid1.subnet.oc1.iad.aaaaaaaaltjxls27iliwdk5ocfopio7rjlpkhuj2sijcp56sxhzvjxqhhz3a",
                            "display_name": "TFInstance30295",
                            "hostname_label": "tfinst30295",
                            "id": "ocid1.instance.oc1.iad.abuwcljrhkdfoxyov2tlxrrsuzltgqtq4vzwlqeaebaezim53frlqzrrastq",
                            "image": "ocid1.image.oc1.iad.aaaaaaaaxrqeombwty6jyqgk3fraczdd63bv66xgfsqka4ktr7c57awr3p5a",
                            "ipxe_script": "",
                            "metadata.%": "2",
                            "metadata.ssh_authorized_keys": "ssh-rsa AAAAB3NzaC1yc2EAAAADAQABAAABAQD7n4mwTT2dKsqt1K4IYmmDesvpka5rgBA6wZDUAE8Oc2ETU52gRAMvPwiOlyyWyMCqooddCD3FwK2EJw8bASbDOyTBJfCeU8srycSv0VpFcl1O2d4yTg4PrWxfylFHt8ZWMYgZpgOXtUS+5CI8O2HaibhtDo0E699YnZgq7WugiHzj5+9sEQL9nIK6z5wNn3bXHJjwhGKJbXIE9CiD1jRxHdB7Mm+Vkd9kzKwJF4KcADSwg6RqE5Xv6K2Tm83h3G+O5td4hgtaHQORKBYifuqiLslpoXLOtNzHFLfe9/aNXvo0bZnt/wln1U9jOwUmLHMS7TJS5H88nC1IRKT2wTk/ linuxkeys",
                            "metadata.user_data": "IyEvYmluL2Jhc2gKeXVtIHVwZGF0ZSAteQo=",
                            "private_ip": "10.1.24.59",
                            "public_ip": "129.213.24.84",
                            "region": "iad",
                            "shape": "VM.Standard1.16",
                            "state": "TERMINATING",
                            "subnet_id": "ocid1.subnet.oc1.iad.aaaaaaaaltjxls27iliwdk5ocfopio7rjlpkhuj2sijcp56sxhzvjxqhhz3a",
                            "time_created": "2018-03-08 14:57:50.947 +0000 UTC"
                        },
                        "meta": {},
                        "tainted": false
                    },
                    "deposed": [],
                    "provider": ""
                },
                "oci_core_instance.TFInstance3.296": {
                    "type": "oci_core_instance",
                    "depends_on": [
                        "data.oci_identity_availability_domains.ADs",
                        "oci_core_subnet.ExampleSubnet3"
                    ],
                    "primary": {
                        "id": "ocid1.instance.oc1.iad.abuwcljrqixwvcwwlxvnarnjclldxbme2yb6v6kibph35kpm54extolemmpq",
                        "attributes": {
                            "availability_domain": "lkEI:US-ASHBURN-AD-3",
                            "compartment_id": "ocid1.compartment.oc1..aaaaaaaapui4j3qyqji3bdg4vp35bldzpu55eqkfps3a6edu4z7tkonxoo5a",
                            "create_vnic_details.#": "1",
                            "create_vnic_details.0.assign_public_ip": "true",
                            "create_vnic_details.0.display_name": "primaryvnic",
                            "create_vnic_details.0.hostname_label": "tfinst30296",
                            "create_vnic_details.0.private_ip": "10.1.24.92",
                            "create_vnic_details.0.skip_source_dest_check": "false",
                            "create_vnic_details.0.subnet_id": "ocid1.subnet.oc1.iad.aaaaaaaaltjxls27iliwdk5ocfopio7rjlpkhuj2sijcp56sxhzvjxqhhz3a",
                            "display_name": "TFInstance30296",
                            "hostname_label": "tfinst30296",
                            "id": "ocid1.instance.oc1.iad.abuwcljrqixwvcwwlxvnarnjclldxbme2yb6v6kibph35kpm54extolemmpq",
                            "image": "ocid1.image.oc1.iad.aaaaaaaaxrqeombwty6jyqgk3fraczdd63bv66xgfsqka4ktr7c57awr3p5a",
                            "ipxe_script": "",
                            "metadata.%": "2",
                            "metadata.ssh_authorized_keys": "ssh-rsa AAAAB3NzaC1yc2EAAAADAQABAAABAQD7n4mwTT2dKsqt1K4IYmmDesvpka5rgBA6wZDUAE8Oc2ETU52gRAMvPwiOlyyWyMCqooddCD3FwK2EJw8bASbDOyTBJfCeU8srycSv0VpFcl1O2d4yTg4PrWxfylFHt8ZWMYgZpgOXtUS+5CI8O2HaibhtDo0E699YnZgq7WugiHzj5+9sEQL9nIK6z5wNn3bXHJjwhGKJbXIE9CiD1jRxHdB7Mm+Vkd9kzKwJF4KcADSwg6RqE5Xv6K2Tm83h3G+O5td4hgtaHQORKBYifuqiLslpoXLOtNzHFLfe9/aNXvo0bZnt/wln1U9jOwUmLHMS7TJS5H88nC1IRKT2wTk/ linuxkeys",
                            "metadata.user_data": "IyEvYmluL2Jhc2gKeXVtIHVwZGF0ZSAteQo=",
                            "private_ip": "10.1.24.92",
                            "public_ip": "129.213.93.144",
                            "region": "iad",
                            "shape": "VM.Standard1.16",
                            "state": "TERMINATING",
                            "subnet_id": "ocid1.subnet.oc1.iad.aaaaaaaaltjxls27iliwdk5ocfopio7rjlpkhuj2sijcp56sxhzvjxqhhz3a",
                            "time_created": "2018-03-08 14:59:02.497 +0000 UTC"
                        },
                        "meta": {},
                        "tainted": false
                    },
                    "deposed": [],
                    "provider": ""
                },
                "oci_core_instance.TFInstance3.297": {
                    "type": "oci_core_instance",
                    "depends_on": [
                        "data.oci_identity_availability_domains.ADs",
                        "oci_core_subnet.ExampleSubnet3"
                    ],
                    "primary": {
                        "id": "ocid1.instance.oc1.iad.abuwcljrczwm55liqa2y3k6qezn2ykrbijhlov2wl24hxniohyiojnp5asqq",
                        "attributes": {
                            "availability_domain": "lkEI:US-ASHBURN-AD-3",
                            "compartment_id": "ocid1.compartment.oc1..aaaaaaaapui4j3qyqji3bdg4vp35bldzpu55eqkfps3a6edu4z7tkonxoo5a",
                            "create_vnic_details.#": "1",
                            "create_vnic_details.0.assign_public_ip": "true",
                            "create_vnic_details.0.display_name": "primaryvnic",
                            "create_vnic_details.0.hostname_label": "tfinst30297",
                            "create_vnic_details.0.private_ip": "10.1.24.155",
                            "create_vnic_details.0.skip_source_dest_check": "false",
                            "create_vnic_details.0.subnet_id": "ocid1.subnet.oc1.iad.aaaaaaaaltjxls27iliwdk5ocfopio7rjlpkhuj2sijcp56sxhzvjxqhhz3a",
                            "display_name": "TFInstance30297",
                            "hostname_label": "tfinst30297",
                            "id": "ocid1.instance.oc1.iad.abuwcljrczwm55liqa2y3k6qezn2ykrbijhlov2wl24hxniohyiojnp5asqq",
                            "image": "ocid1.image.oc1.iad.aaaaaaaaxrqeombwty6jyqgk3fraczdd63bv66xgfsqka4ktr7c57awr3p5a",
                            "ipxe_script": "",
                            "metadata.%": "2",
                            "metadata.ssh_authorized_keys": "ssh-rsa AAAAB3NzaC1yc2EAAAADAQABAAABAQD7n4mwTT2dKsqt1K4IYmmDesvpka5rgBA6wZDUAE8Oc2ETU52gRAMvPwiOlyyWyMCqooddCD3FwK2EJw8bASbDOyTBJfCeU8srycSv0VpFcl1O2d4yTg4PrWxfylFHt8ZWMYgZpgOXtUS+5CI8O2HaibhtDo0E699YnZgq7WugiHzj5+9sEQL9nIK6z5wNn3bXHJjwhGKJbXIE9CiD1jRxHdB7Mm+Vkd9kzKwJF4KcADSwg6RqE5Xv6K2Tm83h3G+O5td4hgtaHQORKBYifuqiLslpoXLOtNzHFLfe9/aNXvo0bZnt/wln1U9jOwUmLHMS7TJS5H88nC1IRKT2wTk/ linuxkeys",
                            "metadata.user_data": "IyEvYmluL2Jhc2gKeXVtIHVwZGF0ZSAteQo=",
                            "private_ip": "10.1.24.155",
                            "public_ip": "129.213.27.54",
                            "region": "iad",
                            "shape": "VM.Standard1.16",
                            "state": "RUNNING",
                            "subnet_id": "ocid1.subnet.oc1.iad.aaaaaaaaltjxls27iliwdk5ocfopio7rjlpkhuj2sijcp56sxhzvjxqhhz3a",
                            "time_created": "2018-03-08 15:00:22.244 +0000 UTC"
                        },
                        "meta": {},
                        "tainted": false
                    },
                    "deposed": [],
                    "provider": ""
                },
                "oci_core_instance.TFInstance3.298": {
                    "type": "oci_core_instance",
                    "depends_on": [
                        "data.oci_identity_availability_domains.ADs",
                        "oci_core_subnet.ExampleSubnet3"
                    ],
                    "primary": {
                        "id": "ocid1.instance.oc1.iad.abuwcljrcgzxmb2tvg2jdznaelwztpbtmkegbk3z3b2jy2eqmdnaflpcykmq",
                        "attributes": {
                            "availability_domain": "lkEI:US-ASHBURN-AD-3",
                            "compartment_id": "ocid1.compartment.oc1..aaaaaaaapui4j3qyqji3bdg4vp35bldzpu55eqkfps3a6edu4z7tkonxoo5a",
                            "create_vnic_details.#": "1",
                            "create_vnic_details.0.assign_public_ip": "true",
                            "create_vnic_details.0.display_name": "primaryvnic",
                            "create_vnic_details.0.hostname_label": "tfinst30298",
                            "create_vnic_details.0.private_ip": "10.1.24.228",
                            "create_vnic_details.0.skip_source_dest_check": "false",
                            "create_vnic_details.0.subnet_id": "ocid1.subnet.oc1.iad.aaaaaaaaltjxls27iliwdk5ocfopio7rjlpkhuj2sijcp56sxhzvjxqhhz3a",
                            "display_name": "TFInstance30298",
                            "hostname_label": "tfinst30298",
                            "id": "ocid1.instance.oc1.iad.abuwcljrcgzxmb2tvg2jdznaelwztpbtmkegbk3z3b2jy2eqmdnaflpcykmq",
                            "image": "ocid1.image.oc1.iad.aaaaaaaaxrqeombwty6jyqgk3fraczdd63bv66xgfsqka4ktr7c57awr3p5a",
                            "ipxe_script": "",
                            "metadata.%": "2",
                            "metadata.ssh_authorized_keys": "ssh-rsa AAAAB3NzaC1yc2EAAAADAQABAAABAQD7n4mwTT2dKsqt1K4IYmmDesvpka5rgBA6wZDUAE8Oc2ETU52gRAMvPwiOlyyWyMCqooddCD3FwK2EJw8bASbDOyTBJfCeU8srycSv0VpFcl1O2d4yTg4PrWxfylFHt8ZWMYgZpgOXtUS+5CI8O2HaibhtDo0E699YnZgq7WugiHzj5+9sEQL9nIK6z5wNn3bXHJjwhGKJbXIE9CiD1jRxHdB7Mm+Vkd9kzKwJF4KcADSwg6RqE5Xv6K2Tm83h3G+O5td4hgtaHQORKBYifuqiLslpoXLOtNzHFLfe9/aNXvo0bZnt/wln1U9jOwUmLHMS7TJS5H88nC1IRKT2wTk/ linuxkeys",
                            "metadata.user_data": "IyEvYmluL2Jhc2gKeXVtIHVwZGF0ZSAteQo=",
                            "private_ip": "10.1.24.228",
                            "public_ip": "129.213.17.45",
                            "region": "iad",
                            "shape": "VM.Standard1.16",
                            "state": "RUNNING",
                            "subnet_id": "ocid1.subnet.oc1.iad.aaaaaaaaltjxls27iliwdk5ocfopio7rjlpkhuj2sijcp56sxhzvjxqhhz3a",
                            "time_created": "2018-03-08 15:00:35.787 +0000 UTC"
                        },
                        "meta": {},
                        "tainted": false
                    },
                    "deposed": [],
                    "provider": ""
                },
                "oci_core_instance.TFInstance3.299": {
                    "type": "oci_core_instance",
                    "depends_on": [
                        "data.oci_identity_availability_domains.ADs",
                        "oci_core_subnet.ExampleSubnet3"
                    ],
                    "primary": {
                        "id": "ocid1.instance.oc1.iad.abuwcljrkowjcz4snmbffpmwzvbclpgshjqurdmi6vz5aya7e3xhlxpotsha",
                        "attributes": {
                            "availability_domain": "lkEI:US-ASHBURN-AD-3",
                            "compartment_id": "ocid1.compartment.oc1..aaaaaaaapui4j3qyqji3bdg4vp35bldzpu55eqkfps3a6edu4z7tkonxoo5a",
                            "create_vnic_details.#": "1",
                            "create_vnic_details.0.assign_public_ip": "true",
                            "create_vnic_details.0.display_name": "primaryvnic",
                            "create_vnic_details.0.hostname_label": "tfinst30299",
                            "create_vnic_details.0.private_ip": "10.1.24.141",
                            "create_vnic_details.0.skip_source_dest_check": "false",
                            "create_vnic_details.0.subnet_id": "ocid1.subnet.oc1.iad.aaaaaaaaltjxls27iliwdk5ocfopio7rjlpkhuj2sijcp56sxhzvjxqhhz3a",
                            "display_name": "TFInstance30299",
                            "hostname_label": "tfinst30299",
                            "id": "ocid1.instance.oc1.iad.abuwcljrkowjcz4snmbffpmwzvbclpgshjqurdmi6vz5aya7e3xhlxpotsha",
                            "image": "ocid1.image.oc1.iad.aaaaaaaaxrqeombwty6jyqgk3fraczdd63bv66xgfsqka4ktr7c57awr3p5a",
                            "ipxe_script": "",
                            "metadata.%": "2",
                            "metadata.ssh_authorized_keys": "ssh-rsa AAAAB3NzaC1yc2EAAAADAQABAAABAQD7n4mwTT2dKsqt1K4IYmmDesvpka5rgBA6wZDUAE8Oc2ETU52gRAMvPwiOlyyWyMCqooddCD3FwK2EJw8bASbDOyTBJfCeU8srycSv0VpFcl1O2d4yTg4PrWxfylFHt8ZWMYgZpgOXtUS+5CI8O2HaibhtDo0E699YnZgq7WugiHzj5+9sEQL9nIK6z5wNn3bXHJjwhGKJbXIE9CiD1jRxHdB7Mm+Vkd9kzKwJF4KcADSwg6RqE5Xv6K2Tm83h3G+O5td4hgtaHQORKBYifuqiLslpoXLOtNzHFLfe9/aNXvo0bZnt/wln1U9jOwUmLHMS7TJS5H88nC1IRKT2wTk/ linuxkeys",
                            "metadata.user_data": "IyEvYmluL2Jhc2gKeXVtIHVwZGF0ZSAteQo=",
                            "private_ip": "10.1.24.141",
                            "public_ip": "129.213.87.38",
                            "region": "iad",
                            "shape": "VM.Standard1.16",
                            "state": "RUNNING",
                            "subnet_id": "ocid1.subnet.oc1.iad.aaaaaaaaltjxls27iliwdk5ocfopio7rjlpkhuj2sijcp56sxhzvjxqhhz3a",
                            "time_created": "2018-03-08 15:00:03.273 +0000 UTC"
                        },
                        "meta": {},
                        "tainted": false
                    },
                    "deposed": [],
                    "provider": ""
                },
                "oci_core_instance.TFInstance3.32": {
                    "type": "oci_core_instance",
                    "depends_on": [
                        "data.oci_identity_availability_domains.ADs",
                        "oci_core_subnet.ExampleSubnet3"
                    ],
                    "primary": {
                        "id": "ocid1.instance.oc1.iad.abuwcljrhmh5rl4hic2iaez33szdee2gwfr4zn4do45fp7khz6nfbxqbw2jq",
                        "attributes": {
                            "availability_domain": "lkEI:US-ASHBURN-AD-3",
                            "compartment_id": "ocid1.compartment.oc1..aaaaaaaapui4j3qyqji3bdg4vp35bldzpu55eqkfps3a6edu4z7tkonxoo5a",
                            "create_vnic_details.#": "1",
                            "create_vnic_details.0.assign_public_ip": "true",
                            "create_vnic_details.0.display_name": "primaryvnic",
                            "create_vnic_details.0.hostname_label": "tfinst30032",
                            "create_vnic_details.0.private_ip": "10.1.24.111",
                            "create_vnic_details.0.skip_source_dest_check": "false",
                            "create_vnic_details.0.subnet_id": "ocid1.subnet.oc1.iad.aaaaaaaaltjxls27iliwdk5ocfopio7rjlpkhuj2sijcp56sxhzvjxqhhz3a",
                            "display_name": "TFInstance30032",
                            "hostname_label": "tfinst30032",
                            "id": "ocid1.instance.oc1.iad.abuwcljrhmh5rl4hic2iaez33szdee2gwfr4zn4do45fp7khz6nfbxqbw2jq",
                            "image": "ocid1.image.oc1.iad.aaaaaaaaxrqeombwty6jyqgk3fraczdd63bv66xgfsqka4ktr7c57awr3p5a",
                            "ipxe_script": "",
                            "metadata.%": "2",
                            "metadata.ssh_authorized_keys": "ssh-rsa AAAAB3NzaC1yc2EAAAADAQABAAABAQD7n4mwTT2dKsqt1K4IYmmDesvpka5rgBA6wZDUAE8Oc2ETU52gRAMvPwiOlyyWyMCqooddCD3FwK2EJw8bASbDOyTBJfCeU8srycSv0VpFcl1O2d4yTg4PrWxfylFHt8ZWMYgZpgOXtUS+5CI8O2HaibhtDo0E699YnZgq7WugiHzj5+9sEQL9nIK6z5wNn3bXHJjwhGKJbXIE9CiD1jRxHdB7Mm+Vkd9kzKwJF4KcADSwg6RqE5Xv6K2Tm83h3G+O5td4hgtaHQORKBYifuqiLslpoXLOtNzHFLfe9/aNXvo0bZnt/wln1U9jOwUmLHMS7TJS5H88nC1IRKT2wTk/ linuxkeys",
                            "metadata.user_data": "IyEvYmluL2Jhc2gKeXVtIHVwZGF0ZSAteQo=",
                            "private_ip": "10.1.24.111",
                            "public_ip": "129.213.90.181",
                            "region": "iad",
                            "shape": "VM.Standard1.16",
                            "state": "TERMINATING",
                            "subnet_id": "ocid1.subnet.oc1.iad.aaaaaaaaltjxls27iliwdk5ocfopio7rjlpkhuj2sijcp56sxhzvjxqhhz3a",
                            "time_created": "2018-03-08 14:59:21.925 +0000 UTC"
                        },
                        "meta": {},
                        "tainted": false
                    },
                    "deposed": [],
                    "provider": ""
                },
                "oci_core_instance.TFInstance3.33": {
                    "type": "oci_core_instance",
                    "depends_on": [
                        "data.oci_identity_availability_domains.ADs",
                        "oci_core_subnet.ExampleSubnet3"
                    ],
                    "primary": {
                        "id": "ocid1.instance.oc1.iad.abuwcljrzrt7lstjzf64ujxciuqzhk6cbr65hgng53v7s5jsed67m5j67e5a",
                        "attributes": {
                            "availability_domain": "lkEI:US-ASHBURN-AD-3",
                            "compartment_id": "ocid1.compartment.oc1..aaaaaaaapui4j3qyqji3bdg4vp35bldzpu55eqkfps3a6edu4z7tkonxoo5a",
                            "create_vnic_details.#": "1",
                            "create_vnic_details.0.assign_public_ip": "true",
                            "create_vnic_details.0.display_name": "primaryvnic",
                            "create_vnic_details.0.hostname_label": "tfinst30033",
                            "create_vnic_details.0.private_ip": "10.1.24.214",
                            "create_vnic_details.0.skip_source_dest_check": "false",
                            "create_vnic_details.0.subnet_id": "ocid1.subnet.oc1.iad.aaaaaaaaltjxls27iliwdk5ocfopio7rjlpkhuj2sijcp56sxhzvjxqhhz3a",
                            "display_name": "TFInstance30033",
                            "hostname_label": "tfinst30033",
                            "id": "ocid1.instance.oc1.iad.abuwcljrzrt7lstjzf64ujxciuqzhk6cbr65hgng53v7s5jsed67m5j67e5a",
                            "image": "ocid1.image.oc1.iad.aaaaaaaaxrqeombwty6jyqgk3fraczdd63bv66xgfsqka4ktr7c57awr3p5a",
                            "ipxe_script": "",
                            "metadata.%": "2",
                            "metadata.ssh_authorized_keys": "ssh-rsa AAAAB3NzaC1yc2EAAAADAQABAAABAQD7n4mwTT2dKsqt1K4IYmmDesvpka5rgBA6wZDUAE8Oc2ETU52gRAMvPwiOlyyWyMCqooddCD3FwK2EJw8bASbDOyTBJfCeU8srycSv0VpFcl1O2d4yTg4PrWxfylFHt8ZWMYgZpgOXtUS+5CI8O2HaibhtDo0E699YnZgq7WugiHzj5+9sEQL9nIK6z5wNn3bXHJjwhGKJbXIE9CiD1jRxHdB7Mm+Vkd9kzKwJF4KcADSwg6RqE5Xv6K2Tm83h3G+O5td4hgtaHQORKBYifuqiLslpoXLOtNzHFLfe9/aNXvo0bZnt/wln1U9jOwUmLHMS7TJS5H88nC1IRKT2wTk/ linuxkeys",
                            "metadata.user_data": "IyEvYmluL2Jhc2gKeXVtIHVwZGF0ZSAteQo=",
                            "private_ip": "10.1.24.214",
                            "public_ip": "129.213.88.194",
                            "region": "iad",
                            "shape": "VM.Standard1.16",
                            "state": "RUNNING",
                            "subnet_id": "ocid1.subnet.oc1.iad.aaaaaaaaltjxls27iliwdk5ocfopio7rjlpkhuj2sijcp56sxhzvjxqhhz3a",
                            "time_created": "2018-03-08 15:00:23.302 +0000 UTC"
                        },
                        "meta": {},
                        "tainted": false
                    },
                    "deposed": [],
                    "provider": ""
                },
                "oci_core_instance.TFInstance3.34": {
                    "type": "oci_core_instance",
                    "depends_on": [
                        "data.oci_identity_availability_domains.ADs",
                        "oci_core_subnet.ExampleSubnet3"
                    ],
                    "primary": {
                        "id": "ocid1.instance.oc1.iad.abuwcljrywwrinuaipydfaehi3fovyl5ujk4gf5bdpxbpknq6kodkggey2cq",
                        "attributes": {
                            "availability_domain": "lkEI:US-ASHBURN-AD-3",
                            "compartment_id": "ocid1.compartment.oc1..aaaaaaaapui4j3qyqji3bdg4vp35bldzpu55eqkfps3a6edu4z7tkonxoo5a",
                            "create_vnic_details.#": "1",
                            "create_vnic_details.0.assign_public_ip": "true",
                            "create_vnic_details.0.display_name": "primaryvnic",
                            "create_vnic_details.0.hostname_label": "tfinst30034",
                            "create_vnic_details.0.private_ip": "10.1.24.191",
                            "create_vnic_details.0.skip_source_dest_check": "false",
                            "create_vnic_details.0.subnet_id": "ocid1.subnet.oc1.iad.aaaaaaaaltjxls27iliwdk5ocfopio7rjlpkhuj2sijcp56sxhzvjxqhhz3a",
                            "display_name": "TFInstance30034",
                            "hostname_label": "tfinst30034",
                            "id": "ocid1.instance.oc1.iad.abuwcljrywwrinuaipydfaehi3fovyl5ujk4gf5bdpxbpknq6kodkggey2cq",
                            "image": "ocid1.image.oc1.iad.aaaaaaaaxrqeombwty6jyqgk3fraczdd63bv66xgfsqka4ktr7c57awr3p5a",
                            "ipxe_script": "",
                            "metadata.%": "2",
                            "metadata.ssh_authorized_keys": "ssh-rsa AAAAB3NzaC1yc2EAAAADAQABAAABAQD7n4mwTT2dKsqt1K4IYmmDesvpka5rgBA6wZDUAE8Oc2ETU52gRAMvPwiOlyyWyMCqooddCD3FwK2EJw8bASbDOyTBJfCeU8srycSv0VpFcl1O2d4yTg4PrWxfylFHt8ZWMYgZpgOXtUS+5CI8O2HaibhtDo0E699YnZgq7WugiHzj5+9sEQL9nIK6z5wNn3bXHJjwhGKJbXIE9CiD1jRxHdB7Mm+Vkd9kzKwJF4KcADSwg6RqE5Xv6K2Tm83h3G+O5td4hgtaHQORKBYifuqiLslpoXLOtNzHFLfe9/aNXvo0bZnt/wln1U9jOwUmLHMS7TJS5H88nC1IRKT2wTk/ linuxkeys",
                            "metadata.user_data": "IyEvYmluL2Jhc2gKeXVtIHVwZGF0ZSAteQo=",
                            "private_ip": "10.1.24.191",
                            "public_ip": "129.213.88.190",
                            "region": "iad",
                            "shape": "VM.Standard1.16",
                            "state": "RUNNING",
                            "subnet_id": "ocid1.subnet.oc1.iad.aaaaaaaaltjxls27iliwdk5ocfopio7rjlpkhuj2sijcp56sxhzvjxqhhz3a",
                            "time_created": "2018-03-08 15:00:27.098 +0000 UTC"
                        },
                        "meta": {},
                        "tainted": false
                    },
                    "deposed": [],
                    "provider": ""
                },
                "oci_core_instance.TFInstance3.35": {
                    "type": "oci_core_instance",
                    "depends_on": [
                        "data.oci_identity_availability_domains.ADs",
                        "oci_core_subnet.ExampleSubnet3"
                    ],
                    "primary": {
                        "id": "ocid1.instance.oc1.iad.abuwcljrg7mabsfrw5lgstgcojqj4nzf6rwqhkmpvr6uezgf5hh4kazi2kvq",
                        "attributes": {
                            "availability_domain": "lkEI:US-ASHBURN-AD-3",
                            "compartment_id": "ocid1.compartment.oc1..aaaaaaaapui4j3qyqji3bdg4vp35bldzpu55eqkfps3a6edu4z7tkonxoo5a",
                            "create_vnic_details.#": "1",
                            "create_vnic_details.0.assign_public_ip": "true",
                            "create_vnic_details.0.display_name": "primaryvnic",
                            "create_vnic_details.0.hostname_label": "tfinst30035",
                            "create_vnic_details.0.private_ip": "10.1.24.223",
                            "create_vnic_details.0.skip_source_dest_check": "false",
                            "create_vnic_details.0.subnet_id": "ocid1.subnet.oc1.iad.aaaaaaaaltjxls27iliwdk5ocfopio7rjlpkhuj2sijcp56sxhzvjxqhhz3a",
                            "display_name": "TFInstance30035",
                            "hostname_label": "tfinst30035",
                            "id": "ocid1.instance.oc1.iad.abuwcljrg7mabsfrw5lgstgcojqj4nzf6rwqhkmpvr6uezgf5hh4kazi2kvq",
                            "image": "ocid1.image.oc1.iad.aaaaaaaaxrqeombwty6jyqgk3fraczdd63bv66xgfsqka4ktr7c57awr3p5a",
                            "ipxe_script": "",
                            "metadata.%": "2",
                            "metadata.ssh_authorized_keys": "ssh-rsa AAAAB3NzaC1yc2EAAAADAQABAAABAQD7n4mwTT2dKsqt1K4IYmmDesvpka5rgBA6wZDUAE8Oc2ETU52gRAMvPwiOlyyWyMCqooddCD3FwK2EJw8bASbDOyTBJfCeU8srycSv0VpFcl1O2d4yTg4PrWxfylFHt8ZWMYgZpgOXtUS+5CI8O2HaibhtDo0E699YnZgq7WugiHzj5+9sEQL9nIK6z5wNn3bXHJjwhGKJbXIE9CiD1jRxHdB7Mm+Vkd9kzKwJF4KcADSwg6RqE5Xv6K2Tm83h3G+O5td4hgtaHQORKBYifuqiLslpoXLOtNzHFLfe9/aNXvo0bZnt/wln1U9jOwUmLHMS7TJS5H88nC1IRKT2wTk/ linuxkeys",
                            "metadata.user_data": "IyEvYmluL2Jhc2gKeXVtIHVwZGF0ZSAteQo=",
                            "private_ip": "10.1.24.223",
                            "public_ip": "129.213.81.130",
                            "region": "iad",
                            "shape": "VM.Standard1.16",
                            "state": "RUNNING",
                            "subnet_id": "ocid1.subnet.oc1.iad.aaaaaaaaltjxls27iliwdk5ocfopio7rjlpkhuj2sijcp56sxhzvjxqhhz3a",
                            "time_created": "2018-03-08 15:00:26.811 +0000 UTC"
                        },
                        "meta": {},
                        "tainted": false
                    },
                    "deposed": [],
                    "provider": ""
                },
                "oci_core_instance.TFInstance3.38": {
                    "type": "oci_core_instance",
                    "depends_on": [
                        "data.oci_identity_availability_domains.ADs",
                        "oci_core_subnet.ExampleSubnet3"
                    ],
                    "primary": {
                        "id": "ocid1.instance.oc1.iad.abuwcljrf56hmhpsmvlj73q5zrjp42v3ggnvxgi2ju5fv5e2q344tup3pbjq",
                        "attributes": {
                            "availability_domain": "lkEI:US-ASHBURN-AD-3",
                            "compartment_id": "ocid1.compartment.oc1..aaaaaaaapui4j3qyqji3bdg4vp35bldzpu55eqkfps3a6edu4z7tkonxoo5a",
                            "create_vnic_details.#": "1",
                            "create_vnic_details.0.assign_public_ip": "true",
                            "create_vnic_details.0.display_name": "primaryvnic",
                            "create_vnic_details.0.hostname_label": "tfinst30038",
                            "create_vnic_details.0.private_ip": "10.1.24.158",
                            "create_vnic_details.0.skip_source_dest_check": "false",
                            "create_vnic_details.0.subnet_id": "ocid1.subnet.oc1.iad.aaaaaaaaltjxls27iliwdk5ocfopio7rjlpkhuj2sijcp56sxhzvjxqhhz3a",
                            "display_name": "TFInstance30038",
                            "hostname_label": "tfinst30038",
                            "id": "ocid1.instance.oc1.iad.abuwcljrf56hmhpsmvlj73q5zrjp42v3ggnvxgi2ju5fv5e2q344tup3pbjq",
                            "image": "ocid1.image.oc1.iad.aaaaaaaaxrqeombwty6jyqgk3fraczdd63bv66xgfsqka4ktr7c57awr3p5a",
                            "ipxe_script": "",
                            "metadata.%": "2",
                            "metadata.ssh_authorized_keys": "ssh-rsa AAAAB3NzaC1yc2EAAAADAQABAAABAQD7n4mwTT2dKsqt1K4IYmmDesvpka5rgBA6wZDUAE8Oc2ETU52gRAMvPwiOlyyWyMCqooddCD3FwK2EJw8bASbDOyTBJfCeU8srycSv0VpFcl1O2d4yTg4PrWxfylFHt8ZWMYgZpgOXtUS+5CI8O2HaibhtDo0E699YnZgq7WugiHzj5+9sEQL9nIK6z5wNn3bXHJjwhGKJbXIE9CiD1jRxHdB7Mm+Vkd9kzKwJF4KcADSwg6RqE5Xv6K2Tm83h3G+O5td4hgtaHQORKBYifuqiLslpoXLOtNzHFLfe9/aNXvo0bZnt/wln1U9jOwUmLHMS7TJS5H88nC1IRKT2wTk/ linuxkeys",
                            "metadata.user_data": "IyEvYmluL2Jhc2gKeXVtIHVwZGF0ZSAteQo=",
                            "private_ip": "10.1.24.158",
                            "public_ip": "129.213.16.115",
                            "region": "iad",
                            "shape": "VM.Standard1.16",
                            "state": "RUNNING",
                            "subnet_id": "ocid1.subnet.oc1.iad.aaaaaaaaltjxls27iliwdk5ocfopio7rjlpkhuj2sijcp56sxhzvjxqhhz3a",
                            "time_created": "2018-03-08 15:00:19.539 +0000 UTC"
                        },
                        "meta": {},
                        "tainted": false
                    },
                    "deposed": [],
                    "provider": ""
                },
                "oci_core_instance.TFInstance3.39": {
                    "type": "oci_core_instance",
                    "depends_on": [
                        "data.oci_identity_availability_domains.ADs",
                        "oci_core_subnet.ExampleSubnet3"
                    ],
                    "primary": {
                        "id": "ocid1.instance.oc1.iad.abuwcljrqts54imzh7sfspgmx6tupibmiqtsmryr4dceitmtqgmvpxaotzvq",
                        "attributes": {
                            "availability_domain": "lkEI:US-ASHBURN-AD-3",
                            "compartment_id": "ocid1.compartment.oc1..aaaaaaaapui4j3qyqji3bdg4vp35bldzpu55eqkfps3a6edu4z7tkonxoo5a",
                            "create_vnic_details.#": "1",
                            "create_vnic_details.0.assign_public_ip": "true",
                            "create_vnic_details.0.display_name": "primaryvnic",
                            "create_vnic_details.0.hostname_label": "tfinst30039",
                            "create_vnic_details.0.private_ip": "10.1.24.55",
                            "create_vnic_details.0.skip_source_dest_check": "false",
                            "create_vnic_details.0.subnet_id": "ocid1.subnet.oc1.iad.aaaaaaaaltjxls27iliwdk5ocfopio7rjlpkhuj2sijcp56sxhzvjxqhhz3a",
                            "display_name": "TFInstance30039",
                            "hostname_label": "tfinst30039",
                            "id": "ocid1.instance.oc1.iad.abuwcljrqts54imzh7sfspgmx6tupibmiqtsmryr4dceitmtqgmvpxaotzvq",
                            "image": "ocid1.image.oc1.iad.aaaaaaaaxrqeombwty6jyqgk3fraczdd63bv66xgfsqka4ktr7c57awr3p5a",
                            "ipxe_script": "",
                            "metadata.%": "2",
                            "metadata.ssh_authorized_keys": "ssh-rsa AAAAB3NzaC1yc2EAAAADAQABAAABAQD7n4mwTT2dKsqt1K4IYmmDesvpka5rgBA6wZDUAE8Oc2ETU52gRAMvPwiOlyyWyMCqooddCD3FwK2EJw8bASbDOyTBJfCeU8srycSv0VpFcl1O2d4yTg4PrWxfylFHt8ZWMYgZpgOXtUS+5CI8O2HaibhtDo0E699YnZgq7WugiHzj5+9sEQL9nIK6z5wNn3bXHJjwhGKJbXIE9CiD1jRxHdB7Mm+Vkd9kzKwJF4KcADSwg6RqE5Xv6K2Tm83h3G+O5td4hgtaHQORKBYifuqiLslpoXLOtNzHFLfe9/aNXvo0bZnt/wln1U9jOwUmLHMS7TJS5H88nC1IRKT2wTk/ linuxkeys",
                            "metadata.user_data": "IyEvYmluL2Jhc2gKeXVtIHVwZGF0ZSAteQo=",
                            "private_ip": "10.1.24.55",
                            "public_ip": "129.213.26.181",
                            "region": "iad",
                            "shape": "VM.Standard1.16",
                            "state": "RUNNING",
                            "subnet_id": "ocid1.subnet.oc1.iad.aaaaaaaaltjxls27iliwdk5ocfopio7rjlpkhuj2sijcp56sxhzvjxqhhz3a",
                            "time_created": "2018-03-08 14:57:30.67 +0000 UTC"
                        },
                        "meta": {},
                        "tainted": false
                    },
                    "deposed": [],
                    "provider": ""
                },
                "oci_core_instance.TFInstance3.40": {
                    "type": "oci_core_instance",
                    "depends_on": [
                        "data.oci_identity_availability_domains.ADs",
                        "oci_core_subnet.ExampleSubnet3"
                    ],
                    "primary": {
                        "id": "ocid1.instance.oc1.iad.abuwcljrn3jtjclcw2hcb3sxnech7lg7bfvkywnvtt4hl6x3zxhny3kqdelq",
                        "attributes": {
                            "availability_domain": "lkEI:US-ASHBURN-AD-3",
                            "compartment_id": "ocid1.compartment.oc1..aaaaaaaapui4j3qyqji3bdg4vp35bldzpu55eqkfps3a6edu4z7tkonxoo5a",
                            "create_vnic_details.#": "1",
                            "create_vnic_details.0.assign_public_ip": "true",
                            "create_vnic_details.0.display_name": "primaryvnic",
                            "create_vnic_details.0.hostname_label": "tfinst30040",
                            "create_vnic_details.0.private_ip": "10.1.24.70",
                            "create_vnic_details.0.skip_source_dest_check": "false",
                            "create_vnic_details.0.subnet_id": "ocid1.subnet.oc1.iad.aaaaaaaaltjxls27iliwdk5ocfopio7rjlpkhuj2sijcp56sxhzvjxqhhz3a",
                            "display_name": "TFInstance30040",
                            "hostname_label": "tfinst30040",
                            "id": "ocid1.instance.oc1.iad.abuwcljrn3jtjclcw2hcb3sxnech7lg7bfvkywnvtt4hl6x3zxhny3kqdelq",
                            "image": "ocid1.image.oc1.iad.aaaaaaaaxrqeombwty6jyqgk3fraczdd63bv66xgfsqka4ktr7c57awr3p5a",
                            "ipxe_script": "",
                            "metadata.%": "2",
                            "metadata.ssh_authorized_keys": "ssh-rsa AAAAB3NzaC1yc2EAAAADAQABAAABAQD7n4mwTT2dKsqt1K4IYmmDesvpka5rgBA6wZDUAE8Oc2ETU52gRAMvPwiOlyyWyMCqooddCD3FwK2EJw8bASbDOyTBJfCeU8srycSv0VpFcl1O2d4yTg4PrWxfylFHt8ZWMYgZpgOXtUS+5CI8O2HaibhtDo0E699YnZgq7WugiHzj5+9sEQL9nIK6z5wNn3bXHJjwhGKJbXIE9CiD1jRxHdB7Mm+Vkd9kzKwJF4KcADSwg6RqE5Xv6K2Tm83h3G+O5td4hgtaHQORKBYifuqiLslpoXLOtNzHFLfe9/aNXvo0bZnt/wln1U9jOwUmLHMS7TJS5H88nC1IRKT2wTk/ linuxkeys",
                            "metadata.user_data": "IyEvYmluL2Jhc2gKeXVtIHVwZGF0ZSAteQo=",
                            "private_ip": "10.1.24.70",
                            "public_ip": "129.213.23.217",
                            "region": "iad",
                            "shape": "VM.Standard1.16",
                            "state": "RUNNING",
                            "subnet_id": "ocid1.subnet.oc1.iad.aaaaaaaaltjxls27iliwdk5ocfopio7rjlpkhuj2sijcp56sxhzvjxqhhz3a",
                            "time_created": "2018-03-08 14:58:11.802 +0000 UTC"
                        },
                        "meta": {},
                        "tainted": false
                    },
                    "deposed": [],
                    "provider": ""
                },
                "oci_core_instance.TFInstance3.42": {
                    "type": "oci_core_instance",
                    "depends_on": [
                        "data.oci_identity_availability_domains.ADs",
                        "oci_core_subnet.ExampleSubnet3"
                    ],
                    "primary": {
                        "id": "ocid1.instance.oc1.iad.abuwcljrfcv6fnzn64xt2y6ocxzjzxy62mgf44zoxbbp6diwzcmnviodpqla",
                        "attributes": {
                            "availability_domain": "lkEI:US-ASHBURN-AD-3",
                            "compartment_id": "ocid1.compartment.oc1..aaaaaaaapui4j3qyqji3bdg4vp35bldzpu55eqkfps3a6edu4z7tkonxoo5a",
                            "create_vnic_details.#": "1",
                            "create_vnic_details.0.assign_public_ip": "true",
                            "create_vnic_details.0.display_name": "primaryvnic",
                            "create_vnic_details.0.hostname_label": "tfinst30042",
                            "create_vnic_details.0.private_ip": "10.1.24.27",
                            "create_vnic_details.0.skip_source_dest_check": "false",
                            "create_vnic_details.0.subnet_id": "ocid1.subnet.oc1.iad.aaaaaaaaltjxls27iliwdk5ocfopio7rjlpkhuj2sijcp56sxhzvjxqhhz3a",
                            "display_name": "TFInstance30042",
                            "hostname_label": "tfinst30042",
                            "id": "ocid1.instance.oc1.iad.abuwcljrfcv6fnzn64xt2y6ocxzjzxy62mgf44zoxbbp6diwzcmnviodpqla",
                            "image": "ocid1.image.oc1.iad.aaaaaaaaxrqeombwty6jyqgk3fraczdd63bv66xgfsqka4ktr7c57awr3p5a",
                            "ipxe_script": "",
                            "metadata.%": "2",
                            "metadata.ssh_authorized_keys": "ssh-rsa AAAAB3NzaC1yc2EAAAADAQABAAABAQD7n4mwTT2dKsqt1K4IYmmDesvpka5rgBA6wZDUAE8Oc2ETU52gRAMvPwiOlyyWyMCqooddCD3FwK2EJw8bASbDOyTBJfCeU8srycSv0VpFcl1O2d4yTg4PrWxfylFHt8ZWMYgZpgOXtUS+5CI8O2HaibhtDo0E699YnZgq7WugiHzj5+9sEQL9nIK6z5wNn3bXHJjwhGKJbXIE9CiD1jRxHdB7Mm+Vkd9kzKwJF4KcADSwg6RqE5Xv6K2Tm83h3G+O5td4hgtaHQORKBYifuqiLslpoXLOtNzHFLfe9/aNXvo0bZnt/wln1U9jOwUmLHMS7TJS5H88nC1IRKT2wTk/ linuxkeys",
                            "metadata.user_data": "IyEvYmluL2Jhc2gKeXVtIHVwZGF0ZSAteQo=",
                            "private_ip": "10.1.24.27",
                            "public_ip": "129.213.83.99",
                            "region": "iad",
                            "shape": "VM.Standard1.16",
                            "state": "RUNNING",
                            "subnet_id": "ocid1.subnet.oc1.iad.aaaaaaaaltjxls27iliwdk5ocfopio7rjlpkhuj2sijcp56sxhzvjxqhhz3a",
                            "time_created": "2018-03-08 14:56:23.634 +0000 UTC"
                        },
                        "meta": {},
                        "tainted": false
                    },
                    "deposed": [],
                    "provider": ""
                },
                "oci_core_instance.TFInstance3.44": {
                    "type": "oci_core_instance",
                    "depends_on": [
                        "data.oci_identity_availability_domains.ADs",
                        "oci_core_subnet.ExampleSubnet3"
                    ],
                    "primary": {
                        "id": "ocid1.instance.oc1.iad.abuwcljruul4s2kbwegs2h5y4l2wfvvd53s4nyrszs5wnwsphmjumlgogxsa",
                        "attributes": {
                            "availability_domain": "lkEI:US-ASHBURN-AD-3",
                            "compartment_id": "ocid1.compartment.oc1..aaaaaaaapui4j3qyqji3bdg4vp35bldzpu55eqkfps3a6edu4z7tkonxoo5a",
                            "create_vnic_details.#": "1",
                            "create_vnic_details.0.assign_public_ip": "true",
                            "create_vnic_details.0.display_name": "primaryvnic",
                            "create_vnic_details.0.hostname_label": "tfinst30044",
                            "create_vnic_details.0.private_ip": "10.1.24.188",
                            "create_vnic_details.0.skip_source_dest_check": "false",
                            "create_vnic_details.0.subnet_id": "ocid1.subnet.oc1.iad.aaaaaaaaltjxls27iliwdk5ocfopio7rjlpkhuj2sijcp56sxhzvjxqhhz3a",
                            "display_name": "TFInstance30044",
                            "hostname_label": "tfinst30044",
                            "id": "ocid1.instance.oc1.iad.abuwcljruul4s2kbwegs2h5y4l2wfvvd53s4nyrszs5wnwsphmjumlgogxsa",
                            "image": "ocid1.image.oc1.iad.aaaaaaaaxrqeombwty6jyqgk3fraczdd63bv66xgfsqka4ktr7c57awr3p5a",
                            "ipxe_script": "",
                            "metadata.%": "2",
                            "metadata.ssh_authorized_keys": "ssh-rsa AAAAB3NzaC1yc2EAAAADAQABAAABAQD7n4mwTT2dKsqt1K4IYmmDesvpka5rgBA6wZDUAE8Oc2ETU52gRAMvPwiOlyyWyMCqooddCD3FwK2EJw8bASbDOyTBJfCeU8srycSv0VpFcl1O2d4yTg4PrWxfylFHt8ZWMYgZpgOXtUS+5CI8O2HaibhtDo0E699YnZgq7WugiHzj5+9sEQL9nIK6z5wNn3bXHJjwhGKJbXIE9CiD1jRxHdB7Mm+Vkd9kzKwJF4KcADSwg6RqE5Xv6K2Tm83h3G+O5td4hgtaHQORKBYifuqiLslpoXLOtNzHFLfe9/aNXvo0bZnt/wln1U9jOwUmLHMS7TJS5H88nC1IRKT2wTk/ linuxkeys",
                            "metadata.user_data": "IyEvYmluL2Jhc2gKeXVtIHVwZGF0ZSAteQo=",
                            "private_ip": "10.1.24.188",
                            "public_ip": "129.213.94.169",
                            "region": "iad",
                            "shape": "VM.Standard1.16",
                            "state": "RUNNING",
                            "subnet_id": "ocid1.subnet.oc1.iad.aaaaaaaaltjxls27iliwdk5ocfopio7rjlpkhuj2sijcp56sxhzvjxqhhz3a",
                            "time_created": "2018-03-08 15:00:30.902 +0000 UTC"
                        },
                        "meta": {},
                        "tainted": false
                    },
                    "deposed": [],
                    "provider": ""
                },
                "oci_core_instance.TFInstance3.46": {
                    "type": "oci_core_instance",
                    "depends_on": [
                        "data.oci_identity_availability_domains.ADs",
                        "oci_core_subnet.ExampleSubnet3"
                    ],
                    "primary": {
                        "id": "ocid1.instance.oc1.iad.abuwcljrgosobv7dk3pag2wgbk2gxxccbqh4nxdhw6il2wdovm454m2hcnbq",
                        "attributes": {
                            "availability_domain": "lkEI:US-ASHBURN-AD-3",
                            "compartment_id": "ocid1.compartment.oc1..aaaaaaaapui4j3qyqji3bdg4vp35bldzpu55eqkfps3a6edu4z7tkonxoo5a",
                            "create_vnic_details.#": "1",
                            "create_vnic_details.0.assign_public_ip": "true",
                            "create_vnic_details.0.display_name": "primaryvnic",
                            "create_vnic_details.0.hostname_label": "tfinst30046",
                            "create_vnic_details.0.private_ip": "10.1.24.189",
                            "create_vnic_details.0.skip_source_dest_check": "false",
                            "create_vnic_details.0.subnet_id": "ocid1.subnet.oc1.iad.aaaaaaaaltjxls27iliwdk5ocfopio7rjlpkhuj2sijcp56sxhzvjxqhhz3a",
                            "display_name": "TFInstance30046",
                            "hostname_label": "tfinst30046",
                            "id": "ocid1.instance.oc1.iad.abuwcljrgosobv7dk3pag2wgbk2gxxccbqh4nxdhw6il2wdovm454m2hcnbq",
                            "image": "ocid1.image.oc1.iad.aaaaaaaaxrqeombwty6jyqgk3fraczdd63bv66xgfsqka4ktr7c57awr3p5a",
                            "ipxe_script": "",
                            "metadata.%": "2",
                            "metadata.ssh_authorized_keys": "ssh-rsa AAAAB3NzaC1yc2EAAAADAQABAAABAQD7n4mwTT2dKsqt1K4IYmmDesvpka5rgBA6wZDUAE8Oc2ETU52gRAMvPwiOlyyWyMCqooddCD3FwK2EJw8bASbDOyTBJfCeU8srycSv0VpFcl1O2d4yTg4PrWxfylFHt8ZWMYgZpgOXtUS+5CI8O2HaibhtDo0E699YnZgq7WugiHzj5+9sEQL9nIK6z5wNn3bXHJjwhGKJbXIE9CiD1jRxHdB7Mm+Vkd9kzKwJF4KcADSwg6RqE5Xv6K2Tm83h3G+O5td4hgtaHQORKBYifuqiLslpoXLOtNzHFLfe9/aNXvo0bZnt/wln1U9jOwUmLHMS7TJS5H88nC1IRKT2wTk/ linuxkeys",
                            "metadata.user_data": "IyEvYmluL2Jhc2gKeXVtIHVwZGF0ZSAteQo=",
                            "private_ip": "10.1.24.189",
                            "public_ip": "129.213.28.5",
                            "region": "iad",
                            "shape": "VM.Standard1.16",
                            "state": "RUNNING",
                            "subnet_id": "ocid1.subnet.oc1.iad.aaaaaaaaltjxls27iliwdk5ocfopio7rjlpkhuj2sijcp56sxhzvjxqhhz3a",
                            "time_created": "2018-03-08 15:00:24.343 +0000 UTC"
                        },
                        "meta": {},
                        "tainted": false
                    },
                    "deposed": [],
                    "provider": ""
                },
                "oci_core_instance.TFInstance3.55": {
                    "type": "oci_core_instance",
                    "depends_on": [
                        "data.oci_identity_availability_domains.ADs",
                        "oci_core_subnet.ExampleSubnet3"
                    ],
                    "primary": {
                        "id": "ocid1.instance.oc1.iad.abuwcljramj3bfkvoe4sa75ayw2oqgzdlb4xlly5yn2lvbsqxlqo4hleb43q",
                        "attributes": {
                            "availability_domain": "lkEI:US-ASHBURN-AD-3",
                            "compartment_id": "ocid1.compartment.oc1..aaaaaaaapui4j3qyqji3bdg4vp35bldzpu55eqkfps3a6edu4z7tkonxoo5a",
                            "create_vnic_details.#": "1",
                            "create_vnic_details.0.assign_public_ip": "true",
                            "create_vnic_details.0.display_name": "primaryvnic",
                            "create_vnic_details.0.hostname_label": "tfinst30055",
                            "create_vnic_details.0.private_ip": "10.1.24.39",
                            "create_vnic_details.0.skip_source_dest_check": "false",
                            "create_vnic_details.0.subnet_id": "ocid1.subnet.oc1.iad.aaaaaaaaltjxls27iliwdk5ocfopio7rjlpkhuj2sijcp56sxhzvjxqhhz3a",
                            "display_name": "TFInstance30055",
                            "hostname_label": "tfinst30055",
                            "id": "ocid1.instance.oc1.iad.abuwcljramj3bfkvoe4sa75ayw2oqgzdlb4xlly5yn2lvbsqxlqo4hleb43q",
                            "image": "ocid1.image.oc1.iad.aaaaaaaaxrqeombwty6jyqgk3fraczdd63bv66xgfsqka4ktr7c57awr3p5a",
                            "ipxe_script": "",
                            "metadata.%": "2",
                            "metadata.ssh_authorized_keys": "ssh-rsa AAAAB3NzaC1yc2EAAAADAQABAAABAQD7n4mwTT2dKsqt1K4IYmmDesvpka5rgBA6wZDUAE8Oc2ETU52gRAMvPwiOlyyWyMCqooddCD3FwK2EJw8bASbDOyTBJfCeU8srycSv0VpFcl1O2d4yTg4PrWxfylFHt8ZWMYgZpgOXtUS+5CI8O2HaibhtDo0E699YnZgq7WugiHzj5+9sEQL9nIK6z5wNn3bXHJjwhGKJbXIE9CiD1jRxHdB7Mm+Vkd9kzKwJF4KcADSwg6RqE5Xv6K2Tm83h3G+O5td4hgtaHQORKBYifuqiLslpoXLOtNzHFLfe9/aNXvo0bZnt/wln1U9jOwUmLHMS7TJS5H88nC1IRKT2wTk/ linuxkeys",
                            "metadata.user_data": "IyEvYmluL2Jhc2gKeXVtIHVwZGF0ZSAteQo=",
                            "private_ip": "10.1.24.39",
                            "public_ip": "129.213.95.77",
                            "region": "iad",
                            "shape": "VM.Standard1.16",
                            "state": "RUNNING",
                            "subnet_id": "ocid1.subnet.oc1.iad.aaaaaaaaltjxls27iliwdk5ocfopio7rjlpkhuj2sijcp56sxhzvjxqhhz3a",
                            "time_created": "2018-03-08 14:56:38.292 +0000 UTC"
                        },
                        "meta": {},
                        "tainted": false
                    },
                    "deposed": [],
                    "provider": ""
                },
                "oci_core_instance.TFInstance3.56": {
                    "type": "oci_core_instance",
                    "depends_on": [
                        "data.oci_identity_availability_domains.ADs",
                        "oci_core_subnet.ExampleSubnet3"
                    ],
                    "primary": {
                        "id": "ocid1.instance.oc1.iad.abuwcljrl2jhwk4dbzzpdqhb24mfncxfhiq6vt7czr4xf5hdwu62cfz3rwyq",
                        "attributes": {
                            "availability_domain": "lkEI:US-ASHBURN-AD-3",
                            "compartment_id": "ocid1.compartment.oc1..aaaaaaaapui4j3qyqji3bdg4vp35bldzpu55eqkfps3a6edu4z7tkonxoo5a",
                            "create_vnic_details.#": "1",
                            "create_vnic_details.0.assign_public_ip": "true",
                            "create_vnic_details.0.display_name": "primaryvnic",
                            "create_vnic_details.0.hostname_label": "tfinst30056",
                            "create_vnic_details.0.private_ip": "10.1.24.130",
                            "create_vnic_details.0.skip_source_dest_check": "false",
                            "create_vnic_details.0.subnet_id": "ocid1.subnet.oc1.iad.aaaaaaaaltjxls27iliwdk5ocfopio7rjlpkhuj2sijcp56sxhzvjxqhhz3a",
                            "display_name": "TFInstance30056",
                            "hostname_label": "tfinst30056",
                            "id": "ocid1.instance.oc1.iad.abuwcljrl2jhwk4dbzzpdqhb24mfncxfhiq6vt7czr4xf5hdwu62cfz3rwyq",
                            "image": "ocid1.image.oc1.iad.aaaaaaaaxrqeombwty6jyqgk3fraczdd63bv66xgfsqka4ktr7c57awr3p5a",
                            "ipxe_script": "",
                            "metadata.%": "2",
                            "metadata.ssh_authorized_keys": "ssh-rsa AAAAB3NzaC1yc2EAAAADAQABAAABAQD7n4mwTT2dKsqt1K4IYmmDesvpka5rgBA6wZDUAE8Oc2ETU52gRAMvPwiOlyyWyMCqooddCD3FwK2EJw8bASbDOyTBJfCeU8srycSv0VpFcl1O2d4yTg4PrWxfylFHt8ZWMYgZpgOXtUS+5CI8O2HaibhtDo0E699YnZgq7WugiHzj5+9sEQL9nIK6z5wNn3bXHJjwhGKJbXIE9CiD1jRxHdB7Mm+Vkd9kzKwJF4KcADSwg6RqE5Xv6K2Tm83h3G+O5td4hgtaHQORKBYifuqiLslpoXLOtNzHFLfe9/aNXvo0bZnt/wln1U9jOwUmLHMS7TJS5H88nC1IRKT2wTk/ linuxkeys",
                            "metadata.user_data": "IyEvYmluL2Jhc2gKeXVtIHVwZGF0ZSAteQo=",
                            "private_ip": "10.1.24.130",
                            "public_ip": "129.213.27.198",
                            "region": "iad",
                            "shape": "VM.Standard1.16",
                            "state": "RUNNING",
                            "subnet_id": "ocid1.subnet.oc1.iad.aaaaaaaaltjxls27iliwdk5ocfopio7rjlpkhuj2sijcp56sxhzvjxqhhz3a",
                            "time_created": "2018-03-08 14:59:52.733 +0000 UTC"
                        },
                        "meta": {},
                        "tainted": false
                    },
                    "deposed": [],
                    "provider": ""
                },
                "oci_core_instance.TFInstance3.6": {
                    "type": "oci_core_instance",
                    "depends_on": [
                        "data.oci_identity_availability_domains.ADs",
                        "oci_core_subnet.ExampleSubnet3"
                    ],
                    "primary": {
                        "id": "ocid1.instance.oc1.iad.abuwcljrejal63pg3uit2inow5ynchrodel3f6cw56yjmoplgqayamzcdjbq",
                        "attributes": {
                            "availability_domain": "lkEI:US-ASHBURN-AD-3",
                            "compartment_id": "ocid1.compartment.oc1..aaaaaaaapui4j3qyqji3bdg4vp35bldzpu55eqkfps3a6edu4z7tkonxoo5a",
                            "create_vnic_details.#": "1",
                            "create_vnic_details.0.assign_public_ip": "true",
                            "create_vnic_details.0.display_name": "primaryvnic",
                            "create_vnic_details.0.hostname_label": "tfinst30006",
                            "create_vnic_details.0.private_ip": "10.1.24.199",
                            "create_vnic_details.0.skip_source_dest_check": "false",
                            "create_vnic_details.0.subnet_id": "ocid1.subnet.oc1.iad.aaaaaaaaltjxls27iliwdk5ocfopio7rjlpkhuj2sijcp56sxhzvjxqhhz3a",
                            "display_name": "TFInstance30006",
                            "hostname_label": "tfinst30006",
                            "id": "ocid1.instance.oc1.iad.abuwcljrejal63pg3uit2inow5ynchrodel3f6cw56yjmoplgqayamzcdjbq",
                            "image": "ocid1.image.oc1.iad.aaaaaaaaxrqeombwty6jyqgk3fraczdd63bv66xgfsqka4ktr7c57awr3p5a",
                            "ipxe_script": "",
                            "metadata.%": "2",
                            "metadata.ssh_authorized_keys": "ssh-rsa AAAAB3NzaC1yc2EAAAADAQABAAABAQD7n4mwTT2dKsqt1K4IYmmDesvpka5rgBA6wZDUAE8Oc2ETU52gRAMvPwiOlyyWyMCqooddCD3FwK2EJw8bASbDOyTBJfCeU8srycSv0VpFcl1O2d4yTg4PrWxfylFHt8ZWMYgZpgOXtUS+5CI8O2HaibhtDo0E699YnZgq7WugiHzj5+9sEQL9nIK6z5wNn3bXHJjwhGKJbXIE9CiD1jRxHdB7Mm+Vkd9kzKwJF4KcADSwg6RqE5Xv6K2Tm83h3G+O5td4hgtaHQORKBYifuqiLslpoXLOtNzHFLfe9/aNXvo0bZnt/wln1U9jOwUmLHMS7TJS5H88nC1IRKT2wTk/ linuxkeys",
                            "metadata.user_data": "IyEvYmluL2Jhc2gKeXVtIHVwZGF0ZSAteQo=",
                            "private_ip": "10.1.24.199",
                            "public_ip": "129.213.22.152",
                            "region": "iad",
                            "shape": "VM.Standard1.16",
                            "state": "RUNNING",
                            "subnet_id": "ocid1.subnet.oc1.iad.aaaaaaaaltjxls27iliwdk5ocfopio7rjlpkhuj2sijcp56sxhzvjxqhhz3a",
                            "time_created": "2018-03-08 15:00:38.253 +0000 UTC"
                        },
                        "meta": {},
                        "tainted": false
                    },
                    "deposed": [],
                    "provider": ""
                },
                "oci_core_instance.TFInstance3.67": {
                    "type": "oci_core_instance",
                    "depends_on": [
                        "data.oci_identity_availability_domains.ADs",
                        "oci_core_subnet.ExampleSubnet3"
                    ],
                    "primary": {
                        "id": "ocid1.instance.oc1.iad.abuwcljrroj5uxvylmqcponpav6xjdrczozr2rm7vfmb6pasbmomzdxf3naa",
                        "attributes": {
                            "availability_domain": "lkEI:US-ASHBURN-AD-3",
                            "compartment_id": "ocid1.compartment.oc1..aaaaaaaapui4j3qyqji3bdg4vp35bldzpu55eqkfps3a6edu4z7tkonxoo5a",
                            "create_vnic_details.#": "1",
                            "create_vnic_details.0.assign_public_ip": "true",
                            "create_vnic_details.0.display_name": "primaryvnic",
                            "create_vnic_details.0.hostname_label": "tfinst30067",
                            "create_vnic_details.0.private_ip": "10.1.24.221",
                            "create_vnic_details.0.skip_source_dest_check": "false",
                            "create_vnic_details.0.subnet_id": "ocid1.subnet.oc1.iad.aaaaaaaaltjxls27iliwdk5ocfopio7rjlpkhuj2sijcp56sxhzvjxqhhz3a",
                            "display_name": "TFInstance30067",
                            "hostname_label": "tfinst30067",
                            "id": "ocid1.instance.oc1.iad.abuwcljrroj5uxvylmqcponpav6xjdrczozr2rm7vfmb6pasbmomzdxf3naa",
                            "image": "ocid1.image.oc1.iad.aaaaaaaaxrqeombwty6jyqgk3fraczdd63bv66xgfsqka4ktr7c57awr3p5a",
                            "ipxe_script": "",
                            "metadata.%": "2",
                            "metadata.ssh_authorized_keys": "ssh-rsa AAAAB3NzaC1yc2EAAAADAQABAAABAQD7n4mwTT2dKsqt1K4IYmmDesvpka5rgBA6wZDUAE8Oc2ETU52gRAMvPwiOlyyWyMCqooddCD3FwK2EJw8bASbDOyTBJfCeU8srycSv0VpFcl1O2d4yTg4PrWxfylFHt8ZWMYgZpgOXtUS+5CI8O2HaibhtDo0E699YnZgq7WugiHzj5+9sEQL9nIK6z5wNn3bXHJjwhGKJbXIE9CiD1jRxHdB7Mm+Vkd9kzKwJF4KcADSwg6RqE5Xv6K2Tm83h3G+O5td4hgtaHQORKBYifuqiLslpoXLOtNzHFLfe9/aNXvo0bZnt/wln1U9jOwUmLHMS7TJS5H88nC1IRKT2wTk/ linuxkeys",
                            "metadata.user_data": "IyEvYmluL2Jhc2gKeXVtIHVwZGF0ZSAteQo=",
                            "private_ip": "10.1.24.221",
                            "public_ip": "129.213.23.93",
                            "region": "iad",
                            "shape": "VM.Standard1.16",
                            "state": "RUNNING",
                            "subnet_id": "ocid1.subnet.oc1.iad.aaaaaaaaltjxls27iliwdk5ocfopio7rjlpkhuj2sijcp56sxhzvjxqhhz3a",
                            "time_created": "2018-03-08 15:00:42.8 +0000 UTC"
                        },
                        "meta": {},
                        "tainted": false
                    },
                    "deposed": [],
                    "provider": ""
                },
                "oci_core_instance.TFInstance3.72": {
                    "type": "oci_core_instance",
                    "depends_on": [
                        "data.oci_identity_availability_domains.ADs",
                        "oci_core_subnet.ExampleSubnet3"
                    ],
                    "primary": {
                        "id": "ocid1.instance.oc1.iad.abuwcljrdrhyjjber4tk6wkinc2yjs7zj3c5uhr2htomrrsdkrz3cgdzybwq",
                        "attributes": {
                            "availability_domain": "lkEI:US-ASHBURN-AD-3",
                            "compartment_id": "ocid1.compartment.oc1..aaaaaaaapui4j3qyqji3bdg4vp35bldzpu55eqkfps3a6edu4z7tkonxoo5a",
                            "create_vnic_details.#": "1",
                            "create_vnic_details.0.assign_public_ip": "true",
                            "create_vnic_details.0.display_name": "primaryvnic",
                            "create_vnic_details.0.hostname_label": "tfinst30072",
                            "create_vnic_details.0.private_ip": "10.1.24.225",
                            "create_vnic_details.0.skip_source_dest_check": "false",
                            "create_vnic_details.0.subnet_id": "ocid1.subnet.oc1.iad.aaaaaaaaltjxls27iliwdk5ocfopio7rjlpkhuj2sijcp56sxhzvjxqhhz3a",
                            "display_name": "TFInstance30072",
                            "hostname_label": "tfinst30072",
                            "id": "ocid1.instance.oc1.iad.abuwcljrdrhyjjber4tk6wkinc2yjs7zj3c5uhr2htomrrsdkrz3cgdzybwq",
                            "image": "ocid1.image.oc1.iad.aaaaaaaaxrqeombwty6jyqgk3fraczdd63bv66xgfsqka4ktr7c57awr3p5a",
                            "ipxe_script": "",
                            "metadata.%": "2",
                            "metadata.ssh_authorized_keys": "ssh-rsa AAAAB3NzaC1yc2EAAAADAQABAAABAQD7n4mwTT2dKsqt1K4IYmmDesvpka5rgBA6wZDUAE8Oc2ETU52gRAMvPwiOlyyWyMCqooddCD3FwK2EJw8bASbDOyTBJfCeU8srycSv0VpFcl1O2d4yTg4PrWxfylFHt8ZWMYgZpgOXtUS+5CI8O2HaibhtDo0E699YnZgq7WugiHzj5+9sEQL9nIK6z5wNn3bXHJjwhGKJbXIE9CiD1jRxHdB7Mm+Vkd9kzKwJF4KcADSwg6RqE5Xv6K2Tm83h3G+O5td4hgtaHQORKBYifuqiLslpoXLOtNzHFLfe9/aNXvo0bZnt/wln1U9jOwUmLHMS7TJS5H88nC1IRKT2wTk/ linuxkeys",
                            "metadata.user_data": "IyEvYmluL2Jhc2gKeXVtIHVwZGF0ZSAteQo=",
                            "private_ip": "10.1.24.225",
                            "public_ip": "129.213.16.65",
                            "region": "iad",
                            "shape": "VM.Standard1.16",
                            "state": "RUNNING",
                            "subnet_id": "ocid1.subnet.oc1.iad.aaaaaaaaltjxls27iliwdk5ocfopio7rjlpkhuj2sijcp56sxhzvjxqhhz3a",
                            "time_created": "2018-03-08 15:00:28.119 +0000 UTC"
                        },
                        "meta": {},
                        "tainted": false
                    },
                    "deposed": [],
                    "provider": ""
                },
                "oci_core_instance.TFInstance3.73": {
                    "type": "oci_core_instance",
                    "depends_on": [
                        "data.oci_identity_availability_domains.ADs",
                        "oci_core_subnet.ExampleSubnet3"
                    ],
                    "primary": {
                        "id": "ocid1.instance.oc1.iad.abuwcljryfth3uzm5gncsj5axusjelj3foltz3jt5d62hsblpbgqfplcyfhq",
                        "attributes": {
                            "availability_domain": "lkEI:US-ASHBURN-AD-3",
                            "compartment_id": "ocid1.compartment.oc1..aaaaaaaapui4j3qyqji3bdg4vp35bldzpu55eqkfps3a6edu4z7tkonxoo5a",
                            "create_vnic_details.#": "1",
                            "create_vnic_details.0.assign_public_ip": "true",
                            "create_vnic_details.0.display_name": "primaryvnic",
                            "create_vnic_details.0.hostname_label": "tfinst30073",
                            "create_vnic_details.0.private_ip": "10.1.24.93",
                            "create_vnic_details.0.skip_source_dest_check": "false",
                            "create_vnic_details.0.subnet_id": "ocid1.subnet.oc1.iad.aaaaaaaaltjxls27iliwdk5ocfopio7rjlpkhuj2sijcp56sxhzvjxqhhz3a",
                            "display_name": "TFInstance30073",
                            "hostname_label": "tfinst30073",
                            "id": "ocid1.instance.oc1.iad.abuwcljryfth3uzm5gncsj5axusjelj3foltz3jt5d62hsblpbgqfplcyfhq",
                            "image": "ocid1.image.oc1.iad.aaaaaaaaxrqeombwty6jyqgk3fraczdd63bv66xgfsqka4ktr7c57awr3p5a",
                            "ipxe_script": "",
                            "metadata.%": "2",
                            "metadata.ssh_authorized_keys": "ssh-rsa AAAAB3NzaC1yc2EAAAADAQABAAABAQD7n4mwTT2dKsqt1K4IYmmDesvpka5rgBA6wZDUAE8Oc2ETU52gRAMvPwiOlyyWyMCqooddCD3FwK2EJw8bASbDOyTBJfCeU8srycSv0VpFcl1O2d4yTg4PrWxfylFHt8ZWMYgZpgOXtUS+5CI8O2HaibhtDo0E699YnZgq7WugiHzj5+9sEQL9nIK6z5wNn3bXHJjwhGKJbXIE9CiD1jRxHdB7Mm+Vkd9kzKwJF4KcADSwg6RqE5Xv6K2Tm83h3G+O5td4hgtaHQORKBYifuqiLslpoXLOtNzHFLfe9/aNXvo0bZnt/wln1U9jOwUmLHMS7TJS5H88nC1IRKT2wTk/ linuxkeys",
                            "metadata.user_data": "IyEvYmluL2Jhc2gKeXVtIHVwZGF0ZSAteQo=",
                            "private_ip": "10.1.24.93",
                            "public_ip": "129.213.25.39",
                            "region": "iad",
                            "shape": "VM.Standard1.16",
                            "state": "RUNNING",
                            "subnet_id": "ocid1.subnet.oc1.iad.aaaaaaaaltjxls27iliwdk5ocfopio7rjlpkhuj2sijcp56sxhzvjxqhhz3a",
                            "time_created": "2018-03-08 14:58:59.462 +0000 UTC"
                        },
                        "meta": {},
                        "tainted": false
                    },
                    "deposed": [],
                    "provider": ""
                },
                "oci_core_instance.TFInstance3.74": {
                    "type": "oci_core_instance",
                    "depends_on": [
                        "data.oci_identity_availability_domains.ADs",
                        "oci_core_subnet.ExampleSubnet3"
                    ],
                    "primary": {
                        "id": "ocid1.instance.oc1.iad.abuwcljr43okjaxg3alugtmofmjeova3nqnvfat4yj4wf5klpcwcab3dzbba",
                        "attributes": {
                            "availability_domain": "lkEI:US-ASHBURN-AD-3",
                            "compartment_id": "ocid1.compartment.oc1..aaaaaaaapui4j3qyqji3bdg4vp35bldzpu55eqkfps3a6edu4z7tkonxoo5a",
                            "create_vnic_details.#": "1",
                            "create_vnic_details.0.assign_public_ip": "true",
                            "create_vnic_details.0.display_name": "primaryvnic",
                            "create_vnic_details.0.hostname_label": "tfinst30074",
                            "create_vnic_details.0.private_ip": "10.1.24.125",
                            "create_vnic_details.0.skip_source_dest_check": "false",
                            "create_vnic_details.0.subnet_id": "ocid1.subnet.oc1.iad.aaaaaaaaltjxls27iliwdk5ocfopio7rjlpkhuj2sijcp56sxhzvjxqhhz3a",
                            "display_name": "TFInstance30074",
                            "hostname_label": "tfinst30074",
                            "id": "ocid1.instance.oc1.iad.abuwcljr43okjaxg3alugtmofmjeova3nqnvfat4yj4wf5klpcwcab3dzbba",
                            "image": "ocid1.image.oc1.iad.aaaaaaaaxrqeombwty6jyqgk3fraczdd63bv66xgfsqka4ktr7c57awr3p5a",
                            "ipxe_script": "",
                            "metadata.%": "2",
                            "metadata.ssh_authorized_keys": "ssh-rsa AAAAB3NzaC1yc2EAAAADAQABAAABAQD7n4mwTT2dKsqt1K4IYmmDesvpka5rgBA6wZDUAE8Oc2ETU52gRAMvPwiOlyyWyMCqooddCD3FwK2EJw8bASbDOyTBJfCeU8srycSv0VpFcl1O2d4yTg4PrWxfylFHt8ZWMYgZpgOXtUS+5CI8O2HaibhtDo0E699YnZgq7WugiHzj5+9sEQL9nIK6z5wNn3bXHJjwhGKJbXIE9CiD1jRxHdB7Mm+Vkd9kzKwJF4KcADSwg6RqE5Xv6K2Tm83h3G+O5td4hgtaHQORKBYifuqiLslpoXLOtNzHFLfe9/aNXvo0bZnt/wln1U9jOwUmLHMS7TJS5H88nC1IRKT2wTk/ linuxkeys",
                            "metadata.user_data": "IyEvYmluL2Jhc2gKeXVtIHVwZGF0ZSAteQo=",
                            "private_ip": "10.1.24.125",
                            "public_ip": "129.213.22.77",
                            "region": "iad",
                            "shape": "VM.Standard1.16",
                            "state": "RUNNING",
                            "subnet_id": "ocid1.subnet.oc1.iad.aaaaaaaaltjxls27iliwdk5ocfopio7rjlpkhuj2sijcp56sxhzvjxqhhz3a",
                            "time_created": "2018-03-08 14:59:50.621 +0000 UTC"
                        },
                        "meta": {},
                        "tainted": false
                    },
                    "deposed": [],
                    "provider": ""
                },
                "oci_core_instance.TFInstance3.77": {
                    "type": "oci_core_instance",
                    "depends_on": [
                        "data.oci_identity_availability_domains.ADs",
                        "oci_core_subnet.ExampleSubnet3"
                    ],
                    "primary": {
                        "id": "ocid1.instance.oc1.iad.abuwcljrgbn33guywk5ph333zps7vnvfp62xprmreqr53ydsq64upziiqqqq",
                        "attributes": {
                            "availability_domain": "lkEI:US-ASHBURN-AD-3",
                            "compartment_id": "ocid1.compartment.oc1..aaaaaaaapui4j3qyqji3bdg4vp35bldzpu55eqkfps3a6edu4z7tkonxoo5a",
                            "create_vnic_details.#": "1",
                            "create_vnic_details.0.assign_public_ip": "true",
                            "create_vnic_details.0.display_name": "primaryvnic",
                            "create_vnic_details.0.hostname_label": "tfinst30077",
                            "create_vnic_details.0.private_ip": "10.1.24.126",
                            "create_vnic_details.0.skip_source_dest_check": "false",
                            "create_vnic_details.0.subnet_id": "ocid1.subnet.oc1.iad.aaaaaaaaltjxls27iliwdk5ocfopio7rjlpkhuj2sijcp56sxhzvjxqhhz3a",
                            "display_name": "TFInstance30077",
                            "hostname_label": "tfinst30077",
                            "id": "ocid1.instance.oc1.iad.abuwcljrgbn33guywk5ph333zps7vnvfp62xprmreqr53ydsq64upziiqqqq",
                            "image": "ocid1.image.oc1.iad.aaaaaaaaxrqeombwty6jyqgk3fraczdd63bv66xgfsqka4ktr7c57awr3p5a",
                            "ipxe_script": "",
                            "metadata.%": "2",
                            "metadata.ssh_authorized_keys": "ssh-rsa AAAAB3NzaC1yc2EAAAADAQABAAABAQD7n4mwTT2dKsqt1K4IYmmDesvpka5rgBA6wZDUAE8Oc2ETU52gRAMvPwiOlyyWyMCqooddCD3FwK2EJw8bASbDOyTBJfCeU8srycSv0VpFcl1O2d4yTg4PrWxfylFHt8ZWMYgZpgOXtUS+5CI8O2HaibhtDo0E699YnZgq7WugiHzj5+9sEQL9nIK6z5wNn3bXHJjwhGKJbXIE9CiD1jRxHdB7Mm+Vkd9kzKwJF4KcADSwg6RqE5Xv6K2Tm83h3G+O5td4hgtaHQORKBYifuqiLslpoXLOtNzHFLfe9/aNXvo0bZnt/wln1U9jOwUmLHMS7TJS5H88nC1IRKT2wTk/ linuxkeys",
                            "metadata.user_data": "IyEvYmluL2Jhc2gKeXVtIHVwZGF0ZSAteQo=",
                            "private_ip": "10.1.24.126",
                            "public_ip": "129.213.83.21",
                            "region": "iad",
                            "shape": "VM.Standard1.16",
                            "state": "RUNNING",
                            "subnet_id": "ocid1.subnet.oc1.iad.aaaaaaaaltjxls27iliwdk5ocfopio7rjlpkhuj2sijcp56sxhzvjxqhhz3a",
                            "time_created": "2018-03-08 14:59:49.164 +0000 UTC"
                        },
                        "meta": {},
                        "tainted": false
                    },
                    "deposed": [],
                    "provider": ""
                },
                "oci_core_instance.TFInstance3.78": {
                    "type": "oci_core_instance",
                    "depends_on": [
                        "data.oci_identity_availability_domains.ADs",
                        "oci_core_subnet.ExampleSubnet3"
                    ],
                    "primary": {
                        "id": "ocid1.instance.oc1.iad.abuwcljrwpxllm3x4g4ywq7pur6vvkp6wwz636s5e7ekpaadhrpyltcubwza",
                        "attributes": {
                            "availability_domain": "lkEI:US-ASHBURN-AD-3",
                            "compartment_id": "ocid1.compartment.oc1..aaaaaaaapui4j3qyqji3bdg4vp35bldzpu55eqkfps3a6edu4z7tkonxoo5a",
                            "create_vnic_details.#": "1",
                            "create_vnic_details.0.assign_public_ip": "true",
                            "create_vnic_details.0.display_name": "primaryvnic",
                            "create_vnic_details.0.hostname_label": "tfinst30078",
                            "create_vnic_details.0.private_ip": "10.1.24.145",
                            "create_vnic_details.0.skip_source_dest_check": "false",
                            "create_vnic_details.0.subnet_id": "ocid1.subnet.oc1.iad.aaaaaaaaltjxls27iliwdk5ocfopio7rjlpkhuj2sijcp56sxhzvjxqhhz3a",
                            "display_name": "TFInstance30078",
                            "hostname_label": "tfinst30078",
                            "id": "ocid1.instance.oc1.iad.abuwcljrwpxllm3x4g4ywq7pur6vvkp6wwz636s5e7ekpaadhrpyltcubwza",
                            "image": "ocid1.image.oc1.iad.aaaaaaaaxrqeombwty6jyqgk3fraczdd63bv66xgfsqka4ktr7c57awr3p5a",
                            "ipxe_script": "",
                            "metadata.%": "2",
                            "metadata.ssh_authorized_keys": "ssh-rsa AAAAB3NzaC1yc2EAAAADAQABAAABAQD7n4mwTT2dKsqt1K4IYmmDesvpka5rgBA6wZDUAE8Oc2ETU52gRAMvPwiOlyyWyMCqooddCD3FwK2EJw8bASbDOyTBJfCeU8srycSv0VpFcl1O2d4yTg4PrWxfylFHt8ZWMYgZpgOXtUS+5CI8O2HaibhtDo0E699YnZgq7WugiHzj5+9sEQL9nIK6z5wNn3bXHJjwhGKJbXIE9CiD1jRxHdB7Mm+Vkd9kzKwJF4KcADSwg6RqE5Xv6K2Tm83h3G+O5td4hgtaHQORKBYifuqiLslpoXLOtNzHFLfe9/aNXvo0bZnt/wln1U9jOwUmLHMS7TJS5H88nC1IRKT2wTk/ linuxkeys",
                            "metadata.user_data": "IyEvYmluL2Jhc2gKeXVtIHVwZGF0ZSAteQo=",
                            "private_ip": "10.1.24.145",
                            "public_ip": "129.213.23.89",
                            "region": "iad",
                            "shape": "VM.Standard1.16",
                            "state": "RUNNING",
                            "subnet_id": "ocid1.subnet.oc1.iad.aaaaaaaaltjxls27iliwdk5ocfopio7rjlpkhuj2sijcp56sxhzvjxqhhz3a",
                            "time_created": "2018-03-08 15:00:15.752 +0000 UTC"
                        },
                        "meta": {},
                        "tainted": false
                    },
                    "deposed": [],
                    "provider": ""
                },
                "oci_core_instance.TFInstance3.83": {
                    "type": "oci_core_instance",
                    "depends_on": [
                        "data.oci_identity_availability_domains.ADs",
                        "oci_core_subnet.ExampleSubnet3"
                    ],
                    "primary": {
                        "id": "ocid1.instance.oc1.iad.abuwcljrdfanmgbhtsut3loml2krzzhlkn2z7tfu2tobpsu6xghgwbzgdx4a",
                        "attributes": {
                            "availability_domain": "lkEI:US-ASHBURN-AD-3",
                            "compartment_id": "ocid1.compartment.oc1..aaaaaaaapui4j3qyqji3bdg4vp35bldzpu55eqkfps3a6edu4z7tkonxoo5a",
                            "create_vnic_details.#": "1",
                            "create_vnic_details.0.assign_public_ip": "true",
                            "create_vnic_details.0.display_name": "primaryvnic",
                            "create_vnic_details.0.hostname_label": "tfinst30083",
                            "create_vnic_details.0.private_ip": "10.1.24.60",
                            "create_vnic_details.0.skip_source_dest_check": "false",
                            "create_vnic_details.0.subnet_id": "ocid1.subnet.oc1.iad.aaaaaaaaltjxls27iliwdk5ocfopio7rjlpkhuj2sijcp56sxhzvjxqhhz3a",
                            "display_name": "TFInstance30083",
                            "hostname_label": "tfinst30083",
                            "id": "ocid1.instance.oc1.iad.abuwcljrdfanmgbhtsut3loml2krzzhlkn2z7tfu2tobpsu6xghgwbzgdx4a",
                            "image": "ocid1.image.oc1.iad.aaaaaaaaxrqeombwty6jyqgk3fraczdd63bv66xgfsqka4ktr7c57awr3p5a",
                            "ipxe_script": "",
                            "metadata.%": "2",
                            "metadata.ssh_authorized_keys": "ssh-rsa AAAAB3NzaC1yc2EAAAADAQABAAABAQD7n4mwTT2dKsqt1K4IYmmDesvpka5rgBA6wZDUAE8Oc2ETU52gRAMvPwiOlyyWyMCqooddCD3FwK2EJw8bASbDOyTBJfCeU8srycSv0VpFcl1O2d4yTg4PrWxfylFHt8ZWMYgZpgOXtUS+5CI8O2HaibhtDo0E699YnZgq7WugiHzj5+9sEQL9nIK6z5wNn3bXHJjwhGKJbXIE9CiD1jRxHdB7Mm+Vkd9kzKwJF4KcADSwg6RqE5Xv6K2Tm83h3G+O5td4hgtaHQORKBYifuqiLslpoXLOtNzHFLfe9/aNXvo0bZnt/wln1U9jOwUmLHMS7TJS5H88nC1IRKT2wTk/ linuxkeys",
                            "metadata.user_data": "IyEvYmluL2Jhc2gKeXVtIHVwZGF0ZSAteQo=",
                            "private_ip": "10.1.24.60",
                            "public_ip": "129.213.19.41",
                            "region": "iad",
                            "shape": "VM.Standard1.16",
                            "state": "RUNNING",
                            "subnet_id": "ocid1.subnet.oc1.iad.aaaaaaaaltjxls27iliwdk5ocfopio7rjlpkhuj2sijcp56sxhzvjxqhhz3a",
                            "time_created": "2018-03-08 14:57:55.57 +0000 UTC"
                        },
                        "meta": {},
                        "tainted": false
                    },
                    "deposed": [],
                    "provider": ""
                },
                "oci_core_instance.TFInstance3.9": {
                    "type": "oci_core_instance",
                    "depends_on": [
                        "data.oci_identity_availability_domains.ADs",
                        "oci_core_subnet.ExampleSubnet3"
                    ],
                    "primary": {
                        "id": "ocid1.instance.oc1.iad.abuwcljrwfkz5i7el7nu6zonxrpd7mpunfvvyxt6hj6p7wcyb62omuowjrcq",
                        "attributes": {
                            "availability_domain": "lkEI:US-ASHBURN-AD-3",
                            "compartment_id": "ocid1.compartment.oc1..aaaaaaaapui4j3qyqji3bdg4vp35bldzpu55eqkfps3a6edu4z7tkonxoo5a",
                            "create_vnic_details.#": "1",
                            "create_vnic_details.0.assign_public_ip": "true",
                            "create_vnic_details.0.display_name": "primaryvnic",
                            "create_vnic_details.0.hostname_label": "tfinst30009",
                            "create_vnic_details.0.private_ip": "10.1.24.96",
                            "create_vnic_details.0.skip_source_dest_check": "false",
                            "create_vnic_details.0.subnet_id": "ocid1.subnet.oc1.iad.aaaaaaaaltjxls27iliwdk5ocfopio7rjlpkhuj2sijcp56sxhzvjxqhhz3a",
                            "display_name": "TFInstance30009",
                            "hostname_label": "tfinst30009",
                            "id": "ocid1.instance.oc1.iad.abuwcljrwfkz5i7el7nu6zonxrpd7mpunfvvyxt6hj6p7wcyb62omuowjrcq",
                            "image": "ocid1.image.oc1.iad.aaaaaaaaxrqeombwty6jyqgk3fraczdd63bv66xgfsqka4ktr7c57awr3p5a",
                            "ipxe_script": "",
                            "metadata.%": "2",
                            "metadata.ssh_authorized_keys": "ssh-rsa AAAAB3NzaC1yc2EAAAADAQABAAABAQD7n4mwTT2dKsqt1K4IYmmDesvpka5rgBA6wZDUAE8Oc2ETU52gRAMvPwiOlyyWyMCqooddCD3FwK2EJw8bASbDOyTBJfCeU8srycSv0VpFcl1O2d4yTg4PrWxfylFHt8ZWMYgZpgOXtUS+5CI8O2HaibhtDo0E699YnZgq7WugiHzj5+9sEQL9nIK6z5wNn3bXHJjwhGKJbXIE9CiD1jRxHdB7Mm+Vkd9kzKwJF4KcADSwg6RqE5Xv6K2Tm83h3G+O5td4hgtaHQORKBYifuqiLslpoXLOtNzHFLfe9/aNXvo0bZnt/wln1U9jOwUmLHMS7TJS5H88nC1IRKT2wTk/ linuxkeys",
                            "metadata.user_data": "IyEvYmluL2Jhc2gKeXVtIHVwZGF0ZSAteQo=",
                            "private_ip": "10.1.24.96",
                            "public_ip": "129.213.24.149",
                            "region": "iad",
                            "shape": "VM.Standard1.16",
                            "state": "RUNNING",
                            "subnet_id": "ocid1.subnet.oc1.iad.aaaaaaaaltjxls27iliwdk5ocfopio7rjlpkhuj2sijcp56sxhzvjxqhhz3a",
                            "time_created": "2018-03-08 14:58:58.348 +0000 UTC"
                        },
                        "meta": {},
                        "tainted": false
                    },
                    "deposed": [],
                    "provider": ""
                },
                "oci_core_instance.TFInstance3.90": {
                    "type": "oci_core_instance",
                    "depends_on": [
                        "data.oci_identity_availability_domains.ADs",
                        "oci_core_subnet.ExampleSubnet3"
                    ],
                    "primary": {
                        "id": "ocid1.instance.oc1.iad.abuwcljrypgbxhvwvteyl25vtqs5slbd3qmy2drchzpmdjvk4yjkdgqjvbqq",
                        "attributes": {
                            "availability_domain": "lkEI:US-ASHBURN-AD-3",
                            "compartment_id": "ocid1.compartment.oc1..aaaaaaaapui4j3qyqji3bdg4vp35bldzpu55eqkfps3a6edu4z7tkonxoo5a",
                            "create_vnic_details.#": "1",
                            "create_vnic_details.0.assign_public_ip": "true",
                            "create_vnic_details.0.display_name": "primaryvnic",
                            "create_vnic_details.0.hostname_label": "tfinst30090",
                            "create_vnic_details.0.private_ip": "10.1.24.21",
                            "create_vnic_details.0.skip_source_dest_check": "false",
                            "create_vnic_details.0.subnet_id": "ocid1.subnet.oc1.iad.aaaaaaaaltjxls27iliwdk5ocfopio7rjlpkhuj2sijcp56sxhzvjxqhhz3a",
                            "display_name": "TFInstance30090",
                            "hostname_label": "tfinst30090",
                            "id": "ocid1.instance.oc1.iad.abuwcljrypgbxhvwvteyl25vtqs5slbd3qmy2drchzpmdjvk4yjkdgqjvbqq",
                            "image": "ocid1.image.oc1.iad.aaaaaaaaxrqeombwty6jyqgk3fraczdd63bv66xgfsqka4ktr7c57awr3p5a",
                            "ipxe_script": "",
                            "metadata.%": "2",
                            "metadata.ssh_authorized_keys": "ssh-rsa AAAAB3NzaC1yc2EAAAADAQABAAABAQD7n4mwTT2dKsqt1K4IYmmDesvpka5rgBA6wZDUAE8Oc2ETU52gRAMvPwiOlyyWyMCqooddCD3FwK2EJw8bASbDOyTBJfCeU8srycSv0VpFcl1O2d4yTg4PrWxfylFHt8ZWMYgZpgOXtUS+5CI8O2HaibhtDo0E699YnZgq7WugiHzj5+9sEQL9nIK6z5wNn3bXHJjwhGKJbXIE9CiD1jRxHdB7Mm+Vkd9kzKwJF4KcADSwg6RqE5Xv6K2Tm83h3G+O5td4hgtaHQORKBYifuqiLslpoXLOtNzHFLfe9/aNXvo0bZnt/wln1U9jOwUmLHMS7TJS5H88nC1IRKT2wTk/ linuxkeys",
                            "metadata.user_data": "IyEvYmluL2Jhc2gKeXVtIHVwZGF0ZSAteQo=",
                            "private_ip": "10.1.24.21",
                            "public_ip": "129.213.92.240",
                            "region": "iad",
                            "shape": "VM.Standard1.16",
                            "state": "RUNNING",
                            "subnet_id": "ocid1.subnet.oc1.iad.aaaaaaaaltjxls27iliwdk5ocfopio7rjlpkhuj2sijcp56sxhzvjxqhhz3a",
                            "time_created": "2018-03-08 14:56:08.503 +0000 UTC"
                        },
                        "meta": {},
                        "tainted": false
                    },
                    "deposed": [],
                    "provider": ""
                },
                "oci_core_instance.TFInstance3.94": {
                    "type": "oci_core_instance",
                    "depends_on": [
                        "data.oci_identity_availability_domains.ADs",
                        "oci_core_subnet.ExampleSubnet3"
                    ],
                    "primary": {
                        "id": "ocid1.instance.oc1.iad.abuwcljr4swq7y4kl6ni2mbbdjjhpavncvh4kt46273j7diuncsoghnn3huq",
                        "attributes": {
                            "availability_domain": "lkEI:US-ASHBURN-AD-3",
                            "compartment_id": "ocid1.compartment.oc1..aaaaaaaapui4j3qyqji3bdg4vp35bldzpu55eqkfps3a6edu4z7tkonxoo5a",
                            "create_vnic_details.#": "1",
                            "create_vnic_details.0.assign_public_ip": "true",
                            "create_vnic_details.0.display_name": "primaryvnic",
                            "create_vnic_details.0.hostname_label": "tfinst30094",
                            "create_vnic_details.0.private_ip": "10.1.24.172",
                            "create_vnic_details.0.skip_source_dest_check": "false",
                            "create_vnic_details.0.subnet_id": "ocid1.subnet.oc1.iad.aaaaaaaaltjxls27iliwdk5ocfopio7rjlpkhuj2sijcp56sxhzvjxqhhz3a",
                            "display_name": "TFInstance30094",
                            "hostname_label": "tfinst30094",
                            "id": "ocid1.instance.oc1.iad.abuwcljr4swq7y4kl6ni2mbbdjjhpavncvh4kt46273j7diuncsoghnn3huq",
                            "image": "ocid1.image.oc1.iad.aaaaaaaaxrqeombwty6jyqgk3fraczdd63bv66xgfsqka4ktr7c57awr3p5a",
                            "ipxe_script": "",
                            "metadata.%": "2",
                            "metadata.ssh_authorized_keys": "ssh-rsa AAAAB3NzaC1yc2EAAAADAQABAAABAQD7n4mwTT2dKsqt1K4IYmmDesvpka5rgBA6wZDUAE8Oc2ETU52gRAMvPwiOlyyWyMCqooddCD3FwK2EJw8bASbDOyTBJfCeU8srycSv0VpFcl1O2d4yTg4PrWxfylFHt8ZWMYgZpgOXtUS+5CI8O2HaibhtDo0E699YnZgq7WugiHzj5+9sEQL9nIK6z5wNn3bXHJjwhGKJbXIE9CiD1jRxHdB7Mm+Vkd9kzKwJF4KcADSwg6RqE5Xv6K2Tm83h3G+O5td4hgtaHQORKBYifuqiLslpoXLOtNzHFLfe9/aNXvo0bZnt/wln1U9jOwUmLHMS7TJS5H88nC1IRKT2wTk/ linuxkeys",
                            "metadata.user_data": "IyEvYmluL2Jhc2gKeXVtIHVwZGF0ZSAteQo=",
                            "private_ip": "10.1.24.172",
                            "public_ip": "129.213.28.88",
                            "region": "iad",
                            "shape": "VM.Standard1.16",
                            "state": "RUNNING",
                            "subnet_id": "ocid1.subnet.oc1.iad.aaaaaaaaltjxls27iliwdk5ocfopio7rjlpkhuj2sijcp56sxhzvjxqhhz3a",
                            "time_created": "2018-03-08 15:00:19.706 +0000 UTC"
                        },
                        "meta": {},
                        "tainted": false
                    },
                    "deposed": [],
                    "provider": ""
                },
                "oci_core_instance.TFInstance3.96": {
                    "type": "oci_core_instance",
                    "depends_on": [
                        "data.oci_identity_availability_domains.ADs",
                        "oci_core_subnet.ExampleSubnet3"
                    ],
                    "primary": {
                        "id": "ocid1.instance.oc1.iad.abuwcljrhzb7ubid54s4wfnrhhyyyhk6udwxsundidhc3ae44sprpcjddakq",
                        "attributes": {
                            "availability_domain": "lkEI:US-ASHBURN-AD-3",
                            "compartment_id": "ocid1.compartment.oc1..aaaaaaaapui4j3qyqji3bdg4vp35bldzpu55eqkfps3a6edu4z7tkonxoo5a",
                            "create_vnic_details.#": "1",
                            "create_vnic_details.0.assign_public_ip": "true",
                            "create_vnic_details.0.display_name": "primaryvnic",
                            "create_vnic_details.0.hostname_label": "tfinst30096",
                            "create_vnic_details.0.private_ip": "10.1.24.132",
                            "create_vnic_details.0.skip_source_dest_check": "false",
                            "create_vnic_details.0.subnet_id": "ocid1.subnet.oc1.iad.aaaaaaaaltjxls27iliwdk5ocfopio7rjlpkhuj2sijcp56sxhzvjxqhhz3a",
                            "display_name": "TFInstance30096",
                            "hostname_label": "tfinst30096",
                            "id": "ocid1.instance.oc1.iad.abuwcljrhzb7ubid54s4wfnrhhyyyhk6udwxsundidhc3ae44sprpcjddakq",
                            "image": "ocid1.image.oc1.iad.aaaaaaaaxrqeombwty6jyqgk3fraczdd63bv66xgfsqka4ktr7c57awr3p5a",
                            "ipxe_script": "",
                            "metadata.%": "2",
                            "metadata.ssh_authorized_keys": "ssh-rsa AAAAB3NzaC1yc2EAAAADAQABAAABAQD7n4mwTT2dKsqt1K4IYmmDesvpka5rgBA6wZDUAE8Oc2ETU52gRAMvPwiOlyyWyMCqooddCD3FwK2EJw8bASbDOyTBJfCeU8srycSv0VpFcl1O2d4yTg4PrWxfylFHt8ZWMYgZpgOXtUS+5CI8O2HaibhtDo0E699YnZgq7WugiHzj5+9sEQL9nIK6z5wNn3bXHJjwhGKJbXIE9CiD1jRxHdB7Mm+Vkd9kzKwJF4KcADSwg6RqE5Xv6K2Tm83h3G+O5td4hgtaHQORKBYifuqiLslpoXLOtNzHFLfe9/aNXvo0bZnt/wln1U9jOwUmLHMS7TJS5H88nC1IRKT2wTk/ linuxkeys",
                            "metadata.user_data": "IyEvYmluL2Jhc2gKeXVtIHVwZGF0ZSAteQo=",
                            "private_ip": "10.1.24.132",
                            "public_ip": "129.213.92.73",
                            "region": "iad",
                            "shape": "VM.Standard1.16",
                            "state": "RUNNING",
                            "subnet_id": "ocid1.subnet.oc1.iad.aaaaaaaaltjxls27iliwdk5ocfopio7rjlpkhuj2sijcp56sxhzvjxqhhz3a",
                            "time_created": "2018-03-08 14:59:56.051 +0000 UTC"
                        },
                        "meta": {},
                        "tainted": false
                    },
                    "deposed": [],
                    "provider": ""
                },
                "oci_core_instance.TFInstance3.97": {
                    "type": "oci_core_instance",
                    "depends_on": [
                        "data.oci_identity_availability_domains.ADs",
                        "oci_core_subnet.ExampleSubnet3"
                    ],
                    "primary": {
                        "id": "ocid1.instance.oc1.iad.abuwcljrt7umdgniz2ku52mfnth4zb73cdkwoiwh2woqfox5zpvl6wxy3pma",
                        "attributes": {
                            "availability_domain": "lkEI:US-ASHBURN-AD-3",
                            "compartment_id": "ocid1.compartment.oc1..aaaaaaaapui4j3qyqji3bdg4vp35bldzpu55eqkfps3a6edu4z7tkonxoo5a",
                            "create_vnic_details.#": "1",
                            "create_vnic_details.0.assign_public_ip": "true",
                            "create_vnic_details.0.display_name": "primaryvnic",
                            "create_vnic_details.0.hostname_label": "tfinst30097",
                            "create_vnic_details.0.private_ip": "10.1.24.117",
                            "create_vnic_details.0.skip_source_dest_check": "false",
                            "create_vnic_details.0.subnet_id": "ocid1.subnet.oc1.iad.aaaaaaaaltjxls27iliwdk5ocfopio7rjlpkhuj2sijcp56sxhzvjxqhhz3a",
                            "display_name": "TFInstance30097",
                            "hostname_label": "tfinst30097",
                            "id": "ocid1.instance.oc1.iad.abuwcljrt7umdgniz2ku52mfnth4zb73cdkwoiwh2woqfox5zpvl6wxy3pma",
                            "image": "ocid1.image.oc1.iad.aaaaaaaaxrqeombwty6jyqgk3fraczdd63bv66xgfsqka4ktr7c57awr3p5a",
                            "ipxe_script": "",
                            "metadata.%": "2",
                            "metadata.ssh_authorized_keys": "ssh-rsa AAAAB3NzaC1yc2EAAAADAQABAAABAQD7n4mwTT2dKsqt1K4IYmmDesvpka5rgBA6wZDUAE8Oc2ETU52gRAMvPwiOlyyWyMCqooddCD3FwK2EJw8bASbDOyTBJfCeU8srycSv0VpFcl1O2d4yTg4PrWxfylFHt8ZWMYgZpgOXtUS+5CI8O2HaibhtDo0E699YnZgq7WugiHzj5+9sEQL9nIK6z5wNn3bXHJjwhGKJbXIE9CiD1jRxHdB7Mm+Vkd9kzKwJF4KcADSwg6RqE5Xv6K2Tm83h3G+O5td4hgtaHQORKBYifuqiLslpoXLOtNzHFLfe9/aNXvo0bZnt/wln1U9jOwUmLHMS7TJS5H88nC1IRKT2wTk/ linuxkeys",
                            "metadata.user_data": "IyEvYmluL2Jhc2gKeXVtIHVwZGF0ZSAteQo=",
                            "private_ip": "10.1.24.117",
                            "public_ip": "129.213.26.53",
                            "region": "iad",
                            "shape": "VM.Standard1.16",
                            "state": "RUNNING",
                            "subnet_id": "ocid1.subnet.oc1.iad.aaaaaaaaltjxls27iliwdk5ocfopio7rjlpkhuj2sijcp56sxhzvjxqhhz3a",
                            "time_created": "2018-03-08 14:59:31.203 +0000 UTC"
                        },
                        "meta": {},
                        "tainted": false
                    },
                    "deposed": [],
                    "provider": ""
                },
                "oci_core_instance.TFInstance3.98": {
                    "type": "oci_core_instance",
                    "depends_on": [
                        "data.oci_identity_availability_domains.ADs",
                        "oci_core_subnet.ExampleSubnet3"
                    ],
                    "primary": {
                        "id": "ocid1.instance.oc1.iad.abuwcljrxylyn4ed6d2dhtvta7dcu7x37clxmbrhjuu3rpag73ddgz453yyq",
                        "attributes": {
                            "availability_domain": "lkEI:US-ASHBURN-AD-3",
                            "compartment_id": "ocid1.compartment.oc1..aaaaaaaapui4j3qyqji3bdg4vp35bldzpu55eqkfps3a6edu4z7tkonxoo5a",
                            "create_vnic_details.#": "1",
                            "create_vnic_details.0.assign_public_ip": "true",
                            "create_vnic_details.0.display_name": "primaryvnic",
                            "create_vnic_details.0.hostname_label": "tfinst30098",
                            "create_vnic_details.0.private_ip": "10.1.24.7",
                            "create_vnic_details.0.skip_source_dest_check": "false",
                            "create_vnic_details.0.subnet_id": "ocid1.subnet.oc1.iad.aaaaaaaaltjxls27iliwdk5ocfopio7rjlpkhuj2sijcp56sxhzvjxqhhz3a",
                            "display_name": "TFInstance30098",
                            "hostname_label": "tfinst30098",
                            "id": "ocid1.instance.oc1.iad.abuwcljrxylyn4ed6d2dhtvta7dcu7x37clxmbrhjuu3rpag73ddgz453yyq",
                            "image": "ocid1.image.oc1.iad.aaaaaaaaxrqeombwty6jyqgk3fraczdd63bv66xgfsqka4ktr7c57awr3p5a",
                            "ipxe_script": "",
                            "metadata.%": "2",
                            "metadata.ssh_authorized_keys": "ssh-rsa AAAAB3NzaC1yc2EAAAADAQABAAABAQD7n4mwTT2dKsqt1K4IYmmDesvpka5rgBA6wZDUAE8Oc2ETU52gRAMvPwiOlyyWyMCqooddCD3FwK2EJw8bASbDOyTBJfCeU8srycSv0VpFcl1O2d4yTg4PrWxfylFHt8ZWMYgZpgOXtUS+5CI8O2HaibhtDo0E699YnZgq7WugiHzj5+9sEQL9nIK6z5wNn3bXHJjwhGKJbXIE9CiD1jRxHdB7Mm+Vkd9kzKwJF4KcADSwg6RqE5Xv6K2Tm83h3G+O5td4hgtaHQORKBYifuqiLslpoXLOtNzHFLfe9/aNXvo0bZnt/wln1U9jOwUmLHMS7TJS5H88nC1IRKT2wTk/ linuxkeys",
                            "metadata.user_data": "IyEvYmluL2Jhc2gKeXVtIHVwZGF0ZSAteQo=",
                            "private_ip": "10.1.24.7",
                            "public_ip": "129.213.90.112",
                            "region": "iad",
                            "shape": "VM.Standard1.16",
                            "state": "RUNNING",
                            "subnet_id": "ocid1.subnet.oc1.iad.aaaaaaaaltjxls27iliwdk5ocfopio7rjlpkhuj2sijcp56sxhzvjxqhhz3a",
                            "time_created": "2018-03-08 14:56:09.993 +0000 UTC"
                        },
                        "meta": {},
                        "tainted": false
                    },
                    "deposed": [],
                    "provider": ""
                },
                "oci_core_internet_gateway.ExampleIG": {
                    "type": "oci_core_internet_gateway",
                    "depends_on": [
                        "oci_core_virtual_network.ExampleVCN"
                    ],
                    "primary": {
                        "id": "ocid1.internetgateway.oc1.iad.aaaaaaaa6ezy2nbpvwayz6frp2qta6pizmzq57p7ammktjts22prbgsysy3q",
                        "attributes": {
                            "compartment_id": "ocid1.compartment.oc1..aaaaaaaapui4j3qyqji3bdg4vp35bldzpu55eqkfps3a6edu4z7tkonxoo5a",
                            "display_name": "TFExampleIG",
                            "enabled": "true",
                            "id": "ocid1.internetgateway.oc1.iad.aaaaaaaa6ezy2nbpvwayz6frp2qta6pizmzq57p7ammktjts22prbgsysy3q",
                            "state": "AVAILABLE",
                            "time_created": "2018-03-08 14:54:51.088 +0000 UTC",
                            "time_modified": "0001-01-01 00:00:00 +0000 UTC",
                            "vcn_id": "ocid1.vcn.oc1.iad.aaaaaaaafau6owqzwnteeeddrprvokooxjt7x24dzewbolsxc3nnzhotgkaq"
                        },
                        "meta": {
                            "e2bfb730-ecaa-11e6-8f88-34363bc7c4c0": {
                                "create": 300000000000,
                                "delete": 300000000000,
                                "update": 300000000000
                            }
                        },
                        "tainted": false
                    },
                    "deposed": [],
                    "provider": ""
                },
                "oci_core_route_table.ExampleRT": {
                    "type": "oci_core_route_table",
                    "depends_on": [
                        "oci_core_internet_gateway.ExampleIG",
                        "oci_core_virtual_network.ExampleVCN"
                    ],
                    "primary": {
                        "id": "ocid1.routetable.oc1.iad.aaaaaaaameuhv24c6mok2xvlbhyqvvh5kqqr6thju5sxy7kqrkhe7qbjnupa",
                        "attributes": {
                            "compartment_id": "ocid1.compartment.oc1..aaaaaaaapui4j3qyqji3bdg4vp35bldzpu55eqkfps3a6edu4z7tkonxoo5a",
                            "display_name": "TFExampleRouteTable",
                            "id": "ocid1.routetable.oc1.iad.aaaaaaaameuhv24c6mok2xvlbhyqvvh5kqqr6thju5sxy7kqrkhe7qbjnupa",
                            "route_rules.#": "1",
                            "route_rules.0.cidr_block": "0.0.0.0/0",
                            "route_rules.0.network_entity_id": "ocid1.internetgateway.oc1.iad.aaaaaaaa6ezy2nbpvwayz6frp2qta6pizmzq57p7ammktjts22prbgsysy3q",
                            "state": "AVAILABLE",
                            "time_created": "2018-03-08 14:54:51.24 +0000 UTC",
                            "time_modified": "0001-01-01 00:00:00 +0000 UTC",
                            "vcn_id": "ocid1.vcn.oc1.iad.aaaaaaaafau6owqzwnteeeddrprvokooxjt7x24dzewbolsxc3nnzhotgkaq"
                        },
                        "meta": {
                            "e2bfb730-ecaa-11e6-8f88-34363bc7c4c0": {
                                "create": 300000000000,
                                "delete": 300000000000,
                                "update": 300000000000
                            }
                        },
                        "tainted": false
                    },
                    "deposed": [],
                    "provider": ""
                },
                "oci_core_subnet.ExampleSubnet1": {
                    "type": "oci_core_subnet",
                    "depends_on": [
                        "data.oci_identity_availability_domains.ADs",
                        "oci_core_route_table.ExampleRT",
                        "oci_core_virtual_network.ExampleVCN"
                    ],
                    "primary": {
                        "id": "ocid1.subnet.oc1.iad.aaaaaaaaeulefbrt2gqmycz5mg4lxfrnuiqhozca2xvv7nnuktksj6abjbza",
                        "attributes": {
                            "availability_domain": "lkEI:US-ASHBURN-AD-1",
                            "cidr_block": "10.1.20.0/23",
                            "compartment_id": "ocid1.compartment.oc1..aaaaaaaapui4j3qyqji3bdg4vp35bldzpu55eqkfps3a6edu4z7tkonxoo5a",
                            "dhcp_options_id": "ocid1.dhcpoptions.oc1.iad.aaaaaaaaz7acnyabm7bepriay573mqmdnf2hprxopsd3ee6nc2pzodnjvvnq",
                            "display_name": "TFExampleSnet1",
                            "dns_label": "tfexamplesnet1",
                            "id": "ocid1.subnet.oc1.iad.aaaaaaaaeulefbrt2gqmycz5mg4lxfrnuiqhozca2xvv7nnuktksj6abjbza",
                            "prohibit_public_ip_on_vnic": "false",
                            "route_table_id": "ocid1.routetable.oc1.iad.aaaaaaaameuhv24c6mok2xvlbhyqvvh5kqqr6thju5sxy7kqrkhe7qbjnupa",
                            "security_list_ids.#": "1",
                            "security_list_ids.1857323025": "ocid1.securitylist.oc1.iad.aaaaaaaa4lhcgur3mq7micuutbasiktijcyny66ilmhdymsqeshfjcdta52q",
                            "state": "AVAILABLE",
                            "time_created": "2018-03-08 14:55:06.873 +0000 UTC",
                            "vcn_id": "ocid1.vcn.oc1.iad.aaaaaaaafau6owqzwnteeeddrprvokooxjt7x24dzewbolsxc3nnzhotgkaq",
                            "virtual_router_ip": "10.1.20.1",
                            "virtual_router_mac": "00:00:17:3B:53:05"
                        },
                        "meta": {
                            "e2bfb730-ecaa-11e6-8f88-34363bc7c4c0": {
                                "create": 300000000000,
                                "delete": 300000000000,
                                "update": 300000000000
                            }
                        },
                        "tainted": false
                    },
                    "deposed": [],
                    "provider": ""
                },
                "oci_core_subnet.ExampleSubnet2": {
                    "type": "oci_core_subnet",
                    "depends_on": [
                        "data.oci_identity_availability_domains.ADs",
                        "oci_core_route_table.ExampleRT",
                        "oci_core_virtual_network.ExampleVCN"
                    ],
                    "primary": {
                        "id": "ocid1.subnet.oc1.iad.aaaaaaaak5yl5hw4dii7ux6hcrdcjttnyzb3gpdn24xhiohizx5epgm6gngq",
                        "attributes": {
                            "availability_domain": "lkEI:US-ASHBURN-AD-2",
                            "cidr_block": "10.1.22.0/23",
                            "compartment_id": "ocid1.compartment.oc1..aaaaaaaapui4j3qyqji3bdg4vp35bldzpu55eqkfps3a6edu4z7tkonxoo5a",
                            "dhcp_options_id": "ocid1.dhcpoptions.oc1.iad.aaaaaaaaz7acnyabm7bepriay573mqmdnf2hprxopsd3ee6nc2pzodnjvvnq",
                            "display_name": "TFExampleSnet2",
                            "dns_label": "tfexamplesnet2",
                            "id": "ocid1.subnet.oc1.iad.aaaaaaaak5yl5hw4dii7ux6hcrdcjttnyzb3gpdn24xhiohizx5epgm6gngq",
                            "prohibit_public_ip_on_vnic": "false",
                            "route_table_id": "ocid1.routetable.oc1.iad.aaaaaaaameuhv24c6mok2xvlbhyqvvh5kqqr6thju5sxy7kqrkhe7qbjnupa",
                            "security_list_ids.#": "1",
                            "security_list_ids.1857323025": "ocid1.securitylist.oc1.iad.aaaaaaaa4lhcgur3mq7micuutbasiktijcyny66ilmhdymsqeshfjcdta52q",
                            "state": "AVAILABLE",
                            "time_created": "2018-03-08 14:55:06.404 +0000 UTC",
                            "vcn_id": "ocid1.vcn.oc1.iad.aaaaaaaafau6owqzwnteeeddrprvokooxjt7x24dzewbolsxc3nnzhotgkaq",
                            "virtual_router_ip": "10.1.22.1",
                            "virtual_router_mac": "00:00:17:3B:53:05"
                        },
                        "meta": {
                            "e2bfb730-ecaa-11e6-8f88-34363bc7c4c0": {
                                "create": 300000000000,
                                "delete": 300000000000,
                                "update": 300000000000
                            }
                        },
                        "tainted": false
                    },
                    "deposed": [],
                    "provider": ""
                },
                "oci_core_subnet.ExampleSubnet3": {
                    "type": "oci_core_subnet",
                    "depends_on": [
                        "data.oci_identity_availability_domains.ADs",
                        "oci_core_route_table.ExampleRT",
                        "oci_core_virtual_network.ExampleVCN"
                    ],
                    "primary": {
                        "id": "ocid1.subnet.oc1.iad.aaaaaaaaltjxls27iliwdk5ocfopio7rjlpkhuj2sijcp56sxhzvjxqhhz3a",
                        "attributes": {
                            "availability_domain": "lkEI:US-ASHBURN-AD-3",
                            "cidr_block": "10.1.24.0/23",
                            "compartment_id": "ocid1.compartment.oc1..aaaaaaaapui4j3qyqji3bdg4vp35bldzpu55eqkfps3a6edu4z7tkonxoo5a",
                            "dhcp_options_id": "ocid1.dhcpoptions.oc1.iad.aaaaaaaaz7acnyabm7bepriay573mqmdnf2hprxopsd3ee6nc2pzodnjvvnq",
                            "display_name": "TFExampleSnet3",
                            "dns_label": "tfexamplesnet3",
                            "id": "ocid1.subnet.oc1.iad.aaaaaaaaltjxls27iliwdk5ocfopio7rjlpkhuj2sijcp56sxhzvjxqhhz3a",
                            "prohibit_public_ip_on_vnic": "false",
                            "route_table_id": "ocid1.routetable.oc1.iad.aaaaaaaameuhv24c6mok2xvlbhyqvvh5kqqr6thju5sxy7kqrkhe7qbjnupa",
                            "security_list_ids.#": "1",
                            "security_list_ids.1857323025": "ocid1.securitylist.oc1.iad.aaaaaaaa4lhcgur3mq7micuutbasiktijcyny66ilmhdymsqeshfjcdta52q",
                            "state": "AVAILABLE",
                            "time_created": "2018-03-08 14:55:06.683 +0000 UTC",
                            "vcn_id": "ocid1.vcn.oc1.iad.aaaaaaaafau6owqzwnteeeddrprvokooxjt7x24dzewbolsxc3nnzhotgkaq",
                            "virtual_router_ip": "10.1.24.1",
                            "virtual_router_mac": "00:00:17:3B:53:05"
                        },
                        "meta": {
                            "e2bfb730-ecaa-11e6-8f88-34363bc7c4c0": {
                                "create": 300000000000,
                                "delete": 300000000000,
                                "update": 300000000000
                            }
                        },
                        "tainted": false
                    },
                    "deposed": [],
                    "provider": ""
                },
                "oci_core_virtual_network.ExampleVCN": {
                    "type": "oci_core_virtual_network",
                    "depends_on": [],
                    "primary": {
                        "id": "ocid1.vcn.oc1.iad.aaaaaaaafau6owqzwnteeeddrprvokooxjt7x24dzewbolsxc3nnzhotgkaq",
                        "attributes": {
                            "cidr_block": "10.1.0.0/16",
                            "compartment_id": "ocid1.compartment.oc1..aaaaaaaapui4j3qyqji3bdg4vp35bldzpu55eqkfps3a6edu4z7tkonxoo5a",
                            "default_dhcp_options_id": "ocid1.dhcpoptions.oc1.iad.aaaaaaaaz7acnyabm7bepriay573mqmdnf2hprxopsd3ee6nc2pzodnjvvnq",
                            "default_route_table_id": "ocid1.routetable.oc1.iad.aaaaaaaacr6xyys5sdefgjdloj3eblof24wnpjbkdzp6rf3arcd4amn5vjaq",
                            "default_security_list_id": "ocid1.securitylist.oc1.iad.aaaaaaaa4lhcgur3mq7micuutbasiktijcyny66ilmhdymsqeshfjcdta52q",
                            "display_name": "TFExampleVCN",
                            "dns_label": "tfexamplevcn",
                            "id": "ocid1.vcn.oc1.iad.aaaaaaaafau6owqzwnteeeddrprvokooxjt7x24dzewbolsxc3nnzhotgkaq",
                            "state": "AVAILABLE",
                            "time_created": "2018-03-08 14:54:50.862 +0000 UTC"
                        },
                        "meta": {
                            "e2bfb730-ecaa-11e6-8f88-34363bc7c4c0": {
                                "create": 300000000000,
                                "delete": 300000000000,
                                "update": 300000000000
                            }
                        },
                        "tainted": false
                    },
                    "deposed": [],
                    "provider": ""
                }
            },
            "depends_on": []
        }
    ]
}
